github.com/aws/aws-sdk-go-v2 v1.43.7 h1:msCzvkeYJA9ehbV8mRRmkZLo/zJg/+yDVLNtflg83hQ=
github.com/aws/aws-sdk-go-v2 v1.43.7/go.mod h1:tXpPM+v0D1lndmga+HqqLDIzUFJlEeR21aspVklHF00=
github.com/aws/aws-sdk-go-v2/config v1.32.38 h1:n4yPHBjtQ3BrIIUyk0/LAqf/BL2iv0Tw6XZcMRzM0ps=
github.com/aws/aws-sdk-go-v2/config v1.32.38/go.mod h1:dencYsOS1R7rBy8zehCvwBYzdxxL4Q/nRK7In03wjN8=
github.com/aws/aws-sdk-go-v2/credentials v1.19.37 h1:FJ8Iz4/xISMB/rwLlgfWujfGDFWr0oneQgtA6KPcYLY=
github.com/aws/aws-sdk-go-v2/credentials v1.19.37/go.mod h1:Q6pWOgVUp49x4g5QVi29wHofUoICnZ+Zq4jHbRN/7ec=
github.com/aws/aws-sdk-go-v2/feature/ec2/imds v1.18.38 h1:Nqo2jU1wz5rnBM9XQyXfVD1RP8txkbP3EDx8hR/hbCE=
github.com/aws/aws-sdk-go-v2/feature/ec2/imds v1.18.38/go.mod h1:PzJFHhjR2vWFKHe8HmY5Lxhvwyxnr5MERtk0nDxWNbk=
github.com/aws/aws-sdk-go-v2/internal/configsources v1.4.38 h1:MBMg0zJ6i4TkAJ0dVFLKKn2cOkY6FkicmUDM67BRr6g=
github.com/aws/aws-sdk-go-v2/internal/configsources v1.4.38/go.mod h1:9MWuJbyiUyj6eA7W1/zm1zuePDPSB3g+xcgRQeMWsXc=
github.com/aws/aws-sdk-go-v2/internal/endpoints/v2 v2.7.38 h1:lHm4jPf3k1Lz5ZWc+Vcn3MKVwym+26kWCba9FkJ4f0Y=
github.com/aws/aws-sdk-go-v2/internal/endpoints/v2 v2.7.38/go.mod h1:Rn+P2XR+FbyZzjmWKjg/KUZNxmGfr5oZwh5jQiE+CzI=
github.com/aws/aws-sdk-go-v2/internal/v4a v1.4.39 h1:vo4xvMRs/F6h1E52qsgLqCQgWIQXgIJUauG6rlZEh4U=
github.com/aws/aws-sdk-go-v2/internal/v4a v1.4.39/go.mod h1:jB03R1ij/A+OE2e1dz6vgj076gd7vlYcfstAzj3HcnU=
github.com/aws/aws-sdk-go-v2/service/internal/accept-encoding v1.13.17 h1:OvYZOB3qA6zvfdRFiRFRzVSiElMYrz3GdntkXZxlp1o=
github.com/aws/aws-sdk-go-v2/service/internal/accept-encoding v1.13.17/go.mod h1:JgR/2Ew50ACfIWau1oeMRX59tMtC0kM+PYQGEaT04cY=
github.com/aws/aws-sdk-go-v2/service/internal/presigned-url v1.13.38 h1:H/5TI1jqaHsNoDQ60UwvPvJBg4GURkinXI3Qga29t2w=
github.com/aws/aws-sdk-go-v2/service/internal/presigned-url v1.13.38/go.mod h1:PTVFf+XH++7NJOky+RLBYQx0QA5NcaeEYFQ2fsi0nwo=
github.com/aws/aws-sdk-go-v2/service/secretsmanager v1.44.7 h1:qanwwhOS4MEtv8b2R+XPvUpBQp1XaWHAPySCzplefLo=
github.com/aws/aws-sdk-go-v2/service/secretsmanager v1.44.7/go.mod h1:Bmg1lhVcMjhT8VhFXQ9jx7ZbfmWDCslSpVFK/aHKRTE=
github.com/aws/aws-sdk-go-v2/service/securityhub v1.76.3 h1:6iuEU9mPCJV35ljkjUCXoM3mC3uYj2idQ4GCNe5AiPk=
github.com/aws/aws-sdk-go-v2/service/securityhub v1.76.3/go.mod h1:wPf/RNQmfRMIUOcUC1lgDYGTB1j8Q4qNULs7Z1WL0DY=
github.com/aws/aws-sdk-go-v2/service/signin v1.5.7 h1:YcczQ6zNH/ojIzD/ikDrO+RfW06wmdMp18d4NH5hXY4=
github.com/aws/aws-sdk-go-v2/service/signin v1.5.7/go.mod h1:nl9RVnb9ulgAYzOkjLq1NyFxmWcnH2maCUEuOdESy98=
github.com/aws/aws-sdk-go-v2/service/sso v1.33.7 h1:P+bMNiA93gyuYT3Oh+4dWtvrnGcu2bd9Uy5hRJM8BNo=
github.com/aws/aws-sdk-go-v2/service/sso v1.33.7/go.mod h1:zy+397isDFLvleg9H18Zq2MGzMso7uKyJyzR7DWSgFk=
github.com/aws/aws-sdk-go-v2/service/ssooidc v1.38.7 h1:WWkehGZ4nWtOKLMy0yi8+RqzzVqAGe60hGaxwF06JAw=
github.com/aws/aws-sdk-go-v2/service/ssooidc v1.38.7/go.mod h1:T8AI4SbQYm9ybcVmki2T3n7Qg1g3kfWoeQlNwNYOyO8=
github.com/aws/aws-sdk-go-v2/service/sts v1.45.7 h1:yU/9y2r7s9kSUPbHXbpQTa4LA8kt+CMgpu1OBrhx8p4=
github.com/aws/aws-sdk-go-v2/service/sts v1.45.7/go.mod h1:0lQTDEBArMevQXpxu443LVGjKxxEeSsSnrw9n8YiTMg=
github.com/aws/smithy-go v1.27.8 h1:FR0dxZfIlV7Z8eh2iHfIofdunw382XsDV3Mxt9nUvRY=
github.com/aws/smithy-go v1.27.8/go.mod h1:YE2RhdIuDbA5E5bTdciG9KrW3+TiEONeUWCqxX9i1Fc=
