github.com/aws/aws-sdk-go-v2 v1.25.0 h1:sv7+1JVJxOu/dD/sz/csHX7jFqmP001TIY7aytBWDSQ=
github.com/aws/aws-sdk-go-v2 v1.25.0/go.mod h1:G104G1Aho5WqF+SR3mDIobTABQzpYV0WxMsKxlMggOA=
github.com/aws/aws-sdk-go-v2/config v1.27.1 h1:oxvGd/cielb+oumJkQmXI0i5tQCRqfdCHV58AfE0pGY=
github.com/aws/aws-sdk-go-v2/config v1.27.1/go.mod h1:SpmaZYWeTF91NQcnnp2AScnZawBWwdkYCupHRNIhVSQ=
github.com/aws/aws-sdk-go-v2/credentials v1.17.1 h1:H4WlK2OnVotRmbVgS8Ww2Z4B3/dDHxDS7cW6EiCECN4=
github.com/aws/aws-sdk-go-v2/credentials v1.17.1/go.mod h1:qTfT/OIE9RAVirZDq0PcEYOOM4Pkmf1Hrk1iInKRS4k=
github.com/aws/aws-sdk-go-v2/feature/ec2/imds v1.15.0 h1:xWCwjjvVz2ojYTP4kBKUuUh9ZrXfcAXpflhOUUeXg1k=
github.com/aws/aws-sdk-go-v2/feature/ec2/imds v1.15.0/go.mod h1:j3fACuqXg4oMTQOR2yY7m0NmJY0yBK4L4sLsRXq1Ins=
github.com/aws/aws-sdk-go-v2/internal/configsources v1.3.0 h1:NPs/EqVO+ajwOoq56EfcGKa3L3ruWuazkIw1BqxwOPw=
github.com/aws/aws-sdk-go-v2/internal/configsources v1.3.0/go.mod h1:D+duLy2ylgatV+yTlQ8JTuLfDD0BnFvnQRc+o6tbZ4M=
github.com/aws/aws-sdk-go-v2/internal/endpoints/v2 v2.6.0 h1:ks7KGMVUMoDzcxNWUlEdI+/lokMFD136EL6DWmUOV80=
github.com/aws/aws-sdk-go-v2/internal/endpoints/v2 v2.6.0/go.mod h1:hL6BWM/d/qz113fVitZjbXR0E+RCTU1+x+1Idyn5NgE=
github.com/aws/aws-sdk-go-v2/internal/ini v1.8.0 h1:hT8rVHwugYE2lEfdFE0QWVo81lF7jMrYJVDWI+f+VxU=
github.com/aws/aws-sdk-go-v2/internal/ini v1.8.0/go.mod h1:8tu/lYfQfFe6IGnaOdrpVgEL2IrrDOf6/m9RQum4NkY=
github.com/aws/aws-sdk-go-v2/service/internal/accept-encoding v1.11.0 h1:a33HuFlO0KsveiP90IUJh8Xr/cx9US2PqkSroaLc+o8=
github.com/aws/aws-sdk-go-v2/service/internal/accept-encoding v1.11.0/go.mod h1:SxIkWpByiGbhbHYTo9CMTUnx2G4p4ZQMrDPcRRy//1c=
github.com/aws/aws-sdk-go-v2/service/internal/presigned-url v1.11.0 h1:SHN/umDLTmFTmYfI+gkanz6da3vK8Kvj/5wkqnTHbuA=
github.com/aws/aws-sdk-go-v2/service/internal/presigned-url v1.11.0/go.mod h1:l8gPU5RYGOFHJqWEpPMoRTP0VoaWQSkJdKo+hwWnnDA=
github.com/aws/aws-sdk-go-v2/service/secretsmanager v1.27.1 h1:ss/HbHbONu0uscM549++4YanT6MnjNN0BGhE5pZRfG4=
github.com/aws/aws-sdk-go-v2/service/secretsmanager v1.27.1/go.mod h1:JsJDZFHwLGZu6dxhV9EV1gJrMnCeE4GEXubSZA59xdA=
github.com/aws/aws-sdk-go-v2/service/securityhub v1.45.1 h1:wXn3WI7Lw7dAYgaeJagASrFLnV08d2mDFwucRV5LKKg=
github.com/aws/aws-sdk-go-v2/service/securityhub v1.45.1/go.mod h1:IJfgqwazP6P+i4eL2vUVVm3xZNAuNlMOCzJwuw3CxF4=
github.com/aws/aws-sdk-go-v2/service/sso v1.19.1 h1:GokXLGW3JkH/XzEVp1jDVRxty1eNGB7emkjDG1qxGK8=
github.com/aws/aws-sdk-go-v2/service/sso v1.19.1/go.mod h1:YqbU3RS/pkDVu+v+Nwxvn0i1WB0HkNWEePWbmODEbbs=
github.com/aws/aws-sdk-go-v2/service/ssooidc v1.22.1 h1:2oxSGiYNxTHsuRuPD9McWvcvR6s61G3ssZLyQzcxQL0=
github.com/aws/aws-sdk-go-v2/service/ssooidc v1.22.1/go.mod h1:olUAyg+FaoFaL/zFaeQQONjOZ9HXoxgvI/c7mQTYz7M=
github.com/aws/aws-sdk-go-v2/service/sts v1.27.1 h1:QFT2KUWaVwwGi5/2sQNBOViFpLSkZmiyiHUxE2k6sOU=
github.com/aws/aws-sdk-go-v2/service/sts v1.27.1/go.mod h1:nXfOBMWPokIbOY+Gi7a1psWMSvskUCemZzI+SMB7Akc=
github.com/aws/smithy-go v1.20.0 h1:6+kZsCXZwKxZS9RfISnPc4EXlHoyAkm2hPuM8X2BrrQ=
github.com/aws/smithy-go v1.20.0/go.mod h1:uo5RKksAl4PzhqaAbjd4rLgFoq5koTsQKYuGe7dklGc=
github.com/google/go-cmp v0.5.8 h1:e6P7q2lk1O+qJJb4BtCQXlK8vWEO8V1ZeuEdJNOqZyg=
github.com/google/go-cmp v0.5.8/go.mod h1:17dUlkBOakJ0+DkrSSNjCkIjxS6bF9zb3elmeNGIjoY=
