github.com/aws/aws-sdk-go-v2 v1.28.0 h1:ne6ftNhY0lUvlazMUQF15FF6NH80wKmPRFG7g2q6TCw=
github.com/aws/aws-sdk-go-v2 v1.28.0/go.mod h1:ffIFB97e2yNsv4aTSGkqtHnppsIJzw7G7BReUZ3jCXM=
github.com/aws/aws-sdk-go-v2/config v1.27.18 h1:wFvAnwOKKe7QAyIxziwSKjmer9JBMH1vzIL6W+fYuKk=
github.com/aws/aws-sdk-go-v2/config v1.27.18/go.mod h1:0xz6cgdX55+kmppvPm2IaKzIXOheGJhAufacPJaXZ7c=
github.com/aws/aws-sdk-go-v2/credentials v1.17.19 h1:R18G7nBBGLby51CFEqUBFF2IVl7LUdCtYj6iosUwh/0=
github.com/aws/aws-sdk-go-v2/credentials v1.17.19/go.mod h1:xr9kUMnaLTB866HItT6pg58JgiBP77fSQLBwIa//zk8=
github.com/aws/aws-sdk-go-v2/feature/ec2/imds v1.16.6 h1:vVOuhRyslJ6T/HteG71ZWCTas1q2w6f0NKsNbkXHs/A=
github.com/aws/aws-sdk-go-v2/feature/ec2/imds v1.16.6/go.mod h1:jimWaqLiT0sJGLh51dKCLLtExRYPtMU7MpxuCgtbkxg=
github.com/aws/aws-sdk-go-v2/internal/configsources v1.3.10 h1:LZIUb8sQG2cb89QaVFtMSnER10gyKkqU1k3hP3g9das=
github.com/aws/aws-sdk-go-v2/internal/configsources v1.3.10/go.mod h1:BRIqay//vnIOCZjoXWSLffL2uzbtxEmnSlfbvVh7Z/4=
github.com/aws/aws-sdk-go-v2/internal/endpoints/v2 v2.6.10 h1:HY7CXLA0GiQUo3WYxOP7WYkLcwvRX4cLPf5joUcrQGk=
github.com/aws/aws-sdk-go-v2/internal/endpoints/v2 v2.6.10/go.mod h1:kfRBSxRa+I+VyON7el3wLZdrO91oxUxEwdAaWgFqN90=
github.com/aws/aws-sdk-go-v2/internal/ini v1.8.0 h1:hT8rVHwugYE2lEfdFE0QWVo81lF7jMrYJVDWI+f+VxU=
github.com/aws/aws-sdk-go-v2/internal/ini v1.8.0/go.mod h1:8tu/lYfQfFe6IGnaOdrpVgEL2IrrDOf6/m9RQum4NkY=
github.com/aws/aws-sdk-go-v2/service/internal/accept-encoding v1.11.2 h1:Ji0DY1xUsUr3I8cHps0G+XM3WWU16lP6yG8qu1GAZAs=
github.com/aws/aws-sdk-go-v2/service/internal/accept-encoding v1.11.2/go.mod h1:5CsjAbs3NlGQyZNFACh+zztPDI7fU6eW9QsxjfnuBKg=
github.com/aws/aws-sdk-go-v2/service/internal/presigned-url v1.11.12 h1:kO2J7WMroF/OTHN9WTcUtMjPhJ7ZoNxx0dwv6UCXQgY=
github.com/aws/aws-sdk-go-v2/service/internal/presigned-url v1.11.12/go.mod h1:mrNxrjYvXaSjZe5fkKaWgDnOQ6BExLn/7Ru9OpRsMPY=
github.com/aws/aws-sdk-go-v2/service/secretsmanager v1.30.1 h1:2CTrhkwgDn3i2dZ4+XdBV2IsIOzlL1wfGR91rkBRKc0=
github.com/aws/aws-sdk-go-v2/service/secretsmanager v1.30.1/go.mod h1:Xj68AaxI/MYvsVDZZk+O4IJ96+vLtBWr1mC4yBqzoRg=
github.com/aws/aws-sdk-go-v2/service/securityhub v1.49.3 h1:bfZ7oTXWZAnPkjLFHkIJynMVQKiWD/BCxERo8fO92vo=
github.com/aws/aws-sdk-go-v2/service/securityhub v1.49.3/go.mod h1:81b4bD0zOb7Ypb+OYhdm2T7mBy7O23LExauikJpKlUU=
github.com/aws/aws-sdk-go-v2/service/sso v1.20.12 h1:FsYii6U+2k8ynYBo+pywlCBY9HNAFRh+iICRHbn+Qyw=
github.com/aws/aws-sdk-go-v2/service/sso v1.20.12/go.mod h1:j9Rps+Lcs2A0tYypWsNBeJOjgsIYUf1Styppo9Es0Wo=
github.com/aws/aws-sdk-go-v2/service/ssooidc v1.24.6 h1:lEE+xEcq3lh9bk362tgErP1+n689q5ERdmTwmF1XT3M=
github.com/aws/aws-sdk-go-v2/service/ssooidc v1.24.6/go.mod h1:2tR0x1DCL5IgnVZ1NQNFDNg5/XL/kiQgWI5l7I/N5Js=
github.com/aws/aws-sdk-go-v2/service/sts v1.28.13 h1:TSzmuUeruVJ4XWYp3bYzKCXue70ECpJWmbP3UfEvhYY=
github.com/aws/aws-sdk-go-v2/service/sts v1.28.13/go.mod h1:FppRtFjBA9mSWTj2cIAWCP66+bbBPMuPpBfWRXC5Yi0=
github.com/aws/smithy-go v1.20.2 h1:tbp628ireGtzcHDDmLT/6ADHidqnwgF57XOXZe6tp4Q=
github.com/aws/smithy-go v1.20.2/go.mod h1:krry+ya/rV9RDcV/Q16kpu6ypI4K2czasz0NC3qS14E=
