{"format_version":"0.1","terraform_version":"0.14.5","planned_values":{"outputs":{"test123":{"sensitive":false,"value":"dummy"}},"root_module":{"resources":[{"address":"aws_ram_principal_association.transit_gateway_association","mode":"managed","type":"aws_ram_principal_association","name":"transit_gateway_association","provider_name":"registry.terraform.io/hashicorp/aws","schema_version":0,"values":{"id":"arn:aws:ram:eu-west-2:505974653433:resource-share/a78429e1-33b2-4519-a63e-5aaaf7b50ad6,374269020027","principal":"374269020027","resource_share_arn":"arn:aws:ram:eu-west-2:505974653433:resource-share/a78429e1-33b2-4519-a63e-5aaaf7b50ad6"}},{"address":"aws_s3_bucket.tests3","mode":"managed","type":"aws_s3_bucket","name":"tests3","provider_name":"registry.terraform.io/hashicorp/aws","schema_version":0,"values":{"acl":"private","bucket":"testBucketCoreServices","bucket_prefix":null,"cors_rule":[],"force_destroy":false,"grant":[],"lifecycle_rule":[],"logging":[],"object_lock_configuration":[],"policy":null,"replication_configuration":[],"server_side_encryption_configuration":[],"tags":null,"website":[]}},{"address":"time_sleep.wait_60_seconds","mode":"managed","type":"time_sleep","name":"wait_60_seconds","provider_name":"registry.terraform.io/hashicorp/time","schema_version":0,"values":{"create_duration":"60s","destroy_duration":null,"id":"2021-02-03T13:23:18Z","triggers":null}}],"child_modules":[{"resources":[{"address":"module.core-vpc-tgw-routes[\"live_data\"].aws_route.private_transit_gateway[\"live_data-data-eu-west-2a\"]","mode":"managed","type":"aws_route","name":"private_transit_gateway","index":"live_data-data-eu-west-2a","provider_name":"registry.terraform.io/hashicorp/aws","schema_version":0,"values":{"destination_cidr_block":"0.0.0.0/0","destination_ipv6_cidr_block":"","destination_prefix_list_id":"","egress_only_gateway_id":"","gateway_id":"","id":"r-rtb-075c46c94149ab48e1080289494","instance_id":"","instance_owner_id":"","local_gateway_id":"","nat_gateway_id":"","network_interface_id":"","origin":"CreateRoute","route_table_id":"rtb-075c46c94149ab48e","state":"active","timeouts":null,"transit_gateway_id":"tgw-053d9dd7f1222a554","vpc_endpoint_id":null,"vpc_peering_connection_id":""}},{"address":"module.core-vpc-tgw-routes[\"live_data\"].aws_route.private_transit_gateway[\"live_data-data-eu-west-2b\"]","mode":"managed","type":"aws_route","name":"private_transit_gateway","index":"live_data-data-eu-west-2b","provider_name":"registry.terraform.io/hashicorp/aws","schema_version":0,"values":{"destination_cidr_block":"0.0.0.0/0","destination_ipv6_cidr_block":"","destination_prefix_list_id":"","egress_only_gateway_id":"","gateway_id":"","id":"r-rtb-0f3e424f07bbc4b9c1080289494","instance_id":"","instance_owner_id":"","local_gateway_id":"","nat_gateway_id":"","network_interface_id":"","origin":"CreateRoute","route_table_id":"rtb-0f3e424f07bbc4b9c","state":"active","timeouts":null,"transit_gateway_id":"tgw-053d9dd7f1222a554","vpc_endpoint_id":null,"vpc_peering_connection_id":""}},{"address":"module.core-vpc-tgw-routes[\"live_data\"].aws_route.private_transit_gateway[\"live_data-data-eu-west-2c\"]","mode":"managed","type":"aws_route","name":"private_transit_gateway","index":"live_data-data-eu-west-2c","provider_name":"registry.terraform.io/hashicorp/aws","schema_version":0,"values":{"destination_cidr_block":"0.0.0.0/0","destination_ipv6_cidr_block":"","destination_prefix_list_id":"","egress_only_gateway_id":"","gateway_id":"","id":"r-rtb-0ffb85d9ce66f921c1080289494","instance_id":"","instance_owner_id":"","local_gateway_id":"","nat_gateway_id":"","network_interface_id":"","origin":"CreateRoute","route_table_id":"rtb-0ffb85d9ce66f921c","state":"active","timeouts":null,"transit_gateway_id":"tgw-053d9dd7f1222a554","vpc_endpoint_id":null,"vpc_peering_connection_id":""}},{"address":"module.core-vpc-tgw-routes[\"live_data\"].aws_route.private_transit_gateway[\"live_data-private-eu-west-2a\"]","mode":"managed","type":"aws_route","name":"private_transit_gateway","index":"live_data-private-eu-west-2a","provider_name":"registry.terraform.io/hashicorp/aws","schema_version":0,"values":{"destination_cidr_block":"0.0.0.0/0","destination_ipv6_cidr_block":"","destination_prefix_list_id":"","egress_only_gateway_id":"","gateway_id":"","id":"r-rtb-0085a7256980e0a4a1080289494","instance_id":"","instance_owner_id":"","local_gateway_id":"","nat_gateway_id":"","network_interface_id":"","origin":"CreateRoute","route_table_id":"rtb-0085a7256980e0a4a","state":"active","timeouts":null,"transit_gateway_id":"tgw-053d9dd7f1222a554","vpc_endpoint_id":null,"vpc_peering_connection_id":""}},{"address":"module.core-vpc-tgw-routes[\"live_data\"].aws_route.private_transit_gateway[\"live_data-private-eu-west-2b\"]","mode":"managed","type":"aws_route","name":"private_transit_gateway","index":"live_data-private-eu-west-2b","provider_name":"registry.terraform.io/hashicorp/aws","schema_version":0,"values":{"destination_cidr_block":"0.0.0.0/0","destination_ipv6_cidr_block":"","destination_prefix_list_id":"","egress_only_gateway_id":"","gateway_id":"","id":"r-rtb-0be057e095f733fe81080289494","instance_id":"","instance_owner_id":"","local_gateway_id":"","nat_gateway_id":"","network_interface_id":"","origin":"CreateRoute","route_table_id":"rtb-0be057e095f733fe8","state":"active","timeouts":null,"transit_gateway_id":"tgw-053d9dd7f1222a554","vpc_endpoint_id":null,"vpc_peering_connection_id":""}},{"address":"module.core-vpc-tgw-routes[\"live_data\"].aws_route.private_transit_gateway[\"live_data-private-eu-west-2c\"]","mode":"managed","type":"aws_route","name":"private_transit_gateway","index":"live_data-private-eu-west-2c","provider_name":"registry.terraform.io/hashicorp/aws","schema_version":0,"values":{"destination_cidr_block":"0.0.0.0/0","destination_ipv6_cidr_block":"","destination_prefix_list_id":"","egress_only_gateway_id":"","gateway_id":"","id":"r-rtb-0dbccdb8501b600611080289494","instance_id":"","instance_owner_id":"","local_gateway_id":"","nat_gateway_id":"","network_interface_id":"","origin":"CreateRoute","route_table_id":"rtb-0dbccdb8501b60061","state":"active","timeouts":null,"transit_gateway_id":"tgw-053d9dd7f1222a554","vpc_endpoint_id":null,"vpc_peering_connection_id":""}},{"address":"module.core-vpc-tgw-routes[\"live_data\"].aws_route.private_transit_gateway[\"live_data-transit-gateway-eu-west-2a\"]","mode":"managed","type":"aws_route","name":"private_transit_gateway","index":"live_data-transit-gateway-eu-west-2a","provider_name":"registry.terraform.io/hashicorp/aws","schema_version":0,"values":{"destination_cidr_block":"0.0.0.0/0","destination_ipv6_cidr_block":"","destination_prefix_list_id":"","egress_only_gateway_id":"","gateway_id":"","id":"r-rtb-05fa2dd403b955bb71080289494","instance_id":"","instance_owner_id":"","local_gateway_id":"","nat_gateway_id":"","network_interface_id":"","origin":"CreateRoute","route_table_id":"rtb-05fa2dd403b955bb7","state":"active","timeouts":null,"transit_gateway_id":"tgw-053d9dd7f1222a554","vpc_endpoint_id":null,"vpc_peering_connection_id":""}},{"address":"module.core-vpc-tgw-routes[\"live_data\"].aws_route.private_transit_gateway[\"live_data-transit-gateway-eu-west-2b\"]","mode":"managed","type":"aws_route","name":"private_transit_gateway","index":"live_data-transit-gateway-eu-west-2b","provider_name":"registry.terraform.io/hashicorp/aws","schema_version":0,"values":{"destination_cidr_block":"0.0.0.0/0","destination_ipv6_cidr_block":"","destination_prefix_list_id":"","egress_only_gateway_id":"","gateway_id":"","id":"r-rtb-022a3e9c287fad0961080289494","instance_id":"","instance_owner_id":"","local_gateway_id":"","nat_gateway_id":"","network_interface_id":"","origin":"CreateRoute","route_table_id":"rtb-022a3e9c287fad096","state":"active","timeouts":null,"transit_gateway_id":"tgw-053d9dd7f1222a554","vpc_endpoint_id":null,"vpc_peering_connection_id":""}},{"address":"module.core-vpc-tgw-routes[\"live_data\"].aws_route.private_transit_gateway[\"live_data-transit-gateway-eu-west-2c\"]","mode":"managed","type":"aws_route","name":"private_transit_gateway","index":"live_data-transit-gateway-eu-west-2c","provider_name":"registry.terraform.io/hashicorp/aws","schema_version":0,"values":{"destination_cidr_block":"0.0.0.0/0","destination_ipv6_cidr_block":"","destination_prefix_list_id":"","egress_only_gateway_id":"","gateway_id":"","id":"r-rtb-00b138087d73295df1080289494","instance_id":"","instance_owner_id":"","local_gateway_id":"","nat_gateway_id":"","network_interface_id":"","origin":"CreateRoute","route_table_id":"rtb-00b138087d73295df","state":"active","timeouts":null,"transit_gateway_id":"tgw-053d9dd7f1222a554","vpc_endpoint_id":null,"vpc_peering_connection_id":""}}],"address":"module.core-vpc-tgw-routes[\"live_data\"]"},{"resources":[{"address":"module.core-vpc-tgw-routes[\"non_live_data\"].aws_route.private_transit_gateway[\"non_live_data-data-eu-west-2a\"]","mode":"managed","type":"aws_route","name":"private_transit_gateway","index":"non_live_data-data-eu-west-2a","provider_name":"registry.terraform.io/hashicorp/aws","schema_version":0,"values":{"destination_cidr_block":"0.0.0.0/0","destination_ipv6_cidr_block":"","destination_prefix_list_id":"","egress_only_gateway_id":"","gateway_id":"","id":"r-rtb-0fcb93af147ca30f91080289494","instance_id":"","instance_owner_id":"","local_gateway_id":"","nat_gateway_id":"","network_interface_id":"","origin":"CreateRoute","route_table_id":"rtb-0fcb93af147ca30f9","state":"active","timeouts":null,"transit_gateway_id":"tgw-053d9dd7f1222a554","vpc_endpoint_id":null,"vpc_peering_connection_id":""}},{"address":"module.core-vpc-tgw-routes[\"non_live_data\"].aws_route.private_transit_gateway[\"non_live_data-data-eu-west-2b\"]","mode":"managed","type":"aws_route","name":"private_transit_gateway","index":"non_live_data-data-eu-west-2b","provider_name":"registry.terraform.io/hashicorp/aws","schema_version":0,"values":{"destination_cidr_block":"0.0.0.0/0","destination_ipv6_cidr_block":"","destination_prefix_list_id":"","egress_only_gateway_id":"","gateway_id":"","id":"r-rtb-0d54518036513d57f1080289494","instance_id":"","instance_owner_id":"","local_gateway_id":"","nat_gateway_id":"","network_interface_id":"","origin":"CreateRoute","route_table_id":"rtb-0d54518036513d57f","state":"active","timeouts":null,"transit_gateway_id":"tgw-053d9dd7f1222a554","vpc_endpoint_id":null,"vpc_peering_connection_id":""}},{"address":"module.core-vpc-tgw-routes[\"non_live_data\"].aws_route.private_transit_gateway[\"non_live_data-data-eu-west-2c\"]","mode":"managed","type":"aws_route","name":"private_transit_gateway","index":"non_live_data-data-eu-west-2c","provider_name":"registry.terraform.io/hashicorp/aws","schema_version":0,"values":{"destination_cidr_block":"0.0.0.0/0","destination_ipv6_cidr_block":"","destination_prefix_list_id":"","egress_only_gateway_id":"","gateway_id":"","id":"r-rtb-0f466dfc0822f870e1080289494","instance_id":"","instance_owner_id":"","local_gateway_id":"","nat_gateway_id":"","network_interface_id":"","origin":"CreateRoute","route_table_id":"rtb-0f466dfc0822f870e","state":"active","timeouts":null,"transit_gateway_id":"tgw-053d9dd7f1222a554","vpc_endpoint_id":null,"vpc_peering_connection_id":""}},{"address":"module.core-vpc-tgw-routes[\"non_live_data\"].aws_route.private_transit_gateway[\"non_live_data-private-eu-west-2a\"]","mode":"managed","type":"aws_route","name":"private_transit_gateway","index":"non_live_data-private-eu-west-2a","provider_name":"registry.terraform.io/hashicorp/aws","schema_version":0,"values":{"destination_cidr_block":"0.0.0.0/0","destination_ipv6_cidr_block":"","destination_prefix_list_id":"","egress_only_gateway_id":"","gateway_id":"","id":"r-rtb-0f1ebedd96c2b770a1080289494","instance_id":"","instance_owner_id":"","local_gateway_id":"","nat_gateway_id":"","network_interface_id":"","origin":"CreateRoute","route_table_id":"rtb-0f1ebedd96c2b770a","state":"active","timeouts":null,"transit_gateway_id":"tgw-053d9dd7f1222a554","vpc_endpoint_id":null,"vpc_peering_connection_id":""}},{"address":"module.core-vpc-tgw-routes[\"non_live_data\"].aws_route.private_transit_gateway[\"non_live_data-private-eu-west-2b\"]","mode":"managed","type":"aws_route","name":"private_transit_gateway","index":"non_live_data-private-eu-west-2b","provider_name":"registry.terraform.io/hashicorp/aws","schema_version":0,"values":{"destination_cidr_block":"0.0.0.0/0","destination_ipv6_cidr_block":"","destination_prefix_list_id":"","egress_only_gateway_id":"","gateway_id":"","id":"r-rtb-034393408d08a305c1080289494","instance_id":"","instance_owner_id":"","local_gateway_id":"","nat_gateway_id":"","network_interface_id":"","origin":"CreateRoute","route_table_id":"rtb-034393408d08a305c","state":"active","timeouts":null,"transit_gateway_id":"tgw-053d9dd7f1222a554","vpc_endpoint_id":null,"vpc_peering_connection_id":""}},{"address":"module.core-vpc-tgw-routes[\"non_live_data\"].aws_route.private_transit_gateway[\"non_live_data-private-eu-west-2c\"]","mode":"managed","type":"aws_route","name":"private_transit_gateway","index":"non_live_data-private-eu-west-2c","provider_name":"registry.terraform.io/hashicorp/aws","schema_version":0,"values":{"destination_cidr_block":"0.0.0.0/0","destination_ipv6_cidr_block":"","destination_prefix_list_id":"","egress_only_gateway_id":"","gateway_id":"","id":"r-rtb-0d517c218cdcdc0111080289494","instance_id":"","instance_owner_id":"","local_gateway_id":"","nat_gateway_id":"","network_interface_id":"","origin":"CreateRoute","route_table_id":"rtb-0d517c218cdcdc011","state":"active","timeouts":null,"transit_gateway_id":"tgw-053d9dd7f1222a554","vpc_endpoint_id":null,"vpc_peering_connection_id":""}},{"address":"module.core-vpc-tgw-routes[\"non_live_data\"].aws_route.private_transit_gateway[\"non_live_data-transit-gateway-eu-west-2a\"]","mode":"managed","type":"aws_route","name":"private_transit_gateway","index":"non_live_data-transit-gateway-eu-west-2a","provider_name":"registry.terraform.io/hashicorp/aws","schema_version":0,"values":{"destination_cidr_block":"0.0.0.0/0","destination_ipv6_cidr_block":"","destination_prefix_list_id":"","egress_only_gateway_id":"","gateway_id":"","id":"r-rtb-0b5ce7d8a6a589c731080289494","instance_id":"","instance_owner_id":"","local_gateway_id":"","nat_gateway_id":"","network_interface_id":"","origin":"CreateRoute","route_table_id":"rtb-0b5ce7d8a6a589c73","state":"active","timeouts":null,"transit_gateway_id":"tgw-053d9dd7f1222a554","vpc_endpoint_id":null,"vpc_peering_connection_id":""}},{"address":"module.core-vpc-tgw-routes[\"non_live_data\"].aws_route.private_transit_gateway[\"non_live_data-transit-gateway-eu-west-2b\"]","mode":"managed","type":"aws_route","name":"private_transit_gateway","index":"non_live_data-transit-gateway-eu-west-2b","provider_name":"registry.terraform.io/hashicorp/aws","schema_version":0,"values":{"destination_cidr_block":"0.0.0.0/0","destination_ipv6_cidr_block":"","destination_prefix_list_id":"","egress_only_gateway_id":"","gateway_id":"","id":"r-rtb-0f40eb892dbb1f0e91080289494","instance_id":"","instance_owner_id":"","local_gateway_id":"","nat_gateway_id":"","network_interface_id":"","origin":"CreateRoute","route_table_id":"rtb-0f40eb892dbb1f0e9","state":"active","timeouts":null,"transit_gateway_id":"tgw-053d9dd7f1222a554","vpc_endpoint_id":null,"vpc_peering_connection_id":""}},{"address":"module.core-vpc-tgw-routes[\"non_live_data\"].aws_route.private_transit_gateway[\"non_live_data-transit-gateway-eu-west-2c\"]","mode":"managed","type":"aws_route","name":"private_transit_gateway","index":"non_live_data-transit-gateway-eu-west-2c","provider_name":"registry.terraform.io/hashicorp/aws","schema_version":0,"values":{"destination_cidr_block":"0.0.0.0/0","destination_ipv6_cidr_block":"","destination_prefix_list_id":"","egress_only_gateway_id":"","gateway_id":"","id":"r-rtb-0bb661e511a4713eb1080289494","instance_id":"","instance_owner_id":"","local_gateway_id":"","nat_gateway_id":"","network_interface_id":"","origin":"CreateRoute","route_table_id":"rtb-0bb661e511a4713eb","state":"active","timeouts":null,"transit_gateway_id":"tgw-053d9dd7f1222a554","vpc_endpoint_id":null,"vpc_peering_connection_id":""}}],"address":"module.core-vpc-tgw-routes[\"non_live_data\"]"},{"resources":[{"address":"module.vpc[\"live_data\"].aws_cloudwatch_log_group.default","mode":"managed","type":"aws_cloudwatch_log_group","name":"default","provider_name":"registry.terraform.io/hashicorp/aws","schema_version":0,"values":{"arn":"arn:aws:logs:eu-west-2:374269020027:log-group:live_data-vpc-flow-logs","id":"live_data-vpc-flow-logs","kms_key_id":"","name":"live_data-vpc-flow-logs","name_prefix":null,"retention_in_days":0,"tags":{"application":"Modernisation Platform: core-shared-services-production","business-unit":"Platforms","is-production":"true","owner":"Modernisation Platform: modernisation-platform@digital.justice.gov.uk"}}},{"address":"module.vpc[\"live_data\"].aws_flow_log.cloudwatch","mode":"managed","type":"aws_flow_log","name":"cloudwatch","provider_name":"registry.terraform.io/hashicorp/aws","schema_version":0,"values":{"arn":"arn:aws:ec2:eu-west-2:374269020027:vpc-flow-log/fl-07b8ef529703e2d5a","eni_id":null,"iam_role_arn":"arn:aws:iam::374269020027:role/AWSVPCFlowLog","id":"fl-07b8ef529703e2d5a","log_destination":"arn:aws:logs:eu-west-2:374269020027:log-group:live_data-vpc-flow-logs","log_destination_type":"cloud-watch-logs","log_format":"${version} ${account-id} ${interface-id} ${srcaddr} ${dstaddr} ${srcport} ${dstport} ${protocol} ${packets} ${bytes} ${start} ${end} ${action} ${log-status}","log_group_name":"live_data-vpc-flow-logs","max_aggregation_interval":60,"subnet_id":null,"tags":{"Name":"live_data-vpc-flow-logs","application":"Modernisation Platform: core-shared-services-production","business-unit":"Platforms","is-production":"true","owner":"Modernisation Platform: modernisation-platform@digital.justice.gov.uk"},"traffic_type":"ALL","vpc_id":"vpc-0ffb471083903af2c"}},{"address":"module.vpc[\"live_data\"].aws_internet_gateway.default","mode":"managed","type":"aws_internet_gateway","name":"default","provider_name":"registry.terraform.io/hashicorp/aws","schema_version":0,"values":{"arn":"arn:aws:ec2:eu-west-2:374269020027:internet-gateway/igw-07fb2393d846c76a8","id":"igw-07fb2393d846c76a8","owner_id":"374269020027","tags":{"Name":"live_data-internet-gateway","application":"Modernisation Platform: core-shared-services-production","business-unit":"Platforms","is-production":"true","owner":"Modernisation Platform: modernisation-platform@digital.justice.gov.uk"},"vpc_id":"vpc-0ffb471083903af2c"}},{"address":"module.vpc[\"live_data\"].aws_network_acl.default[\"live_data-data\"]","mode":"managed","type":"aws_network_acl","name":"default","index":"live_data-data","provider_name":"registry.terraform.io/hashicorp/aws","schema_version":0,"values":{"arn":"arn:aws:ec2:eu-west-2:374269020027:network-acl/acl-0933809ca292abbab","egress":[{"action":"allow","cidr_block":"0.0.0.0/0","from_port":0,"icmp_code":0,"icmp_type":0,"ipv6_cidr_block":"","protocol":"-1","rule_no":910,"to_port":0},{"action":"allow","cidr_block":"10.231.0.0/19","from_port":0,"icmp_code":0,"icmp_type":0,"ipv6_cidr_block":"","protocol":"-1","rule_no":210,"to_port":0}],"id":"acl-0933809ca292abbab","ingress":[{"action":"allow","cidr_block":"0.0.0.0/0","from_port":0,"icmp_code":0,"icmp_type":0,"ipv6_cidr_block":"","protocol":"-1","rule_no":910,"to_port":0},{"action":"allow","cidr_block":"10.231.0.0/19","from_port":0,"icmp_code":0,"icmp_type":0,"ipv6_cidr_block":"","protocol":"-1","rule_no":210,"to_port":0}],"owner_id":"374269020027","subnet_ids":["subnet-0331d916aa70f185a","subnet-07a790a1f3a6fc561","subnet-0bfb5a0c8896863a6"],"tags":{"Name":"live_data-data","application":"Modernisation Platform: core-shared-services-production","business-unit":"Platforms","is-production":"true","owner":"Modernisation Platform: modernisation-platform@digital.justice.gov.uk"},"vpc_id":"vpc-0ffb471083903af2c"}},{"address":"module.vpc[\"live_data\"].aws_network_acl.default[\"live_data-private\"]","mode":"managed","type":"aws_network_acl","name":"default","index":"live_data-private","provider_name":"registry.terraform.io/hashicorp/aws","schema_version":0,"values":{"arn":"arn:aws:ec2:eu-west-2:374269020027:network-acl/acl-028a8daed63fbd8cd","egress":[{"action":"allow","cidr_block":"0.0.0.0/0","from_port":0,"icmp_code":0,"icmp_type":0,"ipv6_cidr_block":"","protocol":"-1","rule_no":910,"to_port":0},{"action":"allow","cidr_block":"10.231.0.0/19","from_port":0,"icmp_code":0,"icmp_type":0,"ipv6_cidr_block":"","protocol":"-1","rule_no":210,"to_port":0}],"id":"acl-028a8daed63fbd8cd","ingress":[{"action":"allow","cidr_block":"0.0.0.0/0","from_port":0,"icmp_code":0,"icmp_type":0,"ipv6_cidr_block":"","protocol":"-1","rule_no":910,"to_port":0},{"action":"allow","cidr_block":"10.231.0.0/19","from_port":0,"icmp_code":0,"icmp_type":0,"ipv6_cidr_block":"","protocol":"-1","rule_no":210,"to_port":0}],"owner_id":"374269020027","subnet_ids":["subnet-021b369568218877f","subnet-0ca8a3d7efc826432","subnet-0f1608ad5bb0e2d3b"],"tags":{"Name":"live_data-private","application":"Modernisation Platform: core-shared-services-production","business-unit":"Platforms","is-production":"true","owner":"Modernisation Platform: modernisation-platform@digital.justice.gov.uk"},"vpc_id":"vpc-0ffb471083903af2c"}},{"address":"module.vpc[\"live_data\"].aws_network_acl.default[\"live_data-public\"]","mode":"managed","type":"aws_network_acl","name":"default","index":"live_data-public","provider_name":"registry.terraform.io/hashicorp/aws","schema_version":0,"values":{"arn":"arn:aws:ec2:eu-west-2:374269020027:network-acl/acl-0d1f17b9f3842cfc6","egress":[{"action":"allow","cidr_block":"0.0.0.0/0","from_port":0,"icmp_code":0,"icmp_type":0,"ipv6_cidr_block":"","protocol":"-1","rule_no":910,"to_port":0},{"action":"allow","cidr_block":"10.231.0.0/19","from_port":0,"icmp_code":0,"icmp_type":0,"ipv6_cidr_block":"","protocol":"-1","rule_no":210,"to_port":0}],"id":"acl-0d1f17b9f3842cfc6","ingress":[{"action":"allow","cidr_block":"0.0.0.0/0","from_port":0,"icmp_code":0,"icmp_type":0,"ipv6_cidr_block":"","protocol":"-1","rule_no":910,"to_port":0},{"action":"allow","cidr_block":"10.231.0.0/19","from_port":0,"icmp_code":0,"icmp_type":0,"ipv6_cidr_block":"","protocol":"-1","rule_no":210,"to_port":0}],"owner_id":"374269020027","subnet_ids":["subnet-00328c484e5712137","subnet-0585943e12318df7b","subnet-07a2a8327a0ffe772"],"tags":{"Name":"live_data-public","application":"Modernisation Platform: core-shared-services-production","business-unit":"Platforms","is-production":"true","owner":"Modernisation Platform: modernisation-platform@digital.justice.gov.uk"},"vpc_id":"vpc-0ffb471083903af2c"}},{"address":"module.vpc[\"live_data\"].aws_network_acl.default[\"live_data-transit-gateway\"]","mode":"managed","type":"aws_network_acl","name":"default","index":"live_data-transit-gateway","provider_name":"registry.terraform.io/hashicorp/aws","schema_version":0,"values":{"arn":"arn:aws:ec2:eu-west-2:374269020027:network-acl/acl-0e3fdca1f6160ad06","egress":[{"action":"allow","cidr_block":"0.0.0.0/0","from_port":0,"icmp_code":0,"icmp_type":0,"ipv6_cidr_block":"","protocol":"-1","rule_no":910,"to_port":0},{"action":"allow","cidr_block":"10.231.0.0/19","from_port":0,"icmp_code":0,"icmp_type":0,"ipv6_cidr_block":"","protocol":"-1","rule_no":210,"to_port":0}],"id":"acl-0e3fdca1f6160ad06","ingress":[{"action":"allow","cidr_block":"0.0.0.0/0","from_port":0,"icmp_code":0,"icmp_type":0,"ipv6_cidr_block":"","protocol":"-1","rule_no":910,"to_port":0},{"action":"allow","cidr_block":"10.231.0.0/19","from_port":0,"icmp_code":0,"icmp_type":0,"ipv6_cidr_block":"","protocol":"-1","rule_no":210,"to_port":0}],"owner_id":"374269020027","subnet_ids":["subnet-02498450dabc05d5d","subnet-08db5b844d1abd53b","subnet-093b2f28887fa3132"],"tags":{"Name":"live_data-transit-gateway","application":"Modernisation Platform: core-shared-services-production","business-unit":"Platforms","is-production":"true","owner":"Modernisation Platform: modernisation-platform@digital.justice.gov.uk"},"vpc_id":"vpc-0ffb471083903af2c"}},{"address":"module.vpc[\"live_data\"].aws_network_acl_rule.allow_local_network_egress[\"live_data-data\"]","mode":"managed","type":"aws_network_acl_rule","name":"allow_local_network_egress","index":"live_data-data","provider_name":"registry.terraform.io/hashicorp/aws","schema_version":0,"values":{"cidr_block":"10.231.0.0/19","egress":true,"from_port":null,"icmp_code":null,"icmp_type":null,"id":"nacl-1686633962","ipv6_cidr_block":"","network_acl_id":"acl-0933809ca292abbab","protocol":"all","rule_action":"allow","rule_number":210,"to_port":null}},{"address":"module.vpc[\"live_data\"].aws_network_acl_rule.allow_local_network_egress[\"live_data-private\"]","mode":"managed","type":"aws_network_acl_rule","name":"allow_local_network_egress","index":"live_data-private","provider_name":"registry.terraform.io/hashicorp/aws","schema_version":0,"values":{"cidr_block":"10.231.0.0/19","egress":true,"from_port":null,"icmp_code":null,"icmp_type":null,"id":"nacl-2806111369","ipv6_cidr_block":"","network_acl_id":"acl-028a8daed63fbd8cd","protocol":"all","rule_action":"allow","rule_number":210,"to_port":null}},{"address":"module.vpc[\"live_data\"].aws_network_acl_rule.allow_local_network_egress[\"live_data-public\"]","mode":"managed","type":"aws_network_acl_rule","name":"allow_local_network_egress","index":"live_data-public","provider_name":"registry.terraform.io/hashicorp/aws","schema_version":0,"values":{"cidr_block":"10.231.0.0/19","egress":true,"from_port":null,"icmp_code":null,"icmp_type":null,"id":"nacl-30137469","ipv6_cidr_block":"","network_acl_id":"acl-0d1f17b9f3842cfc6","protocol":"all","rule_action":"allow","rule_number":210,"to_port":null}},{"address":"module.vpc[\"live_data\"].aws_network_acl_rule.allow_local_network_egress[\"live_data-transit-gateway\"]","mode":"managed","type":"aws_network_acl_rule","name":"allow_local_network_egress","index":"live_data-transit-gateway","provider_name":"registry.terraform.io/hashicorp/aws","schema_version":0,"values":{"cidr_block":"10.231.0.0/19","egress":true,"from_port":null,"icmp_code":null,"icmp_type":null,"id":"nacl-1241633631","ipv6_cidr_block":"","network_acl_id":"acl-0e3fdca1f6160ad06","protocol":"all","rule_action":"allow","rule_number":210,"to_port":null}},{"address":"module.vpc[\"live_data\"].aws_network_acl_rule.allow_local_network_ingress[\"live_data-data\"]","mode":"managed","type":"aws_network_acl_rule","name":"allow_local_network_ingress","index":"live_data-data","provider_name":"registry.terraform.io/hashicorp/aws","schema_version":0,"values":{"cidr_block":"10.231.0.0/19","egress":false,"from_port":null,"icmp_code":null,"icmp_type":null,"id":"nacl-459624198","ipv6_cidr_block":"","network_acl_id":"acl-0933809ca292abbab","protocol":"all","rule_action":"allow","rule_number":210,"to_port":null}},{"address":"module.vpc[\"live_data\"].aws_network_acl_rule.allow_local_network_ingress[\"live_data-private\"]","mode":"managed","type":"aws_network_acl_rule","name":"allow_local_network_ingress","index":"live_data-private","provider_name":"registry.terraform.io/hashicorp/aws","schema_version":0,"values":{"cidr_block":"10.231.0.0/19","egress":false,"from_port":null,"icmp_code":null,"icmp_type":null,"id":"nacl-3474831813","ipv6_cidr_block":"","network_acl_id":"acl-028a8daed63fbd8cd","protocol":"all","rule_action":"allow","rule_number":210,"to_port":null}},{"address":"module.vpc[\"live_data\"].aws_network_acl_rule.allow_local_network_ingress[\"live_data-public\"]","mode":"managed","type":"aws_network_acl_rule","name":"allow_local_network_ingress","index":"live_data-public","provider_name":"registry.terraform.io/hashicorp/aws","schema_version":0,"values":{"cidr_block":"10.231.0.0/19","egress":false,"from_port":null,"icmp_code":null,"icmp_type":null,"id":"nacl-1969948096","ipv6_cidr_block":"","network_acl_id":"acl-0d1f17b9f3842cfc6","protocol":"all","rule_action":"allow","rule_number":210,"to_port":null}},{"address":"module.vpc[\"live_data\"].aws_network_acl_rule.allow_local_network_ingress[\"live_data-transit-gateway\"]","mode":"managed","type":"aws_network_acl_rule","name":"allow_local_network_ingress","index":"live_data-transit-gateway","provider_name":"registry.terraform.io/hashicorp/aws","schema_version":0,"values":{"cidr_block":"10.231.0.0/19","egress":false,"from_port":null,"icmp_code":null,"icmp_type":null,"id":"nacl-2688585259","ipv6_cidr_block":"","network_acl_id":"acl-0e3fdca1f6160ad06","protocol":"all","rule_action":"allow","rule_number":210,"to_port":null}},{"address":"module.vpc[\"live_data\"].aws_network_acl_rule.apply_network_map_rules[\"live_data-data-0.0.0.0/0-false-allow--1-0-0-910\"]","mode":"managed","type":"aws_network_acl_rule","name":"apply_network_map_rules","index":"live_data-data-0.0.0.0/0-false-allow--1-0-0-910","provider_name":"registry.terraform.io/hashicorp/aws","schema_version":0,"values":{"cidr_block":"0.0.0.0/0","egress":false,"from_port":0,"icmp_code":null,"icmp_type":null,"id":"nacl-4239192229","ipv6_cidr_block":"","network_acl_id":"acl-0933809ca292abbab","protocol":"all","rule_action":"allow","rule_number":910,"to_port":0}},{"address":"module.vpc[\"live_data\"].aws_network_acl_rule.apply_network_map_rules[\"live_data-data-0.0.0.0/0-true-allow--1-0-0-910\"]","mode":"managed","type":"aws_network_acl_rule","name":"apply_network_map_rules","index":"live_data-data-0.0.0.0/0-true-allow--1-0-0-910","provider_name":"registry.terraform.io/hashicorp/aws","schema_version":0,"values":{"cidr_block":"0.0.0.0/0","egress":true,"from_port":0,"icmp_code":null,"icmp_type":null,"id":"nacl-353720804","ipv6_cidr_block":"","network_acl_id":"acl-0933809ca292abbab","protocol":"all","rule_action":"allow","rule_number":910,"to_port":0}},{"address":"module.vpc[\"live_data\"].aws_network_acl_rule.apply_network_map_rules[\"live_data-private-0.0.0.0/0-false-allow--1-0-0-910\"]","mode":"managed","type":"aws_network_acl_rule","name":"apply_network_map_rules","index":"live_data-private-0.0.0.0/0-false-allow--1-0-0-910","provider_name":"registry.terraform.io/hashicorp/aws","schema_version":0,"values":{"cidr_block":"0.0.0.0/0","egress":false,"from_port":0,"icmp_code":null,"icmp_type":null,"id":"nacl-684983910","ipv6_cidr_block":"","network_acl_id":"acl-028a8daed63fbd8cd","protocol":"all","rule_action":"allow","rule_number":910,"to_port":0}},{"address":"module.vpc[\"live_data\"].aws_network_acl_rule.apply_network_map_rules[\"live_data-private-0.0.0.0/0-true-allow--1-0-0-910\"]","mode":"managed","type":"aws_network_acl_rule","name":"apply_network_map_rules","index":"live_data-private-0.0.0.0/0-true-allow--1-0-0-910","provider_name":"registry.terraform.io/hashicorp/aws","schema_version":0,"values":{"cidr_block":"0.0.0.0/0","egress":true,"from_port":0,"icmp_code":null,"icmp_type":null,"id":"nacl-3604183175","ipv6_cidr_block":"","network_acl_id":"acl-028a8daed63fbd8cd","protocol":"all","rule_action":"allow","rule_number":910,"to_port":0}},{"address":"module.vpc[\"live_data\"].aws_network_acl_rule.apply_network_map_rules[\"live_data-public-0.0.0.0/0-false-allow--1-0-0-910\"]","mode":"managed","type":"aws_network_acl_rule","name":"apply_network_map_rules","index":"live_data-public-0.0.0.0/0-false-allow--1-0-0-910","provider_name":"registry.terraform.io/hashicorp/aws","schema_version":0,"values":{"cidr_block":"0.0.0.0/0","egress":false,"from_port":0,"icmp_code":null,"icmp_type":null,"id":"nacl-2460138083","ipv6_cidr_block":"","network_acl_id":"acl-0d1f17b9f3842cfc6","protocol":"all","rule_action":"allow","rule_number":910,"to_port":0}},{"address":"module.vpc[\"live_data\"].aws_network_acl_rule.apply_network_map_rules[\"live_data-public-0.0.0.0/0-true-allow--1-0-0-910\"]","mode":"managed","type":"aws_network_acl_rule","name":"apply_network_map_rules","index":"live_data-public-0.0.0.0/0-true-allow--1-0-0-910","provider_name":"registry.terraform.io/hashicorp/aws","schema_version":0,"values":{"cidr_block":"0.0.0.0/0","egress":true,"from_port":0,"icmp_code":null,"icmp_type":null,"id":"nacl-1884911731","ipv6_cidr_block":"","network_acl_id":"acl-0d1f17b9f3842cfc6","protocol":"all","rule_action":"allow","rule_number":910,"to_port":0}},{"address":"module.vpc[\"live_data\"].aws_network_acl_rule.apply_network_map_rules[\"live_data-transit-gateway-0.0.0.0/0-false-allow--1-0-0-910\"]","mode":"managed","type":"aws_network_acl_rule","name":"apply_network_map_rules","index":"live_data-transit-gateway-0.0.0.0/0-false-allow--1-0-0-910","provider_name":"registry.terraform.io/hashicorp/aws","schema_version":0,"values":{"cidr_block":"0.0.0.0/0","egress":false,"from_port":0,"icmp_code":null,"icmp_type":null,"id":"nacl-1200173448","ipv6_cidr_block":"","network_acl_id":"acl-0e3fdca1f6160ad06","protocol":"all","rule_action":"allow","rule_number":910,"to_port":0}},{"address":"module.vpc[\"live_data\"].aws_network_acl_rule.apply_network_map_rules[\"live_data-transit-gateway-0.0.0.0/0-true-allow--1-0-0-910\"]","mode":"managed","type":"aws_network_acl_rule","name":"apply_network_map_rules","index":"live_data-transit-gateway-0.0.0.0/0-true-allow--1-0-0-910","provider_name":"registry.terraform.io/hashicorp/aws","schema_version":0,"values":{"cidr_block":"0.0.0.0/0","egress":true,"from_port":0,"icmp_code":null,"icmp_type":null,"id":"nacl-999520081","ipv6_cidr_block":"","network_acl_id":"acl-0e3fdca1f6160ad06","protocol":"all","rule_action":"allow","rule_number":910,"to_port":0}},{"address":"module.vpc[\"live_data\"].aws_route.public_internet_gateway","mode":"managed","type":"aws_route","name":"public_internet_gateway","provider_name":"registry.terraform.io/hashicorp/aws","schema_version":0,"values":{"destination_cidr_block":"0.0.0.0/0","destination_ipv6_cidr_block":"","destination_prefix_list_id":"","egress_only_gateway_id":"","gateway_id":"igw-07fb2393d846c76a8","id":"r-rtb-05b044bd885293dbd1080289494","instance_id":"","instance_owner_id":"","local_gateway_id":"","nat_gateway_id":"","network_interface_id":"","origin":"CreateRoute","route_table_id":"rtb-05b044bd885293dbd","state":"active","timeouts":null,"transit_gateway_id":"","vpc_endpoint_id":null,"vpc_peering_connection_id":""}},{"address":"module.vpc[\"live_data\"].aws_route_table.private[\"live_data-data-eu-west-2a\"]","mode":"managed","type":"aws_route_table","name":"private","index":"live_data-data-eu-west-2a","provider_name":"registry.terraform.io/hashicorp/aws","schema_version":0,"values":{"id":"rtb-075c46c94149ab48e","owner_id":"374269020027","propagating_vgws":[],"route":[{"cidr_block":"0.0.0.0/0","egress_only_gateway_id":"","gateway_id":"","instance_id":"","ipv6_cidr_block":"","local_gateway_id":"","nat_gateway_id":"","network_interface_id":"","transit_gateway_id":"tgw-053d9dd7f1222a554","vpc_endpoint_id":"","vpc_peering_connection_id":""}],"tags":{"Name":"live_data-data-eu-west-2a","application":"Modernisation Platform: core-shared-services-production","business-unit":"Platforms","is-production":"true","owner":"Modernisation Platform: modernisation-platform@digital.justice.gov.uk"},"vpc_id":"vpc-0ffb471083903af2c"}},{"address":"module.vpc[\"live_data\"].aws_route_table.private[\"live_data-data-eu-west-2b\"]","mode":"managed","type":"aws_route_table","name":"private","index":"live_data-data-eu-west-2b","provider_name":"registry.terraform.io/hashicorp/aws","schema_version":0,"values":{"id":"rtb-0f3e424f07bbc4b9c","owner_id":"374269020027","propagating_vgws":[],"route":[{"cidr_block":"0.0.0.0/0","egress_only_gateway_id":"","gateway_id":"","instance_id":"","ipv6_cidr_block":"","local_gateway_id":"","nat_gateway_id":"","network_interface_id":"","transit_gateway_id":"tgw-053d9dd7f1222a554","vpc_endpoint_id":"","vpc_peering_connection_id":""}],"tags":{"Name":"live_data-data-eu-west-2b","application":"Modernisation Platform: core-shared-services-production","business-unit":"Platforms","is-production":"true","owner":"Modernisation Platform: modernisation-platform@digital.justice.gov.uk"},"vpc_id":"vpc-0ffb471083903af2c"}},{"address":"module.vpc[\"live_data\"].aws_route_table.private[\"live_data-data-eu-west-2c\"]","mode":"managed","type":"aws_route_table","name":"private","index":"live_data-data-eu-west-2c","provider_name":"registry.terraform.io/hashicorp/aws","schema_version":0,"values":{"id":"rtb-0ffb85d9ce66f921c","owner_id":"374269020027","propagating_vgws":[],"route":[{"cidr_block":"0.0.0.0/0","egress_only_gateway_id":"","gateway_id":"","instance_id":"","ipv6_cidr_block":"","local_gateway_id":"","nat_gateway_id":"","network_interface_id":"","transit_gateway_id":"tgw-053d9dd7f1222a554","vpc_endpoint_id":"","vpc_peering_connection_id":""}],"tags":{"Name":"live_data-data-eu-west-2c","application":"Modernisation Platform: core-shared-services-production","business-unit":"Platforms","is-production":"true","owner":"Modernisation Platform: modernisation-platform@digital.justice.gov.uk"},"vpc_id":"vpc-0ffb471083903af2c"}},{"address":"module.vpc[\"live_data\"].aws_route_table.private[\"live_data-private-eu-west-2a\"]","mode":"managed","type":"aws_route_table","name":"private","index":"live_data-private-eu-west-2a","provider_name":"registry.terraform.io/hashicorp/aws","schema_version":0,"values":{"id":"rtb-0085a7256980e0a4a","owner_id":"374269020027","propagating_vgws":[],"route":[{"cidr_block":"0.0.0.0/0","egress_only_gateway_id":"","gateway_id":"","instance_id":"","ipv6_cidr_block":"","local_gateway_id":"","nat_gateway_id":"","network_interface_id":"","transit_gateway_id":"tgw-053d9dd7f1222a554","vpc_endpoint_id":"","vpc_peering_connection_id":""}],"tags":{"Name":"live_data-private-eu-west-2a","application":"Modernisation Platform: core-shared-services-production","business-unit":"Platforms","is-production":"true","owner":"Modernisation Platform: modernisation-platform@digital.justice.gov.uk"},"vpc_id":"vpc-0ffb471083903af2c"}},{"address":"module.vpc[\"live_data\"].aws_route_table.private[\"live_data-private-eu-west-2b\"]","mode":"managed","type":"aws_route_table","name":"private","index":"live_data-private-eu-west-2b","provider_name":"registry.terraform.io/hashicorp/aws","schema_version":0,"values":{"id":"rtb-0be057e095f733fe8","owner_id":"374269020027","propagating_vgws":[],"route":[{"cidr_block":"0.0.0.0/0","egress_only_gateway_id":"","gateway_id":"","instance_id":"","ipv6_cidr_block":"","local_gateway_id":"","nat_gateway_id":"","network_interface_id":"","transit_gateway_id":"tgw-053d9dd7f1222a554","vpc_endpoint_id":"","vpc_peering_connection_id":""}],"tags":{"Name":"live_data-private-eu-west-2b","application":"Modernisation Platform: core-shared-services-production","business-unit":"Platforms","is-production":"true","owner":"Modernisation Platform: modernisation-platform@digital.justice.gov.uk"},"vpc_id":"vpc-0ffb471083903af2c"}},{"address":"module.vpc[\"live_data\"].aws_route_table.private[\"live_data-private-eu-west-2c\"]","mode":"managed","type":"aws_route_table","name":"private","index":"live_data-private-eu-west-2c","provider_name":"registry.terraform.io/hashicorp/aws","schema_version":0,"values":{"id":"rtb-0dbccdb8501b60061","owner_id":"374269020027","propagating_vgws":[],"route":[{"cidr_block":"0.0.0.0/0","egress_only_gateway_id":"","gateway_id":"","instance_id":"","ipv6_cidr_block":"","local_gateway_id":"","nat_gateway_id":"","network_interface_id":"","transit_gateway_id":"tgw-053d9dd7f1222a554","vpc_endpoint_id":"","vpc_peering_connection_id":""}],"tags":{"Name":"live_data-private-eu-west-2c","application":"Modernisation Platform: core-shared-services-production","business-unit":"Platforms","is-production":"true","owner":"Modernisation Platform: modernisation-platform@digital.justice.gov.uk"},"vpc_id":"vpc-0ffb471083903af2c"}},{"address":"module.vpc[\"live_data\"].aws_route_table.private[\"live_data-transit-gateway-eu-west-2a\"]","mode":"managed","type":"aws_route_table","name":"private","index":"live_data-transit-gateway-eu-west-2a","provider_name":"registry.terraform.io/hashicorp/aws","schema_version":0,"values":{"id":"rtb-05fa2dd403b955bb7","owner_id":"374269020027","propagating_vgws":[],"route":[{"cidr_block":"0.0.0.0/0","egress_only_gateway_id":"","gateway_id":"","instance_id":"","ipv6_cidr_block":"","local_gateway_id":"","nat_gateway_id":"","network_interface_id":"","transit_gateway_id":"tgw-053d9dd7f1222a554","vpc_endpoint_id":"","vpc_peering_connection_id":""}],"tags":{"Name":"live_data-transit-gateway-eu-west-2a","application":"Modernisation Platform: core-shared-services-production","business-unit":"Platforms","is-production":"true","owner":"Modernisation Platform: modernisation-platform@digital.justice.gov.uk"},"vpc_id":"vpc-0ffb471083903af2c"}},{"address":"module.vpc[\"live_data\"].aws_route_table.private[\"live_data-transit-gateway-eu-west-2b\"]","mode":"managed","type":"aws_route_table","name":"private","index":"live_data-transit-gateway-eu-west-2b","provider_name":"registry.terraform.io/hashicorp/aws","schema_version":0,"values":{"id":"rtb-022a3e9c287fad096","owner_id":"374269020027","propagating_vgws":[],"route":[{"cidr_block":"0.0.0.0/0","egress_only_gateway_id":"","gateway_id":"","instance_id":"","ipv6_cidr_block":"","local_gateway_id":"","nat_gateway_id":"","network_interface_id":"","transit_gateway_id":"tgw-053d9dd7f1222a554","vpc_endpoint_id":"","vpc_peering_connection_id":""}],"tags":{"Name":"live_data-transit-gateway-eu-west-2b","application":"Modernisation Platform: core-shared-services-production","business-unit":"Platforms","is-production":"true","owner":"Modernisation Platform: modernisation-platform@digital.justice.gov.uk"},"vpc_id":"vpc-0ffb471083903af2c"}},{"address":"module.vpc[\"live_data\"].aws_route_table.private[\"live_data-transit-gateway-eu-west-2c\"]","mode":"managed","type":"aws_route_table","name":"private","index":"live_data-transit-gateway-eu-west-2c","provider_name":"registry.terraform.io/hashicorp/aws","schema_version":0,"values":{"id":"rtb-00b138087d73295df","owner_id":"374269020027","propagating_vgws":[],"route":[{"cidr_block":"0.0.0.0/0","egress_only_gateway_id":"","gateway_id":"","instance_id":"","ipv6_cidr_block":"","local_gateway_id":"","nat_gateway_id":"","network_interface_id":"","transit_gateway_id":"tgw-053d9dd7f1222a554","vpc_endpoint_id":"","vpc_peering_connection_id":""}],"tags":{"Name":"live_data-transit-gateway-eu-west-2c","application":"Modernisation Platform: core-shared-services-production","business-unit":"Platforms","is-production":"true","owner":"Modernisation Platform: modernisation-platform@digital.justice.gov.uk"},"vpc_id":"vpc-0ffb471083903af2c"}},{"address":"module.vpc[\"live_data\"].aws_route_table.public","mode":"managed","type":"aws_route_table","name":"public","provider_name":"registry.terraform.io/hashicorp/aws","schema_version":0,"values":{"id":"rtb-05b044bd885293dbd","owner_id":"374269020027","propagating_vgws":[],"route":[{"cidr_block":"0.0.0.0/0","egress_only_gateway_id":"","gateway_id":"igw-07fb2393d846c76a8","instance_id":"","ipv6_cidr_block":"","local_gateway_id":"","nat_gateway_id":"","network_interface_id":"","transit_gateway_id":"","vpc_endpoint_id":"","vpc_peering_connection_id":""}],"tags":{"Name":"live_data-public","application":"Modernisation Platform: core-shared-services-production","business-unit":"Platforms","is-production":"true","owner":"Modernisation Platform: modernisation-platform@digital.justice.gov.uk"},"vpc_id":"vpc-0ffb471083903af2c"}},{"address":"module.vpc[\"live_data\"].aws_route_table_association.default[\"live_data-data-eu-west-2a\"]","mode":"managed","type":"aws_route_table_association","name":"default","index":"live_data-data-eu-west-2a","provider_name":"registry.terraform.io/hashicorp/aws","schema_version":0,"values":{"gateway_id":null,"id":"rtbassoc-0684fa605fcbf369a","route_table_id":"rtb-075c46c94149ab48e","subnet_id":"subnet-0331d916aa70f185a"}},{"address":"module.vpc[\"live_data\"].aws_route_table_association.default[\"live_data-data-eu-west-2b\"]","mode":"managed","type":"aws_route_table_association","name":"default","index":"live_data-data-eu-west-2b","provider_name":"registry.terraform.io/hashicorp/aws","schema_version":0,"values":{"gateway_id":null,"id":"rtbassoc-0a831415798682be6","route_table_id":"rtb-0f3e424f07bbc4b9c","subnet_id":"subnet-07a790a1f3a6fc561"}},{"address":"module.vpc[\"live_data\"].aws_route_table_association.default[\"live_data-data-eu-west-2c\"]","mode":"managed","type":"aws_route_table_association","name":"default","index":"live_data-data-eu-west-2c","provider_name":"registry.terraform.io/hashicorp/aws","schema_version":0,"values":{"gateway_id":null,"id":"rtbassoc-06325728a43861b9e","route_table_id":"rtb-0ffb85d9ce66f921c","subnet_id":"subnet-0bfb5a0c8896863a6"}},{"address":"module.vpc[\"live_data\"].aws_route_table_association.default[\"live_data-private-eu-west-2a\"]","mode":"managed","type":"aws_route_table_association","name":"default","index":"live_data-private-eu-west-2a","provider_name":"registry.terraform.io/hashicorp/aws","schema_version":0,"values":{"gateway_id":null,"id":"rtbassoc-0c220a62a73928735","route_table_id":"rtb-0085a7256980e0a4a","subnet_id":"subnet-021b369568218877f"}},{"address":"module.vpc[\"live_data\"].aws_route_table_association.default[\"live_data-private-eu-west-2b\"]","mode":"managed","type":"aws_route_table_association","name":"default","index":"live_data-private-eu-west-2b","provider_name":"registry.terraform.io/hashicorp/aws","schema_version":0,"values":{"gateway_id":null,"id":"rtbassoc-0d2b5104028501871","route_table_id":"rtb-0be057e095f733fe8","subnet_id":"subnet-0ca8a3d7efc826432"}},{"address":"module.vpc[\"live_data\"].aws_route_table_association.default[\"live_data-private-eu-west-2c\"]","mode":"managed","type":"aws_route_table_association","name":"default","index":"live_data-private-eu-west-2c","provider_name":"registry.terraform.io/hashicorp/aws","schema_version":0,"values":{"gateway_id":null,"id":"rtbassoc-025cf400fa69b973c","route_table_id":"rtb-0dbccdb8501b60061","subnet_id":"subnet-0f1608ad5bb0e2d3b"}},{"address":"module.vpc[\"live_data\"].aws_route_table_association.default[\"live_data-public-eu-west-2a\"]","mode":"managed","type":"aws_route_table_association","name":"default","index":"live_data-public-eu-west-2a","provider_name":"registry.terraform.io/hashicorp/aws","schema_version":0,"values":{"gateway_id":null,"id":"rtbassoc-017283775d62ed3b1","route_table_id":"rtb-05b044bd885293dbd","subnet_id":"subnet-07a2a8327a0ffe772"}},{"address":"module.vpc[\"live_data\"].aws_route_table_association.default[\"live_data-public-eu-west-2b\"]","mode":"managed","type":"aws_route_table_association","name":"default","index":"live_data-public-eu-west-2b","provider_name":"registry.terraform.io/hashicorp/aws","schema_version":0,"values":{"gateway_id":null,"id":"rtbassoc-058ba07280c4470a3","route_table_id":"rtb-05b044bd885293dbd","subnet_id":"subnet-0585943e12318df7b"}},{"address":"module.vpc[\"live_data\"].aws_route_table_association.default[\"live_data-public-eu-west-2c\"]","mode":"managed","type":"aws_route_table_association","name":"default","index":"live_data-public-eu-west-2c","provider_name":"registry.terraform.io/hashicorp/aws","schema_version":0,"values":{"gateway_id":null,"id":"rtbassoc-06c204be4fa409e9c","route_table_id":"rtb-05b044bd885293dbd","subnet_id":"subnet-00328c484e5712137"}},{"address":"module.vpc[\"live_data\"].aws_route_table_association.default[\"live_data-transit-gateway-eu-west-2a\"]","mode":"managed","type":"aws_route_table_association","name":"default","index":"live_data-transit-gateway-eu-west-2a","provider_name":"registry.terraform.io/hashicorp/aws","schema_version":0,"values":{"gateway_id":null,"id":"rtbassoc-03e338f016af3a83c","route_table_id":"rtb-05fa2dd403b955bb7","subnet_id":"subnet-093b2f28887fa3132"}},{"address":"module.vpc[\"live_data\"].aws_route_table_association.default[\"live_data-transit-gateway-eu-west-2b\"]","mode":"managed","type":"aws_route_table_association","name":"default","index":"live_data-transit-gateway-eu-west-2b","provider_name":"registry.terraform.io/hashicorp/aws","schema_version":0,"values":{"gateway_id":null,"id":"rtbassoc-065605f213b7ca64c","route_table_id":"rtb-022a3e9c287fad096","subnet_id":"subnet-02498450dabc05d5d"}},{"address":"module.vpc[\"live_data\"].aws_route_table_association.default[\"live_data-transit-gateway-eu-west-2c\"]","mode":"managed","type":"aws_route_table_association","name":"default","index":"live_data-transit-gateway-eu-west-2c","provider_name":"registry.terraform.io/hashicorp/aws","schema_version":0,"values":{"gateway_id":null,"id":"rtbassoc-0a1f10dc399312360","route_table_id":"rtb-00b138087d73295df","subnet_id":"subnet-08db5b844d1abd53b"}},{"address":"module.vpc[\"live_data\"].aws_subnet.subnets[\"live_data-data-eu-west-2a\"]","mode":"managed","type":"aws_subnet","name":"subnets","index":"live_data-data-eu-west-2a","provider_name":"registry.terraform.io/hashicorp/aws","schema_version":1,"values":{"arn":"arn:aws:ec2:eu-west-2:374269020027:subnet/subnet-0331d916aa70f185a","assign_ipv6_address_on_creation":false,"availability_zone":"eu-west-2a","availability_zone_id":"euw2-az2","cidr_block":"10.231.2.0/23","id":"subnet-0331d916aa70f185a","ipv6_cidr_block":"","ipv6_cidr_block_association_id":"","map_public_ip_on_launch":false,"outpost_arn":"","owner_id":"374269020027","tags":{"Name":"live_data-data-eu-west-2a","application":"Modernisation Platform: core-shared-services-production","business-unit":"Platforms","is-production":"true","owner":"Modernisation Platform: modernisation-platform@digital.justice.gov.uk"},"timeouts":null,"vpc_id":"vpc-0ffb471083903af2c"}},{"address":"module.vpc[\"live_data\"].aws_subnet.subnets[\"live_data-data-eu-west-2b\"]","mode":"managed","type":"aws_subnet","name":"subnets","index":"live_data-data-eu-west-2b","provider_name":"registry.terraform.io/hashicorp/aws","schema_version":1,"values":{"arn":"arn:aws:ec2:eu-west-2:374269020027:subnet/subnet-07a790a1f3a6fc561","assign_ipv6_address_on_creation":false,"availability_zone":"eu-west-2b","availability_zone_id":"euw2-az3","cidr_block":"10.231.4.0/23","id":"subnet-07a790a1f3a6fc561","ipv6_cidr_block":"","ipv6_cidr_block_association_id":"","map_public_ip_on_launch":false,"outpost_arn":"","owner_id":"374269020027","tags":{"Name":"live_data-data-eu-west-2b","application":"Modernisation Platform: core-shared-services-production","business-unit":"Platforms","is-production":"true","owner":"Modernisation Platform: modernisation-platform@digital.justice.gov.uk"},"timeouts":null,"vpc_id":"vpc-0ffb471083903af2c"}},{"address":"module.vpc[\"live_data\"].aws_subnet.subnets[\"live_data-data-eu-west-2c\"]","mode":"managed","type":"aws_subnet","name":"subnets","index":"live_data-data-eu-west-2c","provider_name":"registry.terraform.io/hashicorp/aws","schema_version":1,"values":{"arn":"arn:aws:ec2:eu-west-2:374269020027:subnet/subnet-0bfb5a0c8896863a6","assign_ipv6_address_on_creation":false,"availability_zone":"eu-west-2c","availability_zone_id":"euw2-az1","cidr_block":"10.231.6.0/23","id":"subnet-0bfb5a0c8896863a6","ipv6_cidr_block":"","ipv6_cidr_block_association_id":"","map_public_ip_on_launch":false,"outpost_arn":"","owner_id":"374269020027","tags":{"Name":"live_data-data-eu-west-2c","application":"Modernisation Platform: core-shared-services-production","business-unit":"Platforms","is-production":"true","owner":"Modernisation Platform: modernisation-platform@digital.justice.gov.uk"},"timeouts":null,"vpc_id":"vpc-0ffb471083903af2c"}},{"address":"module.vpc[\"live_data\"].aws_subnet.subnets[\"live_data-private-eu-west-2a\"]","mode":"managed","type":"aws_subnet","name":"subnets","index":"live_data-private-eu-west-2a","provider_name":"registry.terraform.io/hashicorp/aws","schema_version":1,"values":{"arn":"arn:aws:ec2:eu-west-2:374269020027:subnet/subnet-021b369568218877f","assign_ipv6_address_on_creation":false,"availability_zone":"eu-west-2a","availability_zone_id":"euw2-az2","cidr_block":"10.231.8.0/23","id":"subnet-021b369568218877f","ipv6_cidr_block":"","ipv6_cidr_block_association_id":"","map_public_ip_on_launch":false,"outpost_arn":"","owner_id":"374269020027","tags":{"Name":"live_data-private-eu-west-2a","application":"Modernisation Platform: core-shared-services-production","business-unit":"Platforms","is-production":"true","owner":"Modernisation Platform: modernisation-platform@digital.justice.gov.uk"},"timeouts":null,"vpc_id":"vpc-0ffb471083903af2c"}},{"address":"module.vpc[\"live_data\"].aws_subnet.subnets[\"live_data-private-eu-west-2b\"]","mode":"managed","type":"aws_subnet","name":"subnets","index":"live_data-private-eu-west-2b","provider_name":"registry.terraform.io/hashicorp/aws","schema_version":1,"values":{"arn":"arn:aws:ec2:eu-west-2:374269020027:subnet/subnet-0ca8a3d7efc826432","assign_ipv6_address_on_creation":false,"availability_zone":"eu-west-2b","availability_zone_id":"euw2-az3","cidr_block":"10.231.10.0/23","id":"subnet-0ca8a3d7efc826432","ipv6_cidr_block":"","ipv6_cidr_block_association_id":"","map_public_ip_on_launch":false,"outpost_arn":"","owner_id":"374269020027","tags":{"Name":"live_data-private-eu-west-2b","application":"Modernisation Platform: core-shared-services-production","business-unit":"Platforms","is-production":"true","owner":"Modernisation Platform: modernisation-platform@digital.justice.gov.uk"},"timeouts":null,"vpc_id":"vpc-0ffb471083903af2c"}},{"address":"module.vpc[\"live_data\"].aws_subnet.subnets[\"live_data-private-eu-west-2c\"]","mode":"managed","type":"aws_subnet","name":"subnets","index":"live_data-private-eu-west-2c","provider_name":"registry.terraform.io/hashicorp/aws","schema_version":1,"values":{"arn":"arn:aws:ec2:eu-west-2:374269020027:subnet/subnet-0f1608ad5bb0e2d3b","assign_ipv6_address_on_creation":false,"availability_zone":"eu-west-2c","availability_zone_id":"euw2-az1","cidr_block":"10.231.12.0/23","id":"subnet-0f1608ad5bb0e2d3b","ipv6_cidr_block":"","ipv6_cidr_block_association_id":"","map_public_ip_on_launch":false,"outpost_arn":"","owner_id":"374269020027","tags":{"Name":"live_data-private-eu-west-2c","application":"Modernisation Platform: core-shared-services-production","business-unit":"Platforms","is-production":"true","owner":"Modernisation Platform: modernisation-platform@digital.justice.gov.uk"},"timeouts":null,"vpc_id":"vpc-0ffb471083903af2c"}},{"address":"module.vpc[\"live_data\"].aws_subnet.subnets[\"live_data-public-eu-west-2a\"]","mode":"managed","type":"aws_subnet","name":"subnets","index":"live_data-public-eu-west-2a","provider_name":"registry.terraform.io/hashicorp/aws","schema_version":1,"values":{"arn":"arn:aws:ec2:eu-west-2:374269020027:subnet/subnet-07a2a8327a0ffe772","assign_ipv6_address_on_creation":false,"availability_zone":"eu-west-2a","availability_zone_id":"euw2-az2","cidr_block":"10.231.14.0/23","id":"subnet-07a2a8327a0ffe772","ipv6_cidr_block":"","ipv6_cidr_block_association_id":"","map_public_ip_on_launch":false,"outpost_arn":"","owner_id":"374269020027","tags":{"Name":"live_data-public-eu-west-2a","application":"Modernisation Platform: core-shared-services-production","business-unit":"Platforms","is-production":"true","owner":"Modernisation Platform: modernisation-platform@digital.justice.gov.uk"},"timeouts":null,"vpc_id":"vpc-0ffb471083903af2c"}},{"address":"module.vpc[\"live_data\"].aws_subnet.subnets[\"live_data-public-eu-west-2b\"]","mode":"managed","type":"aws_subnet","name":"subnets","index":"live_data-public-eu-west-2b","provider_name":"registry.terraform.io/hashicorp/aws","schema_version":1,"values":{"arn":"arn:aws:ec2:eu-west-2:374269020027:subnet/subnet-0585943e12318df7b","assign_ipv6_address_on_creation":false,"availability_zone":"eu-west-2b","availability_zone_id":"euw2-az3","cidr_block":"10.231.16.0/23","id":"subnet-0585943e12318df7b","ipv6_cidr_block":"","ipv6_cidr_block_association_id":"","map_public_ip_on_launch":false,"outpost_arn":"","owner_id":"374269020027","tags":{"Name":"live_data-public-eu-west-2b","application":"Modernisation Platform: core-shared-services-production","business-unit":"Platforms","is-production":"true","owner":"Modernisation Platform: modernisation-platform@digital.justice.gov.uk"},"timeouts":null,"vpc_id":"vpc-0ffb471083903af2c"}},{"address":"module.vpc[\"live_data\"].aws_subnet.subnets[\"live_data-public-eu-west-2c\"]","mode":"managed","type":"aws_subnet","name":"subnets","index":"live_data-public-eu-west-2c","provider_name":"registry.terraform.io/hashicorp/aws","schema_version":1,"values":{"arn":"arn:aws:ec2:eu-west-2:374269020027:subnet/subnet-00328c484e5712137","assign_ipv6_address_on_creation":false,"availability_zone":"eu-west-2c","availability_zone_id":"euw2-az1","cidr_block":"10.231.18.0/23","id":"subnet-00328c484e5712137","ipv6_cidr_block":"","ipv6_cidr_block_association_id":"","map_public_ip_on_launch":false,"outpost_arn":"","owner_id":"374269020027","tags":{"Name":"live_data-public-eu-west-2c","application":"Modernisation Platform: core-shared-services-production","business-unit":"Platforms","is-production":"true","owner":"Modernisation Platform: modernisation-platform@digital.justice.gov.uk"},"timeouts":null,"vpc_id":"vpc-0ffb471083903af2c"}},{"address":"module.vpc[\"live_data\"].aws_subnet.subnets[\"live_data-transit-gateway-eu-west-2a\"]","mode":"managed","type":"aws_subnet","name":"subnets","index":"live_data-transit-gateway-eu-west-2a","provider_name":"registry.terraform.io/hashicorp/aws","schema_version":1,"values":{"arn":"arn:aws:ec2:eu-west-2:374269020027:subnet/subnet-093b2f28887fa3132","assign_ipv6_address_on_creation":false,"availability_zone":"eu-west-2a","availability_zone_id":"euw2-az2","cidr_block":"10.231.0.0/28","id":"subnet-093b2f28887fa3132","ipv6_cidr_block":"","ipv6_cidr_block_association_id":"","map_public_ip_on_launch":false,"outpost_arn":"","owner_id":"374269020027","tags":{"Name":"live_data-transit-gateway-eu-west-2a","application":"Modernisation Platform: core-shared-services-production","business-unit":"Platforms","is-production":"true","owner":"Modernisation Platform: modernisation-platform@digital.justice.gov.uk"},"timeouts":null,"vpc_id":"vpc-0ffb471083903af2c"}},{"address":"module.vpc[\"live_data\"].aws_subnet.subnets[\"live_data-transit-gateway-eu-west-2b\"]","mode":"managed","type":"aws_subnet","name":"subnets","index":"live_data-transit-gateway-eu-west-2b","provider_name":"registry.terraform.io/hashicorp/aws","schema_version":1,"values":{"arn":"arn:aws:ec2:eu-west-2:374269020027:subnet/subnet-02498450dabc05d5d","assign_ipv6_address_on_creation":false,"availability_zone":"eu-west-2b","availability_zone_id":"euw2-az3","cidr_block":"10.231.0.16/28","id":"subnet-02498450dabc05d5d","ipv6_cidr_block":"","ipv6_cidr_block_association_id":"","map_public_ip_on_launch":false,"outpost_arn":"","owner_id":"374269020027","tags":{"Name":"live_data-transit-gateway-eu-west-2b","application":"Modernisation Platform: core-shared-services-production","business-unit":"Platforms","is-production":"true","owner":"Modernisation Platform: modernisation-platform@digital.justice.gov.uk"},"timeouts":null,"vpc_id":"vpc-0ffb471083903af2c"}},{"address":"module.vpc[\"live_data\"].aws_subnet.subnets[\"live_data-transit-gateway-eu-west-2c\"]","mode":"managed","type":"aws_subnet","name":"subnets","index":"live_data-transit-gateway-eu-west-2c","provider_name":"registry.terraform.io/hashicorp/aws","schema_version":1,"values":{"arn":"arn:aws:ec2:eu-west-2:374269020027:subnet/subnet-08db5b844d1abd53b","assign_ipv6_address_on_creation":false,"availability_zone":"eu-west-2c","availability_zone_id":"euw2-az1","cidr_block":"10.231.0.32/28","id":"subnet-08db5b844d1abd53b","ipv6_cidr_block":"","ipv6_cidr_block_association_id":"","map_public_ip_on_launch":false,"outpost_arn":"","owner_id":"374269020027","tags":{"Name":"live_data-transit-gateway-eu-west-2c","application":"Modernisation Platform: core-shared-services-production","business-unit":"Platforms","is-production":"true","owner":"Modernisation Platform: modernisation-platform@digital.justice.gov.uk"},"timeouts":null,"vpc_id":"vpc-0ffb471083903af2c"}},{"address":"module.vpc[\"live_data\"].aws_vpc.vpc","mode":"managed","type":"aws_vpc","name":"vpc","provider_name":"registry.terraform.io/hashicorp/aws","schema_version":1,"values":{"arn":"arn:aws:ec2:eu-west-2:374269020027:vpc/vpc-0ffb471083903af2c","assign_generated_ipv6_cidr_block":false,"cidr_block":"10.231.0.0/19","default_network_acl_id":"acl-07f107b072913071a","default_route_table_id":"rtb-0d2ebadb2129a7502","default_security_group_id":"sg-09fb6b2f03b605a12","dhcp_options_id":"dopt-792a1f11","enable_classiclink":null,"enable_classiclink_dns_support":null,"enable_dns_hostnames":true,"enable_dns_support":true,"id":"vpc-0ffb471083903af2c","instance_tenancy":"default","ipv6_association_id":"","ipv6_cidr_block":"","main_route_table_id":"rtb-0d2ebadb2129a7502","owner_id":"374269020027","tags":{"Name":"live_data","application":"Modernisation Platform: core-shared-services-production","business-unit":"Platforms","is-production":"true","owner":"Modernisation Platform: modernisation-platform@digital.justice.gov.uk"}}}],"address":"module.vpc[\"live_data\"]"},{"resources":[{"address":"module.vpc[\"non_live_data\"].aws_cloudwatch_log_group.default","mode":"managed","type":"aws_cloudwatch_log_group","name":"default","provider_name":"registry.terraform.io/hashicorp/aws","schema_version":0,"values":{"arn":"arn:aws:logs:eu-west-2:374269020027:log-group:non_live_data-vpc-flow-logs","id":"non_live_data-vpc-flow-logs","kms_key_id":"","name":"non_live_data-vpc-flow-logs","name_prefix":null,"retention_in_days":0,"tags":{"application":"Modernisation Platform: core-shared-services-production","business-unit":"Platforms","is-production":"true","owner":"Modernisation Platform: modernisation-platform@digital.justice.gov.uk"}}},{"address":"module.vpc[\"non_live_data\"].aws_flow_log.cloudwatch","mode":"managed","type":"aws_flow_log","name":"cloudwatch","provider_name":"registry.terraform.io/hashicorp/aws","schema_version":0,"values":{"arn":"arn:aws:ec2:eu-west-2:374269020027:vpc-flow-log/fl-09ec9af5b1d412e1a","eni_id":null,"iam_role_arn":"arn:aws:iam::374269020027:role/AWSVPCFlowLog","id":"fl-09ec9af5b1d412e1a","log_destination":"arn:aws:logs:eu-west-2:374269020027:log-group:non_live_data-vpc-flow-logs","log_destination_type":"cloud-watch-logs","log_format":"${version} ${account-id} ${interface-id} ${srcaddr} ${dstaddr} ${srcport} ${dstport} ${protocol} ${packets} ${bytes} ${start} ${end} ${action} ${log-status}","log_group_name":"non_live_data-vpc-flow-logs","max_aggregation_interval":60,"subnet_id":null,"tags":{"Name":"non_live_data-vpc-flow-logs","application":"Modernisation Platform: core-shared-services-production","business-unit":"Platforms","is-production":"true","owner":"Modernisation Platform: modernisation-platform@digital.justice.gov.uk"},"traffic_type":"ALL","vpc_id":"vpc-07dee930bc1278ad9"}},{"address":"module.vpc[\"non_live_data\"].aws_internet_gateway.default","mode":"managed","type":"aws_internet_gateway","name":"default","provider_name":"registry.terraform.io/hashicorp/aws","schema_version":0,"values":{"arn":"arn:aws:ec2:eu-west-2:374269020027:internet-gateway/igw-04cac6f7d4e02f54a","id":"igw-04cac6f7d4e02f54a","owner_id":"374269020027","tags":{"Name":"non_live_data-internet-gateway","application":"Modernisation Platform: core-shared-services-production","business-unit":"Platforms","is-production":"true","owner":"Modernisation Platform: modernisation-platform@digital.justice.gov.uk"},"vpc_id":"vpc-07dee930bc1278ad9"}},{"address":"module.vpc[\"non_live_data\"].aws_network_acl.default[\"non_live_data-data\"]","mode":"managed","type":"aws_network_acl","name":"default","index":"non_live_data-data","provider_name":"registry.terraform.io/hashicorp/aws","schema_version":0,"values":{"arn":"arn:aws:ec2:eu-west-2:374269020027:network-acl/acl-0fbdb9d866dddad50","egress":[{"action":"allow","cidr_block":"0.0.0.0/0","from_port":0,"icmp_code":0,"icmp_type":0,"ipv6_cidr_block":"","protocol":"-1","rule_no":910,"to_port":0},{"action":"allow","cidr_block":"10.231.32.0/19","from_port":0,"icmp_code":0,"icmp_type":0,"ipv6_cidr_block":"","protocol":"-1","rule_no":210,"to_port":0}],"id":"acl-0fbdb9d866dddad50","ingress":[{"action":"allow","cidr_block":"0.0.0.0/0","from_port":0,"icmp_code":0,"icmp_type":0,"ipv6_cidr_block":"","protocol":"-1","rule_no":910,"to_port":0},{"action":"allow","cidr_block":"10.231.32.0/19","from_port":0,"icmp_code":0,"icmp_type":0,"ipv6_cidr_block":"","protocol":"-1","rule_no":210,"to_port":0}],"owner_id":"374269020027","subnet_ids":["subnet-03d6a32f14e1fa042","subnet-0d654260f4c0bc840","subnet-0e44af610fe218932"],"tags":{"Name":"non_live_data-data","application":"Modernisation Platform: core-shared-services-production","business-unit":"Platforms","is-production":"true","owner":"Modernisation Platform: modernisation-platform@digital.justice.gov.uk"},"vpc_id":"vpc-07dee930bc1278ad9"}},{"address":"module.vpc[\"non_live_data\"].aws_network_acl.default[\"non_live_data-private\"]","mode":"managed","type":"aws_network_acl","name":"default","index":"non_live_data-private","provider_name":"registry.terraform.io/hashicorp/aws","schema_version":0,"values":{"arn":"arn:aws:ec2:eu-west-2:374269020027:network-acl/acl-0da22337c7c340096","egress":[{"action":"allow","cidr_block":"0.0.0.0/0","from_port":0,"icmp_code":0,"icmp_type":0,"ipv6_cidr_block":"","protocol":"-1","rule_no":910,"to_port":0},{"action":"allow","cidr_block":"10.231.32.0/19","from_port":0,"icmp_code":0,"icmp_type":0,"ipv6_cidr_block":"","protocol":"-1","rule_no":210,"to_port":0}],"id":"acl-0da22337c7c340096","ingress":[{"action":"allow","cidr_block":"0.0.0.0/0","from_port":0,"icmp_code":0,"icmp_type":0,"ipv6_cidr_block":"","protocol":"-1","rule_no":910,"to_port":0},{"action":"allow","cidr_block":"10.231.32.0/19","from_port":0,"icmp_code":0,"icmp_type":0,"ipv6_cidr_block":"","protocol":"-1","rule_no":210,"to_port":0}],"owner_id":"374269020027","subnet_ids":["subnet-0131c23787a549dee","subnet-04b83cf5e53ce3eb5","subnet-0dfff3dece6b1a635"],"tags":{"Name":"non_live_data-private","application":"Modernisation Platform: core-shared-services-production","business-unit":"Platforms","is-production":"true","owner":"Modernisation Platform: modernisation-platform@digital.justice.gov.uk"},"vpc_id":"vpc-07dee930bc1278ad9"}},{"address":"module.vpc[\"non_live_data\"].aws_network_acl.default[\"non_live_data-public\"]","mode":"managed","type":"aws_network_acl","name":"default","index":"non_live_data-public","provider_name":"registry.terraform.io/hashicorp/aws","schema_version":0,"values":{"arn":"arn:aws:ec2:eu-west-2:374269020027:network-acl/acl-02f38af82d297a432","egress":[{"action":"allow","cidr_block":"0.0.0.0/0","from_port":0,"icmp_code":0,"icmp_type":0,"ipv6_cidr_block":"","protocol":"-1","rule_no":910,"to_port":0},{"action":"allow","cidr_block":"10.231.32.0/19","from_port":0,"icmp_code":0,"icmp_type":0,"ipv6_cidr_block":"","protocol":"-1","rule_no":210,"to_port":0}],"id":"acl-02f38af82d297a432","ingress":[{"action":"allow","cidr_block":"0.0.0.0/0","from_port":0,"icmp_code":0,"icmp_type":0,"ipv6_cidr_block":"","protocol":"-1","rule_no":910,"to_port":0},{"action":"allow","cidr_block":"10.231.32.0/19","from_port":0,"icmp_code":0,"icmp_type":0,"ipv6_cidr_block":"","protocol":"-1","rule_no":210,"to_port":0}],"owner_id":"374269020027","subnet_ids":["subnet-00654b600de01ce96","subnet-04254823a5dc2543b","subnet-0be67154b8b8df944"],"tags":{"Name":"non_live_data-public","application":"Modernisation Platform: core-shared-services-production","business-unit":"Platforms","is-production":"true","owner":"Modernisation Platform: modernisation-platform@digital.justice.gov.uk"},"vpc_id":"vpc-07dee930bc1278ad9"}},{"address":"module.vpc[\"non_live_data\"].aws_network_acl.default[\"non_live_data-transit-gateway\"]","mode":"managed","type":"aws_network_acl","name":"default","index":"non_live_data-transit-gateway","provider_name":"registry.terraform.io/hashicorp/aws","schema_version":0,"values":{"arn":"arn:aws:ec2:eu-west-2:374269020027:network-acl/acl-049dc523a2bb7f52d","egress":[{"action":"allow","cidr_block":"0.0.0.0/0","from_port":0,"icmp_code":0,"icmp_type":0,"ipv6_cidr_block":"","protocol":"-1","rule_no":910,"to_port":0},{"action":"allow","cidr_block":"10.231.32.0/19","from_port":0,"icmp_code":0,"icmp_type":0,"ipv6_cidr_block":"","protocol":"-1","rule_no":210,"to_port":0}],"id":"acl-049dc523a2bb7f52d","ingress":[{"action":"allow","cidr_block":"0.0.0.0/0","from_port":0,"icmp_code":0,"icmp_type":0,"ipv6_cidr_block":"","protocol":"-1","rule_no":910,"to_port":0},{"action":"allow","cidr_block":"10.231.32.0/19","from_port":0,"icmp_code":0,"icmp_type":0,"ipv6_cidr_block":"","protocol":"-1","rule_no":210,"to_port":0}],"owner_id":"374269020027","subnet_ids":["subnet-05b9d2bf7dd47929f","subnet-05fa30ef9e4c3bf67","subnet-0d1463906a59838c7"],"tags":{"Name":"non_live_data-transit-gateway","application":"Modernisation Platform: core-shared-services-production","business-unit":"Platforms","is-production":"true","owner":"Modernisation Platform: modernisation-platform@digital.justice.gov.uk"},"vpc_id":"vpc-07dee930bc1278ad9"}},{"address":"module.vpc[\"non_live_data\"].aws_network_acl_rule.allow_local_network_egress[\"non_live_data-data\"]","mode":"managed","type":"aws_network_acl_rule","name":"allow_local_network_egress","index":"non_live_data-data","provider_name":"registry.terraform.io/hashicorp/aws","schema_version":0,"values":{"cidr_block":"10.231.32.0/19","egress":true,"from_port":null,"icmp_code":null,"icmp_type":null,"id":"nacl-3050573376","ipv6_cidr_block":"","network_acl_id":"acl-0fbdb9d866dddad50","protocol":"all","rule_action":"allow","rule_number":210,"to_port":null}},{"address":"module.vpc[\"non_live_data\"].aws_network_acl_rule.allow_local_network_egress[\"non_live_data-private\"]","mode":"managed","type":"aws_network_acl_rule","name":"allow_local_network_egress","index":"non_live_data-private","provider_name":"registry.terraform.io/hashicorp/aws","schema_version":0,"values":{"cidr_block":"10.231.32.0/19","egress":true,"from_port":null,"icmp_code":null,"icmp_type":null,"id":"nacl-1205574735","ipv6_cidr_block":"","network_acl_id":"acl-0da22337c7c340096","protocol":"all","rule_action":"allow","rule_number":210,"to_port":null}},{"address":"module.vpc[\"non_live_data\"].aws_network_acl_rule.allow_local_network_egress[\"non_live_data-public\"]","mode":"managed","type":"aws_network_acl_rule","name":"allow_local_network_egress","index":"non_live_data-public","provider_name":"registry.terraform.io/hashicorp/aws","schema_version":0,"values":{"cidr_block":"10.231.32.0/19","egress":true,"from_port":null,"icmp_code":null,"icmp_type":null,"id":"nacl-1217323500","ipv6_cidr_block":"","network_acl_id":"acl-02f38af82d297a432","protocol":"all","rule_action":"allow","rule_number":210,"to_port":null}},{"address":"module.vpc[\"non_live_data\"].aws_network_acl_rule.allow_local_network_egress[\"non_live_data-transit-gateway\"]","mode":"managed","type":"aws_network_acl_rule","name":"allow_local_network_egress","index":"non_live_data-transit-gateway","provider_name":"registry.terraform.io/hashicorp/aws","schema_version":0,"values":{"cidr_block":"10.231.32.0/19","egress":true,"from_port":null,"icmp_code":null,"icmp_type":null,"id":"nacl-3309698590","ipv6_cidr_block":"","network_acl_id":"acl-049dc523a2bb7f52d","protocol":"all","rule_action":"allow","rule_number":210,"to_port":null}},{"address":"module.vpc[\"non_live_data\"].aws_network_acl_rule.allow_local_network_ingress[\"non_live_data-data\"]","mode":"managed","type":"aws_network_acl_rule","name":"allow_local_network_ingress","index":"non_live_data-data","provider_name":"registry.terraform.io/hashicorp/aws","schema_version":0,"values":{"cidr_block":"10.231.32.0/19","egress":false,"from_port":null,"icmp_code":null,"icmp_type":null,"id":"nacl-766989827","ipv6_cidr_block":"","network_acl_id":"acl-0fbdb9d866dddad50","protocol":"all","rule_action":"allow","rule_number":210,"to_port":null}},{"address":"module.vpc[\"non_live_data\"].aws_network_acl_rule.allow_local_network_ingress[\"non_live_data-private\"]","mode":"managed","type":"aws_network_acl_rule","name":"allow_local_network_ingress","index":"non_live_data-private","provider_name":"registry.terraform.io/hashicorp/aws","schema_version":0,"values":{"cidr_block":"10.231.32.0/19","egress":false,"from_port":null,"icmp_code":null,"icmp_type":null,"id":"nacl-3187295232","ipv6_cidr_block":"","network_acl_id":"acl-0da22337c7c340096","protocol":"all","rule_action":"allow","rule_number":210,"to_port":null}},{"address":"module.vpc[\"non_live_data\"].aws_network_acl_rule.allow_local_network_ingress[\"non_live_data-public\"]","mode":"managed","type":"aws_network_acl_rule","name":"allow_local_network_ingress","index":"non_live_data-public","provider_name":"registry.terraform.io/hashicorp/aws","schema_version":0,"values":{"cidr_block":"10.231.32.0/19","egress":false,"from_port":null,"icmp_code":null,"icmp_type":null,"id":"nacl-4062896943","ipv6_cidr_block":"","network_acl_id":"acl-02f38af82d297a432","protocol":"all","rule_action":"allow","rule_number":210,"to_port":null}},{"address":"module.vpc[\"non_live_data\"].aws_network_acl_rule.allow_local_network_ingress[\"non_live_data-transit-gateway\"]","mode":"managed","type":"aws_network_acl_rule","name":"allow_local_network_ingress","index":"non_live_data-transit-gateway","provider_name":"registry.terraform.io/hashicorp/aws","schema_version":0,"values":{"cidr_block":"10.231.32.0/19","egress":false,"from_port":null,"icmp_code":null,"icmp_type":null,"id":"nacl-2702490368","ipv6_cidr_block":"","network_acl_id":"acl-049dc523a2bb7f52d","protocol":"all","rule_action":"allow","rule_number":210,"to_port":null}},{"address":"module.vpc[\"non_live_data\"].aws_network_acl_rule.apply_network_map_rules[\"non_live_data-data-0.0.0.0/0-false-allow--1-0-0-910\"]","mode":"managed","type":"aws_network_acl_rule","name":"apply_network_map_rules","index":"non_live_data-data-0.0.0.0/0-false-allow--1-0-0-910","provider_name":"registry.terraform.io/hashicorp/aws","schema_version":0,"values":{"cidr_block":"0.0.0.0/0","egress":false,"from_port":0,"icmp_code":null,"icmp_type":null,"id":"nacl-3397314976","ipv6_cidr_block":"","network_acl_id":"acl-0fbdb9d866dddad50","protocol":"all","rule_action":"allow","rule_number":910,"to_port":0}},{"address":"module.vpc[\"non_live_data\"].aws_network_acl_rule.apply_network_map_rules[\"non_live_data-data-0.0.0.0/0-true-allow--1-0-0-910\"]","mode":"managed","type":"aws_network_acl_rule","name":"apply_network_map_rules","index":"non_live_data-data-0.0.0.0/0-true-allow--1-0-0-910","provider_name":"registry.terraform.io/hashicorp/aws","schema_version":0,"values":{"cidr_block":"0.0.0.0/0","egress":true,"from_port":0,"icmp_code":null,"icmp_type":null,"id":"nacl-3292965454","ipv6_cidr_block":"","network_acl_id":"acl-0fbdb9d866dddad50","protocol":"all","rule_action":"allow","rule_number":910,"to_port":0}},{"address":"module.vpc[\"non_live_data\"].aws_network_acl_rule.apply_network_map_rules[\"non_live_data-private-0.0.0.0/0-false-allow--1-0-0-910\"]","mode":"managed","type":"aws_network_acl_rule","name":"apply_network_map_rules","index":"non_live_data-private-0.0.0.0/0-false-allow--1-0-0-910","provider_name":"registry.terraform.io/hashicorp/aws","schema_version":0,"values":{"cidr_block":"0.0.0.0/0","egress":false,"from_port":0,"icmp_code":null,"icmp_type":null,"id":"nacl-1513356195","ipv6_cidr_block":"","network_acl_id":"acl-0da22337c7c340096","protocol":"all","rule_action":"allow","rule_number":910,"to_port":0}},{"address":"module.vpc[\"non_live_data\"].aws_network_acl_rule.apply_network_map_rules[\"non_live_data-private-0.0.0.0/0-true-allow--1-0-0-910\"]","mode":"managed","type":"aws_network_acl_rule","name":"apply_network_map_rules","index":"non_live_data-private-0.0.0.0/0-true-allow--1-0-0-910","provider_name":"registry.terraform.io/hashicorp/aws","schema_version":0,"values":{"cidr_block":"0.0.0.0/0","egress":true,"from_port":0,"icmp_code":null,"icmp_type":null,"id":"nacl-910768193","ipv6_cidr_block":"","network_acl_id":"acl-0da22337c7c340096","protocol":"all","rule_action":"allow","rule_number":910,"to_port":0}},{"address":"module.vpc[\"non_live_data\"].aws_network_acl_rule.apply_network_map_rules[\"non_live_data-public-0.0.0.0/0-false-allow--1-0-0-910\"]","mode":"managed","type":"aws_network_acl_rule","name":"apply_network_map_rules","index":"non_live_data-public-0.0.0.0/0-false-allow--1-0-0-910","provider_name":"registry.terraform.io/hashicorp/aws","schema_version":0,"values":{"cidr_block":"0.0.0.0/0","egress":false,"from_port":0,"icmp_code":null,"icmp_type":null,"id":"nacl-367221900","ipv6_cidr_block":"","network_acl_id":"acl-02f38af82d297a432","protocol":"all","rule_action":"allow","rule_number":910,"to_port":0}},{"address":"module.vpc[\"non_live_data\"].aws_network_acl_rule.apply_network_map_rules[\"non_live_data-public-0.0.0.0/0-true-allow--1-0-0-910\"]","mode":"managed","type":"aws_network_acl_rule","name":"apply_network_map_rules","index":"non_live_data-public-0.0.0.0/0-true-allow--1-0-0-910","provider_name":"registry.terraform.io/hashicorp/aws","schema_version":0,"values":{"cidr_block":"0.0.0.0/0","egress":true,"from_port":0,"icmp_code":null,"icmp_type":null,"id":"nacl-958154210","ipv6_cidr_block":"","network_acl_id":"acl-02f38af82d297a432","protocol":"all","rule_action":"allow","rule_number":910,"to_port":0}},{"address":"module.vpc[\"non_live_data\"].aws_network_acl_rule.apply_network_map_rules[\"non_live_data-transit-gateway-0.0.0.0/0-false-allow--1-0-0-910\"]","mode":"managed","type":"aws_network_acl_rule","name":"apply_network_map_rules","index":"non_live_data-transit-gateway-0.0.0.0/0-false-allow--1-0-0-910","provider_name":"registry.terraform.io/hashicorp/aws","schema_version":0,"values":{"cidr_block":"0.0.0.0/0","egress":false,"from_port":0,"icmp_code":null,"icmp_type":null,"id":"nacl-1188889763","ipv6_cidr_block":"","network_acl_id":"acl-049dc523a2bb7f52d","protocol":"all","rule_action":"allow","rule_number":910,"to_port":0}},{"address":"module.vpc[\"non_live_data\"].aws_network_acl_rule.apply_network_map_rules[\"non_live_data-transit-gateway-0.0.0.0/0-true-allow--1-0-0-910\"]","mode":"managed","type":"aws_network_acl_rule","name":"apply_network_map_rules","index":"non_live_data-transit-gateway-0.0.0.0/0-true-allow--1-0-0-910","provider_name":"registry.terraform.io/hashicorp/aws","schema_version":0,"values":{"cidr_block":"0.0.0.0/0","egress":true,"from_port":0,"icmp_code":null,"icmp_type":null,"id":"nacl-3034012176","ipv6_cidr_block":"","network_acl_id":"acl-049dc523a2bb7f52d","protocol":"all","rule_action":"allow","rule_number":910,"to_port":0}},{"address":"module.vpc[\"non_live_data\"].aws_route.public_internet_gateway","mode":"managed","type":"aws_route","name":"public_internet_gateway","provider_name":"registry.terraform.io/hashicorp/aws","schema_version":0,"values":{"destination_cidr_block":"0.0.0.0/0","destination_ipv6_cidr_block":"","destination_prefix_list_id":"","egress_only_gateway_id":"","gateway_id":"igw-04cac6f7d4e02f54a","id":"r-rtb-085ab8f11f09f068d1080289494","instance_id":"","instance_owner_id":"","local_gateway_id":"","nat_gateway_id":"","network_interface_id":"","origin":"CreateRoute","route_table_id":"rtb-085ab8f11f09f068d","state":"active","timeouts":null,"transit_gateway_id":"","vpc_endpoint_id":null,"vpc_peering_connection_id":""}},{"address":"module.vpc[\"non_live_data\"].aws_route_table.private[\"non_live_data-data-eu-west-2a\"]","mode":"managed","type":"aws_route_table","name":"private","index":"non_live_data-data-eu-west-2a","provider_name":"registry.terraform.io/hashicorp/aws","schema_version":0,"values":{"id":"rtb-0fcb93af147ca30f9","owner_id":"374269020027","propagating_vgws":[],"route":[{"cidr_block":"0.0.0.0/0","egress_only_gateway_id":"","gateway_id":"","instance_id":"","ipv6_cidr_block":"","local_gateway_id":"","nat_gateway_id":"","network_interface_id":"","transit_gateway_id":"tgw-053d9dd7f1222a554","vpc_endpoint_id":"","vpc_peering_connection_id":""}],"tags":{"Name":"non_live_data-data-eu-west-2a","application":"Modernisation Platform: core-shared-services-production","business-unit":"Platforms","is-production":"true","owner":"Modernisation Platform: modernisation-platform@digital.justice.gov.uk"},"vpc_id":"vpc-07dee930bc1278ad9"}},{"address":"module.vpc[\"non_live_data\"].aws_route_table.private[\"non_live_data-data-eu-west-2b\"]","mode":"managed","type":"aws_route_table","name":"private","index":"non_live_data-data-eu-west-2b","provider_name":"registry.terraform.io/hashicorp/aws","schema_version":0,"values":{"id":"rtb-0d54518036513d57f","owner_id":"374269020027","propagating_vgws":[],"route":[{"cidr_block":"0.0.0.0/0","egress_only_gateway_id":"","gateway_id":"","instance_id":"","ipv6_cidr_block":"","local_gateway_id":"","nat_gateway_id":"","network_interface_id":"","transit_gateway_id":"tgw-053d9dd7f1222a554","vpc_endpoint_id":"","vpc_peering_connection_id":""}],"tags":{"Name":"non_live_data-data-eu-west-2b","application":"Modernisation Platform: core-shared-services-production","business-unit":"Platforms","is-production":"true","owner":"Modernisation Platform: modernisation-platform@digital.justice.gov.uk"},"vpc_id":"vpc-07dee930bc1278ad9"}},{"address":"module.vpc[\"non_live_data\"].aws_route_table.private[\"non_live_data-data-eu-west-2c\"]","mode":"managed","type":"aws_route_table","name":"private","index":"non_live_data-data-eu-west-2c","provider_name":"registry.terraform.io/hashicorp/aws","schema_version":0,"values":{"id":"rtb-0f466dfc0822f870e","owner_id":"374269020027","propagating_vgws":[],"route":[{"cidr_block":"0.0.0.0/0","egress_only_gateway_id":"","gateway_id":"","instance_id":"","ipv6_cidr_block":"","local_gateway_id":"","nat_gateway_id":"","network_interface_id":"","transit_gateway_id":"tgw-053d9dd7f1222a554","vpc_endpoint_id":"","vpc_peering_connection_id":""}],"tags":{"Name":"non_live_data-data-eu-west-2c","application":"Modernisation Platform: core-shared-services-production","business-unit":"Platforms","is-production":"true","owner":"Modernisation Platform: modernisation-platform@digital.justice.gov.uk"},"vpc_id":"vpc-07dee930bc1278ad9"}},{"address":"module.vpc[\"non_live_data\"].aws_route_table.private[\"non_live_data-private-eu-west-2a\"]","mode":"managed","type":"aws_route_table","name":"private","index":"non_live_data-private-eu-west-2a","provider_name":"registry.terraform.io/hashicorp/aws","schema_version":0,"values":{"id":"rtb-0f1ebedd96c2b770a","owner_id":"374269020027","propagating_vgws":[],"route":[{"cidr_block":"0.0.0.0/0","egress_only_gateway_id":"","gateway_id":"","instance_id":"","ipv6_cidr_block":"","local_gateway_id":"","nat_gateway_id":"","network_interface_id":"","transit_gateway_id":"tgw-053d9dd7f1222a554","vpc_endpoint_id":"","vpc_peering_connection_id":""}],"tags":{"Name":"non_live_data-private-eu-west-2a","application":"Modernisation Platform: core-shared-services-production","business-unit":"Platforms","is-production":"true","owner":"Modernisation Platform: modernisation-platform@digital.justice.gov.uk"},"vpc_id":"vpc-07dee930bc1278ad9"}},{"address":"module.vpc[\"non_live_data\"].aws_route_table.private[\"non_live_data-private-eu-west-2b\"]","mode":"managed","type":"aws_route_table","name":"private","index":"non_live_data-private-eu-west-2b","provider_name":"registry.terraform.io/hashicorp/aws","schema_version":0,"values":{"id":"rtb-034393408d08a305c","owner_id":"374269020027","propagating_vgws":[],"route":[{"cidr_block":"0.0.0.0/0","egress_only_gateway_id":"","gateway_id":"","instance_id":"","ipv6_cidr_block":"","local_gateway_id":"","nat_gateway_id":"","network_interface_id":"","transit_gateway_id":"tgw-053d9dd7f1222a554","vpc_endpoint_id":"","vpc_peering_connection_id":""}],"tags":{"Name":"non_live_data-private-eu-west-2b","application":"Modernisation Platform: core-shared-services-production","business-unit":"Platforms","is-production":"true","owner":"Modernisation Platform: modernisation-platform@digital.justice.gov.uk"},"vpc_id":"vpc-07dee930bc1278ad9"}},{"address":"module.vpc[\"non_live_data\"].aws_route_table.private[\"non_live_data-private-eu-west-2c\"]","mode":"managed","type":"aws_route_table","name":"private","index":"non_live_data-private-eu-west-2c","provider_name":"registry.terraform.io/hashicorp/aws","schema_version":0,"values":{"id":"rtb-0d517c218cdcdc011","owner_id":"374269020027","propagating_vgws":[],"route":[{"cidr_block":"0.0.0.0/0","egress_only_gateway_id":"","gateway_id":"","instance_id":"","ipv6_cidr_block":"","local_gateway_id":"","nat_gateway_id":"","network_interface_id":"","transit_gateway_id":"tgw-053d9dd7f1222a554","vpc_endpoint_id":"","vpc_peering_connection_id":""}],"tags":{"Name":"non_live_data-private-eu-west-2c","application":"Modernisation Platform: core-shared-services-production","business-unit":"Platforms","is-production":"true","owner":"Modernisation Platform: modernisation-platform@digital.justice.gov.uk"},"vpc_id":"vpc-07dee930bc1278ad9"}},{"address":"module.vpc[\"non_live_data\"].aws_route_table.private[\"non_live_data-transit-gateway-eu-west-2a\"]","mode":"managed","type":"aws_route_table","name":"private","index":"non_live_data-transit-gateway-eu-west-2a","provider_name":"registry.terraform.io/hashicorp/aws","schema_version":0,"values":{"id":"rtb-0b5ce7d8a6a589c73","owner_id":"374269020027","propagating_vgws":[],"route":[{"cidr_block":"0.0.0.0/0","egress_only_gateway_id":"","gateway_id":"","instance_id":"","ipv6_cidr_block":"","local_gateway_id":"","nat_gateway_id":"","network_interface_id":"","transit_gateway_id":"tgw-053d9dd7f1222a554","vpc_endpoint_id":"","vpc_peering_connection_id":""}],"tags":{"Name":"non_live_data-transit-gateway-eu-west-2a","application":"Modernisation Platform: core-shared-services-production","business-unit":"Platforms","is-production":"true","owner":"Modernisation Platform: modernisation-platform@digital.justice.gov.uk"},"vpc_id":"vpc-07dee930bc1278ad9"}},{"address":"module.vpc[\"non_live_data\"].aws_route_table.private[\"non_live_data-transit-gateway-eu-west-2b\"]","mode":"managed","type":"aws_route_table","name":"private","index":"non_live_data-transit-gateway-eu-west-2b","provider_name":"registry.terraform.io/hashicorp/aws","schema_version":0,"values":{"id":"rtb-0f40eb892dbb1f0e9","owner_id":"374269020027","propagating_vgws":[],"route":[{"cidr_block":"0.0.0.0/0","egress_only_gateway_id":"","gateway_id":"","instance_id":"","ipv6_cidr_block":"","local_gateway_id":"","nat_gateway_id":"","network_interface_id":"","transit_gateway_id":"tgw-053d9dd7f1222a554","vpc_endpoint_id":"","vpc_peering_connection_id":""}],"tags":{"Name":"non_live_data-transit-gateway-eu-west-2b","application":"Modernisation Platform: core-shared-services-production","business-unit":"Platforms","is-production":"true","owner":"Modernisation Platform: modernisation-platform@digital.justice.gov.uk"},"vpc_id":"vpc-07dee930bc1278ad9"}},{"address":"module.vpc[\"non_live_data\"].aws_route_table.private[\"non_live_data-transit-gateway-eu-west-2c\"]","mode":"managed","type":"aws_route_table","name":"private","index":"non_live_data-transit-gateway-eu-west-2c","provider_name":"registry.terraform.io/hashicorp/aws","schema_version":0,"values":{"id":"rtb-0bb661e511a4713eb","owner_id":"374269020027","propagating_vgws":[],"route":[{"cidr_block":"0.0.0.0/0","egress_only_gateway_id":"","gateway_id":"","instance_id":"","ipv6_cidr_block":"","local_gateway_id":"","nat_gateway_id":"","network_interface_id":"","transit_gateway_id":"tgw-053d9dd7f1222a554","vpc_endpoint_id":"","vpc_peering_connection_id":""}],"tags":{"Name":"non_live_data-transit-gateway-eu-west-2c","application":"Modernisation Platform: core-shared-services-production","business-unit":"Platforms","is-production":"true","owner":"Modernisation Platform: modernisation-platform@digital.justice.gov.uk"},"vpc_id":"vpc-07dee930bc1278ad9"}},{"address":"module.vpc[\"non_live_data\"].aws_route_table.public","mode":"managed","type":"aws_route_table","name":"public","provider_name":"registry.terraform.io/hashicorp/aws","schema_version":0,"values":{"id":"rtb-085ab8f11f09f068d","owner_id":"374269020027","propagating_vgws":[],"route":[{"cidr_block":"0.0.0.0/0","egress_only_gateway_id":"","gateway_id":"igw-04cac6f7d4e02f54a","instance_id":"","ipv6_cidr_block":"","local_gateway_id":"","nat_gateway_id":"","network_interface_id":"","transit_gateway_id":"","vpc_endpoint_id":"","vpc_peering_connection_id":""}],"tags":{"Name":"non_live_data-public","application":"Modernisation Platform: core-shared-services-production","business-unit":"Platforms","is-production":"true","owner":"Modernisation Platform: modernisation-platform@digital.justice.gov.uk"},"vpc_id":"vpc-07dee930bc1278ad9"}},{"address":"module.vpc[\"non_live_data\"].aws_route_table_association.default[\"non_live_data-data-eu-west-2a\"]","mode":"managed","type":"aws_route_table_association","name":"default","index":"non_live_data-data-eu-west-2a","provider_name":"registry.terraform.io/hashicorp/aws","schema_version":0,"values":{"gateway_id":null,"id":"rtbassoc-03324352c10eda97e","route_table_id":"rtb-0fcb93af147ca30f9","subnet_id":"subnet-0e44af610fe218932"}},{"address":"module.vpc[\"non_live_data\"].aws_route_table_association.default[\"non_live_data-data-eu-west-2b\"]","mode":"managed","type":"aws_route_table_association","name":"default","index":"non_live_data-data-eu-west-2b","provider_name":"registry.terraform.io/hashicorp/aws","schema_version":0,"values":{"gateway_id":null,"id":"rtbassoc-0daff92063c6fd056","route_table_id":"rtb-0d54518036513d57f","subnet_id":"subnet-03d6a32f14e1fa042"}},{"address":"module.vpc[\"non_live_data\"].aws_route_table_association.default[\"non_live_data-data-eu-west-2c\"]","mode":"managed","type":"aws_route_table_association","name":"default","index":"non_live_data-data-eu-west-2c","provider_name":"registry.terraform.io/hashicorp/aws","schema_version":0,"values":{"gateway_id":null,"id":"rtbassoc-0f6a73dd93a67ab3a","route_table_id":"rtb-0f466dfc0822f870e","subnet_id":"subnet-0d654260f4c0bc840"}},{"address":"module.vpc[\"non_live_data\"].aws_route_table_association.default[\"non_live_data-private-eu-west-2a\"]","mode":"managed","type":"aws_route_table_association","name":"default","index":"non_live_data-private-eu-west-2a","provider_name":"registry.terraform.io/hashicorp/aws","schema_version":0,"values":{"gateway_id":null,"id":"rtbassoc-082c5ad272ae3d51a","route_table_id":"rtb-0f1ebedd96c2b770a","subnet_id":"subnet-0131c23787a549dee"}},{"address":"module.vpc[\"non_live_data\"].aws_route_table_association.default[\"non_live_data-private-eu-west-2b\"]","mode":"managed","type":"aws_route_table_association","name":"default","index":"non_live_data-private-eu-west-2b","provider_name":"registry.terraform.io/hashicorp/aws","schema_version":0,"values":{"gateway_id":null,"id":"rtbassoc-093b2bbd6e99828be","route_table_id":"rtb-034393408d08a305c","subnet_id":"subnet-0dfff3dece6b1a635"}},{"address":"module.vpc[\"non_live_data\"].aws_route_table_association.default[\"non_live_data-private-eu-west-2c\"]","mode":"managed","type":"aws_route_table_association","name":"default","index":"non_live_data-private-eu-west-2c","provider_name":"registry.terraform.io/hashicorp/aws","schema_version":0,"values":{"gateway_id":null,"id":"rtbassoc-06e1c8b82684af5bc","route_table_id":"rtb-0d517c218cdcdc011","subnet_id":"subnet-04b83cf5e53ce3eb5"}},{"address":"module.vpc[\"non_live_data\"].aws_route_table_association.default[\"non_live_data-public-eu-west-2a\"]","mode":"managed","type":"aws_route_table_association","name":"default","index":"non_live_data-public-eu-west-2a","provider_name":"registry.terraform.io/hashicorp/aws","schema_version":0,"values":{"gateway_id":null,"id":"rtbassoc-03de6f559d6189818","route_table_id":"rtb-085ab8f11f09f068d","subnet_id":"subnet-0be67154b8b8df944"}},{"address":"module.vpc[\"non_live_data\"].aws_route_table_association.default[\"non_live_data-public-eu-west-2b\"]","mode":"managed","type":"aws_route_table_association","name":"default","index":"non_live_data-public-eu-west-2b","provider_name":"registry.terraform.io/hashicorp/aws","schema_version":0,"values":{"gateway_id":null,"id":"rtbassoc-0aa3717354389611b","route_table_id":"rtb-085ab8f11f09f068d","subnet_id":"subnet-00654b600de01ce96"}},{"address":"module.vpc[\"non_live_data\"].aws_route_table_association.default[\"non_live_data-public-eu-west-2c\"]","mode":"managed","type":"aws_route_table_association","name":"default","index":"non_live_data-public-eu-west-2c","provider_name":"registry.terraform.io/hashicorp/aws","schema_version":0,"values":{"gateway_id":null,"id":"rtbassoc-0c0404fc8528580f2","route_table_id":"rtb-085ab8f11f09f068d","subnet_id":"subnet-04254823a5dc2543b"}},{"address":"module.vpc[\"non_live_data\"].aws_route_table_association.default[\"non_live_data-transit-gateway-eu-west-2a\"]","mode":"managed","type":"aws_route_table_association","name":"default","index":"non_live_data-transit-gateway-eu-west-2a","provider_name":"registry.terraform.io/hashicorp/aws","schema_version":0,"values":{"gateway_id":null,"id":"rtbassoc-04d917ca6838adce4","route_table_id":"rtb-0b5ce7d8a6a589c73","subnet_id":"subnet-0d1463906a59838c7"}},{"address":"module.vpc[\"non_live_data\"].aws_route_table_association.default[\"non_live_data-transit-gateway-eu-west-2b\"]","mode":"managed","type":"aws_route_table_association","name":"default","index":"non_live_data-transit-gateway-eu-west-2b","provider_name":"registry.terraform.io/hashicorp/aws","schema_version":0,"values":{"gateway_id":null,"id":"rtbassoc-0250c9050ee7d5766","route_table_id":"rtb-0f40eb892dbb1f0e9","subnet_id":"subnet-05b9d2bf7dd47929f"}},{"address":"module.vpc[\"non_live_data\"].aws_route_table_association.default[\"non_live_data-transit-gateway-eu-west-2c\"]","mode":"managed","type":"aws_route_table_association","name":"default","index":"non_live_data-transit-gateway-eu-west-2c","provider_name":"registry.terraform.io/hashicorp/aws","schema_version":0,"values":{"gateway_id":null,"id":"rtbassoc-06cf19bde565a5ec4","route_table_id":"rtb-0bb661e511a4713eb","subnet_id":"subnet-05fa30ef9e4c3bf67"}},{"address":"module.vpc[\"non_live_data\"].aws_subnet.subnets[\"non_live_data-data-eu-west-2a\"]","mode":"managed","type":"aws_subnet","name":"subnets","index":"non_live_data-data-eu-west-2a","provider_name":"registry.terraform.io/hashicorp/aws","schema_version":1,"values":{"arn":"arn:aws:ec2:eu-west-2:374269020027:subnet/subnet-0e44af610fe218932","assign_ipv6_address_on_creation":false,"availability_zone":"eu-west-2a","availability_zone_id":"euw2-az2","cidr_block":"10.231.34.0/23","id":"subnet-0e44af610fe218932","ipv6_cidr_block":"","ipv6_cidr_block_association_id":"","map_public_ip_on_launch":false,"outpost_arn":"","owner_id":"374269020027","tags":{"Name":"non_live_data-data-eu-west-2a","application":"Modernisation Platform: core-shared-services-production","business-unit":"Platforms","is-production":"true","owner":"Modernisation Platform: modernisation-platform@digital.justice.gov.uk"},"timeouts":null,"vpc_id":"vpc-07dee930bc1278ad9"}},{"address":"module.vpc[\"non_live_data\"].aws_subnet.subnets[\"non_live_data-data-eu-west-2b\"]","mode":"managed","type":"aws_subnet","name":"subnets","index":"non_live_data-data-eu-west-2b","provider_name":"registry.terraform.io/hashicorp/aws","schema_version":1,"values":{"arn":"arn:aws:ec2:eu-west-2:374269020027:subnet/subnet-03d6a32f14e1fa042","assign_ipv6_address_on_creation":false,"availability_zone":"eu-west-2b","availability_zone_id":"euw2-az3","cidr_block":"10.231.36.0/23","id":"subnet-03d6a32f14e1fa042","ipv6_cidr_block":"","ipv6_cidr_block_association_id":"","map_public_ip_on_launch":false,"outpost_arn":"","owner_id":"374269020027","tags":{"Name":"non_live_data-data-eu-west-2b","application":"Modernisation Platform: core-shared-services-production","business-unit":"Platforms","is-production":"true","owner":"Modernisation Platform: modernisation-platform@digital.justice.gov.uk"},"timeouts":null,"vpc_id":"vpc-07dee930bc1278ad9"}},{"address":"module.vpc[\"non_live_data\"].aws_subnet.subnets[\"non_live_data-data-eu-west-2c\"]","mode":"managed","type":"aws_subnet","name":"subnets","index":"non_live_data-data-eu-west-2c","provider_name":"registry.terraform.io/hashicorp/aws","schema_version":1,"values":{"arn":"arn:aws:ec2:eu-west-2:374269020027:subnet/subnet-0d654260f4c0bc840","assign_ipv6_address_on_creation":false,"availability_zone":"eu-west-2c","availability_zone_id":"euw2-az1","cidr_block":"10.231.38.0/23","id":"subnet-0d654260f4c0bc840","ipv6_cidr_block":"","ipv6_cidr_block_association_id":"","map_public_ip_on_launch":false,"outpost_arn":"","owner_id":"374269020027","tags":{"Name":"non_live_data-data-eu-west-2c","application":"Modernisation Platform: core-shared-services-production","business-unit":"Platforms","is-production":"true","owner":"Modernisation Platform: modernisation-platform@digital.justice.gov.uk"},"timeouts":null,"vpc_id":"vpc-07dee930bc1278ad9"}},{"address":"module.vpc[\"non_live_data\"].aws_subnet.subnets[\"non_live_data-private-eu-west-2a\"]","mode":"managed","type":"aws_subnet","name":"subnets","index":"non_live_data-private-eu-west-2a","provider_name":"registry.terraform.io/hashicorp/aws","schema_version":1,"values":{"arn":"arn:aws:ec2:eu-west-2:374269020027:subnet/subnet-0131c23787a549dee","assign_ipv6_address_on_creation":false,"availability_zone":"eu-west-2a","availability_zone_id":"euw2-az2","cidr_block":"10.231.40.0/23","id":"subnet-0131c23787a549dee","ipv6_cidr_block":"","ipv6_cidr_block_association_id":"","map_public_ip_on_launch":false,"outpost_arn":"","owner_id":"374269020027","tags":{"Name":"non_live_data-private-eu-west-2a","application":"Modernisation Platform: core-shared-services-production","business-unit":"Platforms","is-production":"true","owner":"Modernisation Platform: modernisation-platform@digital.justice.gov.uk"},"timeouts":null,"vpc_id":"vpc-07dee930bc1278ad9"}},{"address":"module.vpc[\"non_live_data\"].aws_subnet.subnets[\"non_live_data-private-eu-west-2b\"]","mode":"managed","type":"aws_subnet","name":"subnets","index":"non_live_data-private-eu-west-2b","provider_name":"registry.terraform.io/hashicorp/aws","schema_version":1,"values":{"arn":"arn:aws:ec2:eu-west-2:374269020027:subnet/subnet-0dfff3dece6b1a635","assign_ipv6_address_on_creation":false,"availability_zone":"eu-west-2b","availability_zone_id":"euw2-az3","cidr_block":"10.231.42.0/23","id":"subnet-0dfff3dece6b1a635","ipv6_cidr_block":"","ipv6_cidr_block_association_id":"","map_public_ip_on_launch":false,"outpost_arn":"","owner_id":"374269020027","tags":{"Name":"non_live_data-private-eu-west-2b","application":"Modernisation Platform: core-shared-services-production","business-unit":"Platforms","is-production":"true","owner":"Modernisation Platform: modernisation-platform@digital.justice.gov.uk"},"timeouts":null,"vpc_id":"vpc-07dee930bc1278ad9"}},{"address":"module.vpc[\"non_live_data\"].aws_subnet.subnets[\"non_live_data-private-eu-west-2c\"]","mode":"managed","type":"aws_subnet","name":"subnets","index":"non_live_data-private-eu-west-2c","provider_name":"registry.terraform.io/hashicorp/aws","schema_version":1,"values":{"arn":"arn:aws:ec2:eu-west-2:374269020027:subnet/subnet-04b83cf5e53ce3eb5","assign_ipv6_address_on_creation":false,"availability_zone":"eu-west-2c","availability_zone_id":"euw2-az1","cidr_block":"10.231.44.0/23","id":"subnet-04b83cf5e53ce3eb5","ipv6_cidr_block":"","ipv6_cidr_block_association_id":"","map_public_ip_on_launch":false,"outpost_arn":"","owner_id":"374269020027","tags":{"Name":"non_live_data-private-eu-west-2c","application":"Modernisation Platform: core-shared-services-production","business-unit":"Platforms","is-production":"true","owner":"Modernisation Platform: modernisation-platform@digital.justice.gov.uk"},"timeouts":null,"vpc_id":"vpc-07dee930bc1278ad9"}},{"address":"module.vpc[\"non_live_data\"].aws_subnet.subnets[\"non_live_data-public-eu-west-2a\"]","mode":"managed","type":"aws_subnet","name":"subnets","index":"non_live_data-public-eu-west-2a","provider_name":"registry.terraform.io/hashicorp/aws","schema_version":1,"values":{"arn":"arn:aws:ec2:eu-west-2:374269020027:subnet/subnet-0be67154b8b8df944","assign_ipv6_address_on_creation":false,"availability_zone":"eu-west-2a","availability_zone_id":"euw2-az2","cidr_block":"10.231.46.0/23","id":"subnet-0be67154b8b8df944","ipv6_cidr_block":"","ipv6_cidr_block_association_id":"","map_public_ip_on_launch":false,"outpost_arn":"","owner_id":"374269020027","tags":{"Name":"non_live_data-public-eu-west-2a","application":"Modernisation Platform: core-shared-services-production","business-unit":"Platforms","is-production":"true","owner":"Modernisation Platform: modernisation-platform@digital.justice.gov.uk"},"timeouts":null,"vpc_id":"vpc-07dee930bc1278ad9"}},{"address":"module.vpc[\"non_live_data\"].aws_subnet.subnets[\"non_live_data-public-eu-west-2b\"]","mode":"managed","type":"aws_subnet","name":"subnets","index":"non_live_data-public-eu-west-2b","provider_name":"registry.terraform.io/hashicorp/aws","schema_version":1,"values":{"arn":"arn:aws:ec2:eu-west-2:374269020027:subnet/subnet-00654b600de01ce96","assign_ipv6_address_on_creation":false,"availability_zone":"eu-west-2b","availability_zone_id":"euw2-az3","cidr_block":"10.231.48.0/23","id":"subnet-00654b600de01ce96","ipv6_cidr_block":"","ipv6_cidr_block_association_id":"","map_public_ip_on_launch":false,"outpost_arn":"","owner_id":"374269020027","tags":{"Name":"non_live_data-public-eu-west-2b","application":"Modernisation Platform: core-shared-services-production","business-unit":"Platforms","is-production":"true","owner":"Modernisation Platform: modernisation-platform@digital.justice.gov.uk"},"timeouts":null,"vpc_id":"vpc-07dee930bc1278ad9"}},{"address":"module.vpc[\"non_live_data\"].aws_subnet.subnets[\"non_live_data-public-eu-west-2c\"]","mode":"managed","type":"aws_subnet","name":"subnets","index":"non_live_data-public-eu-west-2c","provider_name":"registry.terraform.io/hashicorp/aws","schema_version":1,"values":{"arn":"arn:aws:ec2:eu-west-2:374269020027:subnet/subnet-04254823a5dc2543b","assign_ipv6_address_on_creation":false,"availability_zone":"eu-west-2c","availability_zone_id":"euw2-az1","cidr_block":"10.231.50.0/23","id":"subnet-04254823a5dc2543b","ipv6_cidr_block":"","ipv6_cidr_block_association_id":"","map_public_ip_on_launch":false,"outpost_arn":"","owner_id":"374269020027","tags":{"Name":"non_live_data-public-eu-west-2c","application":"Modernisation Platform: core-shared-services-production","business-unit":"Platforms","is-production":"true","owner":"Modernisation Platform: modernisation-platform@digital.justice.gov.uk"},"timeouts":null,"vpc_id":"vpc-07dee930bc1278ad9"}},{"address":"module.vpc[\"non_live_data\"].aws_subnet.subnets[\"non_live_data-transit-gateway-eu-west-2a\"]","mode":"managed","type":"aws_subnet","name":"subnets","index":"non_live_data-transit-gateway-eu-west-2a","provider_name":"registry.terraform.io/hashicorp/aws","schema_version":1,"values":{"arn":"arn:aws:ec2:eu-west-2:374269020027:subnet/subnet-0d1463906a59838c7","assign_ipv6_address_on_creation":false,"availability_zone":"eu-west-2a","availability_zone_id":"euw2-az2","cidr_block":"10.231.32.0/28","id":"subnet-0d1463906a59838c7","ipv6_cidr_block":"","ipv6_cidr_block_association_id":"","map_public_ip_on_launch":false,"outpost_arn":"","owner_id":"374269020027","tags":{"Name":"non_live_data-transit-gateway-eu-west-2a","application":"Modernisation Platform: core-shared-services-production","business-unit":"Platforms","is-production":"true","owner":"Modernisation Platform: modernisation-platform@digital.justice.gov.uk"},"timeouts":null,"vpc_id":"vpc-07dee930bc1278ad9"}},{"address":"module.vpc[\"non_live_data\"].aws_subnet.subnets[\"non_live_data-transit-gateway-eu-west-2b\"]","mode":"managed","type":"aws_subnet","name":"subnets","index":"non_live_data-transit-gateway-eu-west-2b","provider_name":"registry.terraform.io/hashicorp/aws","schema_version":1,"values":{"arn":"arn:aws:ec2:eu-west-2:374269020027:subnet/subnet-05b9d2bf7dd47929f","assign_ipv6_address_on_creation":false,"availability_zone":"eu-west-2b","availability_zone_id":"euw2-az3","cidr_block":"10.231.32.16/28","id":"subnet-05b9d2bf7dd47929f","ipv6_cidr_block":"","ipv6_cidr_block_association_id":"","map_public_ip_on_launch":false,"outpost_arn":"","owner_id":"374269020027","tags":{"Name":"non_live_data-transit-gateway-eu-west-2b","application":"Modernisation Platform: core-shared-services-production","business-unit":"Platforms","is-production":"true","owner":"Modernisation Platform: modernisation-platform@digital.justice.gov.uk"},"timeouts":null,"vpc_id":"vpc-07dee930bc1278ad9"}},{"address":"module.vpc[\"non_live_data\"].aws_subnet.subnets[\"non_live_data-transit-gateway-eu-west-2c\"]","mode":"managed","type":"aws_subnet","name":"subnets","index":"non_live_data-transit-gateway-eu-west-2c","provider_name":"registry.terraform.io/hashicorp/aws","schema_version":1,"values":{"arn":"arn:aws:ec2:eu-west-2:374269020027:subnet/subnet-05fa30ef9e4c3bf67","assign_ipv6_address_on_creation":false,"availability_zone":"eu-west-2c","availability_zone_id":"euw2-az1","cidr_block":"10.231.32.32/28","id":"subnet-05fa30ef9e4c3bf67","ipv6_cidr_block":"","ipv6_cidr_block_association_id":"","map_public_ip_on_launch":false,"outpost_arn":"","owner_id":"374269020027","tags":{"Name":"non_live_data-transit-gateway-eu-west-2c","application":"Modernisation Platform: core-shared-services-production","business-unit":"Platforms","is-production":"true","owner":"Modernisation Platform: modernisation-platform@digital.justice.gov.uk"},"timeouts":null,"vpc_id":"vpc-07dee930bc1278ad9"}},{"address":"module.vpc[\"non_live_data\"].aws_vpc.vpc","mode":"managed","type":"aws_vpc","name":"vpc","provider_name":"registry.terraform.io/hashicorp/aws","schema_version":1,"values":{"arn":"arn:aws:ec2:eu-west-2:374269020027:vpc/vpc-07dee930bc1278ad9","assign_generated_ipv6_cidr_block":false,"cidr_block":"10.231.32.0/19","default_network_acl_id":"acl-0f29b16a8c34e6f7b","default_route_table_id":"rtb-035c4ca9e2a63b6c7","default_security_group_id":"sg-0a2818c4ce99f2113","dhcp_options_id":"dopt-792a1f11","enable_classiclink":null,"enable_classiclink_dns_support":null,"enable_dns_hostnames":true,"enable_dns_support":true,"id":"vpc-07dee930bc1278ad9","instance_tenancy":"default","ipv6_association_id":"","ipv6_cidr_block":"","main_route_table_id":"rtb-035c4ca9e2a63b6c7","owner_id":"374269020027","tags":{"Name":"non_live_data","application":"Modernisation Platform: core-shared-services-production","business-unit":"Platforms","is-production":"true","owner":"Modernisation Platform: modernisation-platform@digital.justice.gov.uk"}}}],"address":"module.vpc[\"non_live_data\"]"},{"resources":[{"address":"module.vpc_attachment[\"live_data\"].aws_ec2_tag.retag","mode":"managed","type":"aws_ec2_tag","name":"retag","provider_name":"registry.terraform.io/hashicorp/aws","schema_version":0,"values":{"id":"tgw-attach-052274dc24ab94e8b,Name","key":"Name","resource_id":"tgw-attach-052274dc24ab94e8b","value":"live_data-core-shared-services-production-attachment"}},{"address":"module.vpc_attachment[\"live_data\"].aws_ec2_transit_gateway_route_table_association.default","mode":"managed","type":"aws_ec2_transit_gateway_route_table_association","name":"default","provider_name":"registry.terraform.io/hashicorp/aws","schema_version":0,"values":{"id":"tgw-rtb-00935f5dbdb600972_tgw-attach-052274dc24ab94e8b","resource_id":"vpc-0ffb471083903af2c","resource_type":"vpc","transit_gateway_attachment_id":"tgw-attach-052274dc24ab94e8b","transit_gateway_route_table_id":"tgw-rtb-00935f5dbdb600972"}},{"address":"module.vpc_attachment[\"live_data\"].aws_ec2_transit_gateway_vpc_attachment.default","mode":"managed","type":"aws_ec2_transit_gateway_vpc_attachment","name":"default","provider_name":"registry.terraform.io/hashicorp/aws","schema_version":0,"values":{"appliance_mode_support":"disable","dns_support":"enable","id":"tgw-attach-052274dc24ab94e8b","ipv6_support":"disable","subnet_ids":["subnet-02498450dabc05d5d","subnet-08db5b844d1abd53b","subnet-093b2f28887fa3132"],"tags":{"Name":"live_data-core-shared-services-production-attachment","application":"Modernisation Platform: core-shared-services-production","business-unit":"Platforms","is-production":"true","owner":"Modernisation Platform: modernisation-platform@digital.justice.gov.uk"},"transit_gateway_default_route_table_association":true,"transit_gateway_default_route_table_propagation":true,"transit_gateway_id":"tgw-053d9dd7f1222a554","vpc_id":"vpc-0ffb471083903af2c","vpc_owner_id":"374269020027"}},{"address":"module.vpc_attachment[\"live_data\"].aws_ram_principal_association.transit_gateway_association","mode":"managed","type":"aws_ram_principal_association","name":"transit_gateway_association","provider_name":"registry.terraform.io/hashicorp/aws","schema_version":0,"values":{"id":"arn:aws:ram:eu-west-2:505974653433:resource-share/a78429e1-33b2-4519-a63e-5aaaf7b50ad6,374269020027","principal":"374269020027","resource_share_arn":"arn:aws:ram:eu-west-2:505974653433:resource-share/a78429e1-33b2-4519-a63e-5aaaf7b50ad6"}},{"address":"module.vpc_attachment[\"live_data\"].time_sleep.wait_60_seconds","mode":"managed","type":"time_sleep","name":"wait_60_seconds","provider_name":"registry.terraform.io/hashicorp/time","schema_version":0,"values":{"create_duration":"60s","destroy_duration":null,"id":"2021-02-03T13:23:18Z","triggers":null}}],"address":"module.vpc_attachment[\"live_data\"]"},{"resources":[{"address":"module.vpc_attachment[\"non_live_data\"].aws_ec2_tag.retag","mode":"managed","type":"aws_ec2_tag","name":"retag","provider_name":"registry.terraform.io/hashicorp/aws","schema_version":0,"values":{"id":"tgw-attach-07a5eecbb884c84a5,Name","key":"Name","resource_id":"tgw-attach-07a5eecbb884c84a5","value":"non_live_data-core-shared-services-production-attachment"}},{"address":"module.vpc_attachment[\"non_live_data\"].aws_ec2_transit_gateway_route_table_association.default","mode":"managed","type":"aws_ec2_transit_gateway_route_table_association","name":"default","provider_name":"registry.terraform.io/hashicorp/aws","schema_version":0,"values":{"id":"tgw-rtb-0663b0b792e72e73f_tgw-attach-07a5eecbb884c84a5","resource_id":"vpc-07dee930bc1278ad9","resource_type":"vpc","transit_gateway_attachment_id":"tgw-attach-07a5eecbb884c84a5","transit_gateway_route_table_id":"tgw-rtb-0663b0b792e72e73f"}},{"address":"module.vpc_attachment[\"non_live_data\"].aws_ec2_transit_gateway_vpc_attachment.default","mode":"managed","type":"aws_ec2_transit_gateway_vpc_attachment","name":"default","provider_name":"registry.terraform.io/hashicorp/aws","schema_version":0,"values":{"appliance_mode_support":"disable","dns_support":"enable","id":"tgw-attach-07a5eecbb884c84a5","ipv6_support":"disable","subnet_ids":["subnet-05b9d2bf7dd47929f","subnet-05fa30ef9e4c3bf67","subnet-0d1463906a59838c7"],"tags":{"Name":"non_live_data-core-shared-services-production-attachment","application":"Modernisation Platform: core-shared-services-production","business-unit":"Platforms","is-production":"true","owner":"Modernisation Platform: modernisation-platform@digital.justice.gov.uk"},"transit_gateway_default_route_table_association":true,"transit_gateway_default_route_table_propagation":true,"transit_gateway_id":"tgw-053d9dd7f1222a554","vpc_id":"vpc-07dee930bc1278ad9","vpc_owner_id":"374269020027"}},{"address":"module.vpc_attachment[\"non_live_data\"].aws_ram_principal_association.transit_gateway_association","mode":"managed","type":"aws_ram_principal_association","name":"transit_gateway_association","provider_name":"registry.terraform.io/hashicorp/aws","schema_version":0,"values":{"id":"arn:aws:ram:eu-west-2:505974653433:resource-share/a78429e1-33b2-4519-a63e-5aaaf7b50ad6,374269020027","principal":"374269020027","resource_share_arn":"arn:aws:ram:eu-west-2:505974653433:resource-share/a78429e1-33b2-4519-a63e-5aaaf7b50ad6"}},{"address":"module.vpc_attachment[\"non_live_data\"].time_sleep.wait_60_seconds","mode":"managed","type":"time_sleep","name":"wait_60_seconds","provider_name":"registry.terraform.io/hashicorp/time","schema_version":0,"values":{"create_duration":"60s","destroy_duration":null,"id":"2021-02-03T13:23:18Z","triggers":null}}],"address":"module.vpc_attachment[\"non_live_data\"]"}]}},"resource_changes":[{"address":"aws_ram_principal_association.transit_gateway_association","mode":"managed","type":"aws_ram_principal_association","name":"transit_gateway_association","provider_name":"registry.terraform.io/hashicorp/aws","change":{"actions":["no-op"],"before":{"id":"arn:aws:ram:eu-west-2:505974653433:resource-share/a78429e1-33b2-4519-a63e-5aaaf7b50ad6,374269020027","principal":"374269020027","resource_share_arn":"arn:aws:ram:eu-west-2:505974653433:resource-share/a78429e1-33b2-4519-a63e-5aaaf7b50ad6"},"after":{"id":"arn:aws:ram:eu-west-2:505974653433:resource-share/a78429e1-33b2-4519-a63e-5aaaf7b50ad6,374269020027","principal":"374269020027","resource_share_arn":"arn:aws:ram:eu-west-2:505974653433:resource-share/a78429e1-33b2-4519-a63e-5aaaf7b50ad6"},"after_unknown":{}}},{"address":"aws_s3_bucket.tests3","mode":"managed","type":"aws_s3_bucket","name":"tests3","provider_name":"registry.terraform.io/hashicorp/aws","change":{"actions":["create"],"before":null,"after":{"acl":"private","bucket":"testBucketCoreServices","bucket_prefix":null,"cors_rule":[],"force_destroy":false,"grant":[],"lifecycle_rule":[],"logging":[],"object_lock_configuration":[],"policy":null,"replication_configuration":[],"server_side_encryption_configuration":[],"tags":null,"website":[]},"after_unknown":{"acceleration_status":true,"arn":true,"bucket_domain_name":true,"bucket_regional_domain_name":true,"cors_rule":[],"grant":[],"hosted_zone_id":true,"id":true,"lifecycle_rule":[],"logging":[],"object_lock_configuration":[],"region":true,"replication_configuration":[],"request_payer":true,"server_side_encryption_configuration":[],"versioning":true,"website":[],"website_domain":true,"website_endpoint":true}}},{"address":"module.core-vpc-tgw-routes[\"live_data\"].aws_route.private_transit_gateway[\"live_data-data-eu-west-2a\"]","module_address":"module.core-vpc-tgw-routes[\"live_data\"]","mode":"managed","type":"aws_route","name":"private_transit_gateway","index":"live_data-data-eu-west-2a","provider_name":"registry.terraform.io/hashicorp/aws","change":{"actions":["no-op"],"before":{"destination_cidr_block":"0.0.0.0/0","destination_ipv6_cidr_block":"","destination_prefix_list_id":"","egress_only_gateway_id":"","gateway_id":"","id":"r-rtb-075c46c94149ab48e1080289494","instance_id":"","instance_owner_id":"","local_gateway_id":"","nat_gateway_id":"","network_interface_id":"","origin":"CreateRoute","route_table_id":"rtb-075c46c94149ab48e","state":"active","timeouts":null,"transit_gateway_id":"tgw-053d9dd7f1222a554","vpc_endpoint_id":null,"vpc_peering_connection_id":""},"after":{"destination_cidr_block":"0.0.0.0/0","destination_ipv6_cidr_block":"","destination_prefix_list_id":"","egress_only_gateway_id":"","gateway_id":"","id":"r-rtb-075c46c94149ab48e1080289494","instance_id":"","instance_owner_id":"","local_gateway_id":"","nat_gateway_id":"","network_interface_id":"","origin":"CreateRoute","route_table_id":"rtb-075c46c94149ab48e","state":"active","timeouts":null,"transit_gateway_id":"tgw-053d9dd7f1222a554","vpc_endpoint_id":null,"vpc_peering_connection_id":""},"after_unknown":{}}},{"address":"module.core-vpc-tgw-routes[\"live_data\"].aws_route.private_transit_gateway[\"live_data-data-eu-west-2b\"]","module_address":"module.core-vpc-tgw-routes[\"live_data\"]","mode":"managed","type":"aws_route","name":"private_transit_gateway","index":"live_data-data-eu-west-2b","provider_name":"registry.terraform.io/hashicorp/aws","change":{"actions":["no-op"],"before":{"destination_cidr_block":"0.0.0.0/0","destination_ipv6_cidr_block":"","destination_prefix_list_id":"","egress_only_gateway_id":"","gateway_id":"","id":"r-rtb-0f3e424f07bbc4b9c1080289494","instance_id":"","instance_owner_id":"","local_gateway_id":"","nat_gateway_id":"","network_interface_id":"","origin":"CreateRoute","route_table_id":"rtb-0f3e424f07bbc4b9c","state":"active","timeouts":null,"transit_gateway_id":"tgw-053d9dd7f1222a554","vpc_endpoint_id":null,"vpc_peering_connection_id":""},"after":{"destination_cidr_block":"0.0.0.0/0","destination_ipv6_cidr_block":"","destination_prefix_list_id":"","egress_only_gateway_id":"","gateway_id":"","id":"r-rtb-0f3e424f07bbc4b9c1080289494","instance_id":"","instance_owner_id":"","local_gateway_id":"","nat_gateway_id":"","network_interface_id":"","origin":"CreateRoute","route_table_id":"rtb-0f3e424f07bbc4b9c","state":"active","timeouts":null,"transit_gateway_id":"tgw-053d9dd7f1222a554","vpc_endpoint_id":null,"vpc_peering_connection_id":""},"after_unknown":{}}},{"address":"module.core-vpc-tgw-routes[\"live_data\"].aws_route.private_transit_gateway[\"live_data-data-eu-west-2c\"]","module_address":"module.core-vpc-tgw-routes[\"live_data\"]","mode":"managed","type":"aws_route","name":"private_transit_gateway","index":"live_data-data-eu-west-2c","provider_name":"registry.terraform.io/hashicorp/aws","change":{"actions":["no-op"],"before":{"destination_cidr_block":"0.0.0.0/0","destination_ipv6_cidr_block":"","destination_prefix_list_id":"","egress_only_gateway_id":"","gateway_id":"","id":"r-rtb-0ffb85d9ce66f921c1080289494","instance_id":"","instance_owner_id":"","local_gateway_id":"","nat_gateway_id":"","network_interface_id":"","origin":"CreateRoute","route_table_id":"rtb-0ffb85d9ce66f921c","state":"active","timeouts":null,"transit_gateway_id":"tgw-053d9dd7f1222a554","vpc_endpoint_id":null,"vpc_peering_connection_id":""},"after":{"destination_cidr_block":"0.0.0.0/0","destination_ipv6_cidr_block":"","destination_prefix_list_id":"","egress_only_gateway_id":"","gateway_id":"","id":"r-rtb-0ffb85d9ce66f921c1080289494","instance_id":"","instance_owner_id":"","local_gateway_id":"","nat_gateway_id":"","network_interface_id":"","origin":"CreateRoute","route_table_id":"rtb-0ffb85d9ce66f921c","state":"active","timeouts":null,"transit_gateway_id":"tgw-053d9dd7f1222a554","vpc_endpoint_id":null,"vpc_peering_connection_id":""},"after_unknown":{}}},{"address":"module.core-vpc-tgw-routes[\"live_data\"].aws_route.private_transit_gateway[\"live_data-private-eu-west-2a\"]","module_address":"module.core-vpc-tgw-routes[\"live_data\"]","mode":"managed","type":"aws_route","name":"private_transit_gateway","index":"live_data-private-eu-west-2a","provider_name":"registry.terraform.io/hashicorp/aws","change":{"actions":["no-op"],"before":{"destination_cidr_block":"0.0.0.0/0","destination_ipv6_cidr_block":"","destination_prefix_list_id":"","egress_only_gateway_id":"","gateway_id":"","id":"r-rtb-0085a7256980e0a4a1080289494","instance_id":"","instance_owner_id":"","local_gateway_id":"","nat_gateway_id":"","network_interface_id":"","origin":"CreateRoute","route_table_id":"rtb-0085a7256980e0a4a","state":"active","timeouts":null,"transit_gateway_id":"tgw-053d9dd7f1222a554","vpc_endpoint_id":null,"vpc_peering_connection_id":""},"after":{"destination_cidr_block":"0.0.0.0/0","destination_ipv6_cidr_block":"","destination_prefix_list_id":"","egress_only_gateway_id":"","gateway_id":"","id":"r-rtb-0085a7256980e0a4a1080289494","instance_id":"","instance_owner_id":"","local_gateway_id":"","nat_gateway_id":"","network_interface_id":"","origin":"CreateRoute","route_table_id":"rtb-0085a7256980e0a4a","state":"active","timeouts":null,"transit_gateway_id":"tgw-053d9dd7f1222a554","vpc_endpoint_id":null,"vpc_peering_connection_id":""},"after_unknown":{}}},{"address":"module.core-vpc-tgw-routes[\"live_data\"].aws_route.private_transit_gateway[\"live_data-private-eu-west-2b\"]","module_address":"module.core-vpc-tgw-routes[\"live_data\"]","mode":"managed","type":"aws_route","name":"private_transit_gateway","index":"live_data-private-eu-west-2b","provider_name":"registry.terraform.io/hashicorp/aws","change":{"actions":["no-op"],"before":{"destination_cidr_block":"0.0.0.0/0","destination_ipv6_cidr_block":"","destination_prefix_list_id":"","egress_only_gateway_id":"","gateway_id":"","id":"r-rtb-0be057e095f733fe81080289494","instance_id":"","instance_owner_id":"","local_gateway_id":"","nat_gateway_id":"","network_interface_id":"","origin":"CreateRoute","route_table_id":"rtb-0be057e095f733fe8","state":"active","timeouts":null,"transit_gateway_id":"tgw-053d9dd7f1222a554","vpc_endpoint_id":null,"vpc_peering_connection_id":""},"after":{"destination_cidr_block":"0.0.0.0/0","destination_ipv6_cidr_block":"","destination_prefix_list_id":"","egress_only_gateway_id":"","gateway_id":"","id":"r-rtb-0be057e095f733fe81080289494","instance_id":"","instance_owner_id":"","local_gateway_id":"","nat_gateway_id":"","network_interface_id":"","origin":"CreateRoute","route_table_id":"rtb-0be057e095f733fe8","state":"active","timeouts":null,"transit_gateway_id":"tgw-053d9dd7f1222a554","vpc_endpoint_id":null,"vpc_peering_connection_id":""},"after_unknown":{}}},{"address":"module.core-vpc-tgw-routes[\"live_data\"].aws_route.private_transit_gateway[\"live_data-private-eu-west-2c\"]","module_address":"module.core-vpc-tgw-routes[\"live_data\"]","mode":"managed","type":"aws_route","name":"private_transit_gateway","index":"live_data-private-eu-west-2c","provider_name":"registry.terraform.io/hashicorp/aws","change":{"actions":["no-op"],"before":{"destination_cidr_block":"0.0.0.0/0","destination_ipv6_cidr_block":"","destination_prefix_list_id":"","egress_only_gateway_id":"","gateway_id":"","id":"r-rtb-0dbccdb8501b600611080289494","instance_id":"","instance_owner_id":"","local_gateway_id":"","nat_gateway_id":"","network_interface_id":"","origin":"CreateRoute","route_table_id":"rtb-0dbccdb8501b60061","state":"active","timeouts":null,"transit_gateway_id":"tgw-053d9dd7f1222a554","vpc_endpoint_id":null,"vpc_peering_connection_id":""},"after":{"destination_cidr_block":"0.0.0.0/0","destination_ipv6_cidr_block":"","destination_prefix_list_id":"","egress_only_gateway_id":"","gateway_id":"","id":"r-rtb-0dbccdb8501b600611080289494","instance_id":"","instance_owner_id":"","local_gateway_id":"","nat_gateway_id":"","network_interface_id":"","origin":"CreateRoute","route_table_id":"rtb-0dbccdb8501b60061","state":"active","timeouts":null,"transit_gateway_id":"tgw-053d9dd7f1222a554","vpc_endpoint_id":null,"vpc_peering_connection_id":""},"after_unknown":{}}},{"address":"module.core-vpc-tgw-routes[\"live_data\"].aws_route.private_transit_gateway[\"live_data-transit-gateway-eu-west-2a\"]","module_address":"module.core-vpc-tgw-routes[\"live_data\"]","mode":"managed","type":"aws_route","name":"private_transit_gateway","index":"live_data-transit-gateway-eu-west-2a","provider_name":"registry.terraform.io/hashicorp/aws","change":{"actions":["no-op"],"before":{"destination_cidr_block":"0.0.0.0/0","destination_ipv6_cidr_block":"","destination_prefix_list_id":"","egress_only_gateway_id":"","gateway_id":"","id":"r-rtb-05fa2dd403b955bb71080289494","instance_id":"","instance_owner_id":"","local_gateway_id":"","nat_gateway_id":"","network_interface_id":"","origin":"CreateRoute","route_table_id":"rtb-05fa2dd403b955bb7","state":"active","timeouts":null,"transit_gateway_id":"tgw-053d9dd7f1222a554","vpc_endpoint_id":null,"vpc_peering_connection_id":""},"after":{"destination_cidr_block":"0.0.0.0/0","destination_ipv6_cidr_block":"","destination_prefix_list_id":"","egress_only_gateway_id":"","gateway_id":"","id":"r-rtb-05fa2dd403b955bb71080289494","instance_id":"","instance_owner_id":"","local_gateway_id":"","nat_gateway_id":"","network_interface_id":"","origin":"CreateRoute","route_table_id":"rtb-05fa2dd403b955bb7","state":"active","timeouts":null,"transit_gateway_id":"tgw-053d9dd7f1222a554","vpc_endpoint_id":null,"vpc_peering_connection_id":""},"after_unknown":{}}},{"address":"module.core-vpc-tgw-routes[\"live_data\"].aws_route.private_transit_gateway[\"live_data-transit-gateway-eu-west-2b\"]","module_address":"module.core-vpc-tgw-routes[\"live_data\"]","mode":"managed","type":"aws_route","name":"private_transit_gateway","index":"live_data-transit-gateway-eu-west-2b","provider_name":"registry.terraform.io/hashicorp/aws","change":{"actions":["no-op"],"before":{"destination_cidr_block":"0.0.0.0/0","destination_ipv6_cidr_block":"","destination_prefix_list_id":"","egress_only_gateway_id":"","gateway_id":"","id":"r-rtb-022a3e9c287fad0961080289494","instance_id":"","instance_owner_id":"","local_gateway_id":"","nat_gateway_id":"","network_interface_id":"","origin":"CreateRoute","route_table_id":"rtb-022a3e9c287fad096","state":"active","timeouts":null,"transit_gateway_id":"tgw-053d9dd7f1222a554","vpc_endpoint_id":null,"vpc_peering_connection_id":""},"after":{"destination_cidr_block":"0.0.0.0/0","destination_ipv6_cidr_block":"","destination_prefix_list_id":"","egress_only_gateway_id":"","gateway_id":"","id":"r-rtb-022a3e9c287fad0961080289494","instance_id":"","instance_owner_id":"","local_gateway_id":"","nat_gateway_id":"","network_interface_id":"","origin":"CreateRoute","route_table_id":"rtb-022a3e9c287fad096","state":"active","timeouts":null,"transit_gateway_id":"tgw-053d9dd7f1222a554","vpc_endpoint_id":null,"vpc_peering_connection_id":""},"after_unknown":{}}},{"address":"module.core-vpc-tgw-routes[\"live_data\"].aws_route.private_transit_gateway[\"live_data-transit-gateway-eu-west-2c\"]","module_address":"module.core-vpc-tgw-routes[\"live_data\"]","mode":"managed","type":"aws_route","name":"private_transit_gateway","index":"live_data-transit-gateway-eu-west-2c","provider_name":"registry.terraform.io/hashicorp/aws","change":{"actions":["no-op"],"before":{"destination_cidr_block":"0.0.0.0/0","destination_ipv6_cidr_block":"","destination_prefix_list_id":"","egress_only_gateway_id":"","gateway_id":"","id":"r-rtb-00b138087d73295df1080289494","instance_id":"","instance_owner_id":"","local_gateway_id":"","nat_gateway_id":"","network_interface_id":"","origin":"CreateRoute","route_table_id":"rtb-00b138087d73295df","state":"active","timeouts":null,"transit_gateway_id":"tgw-053d9dd7f1222a554","vpc_endpoint_id":null,"vpc_peering_connection_id":""},"after":{"destination_cidr_block":"0.0.0.0/0","destination_ipv6_cidr_block":"","destination_prefix_list_id":"","egress_only_gateway_id":"","gateway_id":"","id":"r-rtb-00b138087d73295df1080289494","instance_id":"","instance_owner_id":"","local_gateway_id":"","nat_gateway_id":"","network_interface_id":"","origin":"CreateRoute","route_table_id":"rtb-00b138087d73295df","state":"active","timeouts":null,"transit_gateway_id":"tgw-053d9dd7f1222a554","vpc_endpoint_id":null,"vpc_peering_connection_id":""},"after_unknown":{}}},{"address":"module.core-vpc-tgw-routes[\"non_live_data\"].aws_route.private_transit_gateway[\"non_live_data-data-eu-west-2a\"]","module_address":"module.core-vpc-tgw-routes[\"non_live_data\"]","mode":"managed","type":"aws_route","name":"private_transit_gateway","index":"non_live_data-data-eu-west-2a","provider_name":"registry.terraform.io/hashicorp/aws","change":{"actions":["no-op"],"before":{"destination_cidr_block":"0.0.0.0/0","destination_ipv6_cidr_block":"","destination_prefix_list_id":"","egress_only_gateway_id":"","gateway_id":"","id":"r-rtb-0fcb93af147ca30f91080289494","instance_id":"","instance_owner_id":"","local_gateway_id":"","nat_gateway_id":"","network_interface_id":"","origin":"CreateRoute","route_table_id":"rtb-0fcb93af147ca30f9","state":"active","timeouts":null,"transit_gateway_id":"tgw-053d9dd7f1222a554","vpc_endpoint_id":null,"vpc_peering_connection_id":""},"after":{"destination_cidr_block":"0.0.0.0/0","destination_ipv6_cidr_block":"","destination_prefix_list_id":"","egress_only_gateway_id":"","gateway_id":"","id":"r-rtb-0fcb93af147ca30f91080289494","instance_id":"","instance_owner_id":"","local_gateway_id":"","nat_gateway_id":"","network_interface_id":"","origin":"CreateRoute","route_table_id":"rtb-0fcb93af147ca30f9","state":"active","timeouts":null,"transit_gateway_id":"tgw-053d9dd7f1222a554","vpc_endpoint_id":null,"vpc_peering_connection_id":""},"after_unknown":{}}},{"address":"module.core-vpc-tgw-routes[\"non_live_data\"].aws_route.private_transit_gateway[\"non_live_data-data-eu-west-2b\"]","module_address":"module.core-vpc-tgw-routes[\"non_live_data\"]","mode":"managed","type":"aws_route","name":"private_transit_gateway","index":"non_live_data-data-eu-west-2b","provider_name":"registry.terraform.io/hashicorp/aws","change":{"actions":["no-op"],"before":{"destination_cidr_block":"0.0.0.0/0","destination_ipv6_cidr_block":"","destination_prefix_list_id":"","egress_only_gateway_id":"","gateway_id":"","id":"r-rtb-0d54518036513d57f1080289494","instance_id":"","instance_owner_id":"","local_gateway_id":"","nat_gateway_id":"","network_interface_id":"","origin":"CreateRoute","route_table_id":"rtb-0d54518036513d57f","state":"active","timeouts":null,"transit_gateway_id":"tgw-053d9dd7f1222a554","vpc_endpoint_id":null,"vpc_peering_connection_id":""},"after":{"destination_cidr_block":"0.0.0.0/0","destination_ipv6_cidr_block":"","destination_prefix_list_id":"","egress_only_gateway_id":"","gateway_id":"","id":"r-rtb-0d54518036513d57f1080289494","instance_id":"","instance_owner_id":"","local_gateway_id":"","nat_gateway_id":"","network_interface_id":"","origin":"CreateRoute","route_table_id":"rtb-0d54518036513d57f","state":"active","timeouts":null,"transit_gateway_id":"tgw-053d9dd7f1222a554","vpc_endpoint_id":null,"vpc_peering_connection_id":""},"after_unknown":{}}},{"address":"module.core-vpc-tgw-routes[\"non_live_data\"].aws_route.private_transit_gateway[\"non_live_data-data-eu-west-2c\"]","module_address":"module.core-vpc-tgw-routes[\"non_live_data\"]","mode":"managed","type":"aws_route","name":"private_transit_gateway","index":"non_live_data-data-eu-west-2c","provider_name":"registry.terraform.io/hashicorp/aws","change":{"actions":["no-op"],"before":{"destination_cidr_block":"0.0.0.0/0","destination_ipv6_cidr_block":"","destination_prefix_list_id":"","egress_only_gateway_id":"","gateway_id":"","id":"r-rtb-0f466dfc0822f870e1080289494","instance_id":"","instance_owner_id":"","local_gateway_id":"","nat_gateway_id":"","network_interface_id":"","origin":"CreateRoute","route_table_id":"rtb-0f466dfc0822f870e","state":"active","timeouts":null,"transit_gateway_id":"tgw-053d9dd7f1222a554","vpc_endpoint_id":null,"vpc_peering_connection_id":""},"after":{"destination_cidr_block":"0.0.0.0/0","destination_ipv6_cidr_block":"","destination_prefix_list_id":"","egress_only_gateway_id":"","gateway_id":"","id":"r-rtb-0f466dfc0822f870e1080289494","instance_id":"","instance_owner_id":"","local_gateway_id":"","nat_gateway_id":"","network_interface_id":"","origin":"CreateRoute","route_table_id":"rtb-0f466dfc0822f870e","state":"active","timeouts":null,"transit_gateway_id":"tgw-053d9dd7f1222a554","vpc_endpoint_id":null,"vpc_peering_connection_id":""},"after_unknown":{}}},{"address":"module.core-vpc-tgw-routes[\"non_live_data\"].aws_route.private_transit_gateway[\"non_live_data-private-eu-west-2a\"]","module_address":"module.core-vpc-tgw-routes[\"non_live_data\"]","mode":"managed","type":"aws_route","name":"private_transit_gateway","index":"non_live_data-private-eu-west-2a","provider_name":"registry.terraform.io/hashicorp/aws","change":{"actions":["no-op"],"before":{"destination_cidr_block":"0.0.0.0/0","destination_ipv6_cidr_block":"","destination_prefix_list_id":"","egress_only_gateway_id":"","gateway_id":"","id":"r-rtb-0f1ebedd96c2b770a1080289494","instance_id":"","instance_owner_id":"","local_gateway_id":"","nat_gateway_id":"","network_interface_id":"","origin":"CreateRoute","route_table_id":"rtb-0f1ebedd96c2b770a","state":"active","timeouts":null,"transit_gateway_id":"tgw-053d9dd7f1222a554","vpc_endpoint_id":null,"vpc_peering_connection_id":""},"after":{"destination_cidr_block":"0.0.0.0/0","destination_ipv6_cidr_block":"","destination_prefix_list_id":"","egress_only_gateway_id":"","gateway_id":"","id":"r-rtb-0f1ebedd96c2b770a1080289494","instance_id":"","instance_owner_id":"","local_gateway_id":"","nat_gateway_id":"","network_interface_id":"","origin":"CreateRoute","route_table_id":"rtb-0f1ebedd96c2b770a","state":"active","timeouts":null,"transit_gateway_id":"tgw-053d9dd7f1222a554","vpc_endpoint_id":null,"vpc_peering_connection_id":""},"after_unknown":{}}},{"address":"module.core-vpc-tgw-routes[\"non_live_data\"].aws_route.private_transit_gateway[\"non_live_data-private-eu-west-2b\"]","module_address":"module.core-vpc-tgw-routes[\"non_live_data\"]","mode":"managed","type":"aws_route","name":"private_transit_gateway","index":"non_live_data-private-eu-west-2b","provider_name":"registry.terraform.io/hashicorp/aws","change":{"actions":["no-op"],"before":{"destination_cidr_block":"0.0.0.0/0","destination_ipv6_cidr_block":"","destination_prefix_list_id":"","egress_only_gateway_id":"","gateway_id":"","id":"r-rtb-034393408d08a305c1080289494","instance_id":"","instance_owner_id":"","local_gateway_id":"","nat_gateway_id":"","network_interface_id":"","origin":"CreateRoute","route_table_id":"rtb-034393408d08a305c","state":"active","timeouts":null,"transit_gateway_id":"tgw-053d9dd7f1222a554","vpc_endpoint_id":null,"vpc_peering_connection_id":""},"after":{"destination_cidr_block":"0.0.0.0/0","destination_ipv6_cidr_block":"","destination_prefix_list_id":"","egress_only_gateway_id":"","gateway_id":"","id":"r-rtb-034393408d08a305c1080289494","instance_id":"","instance_owner_id":"","local_gateway_id":"","nat_gateway_id":"","network_interface_id":"","origin":"CreateRoute","route_table_id":"rtb-034393408d08a305c","state":"active","timeouts":null,"transit_gateway_id":"tgw-053d9dd7f1222a554","vpc_endpoint_id":null,"vpc_peering_connection_id":""},"after_unknown":{}}},{"address":"module.core-vpc-tgw-routes[\"non_live_data\"].aws_route.private_transit_gateway[\"non_live_data-private-eu-west-2c\"]","module_address":"module.core-vpc-tgw-routes[\"non_live_data\"]","mode":"managed","type":"aws_route","name":"private_transit_gateway","index":"non_live_data-private-eu-west-2c","provider_name":"registry.terraform.io/hashicorp/aws","change":{"actions":["no-op"],"before":{"destination_cidr_block":"0.0.0.0/0","destination_ipv6_cidr_block":"","destination_prefix_list_id":"","egress_only_gateway_id":"","gateway_id":"","id":"r-rtb-0d517c218cdcdc0111080289494","instance_id":"","instance_owner_id":"","local_gateway_id":"","nat_gateway_id":"","network_interface_id":"","origin":"CreateRoute","route_table_id":"rtb-0d517c218cdcdc011","state":"active","timeouts":null,"transit_gateway_id":"tgw-053d9dd7f1222a554","vpc_endpoint_id":null,"vpc_peering_connection_id":""},"after":{"destination_cidr_block":"0.0.0.0/0","destination_ipv6_cidr_block":"","destination_prefix_list_id":"","egress_only_gateway_id":"","gateway_id":"","id":"r-rtb-0d517c218cdcdc0111080289494","instance_id":"","instance_owner_id":"","local_gateway_id":"","nat_gateway_id":"","network_interface_id":"","origin":"CreateRoute","route_table_id":"rtb-0d517c218cdcdc011","state":"active","timeouts":null,"transit_gateway_id":"tgw-053d9dd7f1222a554","vpc_endpoint_id":null,"vpc_peering_connection_id":""},"after_unknown":{}}},{"address":"module.core-vpc-tgw-routes[\"non_live_data\"].aws_route.private_transit_gateway[\"non_live_data-transit-gateway-eu-west-2a\"]","module_address":"module.core-vpc-tgw-routes[\"non_live_data\"]","mode":"managed","type":"aws_route","name":"private_transit_gateway","index":"non_live_data-transit-gateway-eu-west-2a","provider_name":"registry.terraform.io/hashicorp/aws","change":{"actions":["no-op"],"before":{"destination_cidr_block":"0.0.0.0/0","destination_ipv6_cidr_block":"","destination_prefix_list_id":"","egress_only_gateway_id":"","gateway_id":"","id":"r-rtb-0b5ce7d8a6a589c731080289494","instance_id":"","instance_owner_id":"","local_gateway_id":"","nat_gateway_id":"","network_interface_id":"","origin":"CreateRoute","route_table_id":"rtb-0b5ce7d8a6a589c73","state":"active","timeouts":null,"transit_gateway_id":"tgw-053d9dd7f1222a554","vpc_endpoint_id":null,"vpc_peering_connection_id":""},"after":{"destination_cidr_block":"0.0.0.0/0","destination_ipv6_cidr_block":"","destination_prefix_list_id":"","egress_only_gateway_id":"","gateway_id":"","id":"r-rtb-0b5ce7d8a6a589c731080289494","instance_id":"","instance_owner_id":"","local_gateway_id":"","nat_gateway_id":"","network_interface_id":"","origin":"CreateRoute","route_table_id":"rtb-0b5ce7d8a6a589c73","state":"active","timeouts":null,"transit_gateway_id":"tgw-053d9dd7f1222a554","vpc_endpoint_id":null,"vpc_peering_connection_id":""},"after_unknown":{}}},{"address":"module.core-vpc-tgw-routes[\"non_live_data\"].aws_route.private_transit_gateway[\"non_live_data-transit-gateway-eu-west-2b\"]","module_address":"module.core-vpc-tgw-routes[\"non_live_data\"]","mode":"managed","type":"aws_route","name":"private_transit_gateway","index":"non_live_data-transit-gateway-eu-west-2b","provider_name":"registry.terraform.io/hashicorp/aws","change":{"actions":["no-op"],"before":{"destination_cidr_block":"0.0.0.0/0","destination_ipv6_cidr_block":"","destination_prefix_list_id":"","egress_only_gateway_id":"","gateway_id":"","id":"r-rtb-0f40eb892dbb1f0e91080289494","instance_id":"","instance_owner_id":"","local_gateway_id":"","nat_gateway_id":"","network_interface_id":"","origin":"CreateRoute","route_table_id":"rtb-0f40eb892dbb1f0e9","state":"active","timeouts":null,"transit_gateway_id":"tgw-053d9dd7f1222a554","vpc_endpoint_id":null,"vpc_peering_connection_id":""},"after":{"destination_cidr_block":"0.0.0.0/0","destination_ipv6_cidr_block":"","destination_prefix_list_id":"","egress_only_gateway_id":"","gateway_id":"","id":"r-rtb-0f40eb892dbb1f0e91080289494","instance_id":"","instance_owner_id":"","local_gateway_id":"","nat_gateway_id":"","network_interface_id":"","origin":"CreateRoute","route_table_id":"rtb-0f40eb892dbb1f0e9","state":"active","timeouts":null,"transit_gateway_id":"tgw-053d9dd7f1222a554","vpc_endpoint_id":null,"vpc_peering_connection_id":""},"after_unknown":{}}},{"address":"module.core-vpc-tgw-routes[\"non_live_data\"].aws_route.private_transit_gateway[\"non_live_data-transit-gateway-eu-west-2c\"]","module_address":"module.core-vpc-tgw-routes[\"non_live_data\"]","mode":"managed","type":"aws_route","name":"private_transit_gateway","index":"non_live_data-transit-gateway-eu-west-2c","provider_name":"registry.terraform.io/hashicorp/aws","change":{"actions":["no-op"],"before":{"destination_cidr_block":"0.0.0.0/0","destination_ipv6_cidr_block":"","destination_prefix_list_id":"","egress_only_gateway_id":"","gateway_id":"","id":"r-rtb-0bb661e511a4713eb1080289494","instance_id":"","instance_owner_id":"","local_gateway_id":"","nat_gateway_id":"","network_interface_id":"","origin":"CreateRoute","route_table_id":"rtb-0bb661e511a4713eb","state":"active","timeouts":null,"transit_gateway_id":"tgw-053d9dd7f1222a554","vpc_endpoint_id":null,"vpc_peering_connection_id":""},"after":{"destination_cidr_block":"0.0.0.0/0","destination_ipv6_cidr_block":"","destination_prefix_list_id":"","egress_only_gateway_id":"","gateway_id":"","id":"r-rtb-0bb661e511a4713eb1080289494","instance_id":"","instance_owner_id":"","local_gateway_id":"","nat_gateway_id":"","network_interface_id":"","origin":"CreateRoute","route_table_id":"rtb-0bb661e511a4713eb","state":"active","timeouts":null,"transit_gateway_id":"tgw-053d9dd7f1222a554","vpc_endpoint_id":null,"vpc_peering_connection_id":""},"after_unknown":{}}},{"address":"module.vpc[\"live_data\"].aws_cloudwatch_log_group.default","module_address":"module.vpc[\"live_data\"]","mode":"managed","type":"aws_cloudwatch_log_group","name":"default","provider_name":"registry.terraform.io/hashicorp/aws","change":{"actions":["no-op"],"before":{"arn":"arn:aws:logs:eu-west-2:374269020027:log-group:live_data-vpc-flow-logs","id":"live_data-vpc-flow-logs","kms_key_id":"","name":"live_data-vpc-flow-logs","name_prefix":null,"retention_in_days":0,"tags":{"application":"Modernisation Platform: core-shared-services-production","business-unit":"Platforms","is-production":"true","owner":"Modernisation Platform: modernisation-platform@digital.justice.gov.uk"}},"after":{"arn":"arn:aws:logs:eu-west-2:374269020027:log-group:live_data-vpc-flow-logs","id":"live_data-vpc-flow-logs","kms_key_id":"","name":"live_data-vpc-flow-logs","name_prefix":null,"retention_in_days":0,"tags":{"application":"Modernisation Platform: core-shared-services-production","business-unit":"Platforms","is-production":"true","owner":"Modernisation Platform: modernisation-platform@digital.justice.gov.uk"}},"after_unknown":{}}},{"address":"module.vpc[\"live_data\"].aws_flow_log.cloudwatch","module_address":"module.vpc[\"live_data\"]","mode":"managed","type":"aws_flow_log","name":"cloudwatch","provider_name":"registry.terraform.io/hashicorp/aws","change":{"actions":["no-op"],"before":{"arn":"arn:aws:ec2:eu-west-2:374269020027:vpc-flow-log/fl-07b8ef529703e2d5a","eni_id":null,"iam_role_arn":"arn:aws:iam::374269020027:role/AWSVPCFlowLog","id":"fl-07b8ef529703e2d5a","log_destination":"arn:aws:logs:eu-west-2:374269020027:log-group:live_data-vpc-flow-logs","log_destination_type":"cloud-watch-logs","log_format":"${version} ${account-id} ${interface-id} ${srcaddr} ${dstaddr} ${srcport} ${dstport} ${protocol} ${packets} ${bytes} ${start} ${end} ${action} ${log-status}","log_group_name":"live_data-vpc-flow-logs","max_aggregation_interval":60,"subnet_id":null,"tags":{"Name":"live_data-vpc-flow-logs","application":"Modernisation Platform: core-shared-services-production","business-unit":"Platforms","is-production":"true","owner":"Modernisation Platform: modernisation-platform@digital.justice.gov.uk"},"traffic_type":"ALL","vpc_id":"vpc-0ffb471083903af2c"},"after":{"arn":"arn:aws:ec2:eu-west-2:374269020027:vpc-flow-log/fl-07b8ef529703e2d5a","eni_id":null,"iam_role_arn":"arn:aws:iam::374269020027:role/AWSVPCFlowLog","id":"fl-07b8ef529703e2d5a","log_destination":"arn:aws:logs:eu-west-2:374269020027:log-group:live_data-vpc-flow-logs","log_destination_type":"cloud-watch-logs","log_format":"${version} ${account-id} ${interface-id} ${srcaddr} ${dstaddr} ${srcport} ${dstport} ${protocol} ${packets} ${bytes} ${start} ${end} ${action} ${log-status}","log_group_name":"live_data-vpc-flow-logs","max_aggregation_interval":60,"subnet_id":null,"tags":{"Name":"live_data-vpc-flow-logs","application":"Modernisation Platform: core-shared-services-production","business-unit":"Platforms","is-production":"true","owner":"Modernisation Platform: modernisation-platform@digital.justice.gov.uk"},"traffic_type":"ALL","vpc_id":"vpc-0ffb471083903af2c"},"after_unknown":{}}},{"address":"module.vpc[\"live_data\"].aws_internet_gateway.default","module_address":"module.vpc[\"live_data\"]","mode":"managed","type":"aws_internet_gateway","name":"default","provider_name":"registry.terraform.io/hashicorp/aws","change":{"actions":["no-op"],"before":{"arn":"arn:aws:ec2:eu-west-2:374269020027:internet-gateway/igw-07fb2393d846c76a8","id":"igw-07fb2393d846c76a8","owner_id":"374269020027","tags":{"Name":"live_data-internet-gateway","application":"Modernisation Platform: core-shared-services-production","business-unit":"Platforms","is-production":"true","owner":"Modernisation Platform: modernisation-platform@digital.justice.gov.uk"},"vpc_id":"vpc-0ffb471083903af2c"},"after":{"arn":"arn:aws:ec2:eu-west-2:374269020027:internet-gateway/igw-07fb2393d846c76a8","id":"igw-07fb2393d846c76a8","owner_id":"374269020027","tags":{"Name":"live_data-internet-gateway","application":"Modernisation Platform: core-shared-services-production","business-unit":"Platforms","is-production":"true","owner":"Modernisation Platform: modernisation-platform@digital.justice.gov.uk"},"vpc_id":"vpc-0ffb471083903af2c"},"after_unknown":{}}},{"address":"module.vpc[\"live_data\"].aws_network_acl.default[\"live_data-data\"]","module_address":"module.vpc[\"live_data\"]","mode":"managed","type":"aws_network_acl","name":"default","index":"live_data-data","provider_name":"registry.terraform.io/hashicorp/aws","change":{"actions":["no-op"],"before":{"arn":"arn:aws:ec2:eu-west-2:374269020027:network-acl/acl-0933809ca292abbab","egress":[{"action":"allow","cidr_block":"0.0.0.0/0","from_port":0,"icmp_code":0,"icmp_type":0,"ipv6_cidr_block":"","protocol":"-1","rule_no":910,"to_port":0},{"action":"allow","cidr_block":"10.231.0.0/19","from_port":0,"icmp_code":0,"icmp_type":0,"ipv6_cidr_block":"","protocol":"-1","rule_no":210,"to_port":0}],"id":"acl-0933809ca292abbab","ingress":[{"action":"allow","cidr_block":"0.0.0.0/0","from_port":0,"icmp_code":0,"icmp_type":0,"ipv6_cidr_block":"","protocol":"-1","rule_no":910,"to_port":0},{"action":"allow","cidr_block":"10.231.0.0/19","from_port":0,"icmp_code":0,"icmp_type":0,"ipv6_cidr_block":"","protocol":"-1","rule_no":210,"to_port":0}],"owner_id":"374269020027","subnet_ids":["subnet-0331d916aa70f185a","subnet-07a790a1f3a6fc561","subnet-0bfb5a0c8896863a6"],"tags":{"Name":"live_data-data","application":"Modernisation Platform: core-shared-services-production","business-unit":"Platforms","is-production":"true","owner":"Modernisation Platform: modernisation-platform@digital.justice.gov.uk"},"vpc_id":"vpc-0ffb471083903af2c"},"after":{"arn":"arn:aws:ec2:eu-west-2:374269020027:network-acl/acl-0933809ca292abbab","egress":[{"action":"allow","cidr_block":"0.0.0.0/0","from_port":0,"icmp_code":0,"icmp_type":0,"ipv6_cidr_block":"","protocol":"-1","rule_no":910,"to_port":0},{"action":"allow","cidr_block":"10.231.0.0/19","from_port":0,"icmp_code":0,"icmp_type":0,"ipv6_cidr_block":"","protocol":"-1","rule_no":210,"to_port":0}],"id":"acl-0933809ca292abbab","ingress":[{"action":"allow","cidr_block":"0.0.0.0/0","from_port":0,"icmp_code":0,"icmp_type":0,"ipv6_cidr_block":"","protocol":"-1","rule_no":910,"to_port":0},{"action":"allow","cidr_block":"10.231.0.0/19","from_port":0,"icmp_code":0,"icmp_type":0,"ipv6_cidr_block":"","protocol":"-1","rule_no":210,"to_port":0}],"owner_id":"374269020027","subnet_ids":["subnet-0331d916aa70f185a","subnet-07a790a1f3a6fc561","subnet-0bfb5a0c8896863a6"],"tags":{"Name":"live_data-data","application":"Modernisation Platform: core-shared-services-production","business-unit":"Platforms","is-production":"true","owner":"Modernisation Platform: modernisation-platform@digital.justice.gov.uk"},"vpc_id":"vpc-0ffb471083903af2c"},"after_unknown":{}}},{"address":"module.vpc[\"live_data\"].aws_network_acl.default[\"live_data-private\"]","module_address":"module.vpc[\"live_data\"]","mode":"managed","type":"aws_network_acl","name":"default","index":"live_data-private","provider_name":"registry.terraform.io/hashicorp/aws","change":{"actions":["no-op"],"before":{"arn":"arn:aws:ec2:eu-west-2:374269020027:network-acl/acl-028a8daed63fbd8cd","egress":[{"action":"allow","cidr_block":"0.0.0.0/0","from_port":0,"icmp_code":0,"icmp_type":0,"ipv6_cidr_block":"","protocol":"-1","rule_no":910,"to_port":0},{"action":"allow","cidr_block":"10.231.0.0/19","from_port":0,"icmp_code":0,"icmp_type":0,"ipv6_cidr_block":"","protocol":"-1","rule_no":210,"to_port":0}],"id":"acl-028a8daed63fbd8cd","ingress":[{"action":"allow","cidr_block":"0.0.0.0/0","from_port":0,"icmp_code":0,"icmp_type":0,"ipv6_cidr_block":"","protocol":"-1","rule_no":910,"to_port":0},{"action":"allow","cidr_block":"10.231.0.0/19","from_port":0,"icmp_code":0,"icmp_type":0,"ipv6_cidr_block":"","protocol":"-1","rule_no":210,"to_port":0}],"owner_id":"374269020027","subnet_ids":["subnet-021b369568218877f","subnet-0ca8a3d7efc826432","subnet-0f1608ad5bb0e2d3b"],"tags":{"Name":"live_data-private","application":"Modernisation Platform: core-shared-services-production","business-unit":"Platforms","is-production":"true","owner":"Modernisation Platform: modernisation-platform@digital.justice.gov.uk"},"vpc_id":"vpc-0ffb471083903af2c"},"after":{"arn":"arn:aws:ec2:eu-west-2:374269020027:network-acl/acl-028a8daed63fbd8cd","egress":[{"action":"allow","cidr_block":"0.0.0.0/0","from_port":0,"icmp_code":0,"icmp_type":0,"ipv6_cidr_block":"","protocol":"-1","rule_no":910,"to_port":0},{"action":"allow","cidr_block":"10.231.0.0/19","from_port":0,"icmp_code":0,"icmp_type":0,"ipv6_cidr_block":"","protocol":"-1","rule_no":210,"to_port":0}],"id":"acl-028a8daed63fbd8cd","ingress":[{"action":"allow","cidr_block":"0.0.0.0/0","from_port":0,"icmp_code":0,"icmp_type":0,"ipv6_cidr_block":"","protocol":"-1","rule_no":910,"to_port":0},{"action":"allow","cidr_block":"10.231.0.0/19","from_port":0,"icmp_code":0,"icmp_type":0,"ipv6_cidr_block":"","protocol":"-1","rule_no":210,"to_port":0}],"owner_id":"374269020027","subnet_ids":["subnet-021b369568218877f","subnet-0ca8a3d7efc826432","subnet-0f1608ad5bb0e2d3b"],"tags":{"Name":"live_data-private","application":"Modernisation Platform: core-shared-services-production","business-unit":"Platforms","is-production":"true","owner":"Modernisation Platform: modernisation-platform@digital.justice.gov.uk"},"vpc_id":"vpc-0ffb471083903af2c"},"after_unknown":{}}},{"address":"module.vpc[\"live_data\"].aws_network_acl.default[\"live_data-public\"]","module_address":"module.vpc[\"live_data\"]","mode":"managed","type":"aws_network_acl","name":"default","index":"live_data-public","provider_name":"registry.terraform.io/hashicorp/aws","change":{"actions":["no-op"],"before":{"arn":"arn:aws:ec2:eu-west-2:374269020027:network-acl/acl-0d1f17b9f3842cfc6","egress":[{"action":"allow","cidr_block":"0.0.0.0/0","from_port":0,"icmp_code":0,"icmp_type":0,"ipv6_cidr_block":"","protocol":"-1","rule_no":910,"to_port":0},{"action":"allow","cidr_block":"10.231.0.0/19","from_port":0,"icmp_code":0,"icmp_type":0,"ipv6_cidr_block":"","protocol":"-1","rule_no":210,"to_port":0}],"id":"acl-0d1f17b9f3842cfc6","ingress":[{"action":"allow","cidr_block":"0.0.0.0/0","from_port":0,"icmp_code":0,"icmp_type":0,"ipv6_cidr_block":"","protocol":"-1","rule_no":910,"to_port":0},{"action":"allow","cidr_block":"10.231.0.0/19","from_port":0,"icmp_code":0,"icmp_type":0,"ipv6_cidr_block":"","protocol":"-1","rule_no":210,"to_port":0}],"owner_id":"374269020027","subnet_ids":["subnet-00328c484e5712137","subnet-0585943e12318df7b","subnet-07a2a8327a0ffe772"],"tags":{"Name":"live_data-public","application":"Modernisation Platform: core-shared-services-production","business-unit":"Platforms","is-production":"true","owner":"Modernisation Platform: modernisation-platform@digital.justice.gov.uk"},"vpc_id":"vpc-0ffb471083903af2c"},"after":{"arn":"arn:aws:ec2:eu-west-2:374269020027:network-acl/acl-0d1f17b9f3842cfc6","egress":[{"action":"allow","cidr_block":"0.0.0.0/0","from_port":0,"icmp_code":0,"icmp_type":0,"ipv6_cidr_block":"","protocol":"-1","rule_no":910,"to_port":0},{"action":"allow","cidr_block":"10.231.0.0/19","from_port":0,"icmp_code":0,"icmp_type":0,"ipv6_cidr_block":"","protocol":"-1","rule_no":210,"to_port":0}],"id":"acl-0d1f17b9f3842cfc6","ingress":[{"action":"allow","cidr_block":"0.0.0.0/0","from_port":0,"icmp_code":0,"icmp_type":0,"ipv6_cidr_block":"","protocol":"-1","rule_no":910,"to_port":0},{"action":"allow","cidr_block":"10.231.0.0/19","from_port":0,"icmp_code":0,"icmp_type":0,"ipv6_cidr_block":"","protocol":"-1","rule_no":210,"to_port":0}],"owner_id":"374269020027","subnet_ids":["subnet-00328c484e5712137","subnet-0585943e12318df7b","subnet-07a2a8327a0ffe772"],"tags":{"Name":"live_data-public","application":"Modernisation Platform: core-shared-services-production","business-unit":"Platforms","is-production":"true","owner":"Modernisation Platform: modernisation-platform@digital.justice.gov.uk"},"vpc_id":"vpc-0ffb471083903af2c"},"after_unknown":{}}},{"address":"module.vpc[\"live_data\"].aws_network_acl.default[\"live_data-transit-gateway\"]","module_address":"module.vpc[\"live_data\"]","mode":"managed","type":"aws_network_acl","name":"default","index":"live_data-transit-gateway","provider_name":"registry.terraform.io/hashicorp/aws","change":{"actions":["no-op"],"before":{"arn":"arn:aws:ec2:eu-west-2:374269020027:network-acl/acl-0e3fdca1f6160ad06","egress":[{"action":"allow","cidr_block":"0.0.0.0/0","from_port":0,"icmp_code":0,"icmp_type":0,"ipv6_cidr_block":"","protocol":"-1","rule_no":910,"to_port":0},{"action":"allow","cidr_block":"10.231.0.0/19","from_port":0,"icmp_code":0,"icmp_type":0,"ipv6_cidr_block":"","protocol":"-1","rule_no":210,"to_port":0}],"id":"acl-0e3fdca1f6160ad06","ingress":[{"action":"allow","cidr_block":"0.0.0.0/0","from_port":0,"icmp_code":0,"icmp_type":0,"ipv6_cidr_block":"","protocol":"-1","rule_no":910,"to_port":0},{"action":"allow","cidr_block":"10.231.0.0/19","from_port":0,"icmp_code":0,"icmp_type":0,"ipv6_cidr_block":"","protocol":"-1","rule_no":210,"to_port":0}],"owner_id":"374269020027","subnet_ids":["subnet-02498450dabc05d5d","subnet-08db5b844d1abd53b","subnet-093b2f28887fa3132"],"tags":{"Name":"live_data-transit-gateway","application":"Modernisation Platform: core-shared-services-production","business-unit":"Platforms","is-production":"true","owner":"Modernisation Platform: modernisation-platform@digital.justice.gov.uk"},"vpc_id":"vpc-0ffb471083903af2c"},"after":{"arn":"arn:aws:ec2:eu-west-2:374269020027:network-acl/acl-0e3fdca1f6160ad06","egress":[{"action":"allow","cidr_block":"0.0.0.0/0","from_port":0,"icmp_code":0,"icmp_type":0,"ipv6_cidr_block":"","protocol":"-1","rule_no":910,"to_port":0},{"action":"allow","cidr_block":"10.231.0.0/19","from_port":0,"icmp_code":0,"icmp_type":0,"ipv6_cidr_block":"","protocol":"-1","rule_no":210,"to_port":0}],"id":"acl-0e3fdca1f6160ad06","ingress":[{"action":"allow","cidr_block":"0.0.0.0/0","from_port":0,"icmp_code":0,"icmp_type":0,"ipv6_cidr_block":"","protocol":"-1","rule_no":910,"to_port":0},{"action":"allow","cidr_block":"10.231.0.0/19","from_port":0,"icmp_code":0,"icmp_type":0,"ipv6_cidr_block":"","protocol":"-1","rule_no":210,"to_port":0}],"owner_id":"374269020027","subnet_ids":["subnet-02498450dabc05d5d","subnet-08db5b844d1abd53b","subnet-093b2f28887fa3132"],"tags":{"Name":"live_data-transit-gateway","application":"Modernisation Platform: core-shared-services-production","business-unit":"Platforms","is-production":"true","owner":"Modernisation Platform: modernisation-platform@digital.justice.gov.uk"},"vpc_id":"vpc-0ffb471083903af2c"},"after_unknown":{}}},{"address":"module.vpc[\"live_data\"].aws_network_acl_rule.allow_local_network_egress[\"live_data-data\"]","module_address":"module.vpc[\"live_data\"]","mode":"managed","type":"aws_network_acl_rule","name":"allow_local_network_egress","index":"live_data-data","provider_name":"registry.terraform.io/hashicorp/aws","change":{"actions":["no-op"],"before":{"cidr_block":"10.231.0.0/19","egress":true,"from_port":null,"icmp_code":null,"icmp_type":null,"id":"nacl-1686633962","ipv6_cidr_block":"","network_acl_id":"acl-0933809ca292abbab","protocol":"all","rule_action":"allow","rule_number":210,"to_port":null},"after":{"cidr_block":"10.231.0.0/19","egress":true,"from_port":null,"icmp_code":null,"icmp_type":null,"id":"nacl-1686633962","ipv6_cidr_block":"","network_acl_id":"acl-0933809ca292abbab","protocol":"all","rule_action":"allow","rule_number":210,"to_port":null},"after_unknown":{}}},{"address":"module.vpc[\"live_data\"].aws_network_acl_rule.allow_local_network_egress[\"live_data-private\"]","module_address":"module.vpc[\"live_data\"]","mode":"managed","type":"aws_network_acl_rule","name":"allow_local_network_egress","index":"live_data-private","provider_name":"registry.terraform.io/hashicorp/aws","change":{"actions":["no-op"],"before":{"cidr_block":"10.231.0.0/19","egress":true,"from_port":null,"icmp_code":null,"icmp_type":null,"id":"nacl-2806111369","ipv6_cidr_block":"","network_acl_id":"acl-028a8daed63fbd8cd","protocol":"all","rule_action":"allow","rule_number":210,"to_port":null},"after":{"cidr_block":"10.231.0.0/19","egress":true,"from_port":null,"icmp_code":null,"icmp_type":null,"id":"nacl-2806111369","ipv6_cidr_block":"","network_acl_id":"acl-028a8daed63fbd8cd","protocol":"all","rule_action":"allow","rule_number":210,"to_port":null},"after_unknown":{}}},{"address":"module.vpc[\"live_data\"].aws_network_acl_rule.allow_local_network_egress[\"live_data-public\"]","module_address":"module.vpc[\"live_data\"]","mode":"managed","type":"aws_network_acl_rule","name":"allow_local_network_egress","index":"live_data-public","provider_name":"registry.terraform.io/hashicorp/aws","change":{"actions":["no-op"],"before":{"cidr_block":"10.231.0.0/19","egress":true,"from_port":null,"icmp_code":null,"icmp_type":null,"id":"nacl-30137469","ipv6_cidr_block":"","network_acl_id":"acl-0d1f17b9f3842cfc6","protocol":"all","rule_action":"allow","rule_number":210,"to_port":null},"after":{"cidr_block":"10.231.0.0/19","egress":true,"from_port":null,"icmp_code":null,"icmp_type":null,"id":"nacl-30137469","ipv6_cidr_block":"","network_acl_id":"acl-0d1f17b9f3842cfc6","protocol":"all","rule_action":"allow","rule_number":210,"to_port":null},"after_unknown":{}}},{"address":"module.vpc[\"live_data\"].aws_network_acl_rule.allow_local_network_egress[\"live_data-transit-gateway\"]","module_address":"module.vpc[\"live_data\"]","mode":"managed","type":"aws_network_acl_rule","name":"allow_local_network_egress","index":"live_data-transit-gateway","provider_name":"registry.terraform.io/hashicorp/aws","change":{"actions":["no-op"],"before":{"cidr_block":"10.231.0.0/19","egress":true,"from_port":null,"icmp_code":null,"icmp_type":null,"id":"nacl-1241633631","ipv6_cidr_block":"","network_acl_id":"acl-0e3fdca1f6160ad06","protocol":"all","rule_action":"allow","rule_number":210,"to_port":null},"after":{"cidr_block":"10.231.0.0/19","egress":true,"from_port":null,"icmp_code":null,"icmp_type":null,"id":"nacl-1241633631","ipv6_cidr_block":"","network_acl_id":"acl-0e3fdca1f6160ad06","protocol":"all","rule_action":"allow","rule_number":210,"to_port":null},"after_unknown":{}}},{"address":"module.vpc[\"live_data\"].aws_network_acl_rule.allow_local_network_ingress[\"live_data-data\"]","module_address":"module.vpc[\"live_data\"]","mode":"managed","type":"aws_network_acl_rule","name":"allow_local_network_ingress","index":"live_data-data","provider_name":"registry.terraform.io/hashicorp/aws","change":{"actions":["no-op"],"before":{"cidr_block":"10.231.0.0/19","egress":false,"from_port":null,"icmp_code":null,"icmp_type":null,"id":"nacl-459624198","ipv6_cidr_block":"","network_acl_id":"acl-0933809ca292abbab","protocol":"all","rule_action":"allow","rule_number":210,"to_port":null},"after":{"cidr_block":"10.231.0.0/19","egress":false,"from_port":null,"icmp_code":null,"icmp_type":null,"id":"nacl-459624198","ipv6_cidr_block":"","network_acl_id":"acl-0933809ca292abbab","protocol":"all","rule_action":"allow","rule_number":210,"to_port":null},"after_unknown":{}}},{"address":"module.vpc[\"live_data\"].aws_network_acl_rule.allow_local_network_ingress[\"live_data-private\"]","module_address":"module.vpc[\"live_data\"]","mode":"managed","type":"aws_network_acl_rule","name":"allow_local_network_ingress","index":"live_data-private","provider_name":"registry.terraform.io/hashicorp/aws","change":{"actions":["no-op"],"before":{"cidr_block":"10.231.0.0/19","egress":false,"from_port":null,"icmp_code":null,"icmp_type":null,"id":"nacl-3474831813","ipv6_cidr_block":"","network_acl_id":"acl-028a8daed63fbd8cd","protocol":"all","rule_action":"allow","rule_number":210,"to_port":null},"after":{"cidr_block":"10.231.0.0/19","egress":false,"from_port":null,"icmp_code":null,"icmp_type":null,"id":"nacl-3474831813","ipv6_cidr_block":"","network_acl_id":"acl-028a8daed63fbd8cd","protocol":"all","rule_action":"allow","rule_number":210,"to_port":null},"after_unknown":{}}},{"address":"module.vpc[\"live_data\"].aws_network_acl_rule.allow_local_network_ingress[\"live_data-public\"]","module_address":"module.vpc[\"live_data\"]","mode":"managed","type":"aws_network_acl_rule","name":"allow_local_network_ingress","index":"live_data-public","provider_name":"registry.terraform.io/hashicorp/aws","change":{"actions":["no-op"],"before":{"cidr_block":"10.231.0.0/19","egress":false,"from_port":null,"icmp_code":null,"icmp_type":null,"id":"nacl-1969948096","ipv6_cidr_block":"","network_acl_id":"acl-0d1f17b9f3842cfc6","protocol":"all","rule_action":"allow","rule_number":210,"to_port":null},"after":{"cidr_block":"10.231.0.0/19","egress":false,"from_port":null,"icmp_code":null,"icmp_type":null,"id":"nacl-1969948096","ipv6_cidr_block":"","network_acl_id":"acl-0d1f17b9f3842cfc6","protocol":"all","rule_action":"allow","rule_number":210,"to_port":null},"after_unknown":{}}},{"address":"module.vpc[\"live_data\"].aws_network_acl_rule.allow_local_network_ingress[\"live_data-transit-gateway\"]","module_address":"module.vpc[\"live_data\"]","mode":"managed","type":"aws_network_acl_rule","name":"allow_local_network_ingress","index":"live_data-transit-gateway","provider_name":"registry.terraform.io/hashicorp/aws","change":{"actions":["no-op"],"before":{"cidr_block":"10.231.0.0/19","egress":false,"from_port":null,"icmp_code":null,"icmp_type":null,"id":"nacl-2688585259","ipv6_cidr_block":"","network_acl_id":"acl-0e3fdca1f6160ad06","protocol":"all","rule_action":"allow","rule_number":210,"to_port":null},"after":{"cidr_block":"10.231.0.0/19","egress":false,"from_port":null,"icmp_code":null,"icmp_type":null,"id":"nacl-2688585259","ipv6_cidr_block":"","network_acl_id":"acl-0e3fdca1f6160ad06","protocol":"all","rule_action":"allow","rule_number":210,"to_port":null},"after_unknown":{}}},{"address":"module.vpc[\"live_data\"].aws_network_acl_rule.apply_network_map_rules[\"live_data-data-0.0.0.0/0-false-allow--1-0-0-910\"]","module_address":"module.vpc[\"live_data\"]","mode":"managed","type":"aws_network_acl_rule","name":"apply_network_map_rules","index":"live_data-data-0.0.0.0/0-false-allow--1-0-0-910","provider_name":"registry.terraform.io/hashicorp/aws","change":{"actions":["no-op"],"before":{"cidr_block":"0.0.0.0/0","egress":false,"from_port":0,"icmp_code":null,"icmp_type":null,"id":"nacl-4239192229","ipv6_cidr_block":"","network_acl_id":"acl-0933809ca292abbab","protocol":"all","rule_action":"allow","rule_number":910,"to_port":0},"after":{"cidr_block":"0.0.0.0/0","egress":false,"from_port":0,"icmp_code":null,"icmp_type":null,"id":"nacl-4239192229","ipv6_cidr_block":"","network_acl_id":"acl-0933809ca292abbab","protocol":"all","rule_action":"allow","rule_number":910,"to_port":0},"after_unknown":{}}},{"address":"module.vpc[\"live_data\"].aws_network_acl_rule.apply_network_map_rules[\"live_data-data-0.0.0.0/0-true-allow--1-0-0-910\"]","module_address":"module.vpc[\"live_data\"]","mode":"managed","type":"aws_network_acl_rule","name":"apply_network_map_rules","index":"live_data-data-0.0.0.0/0-true-allow--1-0-0-910","provider_name":"registry.terraform.io/hashicorp/aws","change":{"actions":["no-op"],"before":{"cidr_block":"0.0.0.0/0","egress":true,"from_port":0,"icmp_code":null,"icmp_type":null,"id":"nacl-353720804","ipv6_cidr_block":"","network_acl_id":"acl-0933809ca292abbab","protocol":"all","rule_action":"allow","rule_number":910,"to_port":0},"after":{"cidr_block":"0.0.0.0/0","egress":true,"from_port":0,"icmp_code":null,"icmp_type":null,"id":"nacl-353720804","ipv6_cidr_block":"","network_acl_id":"acl-0933809ca292abbab","protocol":"all","rule_action":"allow","rule_number":910,"to_port":0},"after_unknown":{}}},{"address":"module.vpc[\"live_data\"].aws_network_acl_rule.apply_network_map_rules[\"live_data-private-0.0.0.0/0-false-allow--1-0-0-910\"]","module_address":"module.vpc[\"live_data\"]","mode":"managed","type":"aws_network_acl_rule","name":"apply_network_map_rules","index":"live_data-private-0.0.0.0/0-false-allow--1-0-0-910","provider_name":"registry.terraform.io/hashicorp/aws","change":{"actions":["no-op"],"before":{"cidr_block":"0.0.0.0/0","egress":false,"from_port":0,"icmp_code":null,"icmp_type":null,"id":"nacl-684983910","ipv6_cidr_block":"","network_acl_id":"acl-028a8daed63fbd8cd","protocol":"all","rule_action":"allow","rule_number":910,"to_port":0},"after":{"cidr_block":"0.0.0.0/0","egress":false,"from_port":0,"icmp_code":null,"icmp_type":null,"id":"nacl-684983910","ipv6_cidr_block":"","network_acl_id":"acl-028a8daed63fbd8cd","protocol":"all","rule_action":"allow","rule_number":910,"to_port":0},"after_unknown":{}}},{"address":"module.vpc[\"live_data\"].aws_network_acl_rule.apply_network_map_rules[\"live_data-private-0.0.0.0/0-true-allow--1-0-0-910\"]","module_address":"module.vpc[\"live_data\"]","mode":"managed","type":"aws_network_acl_rule","name":"apply_network_map_rules","index":"live_data-private-0.0.0.0/0-true-allow--1-0-0-910","provider_name":"registry.terraform.io/hashicorp/aws","change":{"actions":["no-op"],"before":{"cidr_block":"0.0.0.0/0","egress":true,"from_port":0,"icmp_code":null,"icmp_type":null,"id":"nacl-3604183175","ipv6_cidr_block":"","network_acl_id":"acl-028a8daed63fbd8cd","protocol":"all","rule_action":"allow","rule_number":910,"to_port":0},"after":{"cidr_block":"0.0.0.0/0","egress":true,"from_port":0,"icmp_code":null,"icmp_type":null,"id":"nacl-3604183175","ipv6_cidr_block":"","network_acl_id":"acl-028a8daed63fbd8cd","protocol":"all","rule_action":"allow","rule_number":910,"to_port":0},"after_unknown":{}}},{"address":"module.vpc[\"live_data\"].aws_network_acl_rule.apply_network_map_rules[\"live_data-public-0.0.0.0/0-false-allow--1-0-0-910\"]","module_address":"module.vpc[\"live_data\"]","mode":"managed","type":"aws_network_acl_rule","name":"apply_network_map_rules","index":"live_data-public-0.0.0.0/0-false-allow--1-0-0-910","provider_name":"registry.terraform.io/hashicorp/aws","change":{"actions":["no-op"],"before":{"cidr_block":"0.0.0.0/0","egress":false,"from_port":0,"icmp_code":null,"icmp_type":null,"id":"nacl-2460138083","ipv6_cidr_block":"","network_acl_id":"acl-0d1f17b9f3842cfc6","protocol":"all","rule_action":"allow","rule_number":910,"to_port":0},"after":{"cidr_block":"0.0.0.0/0","egress":false,"from_port":0,"icmp_code":null,"icmp_type":null,"id":"nacl-2460138083","ipv6_cidr_block":"","network_acl_id":"acl-0d1f17b9f3842cfc6","protocol":"all","rule_action":"allow","rule_number":910,"to_port":0},"after_unknown":{}}},{"address":"module.vpc[\"live_data\"].aws_network_acl_rule.apply_network_map_rules[\"live_data-public-0.0.0.0/0-true-allow--1-0-0-910\"]","module_address":"module.vpc[\"live_data\"]","mode":"managed","type":"aws_network_acl_rule","name":"apply_network_map_rules","index":"live_data-public-0.0.0.0/0-true-allow--1-0-0-910","provider_name":"registry.terraform.io/hashicorp/aws","change":{"actions":["no-op"],"before":{"cidr_block":"0.0.0.0/0","egress":true,"from_port":0,"icmp_code":null,"icmp_type":null,"id":"nacl-1884911731","ipv6_cidr_block":"","network_acl_id":"acl-0d1f17b9f3842cfc6","protocol":"all","rule_action":"allow","rule_number":910,"to_port":0},"after":{"cidr_block":"0.0.0.0/0","egress":true,"from_port":0,"icmp_code":null,"icmp_type":null,"id":"nacl-1884911731","ipv6_cidr_block":"","network_acl_id":"acl-0d1f17b9f3842cfc6","protocol":"all","rule_action":"allow","rule_number":910,"to_port":0},"after_unknown":{}}},{"address":"module.vpc[\"live_data\"].aws_network_acl_rule.apply_network_map_rules[\"live_data-transit-gateway-0.0.0.0/0-false-allow--1-0-0-910\"]","module_address":"module.vpc[\"live_data\"]","mode":"managed","type":"aws_network_acl_rule","name":"apply_network_map_rules","index":"live_data-transit-gateway-0.0.0.0/0-false-allow--1-0-0-910","provider_name":"registry.terraform.io/hashicorp/aws","change":{"actions":["no-op"],"before":{"cidr_block":"0.0.0.0/0","egress":false,"from_port":0,"icmp_code":null,"icmp_type":null,"id":"nacl-1200173448","ipv6_cidr_block":"","network_acl_id":"acl-0e3fdca1f6160ad06","protocol":"all","rule_action":"allow","rule_number":910,"to_port":0},"after":{"cidr_block":"0.0.0.0/0","egress":false,"from_port":0,"icmp_code":null,"icmp_type":null,"id":"nacl-1200173448","ipv6_cidr_block":"","network_acl_id":"acl-0e3fdca1f6160ad06","protocol":"all","rule_action":"allow","rule_number":910,"to_port":0},"after_unknown":{}}},{"address":"module.vpc[\"live_data\"].aws_network_acl_rule.apply_network_map_rules[\"live_data-transit-gateway-0.0.0.0/0-true-allow--1-0-0-910\"]","module_address":"module.vpc[\"live_data\"]","mode":"managed","type":"aws_network_acl_rule","name":"apply_network_map_rules","index":"live_data-transit-gateway-0.0.0.0/0-true-allow--1-0-0-910","provider_name":"registry.terraform.io/hashicorp/aws","change":{"actions":["no-op"],"before":{"cidr_block":"0.0.0.0/0","egress":true,"from_port":0,"icmp_code":null,"icmp_type":null,"id":"nacl-999520081","ipv6_cidr_block":"","network_acl_id":"acl-0e3fdca1f6160ad06","protocol":"all","rule_action":"allow","rule_number":910,"to_port":0},"after":{"cidr_block":"0.0.0.0/0","egress":true,"from_port":0,"icmp_code":null,"icmp_type":null,"id":"nacl-999520081","ipv6_cidr_block":"","network_acl_id":"acl-0e3fdca1f6160ad06","protocol":"all","rule_action":"allow","rule_number":910,"to_port":0},"after_unknown":{}}},{"address":"module.vpc[\"live_data\"].aws_route.public_internet_gateway","module_address":"module.vpc[\"live_data\"]","mode":"managed","type":"aws_route","name":"public_internet_gateway","provider_name":"registry.terraform.io/hashicorp/aws","change":{"actions":["no-op"],"before":{"destination_cidr_block":"0.0.0.0/0","destination_ipv6_cidr_block":"","destination_prefix_list_id":"","egress_only_gateway_id":"","gateway_id":"igw-07fb2393d846c76a8","id":"r-rtb-05b044bd885293dbd1080289494","instance_id":"","instance_owner_id":"","local_gateway_id":"","nat_gateway_id":"","network_interface_id":"","origin":"CreateRoute","route_table_id":"rtb-05b044bd885293dbd","state":"active","timeouts":null,"transit_gateway_id":"","vpc_endpoint_id":null,"vpc_peering_connection_id":""},"after":{"destination_cidr_block":"0.0.0.0/0","destination_ipv6_cidr_block":"","destination_prefix_list_id":"","egress_only_gateway_id":"","gateway_id":"igw-07fb2393d846c76a8","id":"r-rtb-05b044bd885293dbd1080289494","instance_id":"","instance_owner_id":"","local_gateway_id":"","nat_gateway_id":"","network_interface_id":"","origin":"CreateRoute","route_table_id":"rtb-05b044bd885293dbd","state":"active","timeouts":null,"transit_gateway_id":"","vpc_endpoint_id":null,"vpc_peering_connection_id":""},"after_unknown":{}}},{"address":"module.vpc[\"live_data\"].aws_route_table.private[\"live_data-data-eu-west-2a\"]","module_address":"module.vpc[\"live_data\"]","mode":"managed","type":"aws_route_table","name":"private","index":"live_data-data-eu-west-2a","provider_name":"registry.terraform.io/hashicorp/aws","change":{"actions":["no-op"],"before":{"id":"rtb-075c46c94149ab48e","owner_id":"374269020027","propagating_vgws":[],"route":[{"cidr_block":"0.0.0.0/0","egress_only_gateway_id":"","gateway_id":"","instance_id":"","ipv6_cidr_block":"","local_gateway_id":"","nat_gateway_id":"","network_interface_id":"","transit_gateway_id":"tgw-053d9dd7f1222a554","vpc_endpoint_id":"","vpc_peering_connection_id":""}],"tags":{"Name":"live_data-data-eu-west-2a","application":"Modernisation Platform: core-shared-services-production","business-unit":"Platforms","is-production":"true","owner":"Modernisation Platform: modernisation-platform@digital.justice.gov.uk"},"vpc_id":"vpc-0ffb471083903af2c"},"after":{"id":"rtb-075c46c94149ab48e","owner_id":"374269020027","propagating_vgws":[],"route":[{"cidr_block":"0.0.0.0/0","egress_only_gateway_id":"","gateway_id":"","instance_id":"","ipv6_cidr_block":"","local_gateway_id":"","nat_gateway_id":"","network_interface_id":"","transit_gateway_id":"tgw-053d9dd7f1222a554","vpc_endpoint_id":"","vpc_peering_connection_id":""}],"tags":{"Name":"live_data-data-eu-west-2a","application":"Modernisation Platform: core-shared-services-production","business-unit":"Platforms","is-production":"true","owner":"Modernisation Platform: modernisation-platform@digital.justice.gov.uk"},"vpc_id":"vpc-0ffb471083903af2c"},"after_unknown":{}}},{"address":"module.vpc[\"live_data\"].aws_route_table.private[\"live_data-data-eu-west-2b\"]","module_address":"module.vpc[\"live_data\"]","mode":"managed","type":"aws_route_table","name":"private","index":"live_data-data-eu-west-2b","provider_name":"registry.terraform.io/hashicorp/aws","change":{"actions":["no-op"],"before":{"id":"rtb-0f3e424f07bbc4b9c","owner_id":"374269020027","propagating_vgws":[],"route":[{"cidr_block":"0.0.0.0/0","egress_only_gateway_id":"","gateway_id":"","instance_id":"","ipv6_cidr_block":"","local_gateway_id":"","nat_gateway_id":"","network_interface_id":"","transit_gateway_id":"tgw-053d9dd7f1222a554","vpc_endpoint_id":"","vpc_peering_connection_id":""}],"tags":{"Name":"live_data-data-eu-west-2b","application":"Modernisation Platform: core-shared-services-production","business-unit":"Platforms","is-production":"true","owner":"Modernisation Platform: modernisation-platform@digital.justice.gov.uk"},"vpc_id":"vpc-0ffb471083903af2c"},"after":{"id":"rtb-0f3e424f07bbc4b9c","owner_id":"374269020027","propagating_vgws":[],"route":[{"cidr_block":"0.0.0.0/0","egress_only_gateway_id":"","gateway_id":"","instance_id":"","ipv6_cidr_block":"","local_gateway_id":"","nat_gateway_id":"","network_interface_id":"","transit_gateway_id":"tgw-053d9dd7f1222a554","vpc_endpoint_id":"","vpc_peering_connection_id":""}],"tags":{"Name":"live_data-data-eu-west-2b","application":"Modernisation Platform: core-shared-services-production","business-unit":"Platforms","is-production":"true","owner":"Modernisation Platform: modernisation-platform@digital.justice.gov.uk"},"vpc_id":"vpc-0ffb471083903af2c"},"after_unknown":{}}},{"address":"module.vpc[\"live_data\"].aws_route_table.private[\"live_data-data-eu-west-2c\"]","module_address":"module.vpc[\"live_data\"]","mode":"managed","type":"aws_route_table","name":"private","index":"live_data-data-eu-west-2c","provider_name":"registry.terraform.io/hashicorp/aws","change":{"actions":["no-op"],"before":{"id":"rtb-0ffb85d9ce66f921c","owner_id":"374269020027","propagating_vgws":[],"route":[{"cidr_block":"0.0.0.0/0","egress_only_gateway_id":"","gateway_id":"","instance_id":"","ipv6_cidr_block":"","local_gateway_id":"","nat_gateway_id":"","network_interface_id":"","transit_gateway_id":"tgw-053d9dd7f1222a554","vpc_endpoint_id":"","vpc_peering_connection_id":""}],"tags":{"Name":"live_data-data-eu-west-2c","application":"Modernisation Platform: core-shared-services-production","business-unit":"Platforms","is-production":"true","owner":"Modernisation Platform: modernisation-platform@digital.justice.gov.uk"},"vpc_id":"vpc-0ffb471083903af2c"},"after":{"id":"rtb-0ffb85d9ce66f921c","owner_id":"374269020027","propagating_vgws":[],"route":[{"cidr_block":"0.0.0.0/0","egress_only_gateway_id":"","gateway_id":"","instance_id":"","ipv6_cidr_block":"","local_gateway_id":"","nat_gateway_id":"","network_interface_id":"","transit_gateway_id":"tgw-053d9dd7f1222a554","vpc_endpoint_id":"","vpc_peering_connection_id":""}],"tags":{"Name":"live_data-data-eu-west-2c","application":"Modernisation Platform: core-shared-services-production","business-unit":"Platforms","is-production":"true","owner":"Modernisation Platform: modernisation-platform@digital.justice.gov.uk"},"vpc_id":"vpc-0ffb471083903af2c"},"after_unknown":{}}},{"address":"module.vpc[\"live_data\"].aws_route_table.private[\"live_data-private-eu-west-2a\"]","module_address":"module.vpc[\"live_data\"]","mode":"managed","type":"aws_route_table","name":"private","index":"live_data-private-eu-west-2a","provider_name":"registry.terraform.io/hashicorp/aws","change":{"actions":["no-op"],"before":{"id":"rtb-0085a7256980e0a4a","owner_id":"374269020027","propagating_vgws":[],"route":[{"cidr_block":"0.0.0.0/0","egress_only_gateway_id":"","gateway_id":"","instance_id":"","ipv6_cidr_block":"","local_gateway_id":"","nat_gateway_id":"","network_interface_id":"","transit_gateway_id":"tgw-053d9dd7f1222a554","vpc_endpoint_id":"","vpc_peering_connection_id":""}],"tags":{"Name":"live_data-private-eu-west-2a","application":"Modernisation Platform: core-shared-services-production","business-unit":"Platforms","is-production":"true","owner":"Modernisation Platform: modernisation-platform@digital.justice.gov.uk"},"vpc_id":"vpc-0ffb471083903af2c"},"after":{"id":"rtb-0085a7256980e0a4a","owner_id":"374269020027","propagating_vgws":[],"route":[{"cidr_block":"0.0.0.0/0","egress_only_gateway_id":"","gateway_id":"","instance_id":"","ipv6_cidr_block":"","local_gateway_id":"","nat_gateway_id":"","network_interface_id":"","transit_gateway_id":"tgw-053d9dd7f1222a554","vpc_endpoint_id":"","vpc_peering_connection_id":""}],"tags":{"Name":"live_data-private-eu-west-2a","application":"Modernisation Platform: core-shared-services-production","business-unit":"Platforms","is-production":"true","owner":"Modernisation Platform: modernisation-platform@digital.justice.gov.uk"},"vpc_id":"vpc-0ffb471083903af2c"},"after_unknown":{}}},{"address":"module.vpc[\"live_data\"].aws_route_table.private[\"live_data-private-eu-west-2b\"]","module_address":"module.vpc[\"live_data\"]","mode":"managed","type":"aws_route_table","name":"private","index":"live_data-private-eu-west-2b","provider_name":"registry.terraform.io/hashicorp/aws","change":{"actions":["no-op"],"before":{"id":"rtb-0be057e095f733fe8","owner_id":"374269020027","propagating_vgws":[],"route":[{"cidr_block":"0.0.0.0/0","egress_only_gateway_id":"","gateway_id":"","instance_id":"","ipv6_cidr_block":"","local_gateway_id":"","nat_gateway_id":"","network_interface_id":"","transit_gateway_id":"tgw-053d9dd7f1222a554","vpc_endpoint_id":"","vpc_peering_connection_id":""}],"tags":{"Name":"live_data-private-eu-west-2b","application":"Modernisation Platform: core-shared-services-production","business-unit":"Platforms","is-production":"true","owner":"Modernisation Platform: modernisation-platform@digital.justice.gov.uk"},"vpc_id":"vpc-0ffb471083903af2c"},"after":{"id":"rtb-0be057e095f733fe8","owner_id":"374269020027","propagating_vgws":[],"route":[{"cidr_block":"0.0.0.0/0","egress_only_gateway_id":"","gateway_id":"","instance_id":"","ipv6_cidr_block":"","local_gateway_id":"","nat_gateway_id":"","network_interface_id":"","transit_gateway_id":"tgw-053d9dd7f1222a554","vpc_endpoint_id":"","vpc_peering_connection_id":""}],"tags":{"Name":"live_data-private-eu-west-2b","application":"Modernisation Platform: core-shared-services-production","business-unit":"Platforms","is-production":"true","owner":"Modernisation Platform: modernisation-platform@digital.justice.gov.uk"},"vpc_id":"vpc-0ffb471083903af2c"},"after_unknown":{}}},{"address":"module.vpc[\"live_data\"].aws_route_table.private[\"live_data-private-eu-west-2c\"]","module_address":"module.vpc[\"live_data\"]","mode":"managed","type":"aws_route_table","name":"private","index":"live_data-private-eu-west-2c","provider_name":"registry.terraform.io/hashicorp/aws","change":{"actions":["no-op"],"before":{"id":"rtb-0dbccdb8501b60061","owner_id":"374269020027","propagating_vgws":[],"route":[{"cidr_block":"0.0.0.0/0","egress_only_gateway_id":"","gateway_id":"","instance_id":"","ipv6_cidr_block":"","local_gateway_id":"","nat_gateway_id":"","network_interface_id":"","transit_gateway_id":"tgw-053d9dd7f1222a554","vpc_endpoint_id":"","vpc_peering_connection_id":""}],"tags":{"Name":"live_data-private-eu-west-2c","application":"Modernisation Platform: core-shared-services-production","business-unit":"Platforms","is-production":"true","owner":"Modernisation Platform: modernisation-platform@digital.justice.gov.uk"},"vpc_id":"vpc-0ffb471083903af2c"},"after":{"id":"rtb-0dbccdb8501b60061","owner_id":"374269020027","propagating_vgws":[],"route":[{"cidr_block":"0.0.0.0/0","egress_only_gateway_id":"","gateway_id":"","instance_id":"","ipv6_cidr_block":"","local_gateway_id":"","nat_gateway_id":"","network_interface_id":"","transit_gateway_id":"tgw-053d9dd7f1222a554","vpc_endpoint_id":"","vpc_peering_connection_id":""}],"tags":{"Name":"live_data-private-eu-west-2c","application":"Modernisation Platform: core-shared-services-production","business-unit":"Platforms","is-production":"true","owner":"Modernisation Platform: modernisation-platform@digital.justice.gov.uk"},"vpc_id":"vpc-0ffb471083903af2c"},"after_unknown":{}}},{"address":"module.vpc[\"live_data\"].aws_route_table.private[\"live_data-transit-gateway-eu-west-2a\"]","module_address":"module.vpc[\"live_data\"]","mode":"managed","type":"aws_route_table","name":"private","index":"live_data-transit-gateway-eu-west-2a","provider_name":"registry.terraform.io/hashicorp/aws","change":{"actions":["no-op"],"before":{"id":"rtb-05fa2dd403b955bb7","owner_id":"374269020027","propagating_vgws":[],"route":[{"cidr_block":"0.0.0.0/0","egress_only_gateway_id":"","gateway_id":"","instance_id":"","ipv6_cidr_block":"","local_gateway_id":"","nat_gateway_id":"","network_interface_id":"","transit_gateway_id":"tgw-053d9dd7f1222a554","vpc_endpoint_id":"","vpc_peering_connection_id":""}],"tags":{"Name":"live_data-transit-gateway-eu-west-2a","application":"Modernisation Platform: core-shared-services-production","business-unit":"Platforms","is-production":"true","owner":"Modernisation Platform: modernisation-platform@digital.justice.gov.uk"},"vpc_id":"vpc-0ffb471083903af2c"},"after":{"id":"rtb-05fa2dd403b955bb7","owner_id":"374269020027","propagating_vgws":[],"route":[{"cidr_block":"0.0.0.0/0","egress_only_gateway_id":"","gateway_id":"","instance_id":"","ipv6_cidr_block":"","local_gateway_id":"","nat_gateway_id":"","network_interface_id":"","transit_gateway_id":"tgw-053d9dd7f1222a554","vpc_endpoint_id":"","vpc_peering_connection_id":""}],"tags":{"Name":"live_data-transit-gateway-eu-west-2a","application":"Modernisation Platform: core-shared-services-production","business-unit":"Platforms","is-production":"true","owner":"Modernisation Platform: modernisation-platform@digital.justice.gov.uk"},"vpc_id":"vpc-0ffb471083903af2c"},"after_unknown":{}}},{"address":"module.vpc[\"live_data\"].aws_route_table.private[\"live_data-transit-gateway-eu-west-2b\"]","module_address":"module.vpc[\"live_data\"]","mode":"managed","type":"aws_route_table","name":"private","index":"live_data-transit-gateway-eu-west-2b","provider_name":"registry.terraform.io/hashicorp/aws","change":{"actions":["no-op"],"before":{"id":"rtb-022a3e9c287fad096","owner_id":"374269020027","propagating_vgws":[],"route":[{"cidr_block":"0.0.0.0/0","egress_only_gateway_id":"","gateway_id":"","instance_id":"","ipv6_cidr_block":"","local_gateway_id":"","nat_gateway_id":"","network_interface_id":"","transit_gateway_id":"tgw-053d9dd7f1222a554","vpc_endpoint_id":"","vpc_peering_connection_id":""}],"tags":{"Name":"live_data-transit-gateway-eu-west-2b","application":"Modernisation Platform: core-shared-services-production","business-unit":"Platforms","is-production":"true","owner":"Modernisation Platform: modernisation-platform@digital.justice.gov.uk"},"vpc_id":"vpc-0ffb471083903af2c"},"after":{"id":"rtb-022a3e9c287fad096","owner_id":"374269020027","propagating_vgws":[],"route":[{"cidr_block":"0.0.0.0/0","egress_only_gateway_id":"","gateway_id":"","instance_id":"","ipv6_cidr_block":"","local_gateway_id":"","nat_gateway_id":"","network_interface_id":"","transit_gateway_id":"tgw-053d9dd7f1222a554","vpc_endpoint_id":"","vpc_peering_connection_id":""}],"tags":{"Name":"live_data-transit-gateway-eu-west-2b","application":"Modernisation Platform: core-shared-services-production","business-unit":"Platforms","is-production":"true","owner":"Modernisation Platform: modernisation-platform@digital.justice.gov.uk"},"vpc_id":"vpc-0ffb471083903af2c"},"after_unknown":{}}},{"address":"module.vpc[\"live_data\"].aws_route_table.private[\"live_data-transit-gateway-eu-west-2c\"]","module_address":"module.vpc[\"live_data\"]","mode":"managed","type":"aws_route_table","name":"private","index":"live_data-transit-gateway-eu-west-2c","provider_name":"registry.terraform.io/hashicorp/aws","change":{"actions":["no-op"],"before":{"id":"rtb-00b138087d73295df","owner_id":"374269020027","propagating_vgws":[],"route":[{"cidr_block":"0.0.0.0/0","egress_only_gateway_id":"","gateway_id":"","instance_id":"","ipv6_cidr_block":"","local_gateway_id":"","nat_gateway_id":"","network_interface_id":"","transit_gateway_id":"tgw-053d9dd7f1222a554","vpc_endpoint_id":"","vpc_peering_connection_id":""}],"tags":{"Name":"live_data-transit-gateway-eu-west-2c","application":"Modernisation Platform: core-shared-services-production","business-unit":"Platforms","is-production":"true","owner":"Modernisation Platform: modernisation-platform@digital.justice.gov.uk"},"vpc_id":"vpc-0ffb471083903af2c"},"after":{"id":"rtb-00b138087d73295df","owner_id":"374269020027","propagating_vgws":[],"route":[{"cidr_block":"0.0.0.0/0","egress_only_gateway_id":"","gateway_id":"","instance_id":"","ipv6_cidr_block":"","local_gateway_id":"","nat_gateway_id":"","network_interface_id":"","transit_gateway_id":"tgw-053d9dd7f1222a554","vpc_endpoint_id":"","vpc_peering_connection_id":""}],"tags":{"Name":"live_data-transit-gateway-eu-west-2c","application":"Modernisation Platform: core-shared-services-production","business-unit":"Platforms","is-production":"true","owner":"Modernisation Platform: modernisation-platform@digital.justice.gov.uk"},"vpc_id":"vpc-0ffb471083903af2c"},"after_unknown":{}}},{"address":"module.vpc[\"live_data\"].aws_route_table.public","module_address":"module.vpc[\"live_data\"]","mode":"managed","type":"aws_route_table","name":"public","provider_name":"registry.terraform.io/hashicorp/aws","change":{"actions":["no-op"],"before":{"id":"rtb-05b044bd885293dbd","owner_id":"374269020027","propagating_vgws":[],"route":[{"cidr_block":"0.0.0.0/0","egress_only_gateway_id":"","gateway_id":"igw-07fb2393d846c76a8","instance_id":"","ipv6_cidr_block":"","local_gateway_id":"","nat_gateway_id":"","network_interface_id":"","transit_gateway_id":"","vpc_endpoint_id":"","vpc_peering_connection_id":""}],"tags":{"Name":"live_data-public","application":"Modernisation Platform: core-shared-services-production","business-unit":"Platforms","is-production":"true","owner":"Modernisation Platform: modernisation-platform@digital.justice.gov.uk"},"vpc_id":"vpc-0ffb471083903af2c"},"after":{"id":"rtb-05b044bd885293dbd","owner_id":"374269020027","propagating_vgws":[],"route":[{"cidr_block":"0.0.0.0/0","egress_only_gateway_id":"","gateway_id":"igw-07fb2393d846c76a8","instance_id":"","ipv6_cidr_block":"","local_gateway_id":"","nat_gateway_id":"","network_interface_id":"","transit_gateway_id":"","vpc_endpoint_id":"","vpc_peering_connection_id":""}],"tags":{"Name":"live_data-public","application":"Modernisation Platform: core-shared-services-production","business-unit":"Platforms","is-production":"true","owner":"Modernisation Platform: modernisation-platform@digital.justice.gov.uk"},"vpc_id":"vpc-0ffb471083903af2c"},"after_unknown":{}}},{"address":"module.vpc[\"live_data\"].aws_route_table_association.default[\"live_data-data-eu-west-2a\"]","module_address":"module.vpc[\"live_data\"]","mode":"managed","type":"aws_route_table_association","name":"default","index":"live_data-data-eu-west-2a","provider_name":"registry.terraform.io/hashicorp/aws","change":{"actions":["no-op"],"before":{"gateway_id":null,"id":"rtbassoc-0684fa605fcbf369a","route_table_id":"rtb-075c46c94149ab48e","subnet_id":"subnet-0331d916aa70f185a"},"after":{"gateway_id":null,"id":"rtbassoc-0684fa605fcbf369a","route_table_id":"rtb-075c46c94149ab48e","subnet_id":"subnet-0331d916aa70f185a"},"after_unknown":{}}},{"address":"module.vpc[\"live_data\"].aws_route_table_association.default[\"live_data-data-eu-west-2b\"]","module_address":"module.vpc[\"live_data\"]","mode":"managed","type":"aws_route_table_association","name":"default","index":"live_data-data-eu-west-2b","provider_name":"registry.terraform.io/hashicorp/aws","change":{"actions":["no-op"],"before":{"gateway_id":null,"id":"rtbassoc-0a831415798682be6","route_table_id":"rtb-0f3e424f07bbc4b9c","subnet_id":"subnet-07a790a1f3a6fc561"},"after":{"gateway_id":null,"id":"rtbassoc-0a831415798682be6","route_table_id":"rtb-0f3e424f07bbc4b9c","subnet_id":"subnet-07a790a1f3a6fc561"},"after_unknown":{}}},{"address":"module.vpc[\"live_data\"].aws_route_table_association.default[\"live_data-data-eu-west-2c\"]","module_address":"module.vpc[\"live_data\"]","mode":"managed","type":"aws_route_table_association","name":"default","index":"live_data-data-eu-west-2c","provider_name":"registry.terraform.io/hashicorp/aws","change":{"actions":["no-op"],"before":{"gateway_id":null,"id":"rtbassoc-06325728a43861b9e","route_table_id":"rtb-0ffb85d9ce66f921c","subnet_id":"subnet-0bfb5a0c8896863a6"},"after":{"gateway_id":null,"id":"rtbassoc-06325728a43861b9e","route_table_id":"rtb-0ffb85d9ce66f921c","subnet_id":"subnet-0bfb5a0c8896863a6"},"after_unknown":{}}},{"address":"module.vpc[\"live_data\"].aws_route_table_association.default[\"live_data-private-eu-west-2a\"]","module_address":"module.vpc[\"live_data\"]","mode":"managed","type":"aws_route_table_association","name":"default","index":"live_data-private-eu-west-2a","provider_name":"registry.terraform.io/hashicorp/aws","change":{"actions":["no-op"],"before":{"gateway_id":null,"id":"rtbassoc-0c220a62a73928735","route_table_id":"rtb-0085a7256980e0a4a","subnet_id":"subnet-021b369568218877f"},"after":{"gateway_id":null,"id":"rtbassoc-0c220a62a73928735","route_table_id":"rtb-0085a7256980e0a4a","subnet_id":"subnet-021b369568218877f"},"after_unknown":{}}},{"address":"module.vpc[\"live_data\"].aws_route_table_association.default[\"live_data-private-eu-west-2b\"]","module_address":"module.vpc[\"live_data\"]","mode":"managed","type":"aws_route_table_association","name":"default","index":"live_data-private-eu-west-2b","provider_name":"registry.terraform.io/hashicorp/aws","change":{"actions":["no-op"],"before":{"gateway_id":null,"id":"rtbassoc-0d2b5104028501871","route_table_id":"rtb-0be057e095f733fe8","subnet_id":"subnet-0ca8a3d7efc826432"},"after":{"gateway_id":null,"id":"rtbassoc-0d2b5104028501871","route_table_id":"rtb-0be057e095f733fe8","subnet_id":"subnet-0ca8a3d7efc826432"},"after_unknown":{}}},{"address":"module.vpc[\"live_data\"].aws_route_table_association.default[\"live_data-private-eu-west-2c\"]","module_address":"module.vpc[\"live_data\"]","mode":"managed","type":"aws_route_table_association","name":"default","index":"live_data-private-eu-west-2c","provider_name":"registry.terraform.io/hashicorp/aws","change":{"actions":["no-op"],"before":{"gateway_id":null,"id":"rtbassoc-025cf400fa69b973c","route_table_id":"rtb-0dbccdb8501b60061","subnet_id":"subnet-0f1608ad5bb0e2d3b"},"after":{"gateway_id":null,"id":"rtbassoc-025cf400fa69b973c","route_table_id":"rtb-0dbccdb8501b60061","subnet_id":"subnet-0f1608ad5bb0e2d3b"},"after_unknown":{}}},{"address":"module.vpc[\"live_data\"].aws_route_table_association.default[\"live_data-public-eu-west-2a\"]","module_address":"module.vpc[\"live_data\"]","mode":"managed","type":"aws_route_table_association","name":"default","index":"live_data-public-eu-west-2a","provider_name":"registry.terraform.io/hashicorp/aws","change":{"actions":["no-op"],"before":{"gateway_id":null,"id":"rtbassoc-017283775d62ed3b1","route_table_id":"rtb-05b044bd885293dbd","subnet_id":"subnet-07a2a8327a0ffe772"},"after":{"gateway_id":null,"id":"rtbassoc-017283775d62ed3b1","route_table_id":"rtb-05b044bd885293dbd","subnet_id":"subnet-07a2a8327a0ffe772"},"after_unknown":{}}},{"address":"module.vpc[\"live_data\"].aws_route_table_association.default[\"live_data-public-eu-west-2b\"]","module_address":"module.vpc[\"live_data\"]","mode":"managed","type":"aws_route_table_association","name":"default","index":"live_data-public-eu-west-2b","provider_name":"registry.terraform.io/hashicorp/aws","change":{"actions":["no-op"],"before":{"gateway_id":null,"id":"rtbassoc-058ba07280c4470a3","route_table_id":"rtb-05b044bd885293dbd","subnet_id":"subnet-0585943e12318df7b"},"after":{"gateway_id":null,"id":"rtbassoc-058ba07280c4470a3","route_table_id":"rtb-05b044bd885293dbd","subnet_id":"subnet-0585943e12318df7b"},"after_unknown":{}}},{"address":"module.vpc[\"live_data\"].aws_route_table_association.default[\"live_data-public-eu-west-2c\"]","module_address":"module.vpc[\"live_data\"]","mode":"managed","type":"aws_route_table_association","name":"default","index":"live_data-public-eu-west-2c","provider_name":"registry.terraform.io/hashicorp/aws","change":{"actions":["no-op"],"before":{"gateway_id":null,"id":"rtbassoc-06c204be4fa409e9c","route_table_id":"rtb-05b044bd885293dbd","subnet_id":"subnet-00328c484e5712137"},"after":{"gateway_id":null,"id":"rtbassoc-06c204be4fa409e9c","route_table_id":"rtb-05b044bd885293dbd","subnet_id":"subnet-00328c484e5712137"},"after_unknown":{}}},{"address":"module.vpc[\"live_data\"].aws_route_table_association.default[\"live_data-transit-gateway-eu-west-2a\"]","module_address":"module.vpc[\"live_data\"]","mode":"managed","type":"aws_route_table_association","name":"default","index":"live_data-transit-gateway-eu-west-2a","provider_name":"registry.terraform.io/hashicorp/aws","change":{"actions":["no-op"],"before":{"gateway_id":null,"id":"rtbassoc-03e338f016af3a83c","route_table_id":"rtb-05fa2dd403b955bb7","subnet_id":"subnet-093b2f28887fa3132"},"after":{"gateway_id":null,"id":"rtbassoc-03e338f016af3a83c","route_table_id":"rtb-05fa2dd403b955bb7","subnet_id":"subnet-093b2f28887fa3132"},"after_unknown":{}}},{"address":"module.vpc[\"live_data\"].aws_route_table_association.default[\"live_data-transit-gateway-eu-west-2b\"]","module_address":"module.vpc[\"live_data\"]","mode":"managed","type":"aws_route_table_association","name":"default","index":"live_data-transit-gateway-eu-west-2b","provider_name":"registry.terraform.io/hashicorp/aws","change":{"actions":["no-op"],"before":{"gateway_id":null,"id":"rtbassoc-065605f213b7ca64c","route_table_id":"rtb-022a3e9c287fad096","subnet_id":"subnet-02498450dabc05d5d"},"after":{"gateway_id":null,"id":"rtbassoc-065605f213b7ca64c","route_table_id":"rtb-022a3e9c287fad096","subnet_id":"subnet-02498450dabc05d5d"},"after_unknown":{}}},{"address":"module.vpc[\"live_data\"].aws_route_table_association.default[\"live_data-transit-gateway-eu-west-2c\"]","module_address":"module.vpc[\"live_data\"]","mode":"managed","type":"aws_route_table_association","name":"default","index":"live_data-transit-gateway-eu-west-2c","provider_name":"registry.terraform.io/hashicorp/aws","change":{"actions":["no-op"],"before":{"gateway_id":null,"id":"rtbassoc-0a1f10dc399312360","route_table_id":"rtb-00b138087d73295df","subnet_id":"subnet-08db5b844d1abd53b"},"after":{"gateway_id":null,"id":"rtbassoc-0a1f10dc399312360","route_table_id":"rtb-00b138087d73295df","subnet_id":"subnet-08db5b844d1abd53b"},"after_unknown":{}}},{"address":"module.vpc[\"live_data\"].aws_subnet.subnets[\"live_data-data-eu-west-2a\"]","module_address":"module.vpc[\"live_data\"]","mode":"managed","type":"aws_subnet","name":"subnets","index":"live_data-data-eu-west-2a","provider_name":"registry.terraform.io/hashicorp/aws","change":{"actions":["no-op"],"before":{"arn":"arn:aws:ec2:eu-west-2:374269020027:subnet/subnet-0331d916aa70f185a","assign_ipv6_address_on_creation":false,"availability_zone":"eu-west-2a","availability_zone_id":"euw2-az2","cidr_block":"10.231.2.0/23","id":"subnet-0331d916aa70f185a","ipv6_cidr_block":"","ipv6_cidr_block_association_id":"","map_public_ip_on_launch":false,"outpost_arn":"","owner_id":"374269020027","tags":{"Name":"live_data-data-eu-west-2a","application":"Modernisation Platform: core-shared-services-production","business-unit":"Platforms","is-production":"true","owner":"Modernisation Platform: modernisation-platform@digital.justice.gov.uk"},"timeouts":null,"vpc_id":"vpc-0ffb471083903af2c"},"after":{"arn":"arn:aws:ec2:eu-west-2:374269020027:subnet/subnet-0331d916aa70f185a","assign_ipv6_address_on_creation":false,"availability_zone":"eu-west-2a","availability_zone_id":"euw2-az2","cidr_block":"10.231.2.0/23","id":"subnet-0331d916aa70f185a","ipv6_cidr_block":"","ipv6_cidr_block_association_id":"","map_public_ip_on_launch":false,"outpost_arn":"","owner_id":"374269020027","tags":{"Name":"live_data-data-eu-west-2a","application":"Modernisation Platform: core-shared-services-production","business-unit":"Platforms","is-production":"true","owner":"Modernisation Platform: modernisation-platform@digital.justice.gov.uk"},"timeouts":null,"vpc_id":"vpc-0ffb471083903af2c"},"after_unknown":{}}},{"address":"module.vpc[\"live_data\"].aws_subnet.subnets[\"live_data-data-eu-west-2b\"]","module_address":"module.vpc[\"live_data\"]","mode":"managed","type":"aws_subnet","name":"subnets","index":"live_data-data-eu-west-2b","provider_name":"registry.terraform.io/hashicorp/aws","change":{"actions":["no-op"],"before":{"arn":"arn:aws:ec2:eu-west-2:374269020027:subnet/subnet-07a790a1f3a6fc561","assign_ipv6_address_on_creation":false,"availability_zone":"eu-west-2b","availability_zone_id":"euw2-az3","cidr_block":"10.231.4.0/23","id":"subnet-07a790a1f3a6fc561","ipv6_cidr_block":"","ipv6_cidr_block_association_id":"","map_public_ip_on_launch":false,"outpost_arn":"","owner_id":"374269020027","tags":{"Name":"live_data-data-eu-west-2b","application":"Modernisation Platform: core-shared-services-production","business-unit":"Platforms","is-production":"true","owner":"Modernisation Platform: modernisation-platform@digital.justice.gov.uk"},"timeouts":null,"vpc_id":"vpc-0ffb471083903af2c"},"after":{"arn":"arn:aws:ec2:eu-west-2:374269020027:subnet/subnet-07a790a1f3a6fc561","assign_ipv6_address_on_creation":false,"availability_zone":"eu-west-2b","availability_zone_id":"euw2-az3","cidr_block":"10.231.4.0/23","id":"subnet-07a790a1f3a6fc561","ipv6_cidr_block":"","ipv6_cidr_block_association_id":"","map_public_ip_on_launch":false,"outpost_arn":"","owner_id":"374269020027","tags":{"Name":"live_data-data-eu-west-2b","application":"Modernisation Platform: core-shared-services-production","business-unit":"Platforms","is-production":"true","owner":"Modernisation Platform: modernisation-platform@digital.justice.gov.uk"},"timeouts":null,"vpc_id":"vpc-0ffb471083903af2c"},"after_unknown":{}}},{"address":"module.vpc[\"live_data\"].aws_subnet.subnets[\"live_data-data-eu-west-2c\"]","module_address":"module.vpc[\"live_data\"]","mode":"managed","type":"aws_subnet","name":"subnets","index":"live_data-data-eu-west-2c","provider_name":"registry.terraform.io/hashicorp/aws","change":{"actions":["no-op"],"before":{"arn":"arn:aws:ec2:eu-west-2:374269020027:subnet/subnet-0bfb5a0c8896863a6","assign_ipv6_address_on_creation":false,"availability_zone":"eu-west-2c","availability_zone_id":"euw2-az1","cidr_block":"10.231.6.0/23","id":"subnet-0bfb5a0c8896863a6","ipv6_cidr_block":"","ipv6_cidr_block_association_id":"","map_public_ip_on_launch":false,"outpost_arn":"","owner_id":"374269020027","tags":{"Name":"live_data-data-eu-west-2c","application":"Modernisation Platform: core-shared-services-production","business-unit":"Platforms","is-production":"true","owner":"Modernisation Platform: modernisation-platform@digital.justice.gov.uk"},"timeouts":null,"vpc_id":"vpc-0ffb471083903af2c"},"after":{"arn":"arn:aws:ec2:eu-west-2:374269020027:subnet/subnet-0bfb5a0c8896863a6","assign_ipv6_address_on_creation":false,"availability_zone":"eu-west-2c","availability_zone_id":"euw2-az1","cidr_block":"10.231.6.0/23","id":"subnet-0bfb5a0c8896863a6","ipv6_cidr_block":"","ipv6_cidr_block_association_id":"","map_public_ip_on_launch":false,"outpost_arn":"","owner_id":"374269020027","tags":{"Name":"live_data-data-eu-west-2c","application":"Modernisation Platform: core-shared-services-production","business-unit":"Platforms","is-production":"true","owner":"Modernisation Platform: modernisation-platform@digital.justice.gov.uk"},"timeouts":null,"vpc_id":"vpc-0ffb471083903af2c"},"after_unknown":{}}},{"address":"module.vpc[\"live_data\"].aws_subnet.subnets[\"live_data-private-eu-west-2a\"]","module_address":"module.vpc[\"live_data\"]","mode":"managed","type":"aws_subnet","name":"subnets","index":"live_data-private-eu-west-2a","provider_name":"registry.terraform.io/hashicorp/aws","change":{"actions":["no-op"],"before":{"arn":"arn:aws:ec2:eu-west-2:374269020027:subnet/subnet-021b369568218877f","assign_ipv6_address_on_creation":false,"availability_zone":"eu-west-2a","availability_zone_id":"euw2-az2","cidr_block":"10.231.8.0/23","id":"subnet-021b369568218877f","ipv6_cidr_block":"","ipv6_cidr_block_association_id":"","map_public_ip_on_launch":false,"outpost_arn":"","owner_id":"374269020027","tags":{"Name":"live_data-private-eu-west-2a","application":"Modernisation Platform: core-shared-services-production","business-unit":"Platforms","is-production":"true","owner":"Modernisation Platform: modernisation-platform@digital.justice.gov.uk"},"timeouts":null,"vpc_id":"vpc-0ffb471083903af2c"},"after":{"arn":"arn:aws:ec2:eu-west-2:374269020027:subnet/subnet-021b369568218877f","assign_ipv6_address_on_creation":false,"availability_zone":"eu-west-2a","availability_zone_id":"euw2-az2","cidr_block":"10.231.8.0/23","id":"subnet-021b369568218877f","ipv6_cidr_block":"","ipv6_cidr_block_association_id":"","map_public_ip_on_launch":false,"outpost_arn":"","owner_id":"374269020027","tags":{"Name":"live_data-private-eu-west-2a","application":"Modernisation Platform: core-shared-services-production","business-unit":"Platforms","is-production":"true","owner":"Modernisation Platform: modernisation-platform@digital.justice.gov.uk"},"timeouts":null,"vpc_id":"vpc-0ffb471083903af2c"},"after_unknown":{}}},{"address":"module.vpc[\"live_data\"].aws_subnet.subnets[\"live_data-private-eu-west-2b\"]","module_address":"module.vpc[\"live_data\"]","mode":"managed","type":"aws_subnet","name":"subnets","index":"live_data-private-eu-west-2b","provider_name":"registry.terraform.io/hashicorp/aws","change":{"actions":["no-op"],"before":{"arn":"arn:aws:ec2:eu-west-2:374269020027:subnet/subnet-0ca8a3d7efc826432","assign_ipv6_address_on_creation":false,"availability_zone":"eu-west-2b","availability_zone_id":"euw2-az3","cidr_block":"10.231.10.0/23","id":"subnet-0ca8a3d7efc826432","ipv6_cidr_block":"","ipv6_cidr_block_association_id":"","map_public_ip_on_launch":false,"outpost_arn":"","owner_id":"374269020027","tags":{"Name":"live_data-private-eu-west-2b","application":"Modernisation Platform: core-shared-services-production","business-unit":"Platforms","is-production":"true","owner":"Modernisation Platform: modernisation-platform@digital.justice.gov.uk"},"timeouts":null,"vpc_id":"vpc-0ffb471083903af2c"},"after":{"arn":"arn:aws:ec2:eu-west-2:374269020027:subnet/subnet-0ca8a3d7efc826432","assign_ipv6_address_on_creation":false,"availability_zone":"eu-west-2b","availability_zone_id":"euw2-az3","cidr_block":"10.231.10.0/23","id":"subnet-0ca8a3d7efc826432","ipv6_cidr_block":"","ipv6_cidr_block_association_id":"","map_public_ip_on_launch":false,"outpost_arn":"","owner_id":"374269020027","tags":{"Name":"live_data-private-eu-west-2b","application":"Modernisation Platform: core-shared-services-production","business-unit":"Platforms","is-production":"true","owner":"Modernisation Platform: modernisation-platform@digital.justice.gov.uk"},"timeouts":null,"vpc_id":"vpc-0ffb471083903af2c"},"after_unknown":{}}},{"address":"module.vpc[\"live_data\"].aws_subnet.subnets[\"live_data-private-eu-west-2c\"]","module_address":"module.vpc[\"live_data\"]","mode":"managed","type":"aws_subnet","name":"subnets","index":"live_data-private-eu-west-2c","provider_name":"registry.terraform.io/hashicorp/aws","change":{"actions":["no-op"],"before":{"arn":"arn:aws:ec2:eu-west-2:374269020027:subnet/subnet-0f1608ad5bb0e2d3b","assign_ipv6_address_on_creation":false,"availability_zone":"eu-west-2c","availability_zone_id":"euw2-az1","cidr_block":"10.231.12.0/23","id":"subnet-0f1608ad5bb0e2d3b","ipv6_cidr_block":"","ipv6_cidr_block_association_id":"","map_public_ip_on_launch":false,"outpost_arn":"","owner_id":"374269020027","tags":{"Name":"live_data-private-eu-west-2c","application":"Modernisation Platform: core-shared-services-production","business-unit":"Platforms","is-production":"true","owner":"Modernisation Platform: modernisation-platform@digital.justice.gov.uk"},"timeouts":null,"vpc_id":"vpc-0ffb471083903af2c"},"after":{"arn":"arn:aws:ec2:eu-west-2:374269020027:subnet/subnet-0f1608ad5bb0e2d3b","assign_ipv6_address_on_creation":false,"availability_zone":"eu-west-2c","availability_zone_id":"euw2-az1","cidr_block":"10.231.12.0/23","id":"subnet-0f1608ad5bb0e2d3b","ipv6_cidr_block":"","ipv6_cidr_block_association_id":"","map_public_ip_on_launch":false,"outpost_arn":"","owner_id":"374269020027","tags":{"Name":"live_data-private-eu-west-2c","application":"Modernisation Platform: core-shared-services-production","business-unit":"Platforms","is-production":"true","owner":"Modernisation Platform: modernisation-platform@digital.justice.gov.uk"},"timeouts":null,"vpc_id":"vpc-0ffb471083903af2c"},"after_unknown":{}}},{"address":"module.vpc[\"live_data\"].aws_subnet.subnets[\"live_data-public-eu-west-2a\"]","module_address":"module.vpc[\"live_data\"]","mode":"managed","type":"aws_subnet","name":"subnets","index":"live_data-public-eu-west-2a","provider_name":"registry.terraform.io/hashicorp/aws","change":{"actions":["no-op"],"before":{"arn":"arn:aws:ec2:eu-west-2:374269020027:subnet/subnet-07a2a8327a0ffe772","assign_ipv6_address_on_creation":false,"availability_zone":"eu-west-2a","availability_zone_id":"euw2-az2","cidr_block":"10.231.14.0/23","id":"subnet-07a2a8327a0ffe772","ipv6_cidr_block":"","ipv6_cidr_block_association_id":"","map_public_ip_on_launch":false,"outpost_arn":"","owner_id":"374269020027","tags":{"Name":"live_data-public-eu-west-2a","application":"Modernisation Platform: core-shared-services-production","business-unit":"Platforms","is-production":"true","owner":"Modernisation Platform: modernisation-platform@digital.justice.gov.uk"},"timeouts":null,"vpc_id":"vpc-0ffb471083903af2c"},"after":{"arn":"arn:aws:ec2:eu-west-2:374269020027:subnet/subnet-07a2a8327a0ffe772","assign_ipv6_address_on_creation":false,"availability_zone":"eu-west-2a","availability_zone_id":"euw2-az2","cidr_block":"10.231.14.0/23","id":"subnet-07a2a8327a0ffe772","ipv6_cidr_block":"","ipv6_cidr_block_association_id":"","map_public_ip_on_launch":false,"outpost_arn":"","owner_id":"374269020027","tags":{"Name":"live_data-public-eu-west-2a","application":"Modernisation Platform: core-shared-services-production","business-unit":"Platforms","is-production":"true","owner":"Modernisation Platform: modernisation-platform@digital.justice.gov.uk"},"timeouts":null,"vpc_id":"vpc-0ffb471083903af2c"},"after_unknown":{}}},{"address":"module.vpc[\"live_data\"].aws_subnet.subnets[\"live_data-public-eu-west-2b\"]","module_address":"module.vpc[\"live_data\"]","mode":"managed","type":"aws_subnet","name":"subnets","index":"live_data-public-eu-west-2b","provider_name":"registry.terraform.io/hashicorp/aws","change":{"actions":["no-op"],"before":{"arn":"arn:aws:ec2:eu-west-2:374269020027:subnet/subnet-0585943e12318df7b","assign_ipv6_address_on_creation":false,"availability_zone":"eu-west-2b","availability_zone_id":"euw2-az3","cidr_block":"10.231.16.0/23","id":"subnet-0585943e12318df7b","ipv6_cidr_block":"","ipv6_cidr_block_association_id":"","map_public_ip_on_launch":false,"outpost_arn":"","owner_id":"374269020027","tags":{"Name":"live_data-public-eu-west-2b","application":"Modernisation Platform: core-shared-services-production","business-unit":"Platforms","is-production":"true","owner":"Modernisation Platform: modernisation-platform@digital.justice.gov.uk"},"timeouts":null,"vpc_id":"vpc-0ffb471083903af2c"},"after":{"arn":"arn:aws:ec2:eu-west-2:374269020027:subnet/subnet-0585943e12318df7b","assign_ipv6_address_on_creation":false,"availability_zone":"eu-west-2b","availability_zone_id":"euw2-az3","cidr_block":"10.231.16.0/23","id":"subnet-0585943e12318df7b","ipv6_cidr_block":"","ipv6_cidr_block_association_id":"","map_public_ip_on_launch":false,"outpost_arn":"","owner_id":"374269020027","tags":{"Name":"live_data-public-eu-west-2b","application":"Modernisation Platform: core-shared-services-production","business-unit":"Platforms","is-production":"true","owner":"Modernisation Platform: modernisation-platform@digital.justice.gov.uk"},"timeouts":null,"vpc_id":"vpc-0ffb471083903af2c"},"after_unknown":{}}},{"address":"module.vpc[\"live_data\"].aws_subnet.subnets[\"live_data-public-eu-west-2c\"]","module_address":"module.vpc[\"live_data\"]","mode":"managed","type":"aws_subnet","name":"subnets","index":"live_data-public-eu-west-2c","provider_name":"registry.terraform.io/hashicorp/aws","change":{"actions":["no-op"],"before":{"arn":"arn:aws:ec2:eu-west-2:374269020027:subnet/subnet-00328c484e5712137","assign_ipv6_address_on_creation":false,"availability_zone":"eu-west-2c","availability_zone_id":"euw2-az1","cidr_block":"10.231.18.0/23","id":"subnet-00328c484e5712137","ipv6_cidr_block":"","ipv6_cidr_block_association_id":"","map_public_ip_on_launch":false,"outpost_arn":"","owner_id":"374269020027","tags":{"Name":"live_data-public-eu-west-2c","application":"Modernisation Platform: core-shared-services-production","business-unit":"Platforms","is-production":"true","owner":"Modernisation Platform: modernisation-platform@digital.justice.gov.uk"},"timeouts":null,"vpc_id":"vpc-0ffb471083903af2c"},"after":{"arn":"arn:aws:ec2:eu-west-2:374269020027:subnet/subnet-00328c484e5712137","assign_ipv6_address_on_creation":false,"availability_zone":"eu-west-2c","availability_zone_id":"euw2-az1","cidr_block":"10.231.18.0/23","id":"subnet-00328c484e5712137","ipv6_cidr_block":"","ipv6_cidr_block_association_id":"","map_public_ip_on_launch":false,"outpost_arn":"","owner_id":"374269020027","tags":{"Name":"live_data-public-eu-west-2c","application":"Modernisation Platform: core-shared-services-production","business-unit":"Platforms","is-production":"true","owner":"Modernisation Platform: modernisation-platform@digital.justice.gov.uk"},"timeouts":null,"vpc_id":"vpc-0ffb471083903af2c"},"after_unknown":{}}},{"address":"module.vpc[\"live_data\"].aws_subnet.subnets[\"live_data-transit-gateway-eu-west-2a\"]","module_address":"module.vpc[\"live_data\"]","mode":"managed","type":"aws_subnet","name":"subnets","index":"live_data-transit-gateway-eu-west-2a","provider_name":"registry.terraform.io/hashicorp/aws","change":{"actions":["no-op"],"before":{"arn":"arn:aws:ec2:eu-west-2:374269020027:subnet/subnet-093b2f28887fa3132","assign_ipv6_address_on_creation":false,"availability_zone":"eu-west-2a","availability_zone_id":"euw2-az2","cidr_block":"10.231.0.0/28","id":"subnet-093b2f28887fa3132","ipv6_cidr_block":"","ipv6_cidr_block_association_id":"","map_public_ip_on_launch":false,"outpost_arn":"","owner_id":"374269020027","tags":{"Name":"live_data-transit-gateway-eu-west-2a","application":"Modernisation Platform: core-shared-services-production","business-unit":"Platforms","is-production":"true","owner":"Modernisation Platform: modernisation-platform@digital.justice.gov.uk"},"timeouts":null,"vpc_id":"vpc-0ffb471083903af2c"},"after":{"arn":"arn:aws:ec2:eu-west-2:374269020027:subnet/subnet-093b2f28887fa3132","assign_ipv6_address_on_creation":false,"availability_zone":"eu-west-2a","availability_zone_id":"euw2-az2","cidr_block":"10.231.0.0/28","id":"subnet-093b2f28887fa3132","ipv6_cidr_block":"","ipv6_cidr_block_association_id":"","map_public_ip_on_launch":false,"outpost_arn":"","owner_id":"374269020027","tags":{"Name":"live_data-transit-gateway-eu-west-2a","application":"Modernisation Platform: core-shared-services-production","business-unit":"Platforms","is-production":"true","owner":"Modernisation Platform: modernisation-platform@digital.justice.gov.uk"},"timeouts":null,"vpc_id":"vpc-0ffb471083903af2c"},"after_unknown":{}}},{"address":"module.vpc[\"live_data\"].aws_subnet.subnets[\"live_data-transit-gateway-eu-west-2b\"]","module_address":"module.vpc[\"live_data\"]","mode":"managed","type":"aws_subnet","name":"subnets","index":"live_data-transit-gateway-eu-west-2b","provider_name":"registry.terraform.io/hashicorp/aws","change":{"actions":["no-op"],"before":{"arn":"arn:aws:ec2:eu-west-2:374269020027:subnet/subnet-02498450dabc05d5d","assign_ipv6_address_on_creation":false,"availability_zone":"eu-west-2b","availability_zone_id":"euw2-az3","cidr_block":"10.231.0.16/28","id":"subnet-02498450dabc05d5d","ipv6_cidr_block":"","ipv6_cidr_block_association_id":"","map_public_ip_on_launch":false,"outpost_arn":"","owner_id":"374269020027","tags":{"Name":"live_data-transit-gateway-eu-west-2b","application":"Modernisation Platform: core-shared-services-production","business-unit":"Platforms","is-production":"true","owner":"Modernisation Platform: modernisation-platform@digital.justice.gov.uk"},"timeouts":null,"vpc_id":"vpc-0ffb471083903af2c"},"after":{"arn":"arn:aws:ec2:eu-west-2:374269020027:subnet/subnet-02498450dabc05d5d","assign_ipv6_address_on_creation":false,"availability_zone":"eu-west-2b","availability_zone_id":"euw2-az3","cidr_block":"10.231.0.16/28","id":"subnet-02498450dabc05d5d","ipv6_cidr_block":"","ipv6_cidr_block_association_id":"","map_public_ip_on_launch":false,"outpost_arn":"","owner_id":"374269020027","tags":{"Name":"live_data-transit-gateway-eu-west-2b","application":"Modernisation Platform: core-shared-services-production","business-unit":"Platforms","is-production":"true","owner":"Modernisation Platform: modernisation-platform@digital.justice.gov.uk"},"timeouts":null,"vpc_id":"vpc-0ffb471083903af2c"},"after_unknown":{}}},{"address":"module.vpc[\"live_data\"].aws_subnet.subnets[\"live_data-transit-gateway-eu-west-2c\"]","module_address":"module.vpc[\"live_data\"]","mode":"managed","type":"aws_subnet","name":"subnets","index":"live_data-transit-gateway-eu-west-2c","provider_name":"registry.terraform.io/hashicorp/aws","change":{"actions":["no-op"],"before":{"arn":"arn:aws:ec2:eu-west-2:374269020027:subnet/subnet-08db5b844d1abd53b","assign_ipv6_address_on_creation":false,"availability_zone":"eu-west-2c","availability_zone_id":"euw2-az1","cidr_block":"10.231.0.32/28","id":"subnet-08db5b844d1abd53b","ipv6_cidr_block":"","ipv6_cidr_block_association_id":"","map_public_ip_on_launch":false,"outpost_arn":"","owner_id":"374269020027","tags":{"Name":"live_data-transit-gateway-eu-west-2c","application":"Modernisation Platform: core-shared-services-production","business-unit":"Platforms","is-production":"true","owner":"Modernisation Platform: modernisation-platform@digital.justice.gov.uk"},"timeouts":null,"vpc_id":"vpc-0ffb471083903af2c"},"after":{"arn":"arn:aws:ec2:eu-west-2:374269020027:subnet/subnet-08db5b844d1abd53b","assign_ipv6_address_on_creation":false,"availability_zone":"eu-west-2c","availability_zone_id":"euw2-az1","cidr_block":"10.231.0.32/28","id":"subnet-08db5b844d1abd53b","ipv6_cidr_block":"","ipv6_cidr_block_association_id":"","map_public_ip_on_launch":false,"outpost_arn":"","owner_id":"374269020027","tags":{"Name":"live_data-transit-gateway-eu-west-2c","application":"Modernisation Platform: core-shared-services-production","business-unit":"Platforms","is-production":"true","owner":"Modernisation Platform: modernisation-platform@digital.justice.gov.uk"},"timeouts":null,"vpc_id":"vpc-0ffb471083903af2c"},"after_unknown":{}}},{"address":"module.vpc[\"live_data\"].aws_vpc.vpc","module_address":"module.vpc[\"live_data\"]","mode":"managed","type":"aws_vpc","name":"vpc","provider_name":"registry.terraform.io/hashicorp/aws","change":{"actions":["no-op"],"before":{"arn":"arn:aws:ec2:eu-west-2:374269020027:vpc/vpc-0ffb471083903af2c","assign_generated_ipv6_cidr_block":false,"cidr_block":"10.231.0.0/19","default_network_acl_id":"acl-07f107b072913071a","default_route_table_id":"rtb-0d2ebadb2129a7502","default_security_group_id":"sg-09fb6b2f03b605a12","dhcp_options_id":"dopt-792a1f11","enable_classiclink":null,"enable_classiclink_dns_support":null,"enable_dns_hostnames":true,"enable_dns_support":true,"id":"vpc-0ffb471083903af2c","instance_tenancy":"default","ipv6_association_id":"","ipv6_cidr_block":"","main_route_table_id":"rtb-0d2ebadb2129a7502","owner_id":"374269020027","tags":{"Name":"live_data","application":"Modernisation Platform: core-shared-services-production","business-unit":"Platforms","is-production":"true","owner":"Modernisation Platform: modernisation-platform@digital.justice.gov.uk"}},"after":{"arn":"arn:aws:ec2:eu-west-2:374269020027:vpc/vpc-0ffb471083903af2c","assign_generated_ipv6_cidr_block":false,"cidr_block":"10.231.0.0/19","default_network_acl_id":"acl-07f107b072913071a","default_route_table_id":"rtb-0d2ebadb2129a7502","default_security_group_id":"sg-09fb6b2f03b605a12","dhcp_options_id":"dopt-792a1f11","enable_classiclink":null,"enable_classiclink_dns_support":null,"enable_dns_hostnames":true,"enable_dns_support":true,"id":"vpc-0ffb471083903af2c","instance_tenancy":"default","ipv6_association_id":"","ipv6_cidr_block":"","main_route_table_id":"rtb-0d2ebadb2129a7502","owner_id":"374269020027","tags":{"Name":"live_data","application":"Modernisation Platform: core-shared-services-production","business-unit":"Platforms","is-production":"true","owner":"Modernisation Platform: modernisation-platform@digital.justice.gov.uk"}},"after_unknown":{}}},{"address":"module.vpc[\"non_live_data\"].aws_cloudwatch_log_group.default","module_address":"module.vpc[\"non_live_data\"]","mode":"managed","type":"aws_cloudwatch_log_group","name":"default","provider_name":"registry.terraform.io/hashicorp/aws","change":{"actions":["no-op"],"before":{"arn":"arn:aws:logs:eu-west-2:374269020027:log-group:non_live_data-vpc-flow-logs","id":"non_live_data-vpc-flow-logs","kms_key_id":"","name":"non_live_data-vpc-flow-logs","name_prefix":null,"retention_in_days":0,"tags":{"application":"Modernisation Platform: core-shared-services-production","business-unit":"Platforms","is-production":"true","owner":"Modernisation Platform: modernisation-platform@digital.justice.gov.uk"}},"after":{"arn":"arn:aws:logs:eu-west-2:374269020027:log-group:non_live_data-vpc-flow-logs","id":"non_live_data-vpc-flow-logs","kms_key_id":"","name":"non_live_data-vpc-flow-logs","name_prefix":null,"retention_in_days":0,"tags":{"application":"Modernisation Platform: core-shared-services-production","business-unit":"Platforms","is-production":"true","owner":"Modernisation Platform: modernisation-platform@digital.justice.gov.uk"}},"after_unknown":{}}},{"address":"module.vpc[\"non_live_data\"].aws_flow_log.cloudwatch","module_address":"module.vpc[\"non_live_data\"]","mode":"managed","type":"aws_flow_log","name":"cloudwatch","provider_name":"registry.terraform.io/hashicorp/aws","change":{"actions":["no-op"],"before":{"arn":"arn:aws:ec2:eu-west-2:374269020027:vpc-flow-log/fl-09ec9af5b1d412e1a","eni_id":null,"iam_role_arn":"arn:aws:iam::374269020027:role/AWSVPCFlowLog","id":"fl-09ec9af5b1d412e1a","log_destination":"arn:aws:logs:eu-west-2:374269020027:log-group:non_live_data-vpc-flow-logs","log_destination_type":"cloud-watch-logs","log_format":"${version} ${account-id} ${interface-id} ${srcaddr} ${dstaddr} ${srcport} ${dstport} ${protocol} ${packets} ${bytes} ${start} ${end} ${action} ${log-status}","log_group_name":"non_live_data-vpc-flow-logs","max_aggregation_interval":60,"subnet_id":null,"tags":{"Name":"non_live_data-vpc-flow-logs","application":"Modernisation Platform: core-shared-services-production","business-unit":"Platforms","is-production":"true","owner":"Modernisation Platform: modernisation-platform@digital.justice.gov.uk"},"traffic_type":"ALL","vpc_id":"vpc-07dee930bc1278ad9"},"after":{"arn":"arn:aws:ec2:eu-west-2:374269020027:vpc-flow-log/fl-09ec9af5b1d412e1a","eni_id":null,"iam_role_arn":"arn:aws:iam::374269020027:role/AWSVPCFlowLog","id":"fl-09ec9af5b1d412e1a","log_destination":"arn:aws:logs:eu-west-2:374269020027:log-group:non_live_data-vpc-flow-logs","log_destination_type":"cloud-watch-logs","log_format":"${version} ${account-id} ${interface-id} ${srcaddr} ${dstaddr} ${srcport} ${dstport} ${protocol} ${packets} ${bytes} ${start} ${end} ${action} ${log-status}","log_group_name":"non_live_data-vpc-flow-logs","max_aggregation_interval":60,"subnet_id":null,"tags":{"Name":"non_live_data-vpc-flow-logs","application":"Modernisation Platform: core-shared-services-production","business-unit":"Platforms","is-production":"true","owner":"Modernisation Platform: modernisation-platform@digital.justice.gov.uk"},"traffic_type":"ALL","vpc_id":"vpc-07dee930bc1278ad9"},"after_unknown":{}}},{"address":"module.vpc[\"non_live_data\"].aws_internet_gateway.default","module_address":"module.vpc[\"non_live_data\"]","mode":"managed","type":"aws_internet_gateway","name":"default","provider_name":"registry.terraform.io/hashicorp/aws","change":{"actions":["no-op"],"before":{"arn":"arn:aws:ec2:eu-west-2:374269020027:internet-gateway/igw-04cac6f7d4e02f54a","id":"igw-04cac6f7d4e02f54a","owner_id":"374269020027","tags":{"Name":"non_live_data-internet-gateway","application":"Modernisation Platform: core-shared-services-production","business-unit":"Platforms","is-production":"true","owner":"Modernisation Platform: modernisation-platform@digital.justice.gov.uk"},"vpc_id":"vpc-07dee930bc1278ad9"},"after":{"arn":"arn:aws:ec2:eu-west-2:374269020027:internet-gateway/igw-04cac6f7d4e02f54a","id":"igw-04cac6f7d4e02f54a","owner_id":"374269020027","tags":{"Name":"non_live_data-internet-gateway","application":"Modernisation Platform: core-shared-services-production","business-unit":"Platforms","is-production":"true","owner":"Modernisation Platform: modernisation-platform@digital.justice.gov.uk"},"vpc_id":"vpc-07dee930bc1278ad9"},"after_unknown":{}}},{"address":"module.vpc[\"non_live_data\"].aws_network_acl.default[\"non_live_data-data\"]","module_address":"module.vpc[\"non_live_data\"]","mode":"managed","type":"aws_network_acl","name":"default","index":"non_live_data-data","provider_name":"registry.terraform.io/hashicorp/aws","change":{"actions":["no-op"],"before":{"arn":"arn:aws:ec2:eu-west-2:374269020027:network-acl/acl-0fbdb9d866dddad50","egress":[{"action":"allow","cidr_block":"0.0.0.0/0","from_port":0,"icmp_code":0,"icmp_type":0,"ipv6_cidr_block":"","protocol":"-1","rule_no":910,"to_port":0},{"action":"allow","cidr_block":"10.231.32.0/19","from_port":0,"icmp_code":0,"icmp_type":0,"ipv6_cidr_block":"","protocol":"-1","rule_no":210,"to_port":0}],"id":"acl-0fbdb9d866dddad50","ingress":[{"action":"allow","cidr_block":"0.0.0.0/0","from_port":0,"icmp_code":0,"icmp_type":0,"ipv6_cidr_block":"","protocol":"-1","rule_no":910,"to_port":0},{"action":"allow","cidr_block":"10.231.32.0/19","from_port":0,"icmp_code":0,"icmp_type":0,"ipv6_cidr_block":"","protocol":"-1","rule_no":210,"to_port":0}],"owner_id":"374269020027","subnet_ids":["subnet-03d6a32f14e1fa042","subnet-0d654260f4c0bc840","subnet-0e44af610fe218932"],"tags":{"Name":"non_live_data-data","application":"Modernisation Platform: core-shared-services-production","business-unit":"Platforms","is-production":"true","owner":"Modernisation Platform: modernisation-platform@digital.justice.gov.uk"},"vpc_id":"vpc-07dee930bc1278ad9"},"after":{"arn":"arn:aws:ec2:eu-west-2:374269020027:network-acl/acl-0fbdb9d866dddad50","egress":[{"action":"allow","cidr_block":"0.0.0.0/0","from_port":0,"icmp_code":0,"icmp_type":0,"ipv6_cidr_block":"","protocol":"-1","rule_no":910,"to_port":0},{"action":"allow","cidr_block":"10.231.32.0/19","from_port":0,"icmp_code":0,"icmp_type":0,"ipv6_cidr_block":"","protocol":"-1","rule_no":210,"to_port":0}],"id":"acl-0fbdb9d866dddad50","ingress":[{"action":"allow","cidr_block":"0.0.0.0/0","from_port":0,"icmp_code":0,"icmp_type":0,"ipv6_cidr_block":"","protocol":"-1","rule_no":910,"to_port":0},{"action":"allow","cidr_block":"10.231.32.0/19","from_port":0,"icmp_code":0,"icmp_type":0,"ipv6_cidr_block":"","protocol":"-1","rule_no":210,"to_port":0}],"owner_id":"374269020027","subnet_ids":["subnet-03d6a32f14e1fa042","subnet-0d654260f4c0bc840","subnet-0e44af610fe218932"],"tags":{"Name":"non_live_data-data","application":"Modernisation Platform: core-shared-services-production","business-unit":"Platforms","is-production":"true","owner":"Modernisation Platform: modernisation-platform@digital.justice.gov.uk"},"vpc_id":"vpc-07dee930bc1278ad9"},"after_unknown":{}}},{"address":"module.vpc[\"non_live_data\"].aws_network_acl.default[\"non_live_data-private\"]","module_address":"module.vpc[\"non_live_data\"]","mode":"managed","type":"aws_network_acl","name":"default","index":"non_live_data-private","provider_name":"registry.terraform.io/hashicorp/aws","change":{"actions":["no-op"],"before":{"arn":"arn:aws:ec2:eu-west-2:374269020027:network-acl/acl-0da22337c7c340096","egress":[{"action":"allow","cidr_block":"0.0.0.0/0","from_port":0,"icmp_code":0,"icmp_type":0,"ipv6_cidr_block":"","protocol":"-1","rule_no":910,"to_port":0},{"action":"allow","cidr_block":"10.231.32.0/19","from_port":0,"icmp_code":0,"icmp_type":0,"ipv6_cidr_block":"","protocol":"-1","rule_no":210,"to_port":0}],"id":"acl-0da22337c7c340096","ingress":[{"action":"allow","cidr_block":"0.0.0.0/0","from_port":0,"icmp_code":0,"icmp_type":0,"ipv6_cidr_block":"","protocol":"-1","rule_no":910,"to_port":0},{"action":"allow","cidr_block":"10.231.32.0/19","from_port":0,"icmp_code":0,"icmp_type":0,"ipv6_cidr_block":"","protocol":"-1","rule_no":210,"to_port":0}],"owner_id":"374269020027","subnet_ids":["subnet-0131c23787a549dee","subnet-04b83cf5e53ce3eb5","subnet-0dfff3dece6b1a635"],"tags":{"Name":"non_live_data-private","application":"Modernisation Platform: core-shared-services-production","business-unit":"Platforms","is-production":"true","owner":"Modernisation Platform: modernisation-platform@digital.justice.gov.uk"},"vpc_id":"vpc-07dee930bc1278ad9"},"after":{"arn":"arn:aws:ec2:eu-west-2:374269020027:network-acl/acl-0da22337c7c340096","egress":[{"action":"allow","cidr_block":"0.0.0.0/0","from_port":0,"icmp_code":0,"icmp_type":0,"ipv6_cidr_block":"","protocol":"-1","rule_no":910,"to_port":0},{"action":"allow","cidr_block":"10.231.32.0/19","from_port":0,"icmp_code":0,"icmp_type":0,"ipv6_cidr_block":"","protocol":"-1","rule_no":210,"to_port":0}],"id":"acl-0da22337c7c340096","ingress":[{"action":"allow","cidr_block":"0.0.0.0/0","from_port":0,"icmp_code":0,"icmp_type":0,"ipv6_cidr_block":"","protocol":"-1","rule_no":910,"to_port":0},{"action":"allow","cidr_block":"10.231.32.0/19","from_port":0,"icmp_code":0,"icmp_type":0,"ipv6_cidr_block":"","protocol":"-1","rule_no":210,"to_port":0}],"owner_id":"374269020027","subnet_ids":["subnet-0131c23787a549dee","subnet-04b83cf5e53ce3eb5","subnet-0dfff3dece6b1a635"],"tags":{"Name":"non_live_data-private","application":"Modernisation Platform: core-shared-services-production","business-unit":"Platforms","is-production":"true","owner":"Modernisation Platform: modernisation-platform@digital.justice.gov.uk"},"vpc_id":"vpc-07dee930bc1278ad9"},"after_unknown":{}}},{"address":"module.vpc[\"non_live_data\"].aws_network_acl.default[\"non_live_data-public\"]","module_address":"module.vpc[\"non_live_data\"]","mode":"managed","type":"aws_network_acl","name":"default","index":"non_live_data-public","provider_name":"registry.terraform.io/hashicorp/aws","change":{"actions":["no-op"],"before":{"arn":"arn:aws:ec2:eu-west-2:374269020027:network-acl/acl-02f38af82d297a432","egress":[{"action":"allow","cidr_block":"0.0.0.0/0","from_port":0,"icmp_code":0,"icmp_type":0,"ipv6_cidr_block":"","protocol":"-1","rule_no":910,"to_port":0},{"action":"allow","cidr_block":"10.231.32.0/19","from_port":0,"icmp_code":0,"icmp_type":0,"ipv6_cidr_block":"","protocol":"-1","rule_no":210,"to_port":0}],"id":"acl-02f38af82d297a432","ingress":[{"action":"allow","cidr_block":"0.0.0.0/0","from_port":0,"icmp_code":0,"icmp_type":0,"ipv6_cidr_block":"","protocol":"-1","rule_no":910,"to_port":0},{"action":"allow","cidr_block":"10.231.32.0/19","from_port":0,"icmp_code":0,"icmp_type":0,"ipv6_cidr_block":"","protocol":"-1","rule_no":210,"to_port":0}],"owner_id":"374269020027","subnet_ids":["subnet-00654b600de01ce96","subnet-04254823a5dc2543b","subnet-0be67154b8b8df944"],"tags":{"Name":"non_live_data-public","application":"Modernisation Platform: core-shared-services-production","business-unit":"Platforms","is-production":"true","owner":"Modernisation Platform: modernisation-platform@digital.justice.gov.uk"},"vpc_id":"vpc-07dee930bc1278ad9"},"after":{"arn":"arn:aws:ec2:eu-west-2:374269020027:network-acl/acl-02f38af82d297a432","egress":[{"action":"allow","cidr_block":"0.0.0.0/0","from_port":0,"icmp_code":0,"icmp_type":0,"ipv6_cidr_block":"","protocol":"-1","rule_no":910,"to_port":0},{"action":"allow","cidr_block":"10.231.32.0/19","from_port":0,"icmp_code":0,"icmp_type":0,"ipv6_cidr_block":"","protocol":"-1","rule_no":210,"to_port":0}],"id":"acl-02f38af82d297a432","ingress":[{"action":"allow","cidr_block":"0.0.0.0/0","from_port":0,"icmp_code":0,"icmp_type":0,"ipv6_cidr_block":"","protocol":"-1","rule_no":910,"to_port":0},{"action":"allow","cidr_block":"10.231.32.0/19","from_port":0,"icmp_code":0,"icmp_type":0,"ipv6_cidr_block":"","protocol":"-1","rule_no":210,"to_port":0}],"owner_id":"374269020027","subnet_ids":["subnet-00654b600de01ce96","subnet-04254823a5dc2543b","subnet-0be67154b8b8df944"],"tags":{"Name":"non_live_data-public","application":"Modernisation Platform: core-shared-services-production","business-unit":"Platforms","is-production":"true","owner":"Modernisation Platform: modernisation-platform@digital.justice.gov.uk"},"vpc_id":"vpc-07dee930bc1278ad9"},"after_unknown":{}}},{"address":"module.vpc[\"non_live_data\"].aws_network_acl.default[\"non_live_data-transit-gateway\"]","module_address":"module.vpc[\"non_live_data\"]","mode":"managed","type":"aws_network_acl","name":"default","index":"non_live_data-transit-gateway","provider_name":"registry.terraform.io/hashicorp/aws","change":{"actions":["no-op"],"before":{"arn":"arn:aws:ec2:eu-west-2:374269020027:network-acl/acl-049dc523a2bb7f52d","egress":[{"action":"allow","cidr_block":"0.0.0.0/0","from_port":0,"icmp_code":0,"icmp_type":0,"ipv6_cidr_block":"","protocol":"-1","rule_no":910,"to_port":0},{"action":"allow","cidr_block":"10.231.32.0/19","from_port":0,"icmp_code":0,"icmp_type":0,"ipv6_cidr_block":"","protocol":"-1","rule_no":210,"to_port":0}],"id":"acl-049dc523a2bb7f52d","ingress":[{"action":"allow","cidr_block":"0.0.0.0/0","from_port":0,"icmp_code":0,"icmp_type":0,"ipv6_cidr_block":"","protocol":"-1","rule_no":910,"to_port":0},{"action":"allow","cidr_block":"10.231.32.0/19","from_port":0,"icmp_code":0,"icmp_type":0,"ipv6_cidr_block":"","protocol":"-1","rule_no":210,"to_port":0}],"owner_id":"374269020027","subnet_ids":["subnet-05b9d2bf7dd47929f","subnet-05fa30ef9e4c3bf67","subnet-0d1463906a59838c7"],"tags":{"Name":"non_live_data-transit-gateway","application":"Modernisation Platform: core-shared-services-production","business-unit":"Platforms","is-production":"true","owner":"Modernisation Platform: modernisation-platform@digital.justice.gov.uk"},"vpc_id":"vpc-07dee930bc1278ad9"},"after":{"arn":"arn:aws:ec2:eu-west-2:374269020027:network-acl/acl-049dc523a2bb7f52d","egress":[{"action":"allow","cidr_block":"0.0.0.0/0","from_port":0,"icmp_code":0,"icmp_type":0,"ipv6_cidr_block":"","protocol":"-1","rule_no":910,"to_port":0},{"action":"allow","cidr_block":"10.231.32.0/19","from_port":0,"icmp_code":0,"icmp_type":0,"ipv6_cidr_block":"","protocol":"-1","rule_no":210,"to_port":0}],"id":"acl-049dc523a2bb7f52d","ingress":[{"action":"allow","cidr_block":"0.0.0.0/0","from_port":0,"icmp_code":0,"icmp_type":0,"ipv6_cidr_block":"","protocol":"-1","rule_no":910,"to_port":0},{"action":"allow","cidr_block":"10.231.32.0/19","from_port":0,"icmp_code":0,"icmp_type":0,"ipv6_cidr_block":"","protocol":"-1","rule_no":210,"to_port":0}],"owner_id":"374269020027","subnet_ids":["subnet-05b9d2bf7dd47929f","subnet-05fa30ef9e4c3bf67","subnet-0d1463906a59838c7"],"tags":{"Name":"non_live_data-transit-gateway","application":"Modernisation Platform: core-shared-services-production","business-unit":"Platforms","is-production":"true","owner":"Modernisation Platform: modernisation-platform@digital.justice.gov.uk"},"vpc_id":"vpc-07dee930bc1278ad9"},"after_unknown":{}}},{"address":"module.vpc[\"non_live_data\"].aws_network_acl_rule.allow_local_network_egress[\"non_live_data-data\"]","module_address":"module.vpc[\"non_live_data\"]","mode":"managed","type":"aws_network_acl_rule","name":"allow_local_network_egress","index":"non_live_data-data","provider_name":"registry.terraform.io/hashicorp/aws","change":{"actions":["no-op"],"before":{"cidr_block":"10.231.32.0/19","egress":true,"from_port":null,"icmp_code":null,"icmp_type":null,"id":"nacl-3050573376","ipv6_cidr_block":"","network_acl_id":"acl-0fbdb9d866dddad50","protocol":"all","rule_action":"allow","rule_number":210,"to_port":null},"after":{"cidr_block":"10.231.32.0/19","egress":true,"from_port":null,"icmp_code":null,"icmp_type":null,"id":"nacl-3050573376","ipv6_cidr_block":"","network_acl_id":"acl-0fbdb9d866dddad50","protocol":"all","rule_action":"allow","rule_number":210,"to_port":null},"after_unknown":{}}},{"address":"module.vpc[\"non_live_data\"].aws_network_acl_rule.allow_local_network_egress[\"non_live_data-private\"]","module_address":"module.vpc[\"non_live_data\"]","mode":"managed","type":"aws_network_acl_rule","name":"allow_local_network_egress","index":"non_live_data-private","provider_name":"registry.terraform.io/hashicorp/aws","change":{"actions":["no-op"],"before":{"cidr_block":"10.231.32.0/19","egress":true,"from_port":null,"icmp_code":null,"icmp_type":null,"id":"nacl-1205574735","ipv6_cidr_block":"","network_acl_id":"acl-0da22337c7c340096","protocol":"all","rule_action":"allow","rule_number":210,"to_port":null},"after":{"cidr_block":"10.231.32.0/19","egress":true,"from_port":null,"icmp_code":null,"icmp_type":null,"id":"nacl-1205574735","ipv6_cidr_block":"","network_acl_id":"acl-0da22337c7c340096","protocol":"all","rule_action":"allow","rule_number":210,"to_port":null},"after_unknown":{}}},{"address":"module.vpc[\"non_live_data\"].aws_network_acl_rule.allow_local_network_egress[\"non_live_data-public\"]","module_address":"module.vpc[\"non_live_data\"]","mode":"managed","type":"aws_network_acl_rule","name":"allow_local_network_egress","index":"non_live_data-public","provider_name":"registry.terraform.io/hashicorp/aws","change":{"actions":["no-op"],"before":{"cidr_block":"10.231.32.0/19","egress":true,"from_port":null,"icmp_code":null,"icmp_type":null,"id":"nacl-1217323500","ipv6_cidr_block":"","network_acl_id":"acl-02f38af82d297a432","protocol":"all","rule_action":"allow","rule_number":210,"to_port":null},"after":{"cidr_block":"10.231.32.0/19","egress":true,"from_port":null,"icmp_code":null,"icmp_type":null,"id":"nacl-1217323500","ipv6_cidr_block":"","network_acl_id":"acl-02f38af82d297a432","protocol":"all","rule_action":"allow","rule_number":210,"to_port":null},"after_unknown":{}}},{"address":"module.vpc[\"non_live_data\"].aws_network_acl_rule.allow_local_network_egress[\"non_live_data-transit-gateway\"]","module_address":"module.vpc[\"non_live_data\"]","mode":"managed","type":"aws_network_acl_rule","name":"allow_local_network_egress","index":"non_live_data-transit-gateway","provider_name":"registry.terraform.io/hashicorp/aws","change":{"actions":["no-op"],"before":{"cidr_block":"10.231.32.0/19","egress":true,"from_port":null,"icmp_code":null,"icmp_type":null,"id":"nacl-3309698590","ipv6_cidr_block":"","network_acl_id":"acl-049dc523a2bb7f52d","protocol":"all","rule_action":"allow","rule_number":210,"to_port":null},"after":{"cidr_block":"10.231.32.0/19","egress":true,"from_port":null,"icmp_code":null,"icmp_type":null,"id":"nacl-3309698590","ipv6_cidr_block":"","network_acl_id":"acl-049dc523a2bb7f52d","protocol":"all","rule_action":"allow","rule_number":210,"to_port":null},"after_unknown":{}}},{"address":"module.vpc[\"non_live_data\"].aws_network_acl_rule.allow_local_network_ingress[\"non_live_data-data\"]","module_address":"module.vpc[\"non_live_data\"]","mode":"managed","type":"aws_network_acl_rule","name":"allow_local_network_ingress","index":"non_live_data-data","provider_name":"registry.terraform.io/hashicorp/aws","change":{"actions":["no-op"],"before":{"cidr_block":"10.231.32.0/19","egress":false,"from_port":null,"icmp_code":null,"icmp_type":null,"id":"nacl-766989827","ipv6_cidr_block":"","network_acl_id":"acl-0fbdb9d866dddad50","protocol":"all","rule_action":"allow","rule_number":210,"to_port":null},"after":{"cidr_block":"10.231.32.0/19","egress":false,"from_port":null,"icmp_code":null,"icmp_type":null,"id":"nacl-766989827","ipv6_cidr_block":"","network_acl_id":"acl-0fbdb9d866dddad50","protocol":"all","rule_action":"allow","rule_number":210,"to_port":null},"after_unknown":{}}},{"address":"module.vpc[\"non_live_data\"].aws_network_acl_rule.allow_local_network_ingress[\"non_live_data-private\"]","module_address":"module.vpc[\"non_live_data\"]","mode":"managed","type":"aws_network_acl_rule","name":"allow_local_network_ingress","index":"non_live_data-private","provider_name":"registry.terraform.io/hashicorp/aws","change":{"actions":["no-op"],"before":{"cidr_block":"10.231.32.0/19","egress":false,"from_port":null,"icmp_code":null,"icmp_type":null,"id":"nacl-3187295232","ipv6_cidr_block":"","network_acl_id":"acl-0da22337c7c340096","protocol":"all","rule_action":"allow","rule_number":210,"to_port":null},"after":{"cidr_block":"10.231.32.0/19","egress":false,"from_port":null,"icmp_code":null,"icmp_type":null,"id":"nacl-3187295232","ipv6_cidr_block":"","network_acl_id":"acl-0da22337c7c340096","protocol":"all","rule_action":"allow","rule_number":210,"to_port":null},"after_unknown":{}}},{"address":"module.vpc[\"non_live_data\"].aws_network_acl_rule.allow_local_network_ingress[\"non_live_data-public\"]","module_address":"module.vpc[\"non_live_data\"]","mode":"managed","type":"aws_network_acl_rule","name":"allow_local_network_ingress","index":"non_live_data-public","provider_name":"registry.terraform.io/hashicorp/aws","change":{"actions":["no-op"],"before":{"cidr_block":"10.231.32.0/19","egress":false,"from_port":null,"icmp_code":null,"icmp_type":null,"id":"nacl-4062896943","ipv6_cidr_block":"","network_acl_id":"acl-02f38af82d297a432","protocol":"all","rule_action":"allow","rule_number":210,"to_port":null},"after":{"cidr_block":"10.231.32.0/19","egress":false,"from_port":null,"icmp_code":null,"icmp_type":null,"id":"nacl-4062896943","ipv6_cidr_block":"","network_acl_id":"acl-02f38af82d297a432","protocol":"all","rule_action":"allow","rule_number":210,"to_port":null},"after_unknown":{}}},{"address":"module.vpc[\"non_live_data\"].aws_network_acl_rule.allow_local_network_ingress[\"non_live_data-transit-gateway\"]","module_address":"module.vpc[\"non_live_data\"]","mode":"managed","type":"aws_network_acl_rule","name":"allow_local_network_ingress","index":"non_live_data-transit-gateway","provider_name":"registry.terraform.io/hashicorp/aws","change":{"actions":["no-op"],"before":{"cidr_block":"10.231.32.0/19","egress":false,"from_port":null,"icmp_code":null,"icmp_type":null,"id":"nacl-2702490368","ipv6_cidr_block":"","network_acl_id":"acl-049dc523a2bb7f52d","protocol":"all","rule_action":"allow","rule_number":210,"to_port":null},"after":{"cidr_block":"10.231.32.0/19","egress":false,"from_port":null,"icmp_code":null,"icmp_type":null,"id":"nacl-2702490368","ipv6_cidr_block":"","network_acl_id":"acl-049dc523a2bb7f52d","protocol":"all","rule_action":"allow","rule_number":210,"to_port":null},"after_unknown":{}}},{"address":"module.vpc[\"non_live_data\"].aws_network_acl_rule.apply_network_map_rules[\"non_live_data-data-0.0.0.0/0-false-allow--1-0-0-910\"]","module_address":"module.vpc[\"non_live_data\"]","mode":"managed","type":"aws_network_acl_rule","name":"apply_network_map_rules","index":"non_live_data-data-0.0.0.0/0-false-allow--1-0-0-910","provider_name":"registry.terraform.io/hashicorp/aws","change":{"actions":["no-op"],"before":{"cidr_block":"0.0.0.0/0","egress":false,"from_port":0,"icmp_code":null,"icmp_type":null,"id":"nacl-3397314976","ipv6_cidr_block":"","network_acl_id":"acl-0fbdb9d866dddad50","protocol":"all","rule_action":"allow","rule_number":910,"to_port":0},"after":{"cidr_block":"0.0.0.0/0","egress":false,"from_port":0,"icmp_code":null,"icmp_type":null,"id":"nacl-3397314976","ipv6_cidr_block":"","network_acl_id":"acl-0fbdb9d866dddad50","protocol":"all","rule_action":"allow","rule_number":910,"to_port":0},"after_unknown":{}}},{"address":"module.vpc[\"non_live_data\"].aws_network_acl_rule.apply_network_map_rules[\"non_live_data-data-0.0.0.0/0-true-allow--1-0-0-910\"]","module_address":"module.vpc[\"non_live_data\"]","mode":"managed","type":"aws_network_acl_rule","name":"apply_network_map_rules","index":"non_live_data-data-0.0.0.0/0-true-allow--1-0-0-910","provider_name":"registry.terraform.io/hashicorp/aws","change":{"actions":["no-op"],"before":{"cidr_block":"0.0.0.0/0","egress":true,"from_port":0,"icmp_code":null,"icmp_type":null,"id":"nacl-3292965454","ipv6_cidr_block":"","network_acl_id":"acl-0fbdb9d866dddad50","protocol":"all","rule_action":"allow","rule_number":910,"to_port":0},"after":{"cidr_block":"0.0.0.0/0","egress":true,"from_port":0,"icmp_code":null,"icmp_type":null,"id":"nacl-3292965454","ipv6_cidr_block":"","network_acl_id":"acl-0fbdb9d866dddad50","protocol":"all","rule_action":"allow","rule_number":910,"to_port":0},"after_unknown":{}}},{"address":"module.vpc[\"non_live_data\"].aws_network_acl_rule.apply_network_map_rules[\"non_live_data-private-0.0.0.0/0-false-allow--1-0-0-910\"]","module_address":"module.vpc[\"non_live_data\"]","mode":"managed","type":"aws_network_acl_rule","name":"apply_network_map_rules","index":"non_live_data-private-0.0.0.0/0-false-allow--1-0-0-910","provider_name":"registry.terraform.io/hashicorp/aws","change":{"actions":["no-op"],"before":{"cidr_block":"0.0.0.0/0","egress":false,"from_port":0,"icmp_code":null,"icmp_type":null,"id":"nacl-1513356195","ipv6_cidr_block":"","network_acl_id":"acl-0da22337c7c340096","protocol":"all","rule_action":"allow","rule_number":910,"to_port":0},"after":{"cidr_block":"0.0.0.0/0","egress":false,"from_port":0,"icmp_code":null,"icmp_type":null,"id":"nacl-1513356195","ipv6_cidr_block":"","network_acl_id":"acl-0da22337c7c340096","protocol":"all","rule_action":"allow","rule_number":910,"to_port":0},"after_unknown":{}}},{"address":"module.vpc[\"non_live_data\"].aws_network_acl_rule.apply_network_map_rules[\"non_live_data-private-0.0.0.0/0-true-allow--1-0-0-910\"]","module_address":"module.vpc[\"non_live_data\"]","mode":"managed","type":"aws_network_acl_rule","name":"apply_network_map_rules","index":"non_live_data-private-0.0.0.0/0-true-allow--1-0-0-910","provider_name":"registry.terraform.io/hashicorp/aws","change":{"actions":["no-op"],"before":{"cidr_block":"0.0.0.0/0","egress":true,"from_port":0,"icmp_code":null,"icmp_type":null,"id":"nacl-910768193","ipv6_cidr_block":"","network_acl_id":"acl-0da22337c7c340096","protocol":"all","rule_action":"allow","rule_number":910,"to_port":0},"after":{"cidr_block":"0.0.0.0/0","egress":true,"from_port":0,"icmp_code":null,"icmp_type":null,"id":"nacl-910768193","ipv6_cidr_block":"","network_acl_id":"acl-0da22337c7c340096","protocol":"all","rule_action":"allow","rule_number":910,"to_port":0},"after_unknown":{}}},{"address":"module.vpc[\"non_live_data\"].aws_network_acl_rule.apply_network_map_rules[\"non_live_data-public-0.0.0.0/0-false-allow--1-0-0-910\"]","module_address":"module.vpc[\"non_live_data\"]","mode":"managed","type":"aws_network_acl_rule","name":"apply_network_map_rules","index":"non_live_data-public-0.0.0.0/0-false-allow--1-0-0-910","provider_name":"registry.terraform.io/hashicorp/aws","change":{"actions":["no-op"],"before":{"cidr_block":"0.0.0.0/0","egress":false,"from_port":0,"icmp_code":null,"icmp_type":null,"id":"nacl-367221900","ipv6_cidr_block":"","network_acl_id":"acl-02f38af82d297a432","protocol":"all","rule_action":"allow","rule_number":910,"to_port":0},"after":{"cidr_block":"0.0.0.0/0","egress":false,"from_port":0,"icmp_code":null,"icmp_type":null,"id":"nacl-367221900","ipv6_cidr_block":"","network_acl_id":"acl-02f38af82d297a432","protocol":"all","rule_action":"allow","rule_number":910,"to_port":0},"after_unknown":{}}},{"address":"module.vpc[\"non_live_data\"].aws_network_acl_rule.apply_network_map_rules[\"non_live_data-public-0.0.0.0/0-true-allow--1-0-0-910\"]","module_address":"module.vpc[\"non_live_data\"]","mode":"managed","type":"aws_network_acl_rule","name":"apply_network_map_rules","index":"non_live_data-public-0.0.0.0/0-true-allow--1-0-0-910","provider_name":"registry.terraform.io/hashicorp/aws","change":{"actions":["no-op"],"before":{"cidr_block":"0.0.0.0/0","egress":true,"from_port":0,"icmp_code":null,"icmp_type":null,"id":"nacl-958154210","ipv6_cidr_block":"","network_acl_id":"acl-02f38af82d297a432","protocol":"all","rule_action":"allow","rule_number":910,"to_port":0},"after":{"cidr_block":"0.0.0.0/0","egress":true,"from_port":0,"icmp_code":null,"icmp_type":null,"id":"nacl-958154210","ipv6_cidr_block":"","network_acl_id":"acl-02f38af82d297a432","protocol":"all","rule_action":"allow","rule_number":910,"to_port":0},"after_unknown":{}}},{"address":"module.vpc[\"non_live_data\"].aws_network_acl_rule.apply_network_map_rules[\"non_live_data-transit-gateway-0.0.0.0/0-false-allow--1-0-0-910\"]","module_address":"module.vpc[\"non_live_data\"]","mode":"managed","type":"aws_network_acl_rule","name":"apply_network_map_rules","index":"non_live_data-transit-gateway-0.0.0.0/0-false-allow--1-0-0-910","provider_name":"registry.terraform.io/hashicorp/aws","change":{"actions":["no-op"],"before":{"cidr_block":"0.0.0.0/0","egress":false,"from_port":0,"icmp_code":null,"icmp_type":null,"id":"nacl-1188889763","ipv6_cidr_block":"","network_acl_id":"acl-049dc523a2bb7f52d","protocol":"all","rule_action":"allow","rule_number":910,"to_port":0},"after":{"cidr_block":"0.0.0.0/0","egress":false,"from_port":0,"icmp_code":null,"icmp_type":null,"id":"nacl-1188889763","ipv6_cidr_block":"","network_acl_id":"acl-049dc523a2bb7f52d","protocol":"all","rule_action":"allow","rule_number":910,"to_port":0},"after_unknown":{}}},{"address":"module.vpc[\"non_live_data\"].aws_network_acl_rule.apply_network_map_rules[\"non_live_data-transit-gateway-0.0.0.0/0-true-allow--1-0-0-910\"]","module_address":"module.vpc[\"non_live_data\"]","mode":"managed","type":"aws_network_acl_rule","name":"apply_network_map_rules","index":"non_live_data-transit-gateway-0.0.0.0/0-true-allow--1-0-0-910","provider_name":"registry.terraform.io/hashicorp/aws","change":{"actions":["no-op"],"before":{"cidr_block":"0.0.0.0/0","egress":true,"from_port":0,"icmp_code":null,"icmp_type":null,"id":"nacl-3034012176","ipv6_cidr_block":"","network_acl_id":"acl-049dc523a2bb7f52d","protocol":"all","rule_action":"allow","rule_number":910,"to_port":0},"after":{"cidr_block":"0.0.0.0/0","egress":true,"from_port":0,"icmp_code":null,"icmp_type":null,"id":"nacl-3034012176","ipv6_cidr_block":"","network_acl_id":"acl-049dc523a2bb7f52d","protocol":"all","rule_action":"allow","rule_number":910,"to_port":0},"after_unknown":{}}},{"address":"module.vpc[\"non_live_data\"].aws_route.public_internet_gateway","module_address":"module.vpc[\"non_live_data\"]","mode":"managed","type":"aws_route","name":"public_internet_gateway","provider_name":"registry.terraform.io/hashicorp/aws","change":{"actions":["no-op"],"before":{"destination_cidr_block":"0.0.0.0/0","destination_ipv6_cidr_block":"","destination_prefix_list_id":"","egress_only_gateway_id":"","gateway_id":"igw-04cac6f7d4e02f54a","id":"r-rtb-085ab8f11f09f068d1080289494","instance_id":"","instance_owner_id":"","local_gateway_id":"","nat_gateway_id":"","network_interface_id":"","origin":"CreateRoute","route_table_id":"rtb-085ab8f11f09f068d","state":"active","timeouts":null,"transit_gateway_id":"","vpc_endpoint_id":null,"vpc_peering_connection_id":""},"after":{"destination_cidr_block":"0.0.0.0/0","destination_ipv6_cidr_block":"","destination_prefix_list_id":"","egress_only_gateway_id":"","gateway_id":"igw-04cac6f7d4e02f54a","id":"r-rtb-085ab8f11f09f068d1080289494","instance_id":"","instance_owner_id":"","local_gateway_id":"","nat_gateway_id":"","network_interface_id":"","origin":"CreateRoute","route_table_id":"rtb-085ab8f11f09f068d","state":"active","timeouts":null,"transit_gateway_id":"","vpc_endpoint_id":null,"vpc_peering_connection_id":""},"after_unknown":{}}},{"address":"module.vpc[\"non_live_data\"].aws_route_table.private[\"non_live_data-data-eu-west-2a\"]","module_address":"module.vpc[\"non_live_data\"]","mode":"managed","type":"aws_route_table","name":"private","index":"non_live_data-data-eu-west-2a","provider_name":"registry.terraform.io/hashicorp/aws","change":{"actions":["no-op"],"before":{"id":"rtb-0fcb93af147ca30f9","owner_id":"374269020027","propagating_vgws":[],"route":[{"cidr_block":"0.0.0.0/0","egress_only_gateway_id":"","gateway_id":"","instance_id":"","ipv6_cidr_block":"","local_gateway_id":"","nat_gateway_id":"","network_interface_id":"","transit_gateway_id":"tgw-053d9dd7f1222a554","vpc_endpoint_id":"","vpc_peering_connection_id":""}],"tags":{"Name":"non_live_data-data-eu-west-2a","application":"Modernisation Platform: core-shared-services-production","business-unit":"Platforms","is-production":"true","owner":"Modernisation Platform: modernisation-platform@digital.justice.gov.uk"},"vpc_id":"vpc-07dee930bc1278ad9"},"after":{"id":"rtb-0fcb93af147ca30f9","owner_id":"374269020027","propagating_vgws":[],"route":[{"cidr_block":"0.0.0.0/0","egress_only_gateway_id":"","gateway_id":"","instance_id":"","ipv6_cidr_block":"","local_gateway_id":"","nat_gateway_id":"","network_interface_id":"","transit_gateway_id":"tgw-053d9dd7f1222a554","vpc_endpoint_id":"","vpc_peering_connection_id":""}],"tags":{"Name":"non_live_data-data-eu-west-2a","application":"Modernisation Platform: core-shared-services-production","business-unit":"Platforms","is-production":"true","owner":"Modernisation Platform: modernisation-platform@digital.justice.gov.uk"},"vpc_id":"vpc-07dee930bc1278ad9"},"after_unknown":{}}},{"address":"module.vpc[\"non_live_data\"].aws_route_table.private[\"non_live_data-data-eu-west-2b\"]","module_address":"module.vpc[\"non_live_data\"]","mode":"managed","type":"aws_route_table","name":"private","index":"non_live_data-data-eu-west-2b","provider_name":"registry.terraform.io/hashicorp/aws","change":{"actions":["no-op"],"before":{"id":"rtb-0d54518036513d57f","owner_id":"374269020027","propagating_vgws":[],"route":[{"cidr_block":"0.0.0.0/0","egress_only_gateway_id":"","gateway_id":"","instance_id":"","ipv6_cidr_block":"","local_gateway_id":"","nat_gateway_id":"","network_interface_id":"","transit_gateway_id":"tgw-053d9dd7f1222a554","vpc_endpoint_id":"","vpc_peering_connection_id":""}],"tags":{"Name":"non_live_data-data-eu-west-2b","application":"Modernisation Platform: core-shared-services-production","business-unit":"Platforms","is-production":"true","owner":"Modernisation Platform: modernisation-platform@digital.justice.gov.uk"},"vpc_id":"vpc-07dee930bc1278ad9"},"after":{"id":"rtb-0d54518036513d57f","owner_id":"374269020027","propagating_vgws":[],"route":[{"cidr_block":"0.0.0.0/0","egress_only_gateway_id":"","gateway_id":"","instance_id":"","ipv6_cidr_block":"","local_gateway_id":"","nat_gateway_id":"","network_interface_id":"","transit_gateway_id":"tgw-053d9dd7f1222a554","vpc_endpoint_id":"","vpc_peering_connection_id":""}],"tags":{"Name":"non_live_data-data-eu-west-2b","application":"Modernisation Platform: core-shared-services-production","business-unit":"Platforms","is-production":"true","owner":"Modernisation Platform: modernisation-platform@digital.justice.gov.uk"},"vpc_id":"vpc-07dee930bc1278ad9"},"after_unknown":{}}},{"address":"module.vpc[\"non_live_data\"].aws_route_table.private[\"non_live_data-data-eu-west-2c\"]","module_address":"module.vpc[\"non_live_data\"]","mode":"managed","type":"aws_route_table","name":"private","index":"non_live_data-data-eu-west-2c","provider_name":"registry.terraform.io/hashicorp/aws","change":{"actions":["no-op"],"before":{"id":"rtb-0f466dfc0822f870e","owner_id":"374269020027","propagating_vgws":[],"route":[{"cidr_block":"0.0.0.0/0","egress_only_gateway_id":"","gateway_id":"","instance_id":"","ipv6_cidr_block":"","local_gateway_id":"","nat_gateway_id":"","network_interface_id":"","transit_gateway_id":"tgw-053d9dd7f1222a554","vpc_endpoint_id":"","vpc_peering_connection_id":""}],"tags":{"Name":"non_live_data-data-eu-west-2c","application":"Modernisation Platform: core-shared-services-production","business-unit":"Platforms","is-production":"true","owner":"Modernisation Platform: modernisation-platform@digital.justice.gov.uk"},"vpc_id":"vpc-07dee930bc1278ad9"},"after":{"id":"rtb-0f466dfc0822f870e","owner_id":"374269020027","propagating_vgws":[],"route":[{"cidr_block":"0.0.0.0/0","egress_only_gateway_id":"","gateway_id":"","instance_id":"","ipv6_cidr_block":"","local_gateway_id":"","nat_gateway_id":"","network_interface_id":"","transit_gateway_id":"tgw-053d9dd7f1222a554","vpc_endpoint_id":"","vpc_peering_connection_id":""}],"tags":{"Name":"non_live_data-data-eu-west-2c","application":"Modernisation Platform: core-shared-services-production","business-unit":"Platforms","is-production":"true","owner":"Modernisation Platform: modernisation-platform@digital.justice.gov.uk"},"vpc_id":"vpc-07dee930bc1278ad9"},"after_unknown":{}}},{"address":"module.vpc[\"non_live_data\"].aws_route_table.private[\"non_live_data-private-eu-west-2a\"]","module_address":"module.vpc[\"non_live_data\"]","mode":"managed","type":"aws_route_table","name":"private","index":"non_live_data-private-eu-west-2a","provider_name":"registry.terraform.io/hashicorp/aws","change":{"actions":["no-op"],"before":{"id":"rtb-0f1ebedd96c2b770a","owner_id":"374269020027","propagating_vgws":[],"route":[{"cidr_block":"0.0.0.0/0","egress_only_gateway_id":"","gateway_id":"","instance_id":"","ipv6_cidr_block":"","local_gateway_id":"","nat_gateway_id":"","network_interface_id":"","transit_gateway_id":"tgw-053d9dd7f1222a554","vpc_endpoint_id":"","vpc_peering_connection_id":""}],"tags":{"Name":"non_live_data-private-eu-west-2a","application":"Modernisation Platform: core-shared-services-production","business-unit":"Platforms","is-production":"true","owner":"Modernisation Platform: modernisation-platform@digital.justice.gov.uk"},"vpc_id":"vpc-07dee930bc1278ad9"},"after":{"id":"rtb-0f1ebedd96c2b770a","owner_id":"374269020027","propagating_vgws":[],"route":[{"cidr_block":"0.0.0.0/0","egress_only_gateway_id":"","gateway_id":"","instance_id":"","ipv6_cidr_block":"","local_gateway_id":"","nat_gateway_id":"","network_interface_id":"","transit_gateway_id":"tgw-053d9dd7f1222a554","vpc_endpoint_id":"","vpc_peering_connection_id":""}],"tags":{"Name":"non_live_data-private-eu-west-2a","application":"Modernisation Platform: core-shared-services-production","business-unit":"Platforms","is-production":"true","owner":"Modernisation Platform: modernisation-platform@digital.justice.gov.uk"},"vpc_id":"vpc-07dee930bc1278ad9"},"after_unknown":{}}},{"address":"module.vpc[\"non_live_data\"].aws_route_table.private[\"non_live_data-private-eu-west-2b\"]","module_address":"module.vpc[\"non_live_data\"]","mode":"managed","type":"aws_route_table","name":"private","index":"non_live_data-private-eu-west-2b","provider_name":"registry.terraform.io/hashicorp/aws","change":{"actions":["no-op"],"before":{"id":"rtb-034393408d08a305c","owner_id":"374269020027","propagating_vgws":[],"route":[{"cidr_block":"0.0.0.0/0","egress_only_gateway_id":"","gateway_id":"","instance_id":"","ipv6_cidr_block":"","local_gateway_id":"","nat_gateway_id":"","network_interface_id":"","transit_gateway_id":"tgw-053d9dd7f1222a554","vpc_endpoint_id":"","vpc_peering_connection_id":""}],"tags":{"Name":"non_live_data-private-eu-west-2b","application":"Modernisation Platform: core-shared-services-production","business-unit":"Platforms","is-production":"true","owner":"Modernisation Platform: modernisation-platform@digital.justice.gov.uk"},"vpc_id":"vpc-07dee930bc1278ad9"},"after":{"id":"rtb-034393408d08a305c","owner_id":"374269020027","propagating_vgws":[],"route":[{"cidr_block":"0.0.0.0/0","egress_only_gateway_id":"","gateway_id":"","instance_id":"","ipv6_cidr_block":"","local_gateway_id":"","nat_gateway_id":"","network_interface_id":"","transit_gateway_id":"tgw-053d9dd7f1222a554","vpc_endpoint_id":"","vpc_peering_connection_id":""}],"tags":{"Name":"non_live_data-private-eu-west-2b","application":"Modernisation Platform: core-shared-services-production","business-unit":"Platforms","is-production":"true","owner":"Modernisation Platform: modernisation-platform@digital.justice.gov.uk"},"vpc_id":"vpc-07dee930bc1278ad9"},"after_unknown":{}}},{"address":"module.vpc[\"non_live_data\"].aws_route_table.private[\"non_live_data-private-eu-west-2c\"]","module_address":"module.vpc[\"non_live_data\"]","mode":"managed","type":"aws_route_table","name":"private","index":"non_live_data-private-eu-west-2c","provider_name":"registry.terraform.io/hashicorp/aws","change":{"actions":["no-op"],"before":{"id":"rtb-0d517c218cdcdc011","owner_id":"374269020027","propagating_vgws":[],"route":[{"cidr_block":"0.0.0.0/0","egress_only_gateway_id":"","gateway_id":"","instance_id":"","ipv6_cidr_block":"","local_gateway_id":"","nat_gateway_id":"","network_interface_id":"","transit_gateway_id":"tgw-053d9dd7f1222a554","vpc_endpoint_id":"","vpc_peering_connection_id":""}],"tags":{"Name":"non_live_data-private-eu-west-2c","application":"Modernisation Platform: core-shared-services-production","business-unit":"Platforms","is-production":"true","owner":"Modernisation Platform: modernisation-platform@digital.justice.gov.uk"},"vpc_id":"vpc-07dee930bc1278ad9"},"after":{"id":"rtb-0d517c218cdcdc011","owner_id":"374269020027","propagating_vgws":[],"route":[{"cidr_block":"0.0.0.0/0","egress_only_gateway_id":"","gateway_id":"","instance_id":"","ipv6_cidr_block":"","local_gateway_id":"","nat_gateway_id":"","network_interface_id":"","transit_gateway_id":"tgw-053d9dd7f1222a554","vpc_endpoint_id":"","vpc_peering_connection_id":""}],"tags":{"Name":"non_live_data-private-eu-west-2c","application":"Modernisation Platform: core-shared-services-production","business-unit":"Platforms","is-production":"true","owner":"Modernisation Platform: modernisation-platform@digital.justice.gov.uk"},"vpc_id":"vpc-07dee930bc1278ad9"},"after_unknown":{}}},{"address":"module.vpc[\"non_live_data\"].aws_route_table.private[\"non_live_data-transit-gateway-eu-west-2a\"]","module_address":"module.vpc[\"non_live_data\"]","mode":"managed","type":"aws_route_table","name":"private","index":"non_live_data-transit-gateway-eu-west-2a","provider_name":"registry.terraform.io/hashicorp/aws","change":{"actions":["no-op"],"before":{"id":"rtb-0b5ce7d8a6a589c73","owner_id":"374269020027","propagating_vgws":[],"route":[{"cidr_block":"0.0.0.0/0","egress_only_gateway_id":"","gateway_id":"","instance_id":"","ipv6_cidr_block":"","local_gateway_id":"","nat_gateway_id":"","network_interface_id":"","transit_gateway_id":"tgw-053d9dd7f1222a554","vpc_endpoint_id":"","vpc_peering_connection_id":""}],"tags":{"Name":"non_live_data-transit-gateway-eu-west-2a","application":"Modernisation Platform: core-shared-services-production","business-unit":"Platforms","is-production":"true","owner":"Modernisation Platform: modernisation-platform@digital.justice.gov.uk"},"vpc_id":"vpc-07dee930bc1278ad9"},"after":{"id":"rtb-0b5ce7d8a6a589c73","owner_id":"374269020027","propagating_vgws":[],"route":[{"cidr_block":"0.0.0.0/0","egress_only_gateway_id":"","gateway_id":"","instance_id":"","ipv6_cidr_block":"","local_gateway_id":"","nat_gateway_id":"","network_interface_id":"","transit_gateway_id":"tgw-053d9dd7f1222a554","vpc_endpoint_id":"","vpc_peering_connection_id":""}],"tags":{"Name":"non_live_data-transit-gateway-eu-west-2a","application":"Modernisation Platform: core-shared-services-production","business-unit":"Platforms","is-production":"true","owner":"Modernisation Platform: modernisation-platform@digital.justice.gov.uk"},"vpc_id":"vpc-07dee930bc1278ad9"},"after_unknown":{}}},{"address":"module.vpc[\"non_live_data\"].aws_route_table.private[\"non_live_data-transit-gateway-eu-west-2b\"]","module_address":"module.vpc[\"non_live_data\"]","mode":"managed","type":"aws_route_table","name":"private","index":"non_live_data-transit-gateway-eu-west-2b","provider_name":"registry.terraform.io/hashicorp/aws","change":{"actions":["no-op"],"before":{"id":"rtb-0f40eb892dbb1f0e9","owner_id":"374269020027","propagating_vgws":[],"route":[{"cidr_block":"0.0.0.0/0","egress_only_gateway_id":"","gateway_id":"","instance_id":"","ipv6_cidr_block":"","local_gateway_id":"","nat_gateway_id":"","network_interface_id":"","transit_gateway_id":"tgw-053d9dd7f1222a554","vpc_endpoint_id":"","vpc_peering_connection_id":""}],"tags":{"Name":"non_live_data-transit-gateway-eu-west-2b","application":"Modernisation Platform: core-shared-services-production","business-unit":"Platforms","is-production":"true","owner":"Modernisation Platform: modernisation-platform@digital.justice.gov.uk"},"vpc_id":"vpc-07dee930bc1278ad9"},"after":{"id":"rtb-0f40eb892dbb1f0e9","owner_id":"374269020027","propagating_vgws":[],"route":[{"cidr_block":"0.0.0.0/0","egress_only_gateway_id":"","gateway_id":"","instance_id":"","ipv6_cidr_block":"","local_gateway_id":"","nat_gateway_id":"","network_interface_id":"","transit_gateway_id":"tgw-053d9dd7f1222a554","vpc_endpoint_id":"","vpc_peering_connection_id":""}],"tags":{"Name":"non_live_data-transit-gateway-eu-west-2b","application":"Modernisation Platform: core-shared-services-production","business-unit":"Platforms","is-production":"true","owner":"Modernisation Platform: modernisation-platform@digital.justice.gov.uk"},"vpc_id":"vpc-07dee930bc1278ad9"},"after_unknown":{}}},{"address":"module.vpc[\"non_live_data\"].aws_route_table.private[\"non_live_data-transit-gateway-eu-west-2c\"]","module_address":"module.vpc[\"non_live_data\"]","mode":"managed","type":"aws_route_table","name":"private","index":"non_live_data-transit-gateway-eu-west-2c","provider_name":"registry.terraform.io/hashicorp/aws","change":{"actions":["no-op"],"before":{"id":"rtb-0bb661e511a4713eb","owner_id":"374269020027","propagating_vgws":[],"route":[{"cidr_block":"0.0.0.0/0","egress_only_gateway_id":"","gateway_id":"","instance_id":"","ipv6_cidr_block":"","local_gateway_id":"","nat_gateway_id":"","network_interface_id":"","transit_gateway_id":"tgw-053d9dd7f1222a554","vpc_endpoint_id":"","vpc_peering_connection_id":""}],"tags":{"Name":"non_live_data-transit-gateway-eu-west-2c","application":"Modernisation Platform: core-shared-services-production","business-unit":"Platforms","is-production":"true","owner":"Modernisation Platform: modernisation-platform@digital.justice.gov.uk"},"vpc_id":"vpc-07dee930bc1278ad9"},"after":{"id":"rtb-0bb661e511a4713eb","owner_id":"374269020027","propagating_vgws":[],"route":[{"cidr_block":"0.0.0.0/0","egress_only_gateway_id":"","gateway_id":"","instance_id":"","ipv6_cidr_block":"","local_gateway_id":"","nat_gateway_id":"","network_interface_id":"","transit_gateway_id":"tgw-053d9dd7f1222a554","vpc_endpoint_id":"","vpc_peering_connection_id":""}],"tags":{"Name":"non_live_data-transit-gateway-eu-west-2c","application":"Modernisation Platform: core-shared-services-production","business-unit":"Platforms","is-production":"true","owner":"Modernisation Platform: modernisation-platform@digital.justice.gov.uk"},"vpc_id":"vpc-07dee930bc1278ad9"},"after_unknown":{}}},{"address":"module.vpc[\"non_live_data\"].aws_route_table.public","module_address":"module.vpc[\"non_live_data\"]","mode":"managed","type":"aws_route_table","name":"public","provider_name":"registry.terraform.io/hashicorp/aws","change":{"actions":["no-op"],"before":{"id":"rtb-085ab8f11f09f068d","owner_id":"374269020027","propagating_vgws":[],"route":[{"cidr_block":"0.0.0.0/0","egress_only_gateway_id":"","gateway_id":"igw-04cac6f7d4e02f54a","instance_id":"","ipv6_cidr_block":"","local_gateway_id":"","nat_gateway_id":"","network_interface_id":"","transit_gateway_id":"","vpc_endpoint_id":"","vpc_peering_connection_id":""}],"tags":{"Name":"non_live_data-public","application":"Modernisation Platform: core-shared-services-production","business-unit":"Platforms","is-production":"true","owner":"Modernisation Platform: modernisation-platform@digital.justice.gov.uk"},"vpc_id":"vpc-07dee930bc1278ad9"},"after":{"id":"rtb-085ab8f11f09f068d","owner_id":"374269020027","propagating_vgws":[],"route":[{"cidr_block":"0.0.0.0/0","egress_only_gateway_id":"","gateway_id":"igw-04cac6f7d4e02f54a","instance_id":"","ipv6_cidr_block":"","local_gateway_id":"","nat_gateway_id":"","network_interface_id":"","transit_gateway_id":"","vpc_endpoint_id":"","vpc_peering_connection_id":""}],"tags":{"Name":"non_live_data-public","application":"Modernisation Platform: core-shared-services-production","business-unit":"Platforms","is-production":"true","owner":"Modernisation Platform: modernisation-platform@digital.justice.gov.uk"},"vpc_id":"vpc-07dee930bc1278ad9"},"after_unknown":{}}},{"address":"module.vpc[\"non_live_data\"].aws_route_table_association.default[\"non_live_data-data-eu-west-2a\"]","module_address":"module.vpc[\"non_live_data\"]","mode":"managed","type":"aws_route_table_association","name":"default","index":"non_live_data-data-eu-west-2a","provider_name":"registry.terraform.io/hashicorp/aws","change":{"actions":["no-op"],"before":{"gateway_id":null,"id":"rtbassoc-03324352c10eda97e","route_table_id":"rtb-0fcb93af147ca30f9","subnet_id":"subnet-0e44af610fe218932"},"after":{"gateway_id":null,"id":"rtbassoc-03324352c10eda97e","route_table_id":"rtb-0fcb93af147ca30f9","subnet_id":"subnet-0e44af610fe218932"},"after_unknown":{}}},{"address":"module.vpc[\"non_live_data\"].aws_route_table_association.default[\"non_live_data-data-eu-west-2b\"]","module_address":"module.vpc[\"non_live_data\"]","mode":"managed","type":"aws_route_table_association","name":"default","index":"non_live_data-data-eu-west-2b","provider_name":"registry.terraform.io/hashicorp/aws","change":{"actions":["no-op"],"before":{"gateway_id":null,"id":"rtbassoc-0daff92063c6fd056","route_table_id":"rtb-0d54518036513d57f","subnet_id":"subnet-03d6a32f14e1fa042"},"after":{"gateway_id":null,"id":"rtbassoc-0daff92063c6fd056","route_table_id":"rtb-0d54518036513d57f","subnet_id":"subnet-03d6a32f14e1fa042"},"after_unknown":{}}},{"address":"module.vpc[\"non_live_data\"].aws_route_table_association.default[\"non_live_data-data-eu-west-2c\"]","module_address":"module.vpc[\"non_live_data\"]","mode":"managed","type":"aws_route_table_association","name":"default","index":"non_live_data-data-eu-west-2c","provider_name":"registry.terraform.io/hashicorp/aws","change":{"actions":["no-op"],"before":{"gateway_id":null,"id":"rtbassoc-0f6a73dd93a67ab3a","route_table_id":"rtb-0f466dfc0822f870e","subnet_id":"subnet-0d654260f4c0bc840"},"after":{"gateway_id":null,"id":"rtbassoc-0f6a73dd93a67ab3a","route_table_id":"rtb-0f466dfc0822f870e","subnet_id":"subnet-0d654260f4c0bc840"},"after_unknown":{}}},{"address":"module.vpc[\"non_live_data\"].aws_route_table_association.default[\"non_live_data-private-eu-west-2a\"]","module_address":"module.vpc[\"non_live_data\"]","mode":"managed","type":"aws_route_table_association","name":"default","index":"non_live_data-private-eu-west-2a","provider_name":"registry.terraform.io/hashicorp/aws","change":{"actions":["no-op"],"before":{"gateway_id":null,"id":"rtbassoc-082c5ad272ae3d51a","route_table_id":"rtb-0f1ebedd96c2b770a","subnet_id":"subnet-0131c23787a549dee"},"after":{"gateway_id":null,"id":"rtbassoc-082c5ad272ae3d51a","route_table_id":"rtb-0f1ebedd96c2b770a","subnet_id":"subnet-0131c23787a549dee"},"after_unknown":{}}},{"address":"module.vpc[\"non_live_data\"].aws_route_table_association.default[\"non_live_data-private-eu-west-2b\"]","module_address":"module.vpc[\"non_live_data\"]","mode":"managed","type":"aws_route_table_association","name":"default","index":"non_live_data-private-eu-west-2b","provider_name":"registry.terraform.io/hashicorp/aws","change":{"actions":["no-op"],"before":{"gateway_id":null,"id":"rtbassoc-093b2bbd6e99828be","route_table_id":"rtb-034393408d08a305c","subnet_id":"subnet-0dfff3dece6b1a635"},"after":{"gateway_id":null,"id":"rtbassoc-093b2bbd6e99828be","route_table_id":"rtb-034393408d08a305c","subnet_id":"subnet-0dfff3dece6b1a635"},"after_unknown":{}}},{"address":"module.vpc[\"non_live_data\"].aws_route_table_association.default[\"non_live_data-private-eu-west-2c\"]","module_address":"module.vpc[\"non_live_data\"]","mode":"managed","type":"aws_route_table_association","name":"default","index":"non_live_data-private-eu-west-2c","provider_name":"registry.terraform.io/hashicorp/aws","change":{"actions":["no-op"],"before":{"gateway_id":null,"id":"rtbassoc-06e1c8b82684af5bc","route_table_id":"rtb-0d517c218cdcdc011","subnet_id":"subnet-04b83cf5e53ce3eb5"},"after":{"gateway_id":null,"id":"rtbassoc-06e1c8b82684af5bc","route_table_id":"rtb-0d517c218cdcdc011","subnet_id":"subnet-04b83cf5e53ce3eb5"},"after_unknown":{}}},{"address":"module.vpc[\"non_live_data\"].aws_route_table_association.default[\"non_live_data-public-eu-west-2a\"]","module_address":"module.vpc[\"non_live_data\"]","mode":"managed","type":"aws_route_table_association","name":"default","index":"non_live_data-public-eu-west-2a","provider_name":"registry.terraform.io/hashicorp/aws","change":{"actions":["no-op"],"before":{"gateway_id":null,"id":"rtbassoc-03de6f559d6189818","route_table_id":"rtb-085ab8f11f09f068d","subnet_id":"subnet-0be67154b8b8df944"},"after":{"gateway_id":null,"id":"rtbassoc-03de6f559d6189818","route_table_id":"rtb-085ab8f11f09f068d","subnet_id":"subnet-0be67154b8b8df944"},"after_unknown":{}}},{"address":"module.vpc[\"non_live_data\"].aws_route_table_association.default[\"non_live_data-public-eu-west-2b\"]","module_address":"module.vpc[\"non_live_data\"]","mode":"managed","type":"aws_route_table_association","name":"default","index":"non_live_data-public-eu-west-2b","provider_name":"registry.terraform.io/hashicorp/aws","change":{"actions":["no-op"],"before":{"gateway_id":null,"id":"rtbassoc-0aa3717354389611b","route_table_id":"rtb-085ab8f11f09f068d","subnet_id":"subnet-00654b600de01ce96"},"after":{"gateway_id":null,"id":"rtbassoc-0aa3717354389611b","route_table_id":"rtb-085ab8f11f09f068d","subnet_id":"subnet-00654b600de01ce96"},"after_unknown":{}}},{"address":"module.vpc[\"non_live_data\"].aws_route_table_association.default[\"non_live_data-public-eu-west-2c\"]","module_address":"module.vpc[\"non_live_data\"]","mode":"managed","type":"aws_route_table_association","name":"default","index":"non_live_data-public-eu-west-2c","provider_name":"registry.terraform.io/hashicorp/aws","change":{"actions":["no-op"],"before":{"gateway_id":null,"id":"rtbassoc-0c0404fc8528580f2","route_table_id":"rtb-085ab8f11f09f068d","subnet_id":"subnet-04254823a5dc2543b"},"after":{"gateway_id":null,"id":"rtbassoc-0c0404fc8528580f2","route_table_id":"rtb-085ab8f11f09f068d","subnet_id":"subnet-04254823a5dc2543b"},"after_unknown":{}}},{"address":"module.vpc[\"non_live_data\"].aws_route_table_association.default[\"non_live_data-transit-gateway-eu-west-2a\"]","module_address":"module.vpc[\"non_live_data\"]","mode":"managed","type":"aws_route_table_association","name":"default","index":"non_live_data-transit-gateway-eu-west-2a","provider_name":"registry.terraform.io/hashicorp/aws","change":{"actions":["no-op"],"before":{"gateway_id":null,"id":"rtbassoc-04d917ca6838adce4","route_table_id":"rtb-0b5ce7d8a6a589c73","subnet_id":"subnet-0d1463906a59838c7"},"after":{"gateway_id":null,"id":"rtbassoc-04d917ca6838adce4","route_table_id":"rtb-0b5ce7d8a6a589c73","subnet_id":"subnet-0d1463906a59838c7"},"after_unknown":{}}},{"address":"module.vpc[\"non_live_data\"].aws_route_table_association.default[\"non_live_data-transit-gateway-eu-west-2b\"]","module_address":"module.vpc[\"non_live_data\"]","mode":"managed","type":"aws_route_table_association","name":"default","index":"non_live_data-transit-gateway-eu-west-2b","provider_name":"registry.terraform.io/hashicorp/aws","change":{"actions":["no-op"],"before":{"gateway_id":null,"id":"rtbassoc-0250c9050ee7d5766","route_table_id":"rtb-0f40eb892dbb1f0e9","subnet_id":"subnet-05b9d2bf7dd47929f"},"after":{"gateway_id":null,"id":"rtbassoc-0250c9050ee7d5766","route_table_id":"rtb-0f40eb892dbb1f0e9","subnet_id":"subnet-05b9d2bf7dd47929f"},"after_unknown":{}}},{"address":"module.vpc[\"non_live_data\"].aws_route_table_association.default[\"non_live_data-transit-gateway-eu-west-2c\"]","module_address":"module.vpc[\"non_live_data\"]","mode":"managed","type":"aws_route_table_association","name":"default","index":"non_live_data-transit-gateway-eu-west-2c","provider_name":"registry.terraform.io/hashicorp/aws","change":{"actions":["no-op"],"before":{"gateway_id":null,"id":"rtbassoc-06cf19bde565a5ec4","route_table_id":"rtb-0bb661e511a4713eb","subnet_id":"subnet-05fa30ef9e4c3bf67"},"after":{"gateway_id":null,"id":"rtbassoc-06cf19bde565a5ec4","route_table_id":"rtb-0bb661e511a4713eb","subnet_id":"subnet-05fa30ef9e4c3bf67"},"after_unknown":{}}},{"address":"module.vpc[\"non_live_data\"].aws_subnet.subnets[\"non_live_data-data-eu-west-2a\"]","module_address":"module.vpc[\"non_live_data\"]","mode":"managed","type":"aws_subnet","name":"subnets","index":"non_live_data-data-eu-west-2a","provider_name":"registry.terraform.io/hashicorp/aws","change":{"actions":["no-op"],"before":{"arn":"arn:aws:ec2:eu-west-2:374269020027:subnet/subnet-0e44af610fe218932","assign_ipv6_address_on_creation":false,"availability_zone":"eu-west-2a","availability_zone_id":"euw2-az2","cidr_block":"10.231.34.0/23","id":"subnet-0e44af610fe218932","ipv6_cidr_block":"","ipv6_cidr_block_association_id":"","map_public_ip_on_launch":false,"outpost_arn":"","owner_id":"374269020027","tags":{"Name":"non_live_data-data-eu-west-2a","application":"Modernisation Platform: core-shared-services-production","business-unit":"Platforms","is-production":"true","owner":"Modernisation Platform: modernisation-platform@digital.justice.gov.uk"},"timeouts":null,"vpc_id":"vpc-07dee930bc1278ad9"},"after":{"arn":"arn:aws:ec2:eu-west-2:374269020027:subnet/subnet-0e44af610fe218932","assign_ipv6_address_on_creation":false,"availability_zone":"eu-west-2a","availability_zone_id":"euw2-az2","cidr_block":"10.231.34.0/23","id":"subnet-0e44af610fe218932","ipv6_cidr_block":"","ipv6_cidr_block_association_id":"","map_public_ip_on_launch":false,"outpost_arn":"","owner_id":"374269020027","tags":{"Name":"non_live_data-data-eu-west-2a","application":"Modernisation Platform: core-shared-services-production","business-unit":"Platforms","is-production":"true","owner":"Modernisation Platform: modernisation-platform@digital.justice.gov.uk"},"timeouts":null,"vpc_id":"vpc-07dee930bc1278ad9"},"after_unknown":{}}},{"address":"module.vpc[\"non_live_data\"].aws_subnet.subnets[\"non_live_data-data-eu-west-2b\"]","module_address":"module.vpc[\"non_live_data\"]","mode":"managed","type":"aws_subnet","name":"subnets","index":"non_live_data-data-eu-west-2b","provider_name":"registry.terraform.io/hashicorp/aws","change":{"actions":["no-op"],"before":{"arn":"arn:aws:ec2:eu-west-2:374269020027:subnet/subnet-03d6a32f14e1fa042","assign_ipv6_address_on_creation":false,"availability_zone":"eu-west-2b","availability_zone_id":"euw2-az3","cidr_block":"10.231.36.0/23","id":"subnet-03d6a32f14e1fa042","ipv6_cidr_block":"","ipv6_cidr_block_association_id":"","map_public_ip_on_launch":false,"outpost_arn":"","owner_id":"374269020027","tags":{"Name":"non_live_data-data-eu-west-2b","application":"Modernisation Platform: core-shared-services-production","business-unit":"Platforms","is-production":"true","owner":"Modernisation Platform: modernisation-platform@digital.justice.gov.uk"},"timeouts":null,"vpc_id":"vpc-07dee930bc1278ad9"},"after":{"arn":"arn:aws:ec2:eu-west-2:374269020027:subnet/subnet-03d6a32f14e1fa042","assign_ipv6_address_on_creation":false,"availability_zone":"eu-west-2b","availability_zone_id":"euw2-az3","cidr_block":"10.231.36.0/23","id":"subnet-03d6a32f14e1fa042","ipv6_cidr_block":"","ipv6_cidr_block_association_id":"","map_public_ip_on_launch":false,"outpost_arn":"","owner_id":"374269020027","tags":{"Name":"non_live_data-data-eu-west-2b","application":"Modernisation Platform: core-shared-services-production","business-unit":"Platforms","is-production":"true","owner":"Modernisation Platform: modernisation-platform@digital.justice.gov.uk"},"timeouts":null,"vpc_id":"vpc-07dee930bc1278ad9"},"after_unknown":{}}},{"address":"module.vpc[\"non_live_data\"].aws_subnet.subnets[\"non_live_data-data-eu-west-2c\"]","module_address":"module.vpc[\"non_live_data\"]","mode":"managed","type":"aws_subnet","name":"subnets","index":"non_live_data-data-eu-west-2c","provider_name":"registry.terraform.io/hashicorp/aws","change":{"actions":["no-op"],"before":{"arn":"arn:aws:ec2:eu-west-2:374269020027:subnet/subnet-0d654260f4c0bc840","assign_ipv6_address_on_creation":false,"availability_zone":"eu-west-2c","availability_zone_id":"euw2-az1","cidr_block":"10.231.38.0/23","id":"subnet-0d654260f4c0bc840","ipv6_cidr_block":"","ipv6_cidr_block_association_id":"","map_public_ip_on_launch":false,"outpost_arn":"","owner_id":"374269020027","tags":{"Name":"non_live_data-data-eu-west-2c","application":"Modernisation Platform: core-shared-services-production","business-unit":"Platforms","is-production":"true","owner":"Modernisation Platform: modernisation-platform@digital.justice.gov.uk"},"timeouts":null,"vpc_id":"vpc-07dee930bc1278ad9"},"after":{"arn":"arn:aws:ec2:eu-west-2:374269020027:subnet/subnet-0d654260f4c0bc840","assign_ipv6_address_on_creation":false,"availability_zone":"eu-west-2c","availability_zone_id":"euw2-az1","cidr_block":"10.231.38.0/23","id":"subnet-0d654260f4c0bc840","ipv6_cidr_block":"","ipv6_cidr_block_association_id":"","map_public_ip_on_launch":false,"outpost_arn":"","owner_id":"374269020027","tags":{"Name":"non_live_data-data-eu-west-2c","application":"Modernisation Platform: core-shared-services-production","business-unit":"Platforms","is-production":"true","owner":"Modernisation Platform: modernisation-platform@digital.justice.gov.uk"},"timeouts":null,"vpc_id":"vpc-07dee930bc1278ad9"},"after_unknown":{}}},{"address":"module.vpc[\"non_live_data\"].aws_subnet.subnets[\"non_live_data-private-eu-west-2a\"]","module_address":"module.vpc[\"non_live_data\"]","mode":"managed","type":"aws_subnet","name":"subnets","index":"non_live_data-private-eu-west-2a","provider_name":"registry.terraform.io/hashicorp/aws","change":{"actions":["no-op"],"before":{"arn":"arn:aws:ec2:eu-west-2:374269020027:subnet/subnet-0131c23787a549dee","assign_ipv6_address_on_creation":false,"availability_zone":"eu-west-2a","availability_zone_id":"euw2-az2","cidr_block":"10.231.40.0/23","id":"subnet-0131c23787a549dee","ipv6_cidr_block":"","ipv6_cidr_block_association_id":"","map_public_ip_on_launch":false,"outpost_arn":"","owner_id":"374269020027","tags":{"Name":"non_live_data-private-eu-west-2a","application":"Modernisation Platform: core-shared-services-production","business-unit":"Platforms","is-production":"true","owner":"Modernisation Platform: modernisation-platform@digital.justice.gov.uk"},"timeouts":null,"vpc_id":"vpc-07dee930bc1278ad9"},"after":{"arn":"arn:aws:ec2:eu-west-2:374269020027:subnet/subnet-0131c23787a549dee","assign_ipv6_address_on_creation":false,"availability_zone":"eu-west-2a","availability_zone_id":"euw2-az2","cidr_block":"10.231.40.0/23","id":"subnet-0131c23787a549dee","ipv6_cidr_block":"","ipv6_cidr_block_association_id":"","map_public_ip_on_launch":false,"outpost_arn":"","owner_id":"374269020027","tags":{"Name":"non_live_data-private-eu-west-2a","application":"Modernisation Platform: core-shared-services-production","business-unit":"Platforms","is-production":"true","owner":"Modernisation Platform: modernisation-platform@digital.justice.gov.uk"},"timeouts":null,"vpc_id":"vpc-07dee930bc1278ad9"},"after_unknown":{}}},{"address":"module.vpc[\"non_live_data\"].aws_subnet.subnets[\"non_live_data-private-eu-west-2b\"]","module_address":"module.vpc[\"non_live_data\"]","mode":"managed","type":"aws_subnet","name":"subnets","index":"non_live_data-private-eu-west-2b","provider_name":"registry.terraform.io/hashicorp/aws","change":{"actions":["no-op"],"before":{"arn":"arn:aws:ec2:eu-west-2:374269020027:subnet/subnet-0dfff3dece6b1a635","assign_ipv6_address_on_creation":false,"availability_zone":"eu-west-2b","availability_zone_id":"euw2-az3","cidr_block":"10.231.42.0/23","id":"subnet-0dfff3dece6b1a635","ipv6_cidr_block":"","ipv6_cidr_block_association_id":"","map_public_ip_on_launch":false,"outpost_arn":"","owner_id":"374269020027","tags":{"Name":"non_live_data-private-eu-west-2b","application":"Modernisation Platform: core-shared-services-production","business-unit":"Platforms","is-production":"true","owner":"Modernisation Platform: modernisation-platform@digital.justice.gov.uk"},"timeouts":null,"vpc_id":"vpc-07dee930bc1278ad9"},"after":{"arn":"arn:aws:ec2:eu-west-2:374269020027:subnet/subnet-0dfff3dece6b1a635","assign_ipv6_address_on_creation":false,"availability_zone":"eu-west-2b","availability_zone_id":"euw2-az3","cidr_block":"10.231.42.0/23","id":"subnet-0dfff3dece6b1a635","ipv6_cidr_block":"","ipv6_cidr_block_association_id":"","map_public_ip_on_launch":false,"outpost_arn":"","owner_id":"374269020027","tags":{"Name":"non_live_data-private-eu-west-2b","application":"Modernisation Platform: core-shared-services-production","business-unit":"Platforms","is-production":"true","owner":"Modernisation Platform: modernisation-platform@digital.justice.gov.uk"},"timeouts":null,"vpc_id":"vpc-07dee930bc1278ad9"},"after_unknown":{}}},{"address":"module.vpc[\"non_live_data\"].aws_subnet.subnets[\"non_live_data-private-eu-west-2c\"]","module_address":"module.vpc[\"non_live_data\"]","mode":"managed","type":"aws_subnet","name":"subnets","index":"non_live_data-private-eu-west-2c","provider_name":"registry.terraform.io/hashicorp/aws","change":{"actions":["no-op"],"before":{"arn":"arn:aws:ec2:eu-west-2:374269020027:subnet/subnet-04b83cf5e53ce3eb5","assign_ipv6_address_on_creation":false,"availability_zone":"eu-west-2c","availability_zone_id":"euw2-az1","cidr_block":"10.231.44.0/23","id":"subnet-04b83cf5e53ce3eb5","ipv6_cidr_block":"","ipv6_cidr_block_association_id":"","map_public_ip_on_launch":false,"outpost_arn":"","owner_id":"374269020027","tags":{"Name":"non_live_data-private-eu-west-2c","application":"Modernisation Platform: core-shared-services-production","business-unit":"Platforms","is-production":"true","owner":"Modernisation Platform: modernisation-platform@digital.justice.gov.uk"},"timeouts":null,"vpc_id":"vpc-07dee930bc1278ad9"},"after":{"arn":"arn:aws:ec2:eu-west-2:374269020027:subnet/subnet-04b83cf5e53ce3eb5","assign_ipv6_address_on_creation":false,"availability_zone":"eu-west-2c","availability_zone_id":"euw2-az1","cidr_block":"10.231.44.0/23","id":"subnet-04b83cf5e53ce3eb5","ipv6_cidr_block":"","ipv6_cidr_block_association_id":"","map_public_ip_on_launch":false,"outpost_arn":"","owner_id":"374269020027","tags":{"Name":"non_live_data-private-eu-west-2c","application":"Modernisation Platform: core-shared-services-production","business-unit":"Platforms","is-production":"true","owner":"Modernisation Platform: modernisation-platform@digital.justice.gov.uk"},"timeouts":null,"vpc_id":"vpc-07dee930bc1278ad9"},"after_unknown":{}}},{"address":"module.vpc[\"non_live_data\"].aws_subnet.subnets[\"non_live_data-public-eu-west-2a\"]","module_address":"module.vpc[\"non_live_data\"]","mode":"managed","type":"aws_subnet","name":"subnets","index":"non_live_data-public-eu-west-2a","provider_name":"registry.terraform.io/hashicorp/aws","change":{"actions":["no-op"],"before":{"arn":"arn:aws:ec2:eu-west-2:374269020027:subnet/subnet-0be67154b8b8df944","assign_ipv6_address_on_creation":false,"availability_zone":"eu-west-2a","availability_zone_id":"euw2-az2","cidr_block":"10.231.46.0/23","id":"subnet-0be67154b8b8df944","ipv6_cidr_block":"","ipv6_cidr_block_association_id":"","map_public_ip_on_launch":false,"outpost_arn":"","owner_id":"374269020027","tags":{"Name":"non_live_data-public-eu-west-2a","application":"Modernisation Platform: core-shared-services-production","business-unit":"Platforms","is-production":"true","owner":"Modernisation Platform: modernisation-platform@digital.justice.gov.uk"},"timeouts":null,"vpc_id":"vpc-07dee930bc1278ad9"},"after":{"arn":"arn:aws:ec2:eu-west-2:374269020027:subnet/subnet-0be67154b8b8df944","assign_ipv6_address_on_creation":false,"availability_zone":"eu-west-2a","availability_zone_id":"euw2-az2","cidr_block":"10.231.46.0/23","id":"subnet-0be67154b8b8df944","ipv6_cidr_block":"","ipv6_cidr_block_association_id":"","map_public_ip_on_launch":false,"outpost_arn":"","owner_id":"374269020027","tags":{"Name":"non_live_data-public-eu-west-2a","application":"Modernisation Platform: core-shared-services-production","business-unit":"Platforms","is-production":"true","owner":"Modernisation Platform: modernisation-platform@digital.justice.gov.uk"},"timeouts":null,"vpc_id":"vpc-07dee930bc1278ad9"},"after_unknown":{}}},{"address":"module.vpc[\"non_live_data\"].aws_subnet.subnets[\"non_live_data-public-eu-west-2b\"]","module_address":"module.vpc[\"non_live_data\"]","mode":"managed","type":"aws_subnet","name":"subnets","index":"non_live_data-public-eu-west-2b","provider_name":"registry.terraform.io/hashicorp/aws","change":{"actions":["no-op"],"before":{"arn":"arn:aws:ec2:eu-west-2:374269020027:subnet/subnet-00654b600de01ce96","assign_ipv6_address_on_creation":false,"availability_zone":"eu-west-2b","availability_zone_id":"euw2-az3","cidr_block":"10.231.48.0/23","id":"subnet-00654b600de01ce96","ipv6_cidr_block":"","ipv6_cidr_block_association_id":"","map_public_ip_on_launch":false,"outpost_arn":"","owner_id":"374269020027","tags":{"Name":"non_live_data-public-eu-west-2b","application":"Modernisation Platform: core-shared-services-production","business-unit":"Platforms","is-production":"true","owner":"Modernisation Platform: modernisation-platform@digital.justice.gov.uk"},"timeouts":null,"vpc_id":"vpc-07dee930bc1278ad9"},"after":{"arn":"arn:aws:ec2:eu-west-2:374269020027:subnet/subnet-00654b600de01ce96","assign_ipv6_address_on_creation":false,"availability_zone":"eu-west-2b","availability_zone_id":"euw2-az3","cidr_block":"10.231.48.0/23","id":"subnet-00654b600de01ce96","ipv6_cidr_block":"","ipv6_cidr_block_association_id":"","map_public_ip_on_launch":false,"outpost_arn":"","owner_id":"374269020027","tags":{"Name":"non_live_data-public-eu-west-2b","application":"Modernisation Platform: core-shared-services-production","business-unit":"Platforms","is-production":"true","owner":"Modernisation Platform: modernisation-platform@digital.justice.gov.uk"},"timeouts":null,"vpc_id":"vpc-07dee930bc1278ad9"},"after_unknown":{}}},{"address":"module.vpc[\"non_live_data\"].aws_subnet.subnets[\"non_live_data-public-eu-west-2c\"]","module_address":"module.vpc[\"non_live_data\"]","mode":"managed","type":"aws_subnet","name":"subnets","index":"non_live_data-public-eu-west-2c","provider_name":"registry.terraform.io/hashicorp/aws","change":{"actions":["no-op"],"before":{"arn":"arn:aws:ec2:eu-west-2:374269020027:subnet/subnet-04254823a5dc2543b","assign_ipv6_address_on_creation":false,"availability_zone":"eu-west-2c","availability_zone_id":"euw2-az1","cidr_block":"10.231.50.0/23","id":"subnet-04254823a5dc2543b","ipv6_cidr_block":"","ipv6_cidr_block_association_id":"","map_public_ip_on_launch":false,"outpost_arn":"","owner_id":"374269020027","tags":{"Name":"non_live_data-public-eu-west-2c","application":"Modernisation Platform: core-shared-services-production","business-unit":"Platforms","is-production":"true","owner":"Modernisation Platform: modernisation-platform@digital.justice.gov.uk"},"timeouts":null,"vpc_id":"vpc-07dee930bc1278ad9"},"after":{"arn":"arn:aws:ec2:eu-west-2:374269020027:subnet/subnet-04254823a5dc2543b","assign_ipv6_address_on_creation":false,"availability_zone":"eu-west-2c","availability_zone_id":"euw2-az1","cidr_block":"10.231.50.0/23","id":"subnet-04254823a5dc2543b","ipv6_cidr_block":"","ipv6_cidr_block_association_id":"","map_public_ip_on_launch":false,"outpost_arn":"","owner_id":"374269020027","tags":{"Name":"non_live_data-public-eu-west-2c","application":"Modernisation Platform: core-shared-services-production","business-unit":"Platforms","is-production":"true","owner":"Modernisation Platform: modernisation-platform@digital.justice.gov.uk"},"timeouts":null,"vpc_id":"vpc-07dee930bc1278ad9"},"after_unknown":{}}},{"address":"module.vpc[\"non_live_data\"].aws_subnet.subnets[\"non_live_data-transit-gateway-eu-west-2a\"]","module_address":"module.vpc[\"non_live_data\"]","mode":"managed","type":"aws_subnet","name":"subnets","index":"non_live_data-transit-gateway-eu-west-2a","provider_name":"registry.terraform.io/hashicorp/aws","change":{"actions":["no-op"],"before":{"arn":"arn:aws:ec2:eu-west-2:374269020027:subnet/subnet-0d1463906a59838c7","assign_ipv6_address_on_creation":false,"availability_zone":"eu-west-2a","availability_zone_id":"euw2-az2","cidr_block":"10.231.32.0/28","id":"subnet-0d1463906a59838c7","ipv6_cidr_block":"","ipv6_cidr_block_association_id":"","map_public_ip_on_launch":false,"outpost_arn":"","owner_id":"374269020027","tags":{"Name":"non_live_data-transit-gateway-eu-west-2a","application":"Modernisation Platform: core-shared-services-production","business-unit":"Platforms","is-production":"true","owner":"Modernisation Platform: modernisation-platform@digital.justice.gov.uk"},"timeouts":null,"vpc_id":"vpc-07dee930bc1278ad9"},"after":{"arn":"arn:aws:ec2:eu-west-2:374269020027:subnet/subnet-0d1463906a59838c7","assign_ipv6_address_on_creation":false,"availability_zone":"eu-west-2a","availability_zone_id":"euw2-az2","cidr_block":"10.231.32.0/28","id":"subnet-0d1463906a59838c7","ipv6_cidr_block":"","ipv6_cidr_block_association_id":"","map_public_ip_on_launch":false,"outpost_arn":"","owner_id":"374269020027","tags":{"Name":"non_live_data-transit-gateway-eu-west-2a","application":"Modernisation Platform: core-shared-services-production","business-unit":"Platforms","is-production":"true","owner":"Modernisation Platform: modernisation-platform@digital.justice.gov.uk"},"timeouts":null,"vpc_id":"vpc-07dee930bc1278ad9"},"after_unknown":{}}},{"address":"module.vpc[\"non_live_data\"].aws_subnet.subnets[\"non_live_data-transit-gateway-eu-west-2b\"]","module_address":"module.vpc[\"non_live_data\"]","mode":"managed","type":"aws_subnet","name":"subnets","index":"non_live_data-transit-gateway-eu-west-2b","provider_name":"registry.terraform.io/hashicorp/aws","change":{"actions":["no-op"],"before":{"arn":"arn:aws:ec2:eu-west-2:374269020027:subnet/subnet-05b9d2bf7dd47929f","assign_ipv6_address_on_creation":false,"availability_zone":"eu-west-2b","availability_zone_id":"euw2-az3","cidr_block":"10.231.32.16/28","id":"subnet-05b9d2bf7dd47929f","ipv6_cidr_block":"","ipv6_cidr_block_association_id":"","map_public_ip_on_launch":false,"outpost_arn":"","owner_id":"374269020027","tags":{"Name":"non_live_data-transit-gateway-eu-west-2b","application":"Modernisation Platform: core-shared-services-production","business-unit":"Platforms","is-production":"true","owner":"Modernisation Platform: modernisation-platform@digital.justice.gov.uk"},"timeouts":null,"vpc_id":"vpc-07dee930bc1278ad9"},"after":{"arn":"arn:aws:ec2:eu-west-2:374269020027:subnet/subnet-05b9d2bf7dd47929f","assign_ipv6_address_on_creation":false,"availability_zone":"eu-west-2b","availability_zone_id":"euw2-az3","cidr_block":"10.231.32.16/28","id":"subnet-05b9d2bf7dd47929f","ipv6_cidr_block":"","ipv6_cidr_block_association_id":"","map_public_ip_on_launch":false,"outpost_arn":"","owner_id":"374269020027","tags":{"Name":"non_live_data-transit-gateway-eu-west-2b","application":"Modernisation Platform: core-shared-services-production","business-unit":"Platforms","is-production":"true","owner":"Modernisation Platform: modernisation-platform@digital.justice.gov.uk"},"timeouts":null,"vpc_id":"vpc-07dee930bc1278ad9"},"after_unknown":{}}},{"address":"module.vpc[\"non_live_data\"].aws_subnet.subnets[\"non_live_data-transit-gateway-eu-west-2c\"]","module_address":"module.vpc[\"non_live_data\"]","mode":"managed","type":"aws_subnet","name":"subnets","index":"non_live_data-transit-gateway-eu-west-2c","provider_name":"registry.terraform.io/hashicorp/aws","change":{"actions":["no-op"],"before":{"arn":"arn:aws:ec2:eu-west-2:374269020027:subnet/subnet-05fa30ef9e4c3bf67","assign_ipv6_address_on_creation":false,"availability_zone":"eu-west-2c","availability_zone_id":"euw2-az1","cidr_block":"10.231.32.32/28","id":"subnet-05fa30ef9e4c3bf67","ipv6_cidr_block":"","ipv6_cidr_block_association_id":"","map_public_ip_on_launch":false,"outpost_arn":"","owner_id":"374269020027","tags":{"Name":"non_live_data-transit-gateway-eu-west-2c","application":"Modernisation Platform: core-shared-services-production","business-unit":"Platforms","is-production":"true","owner":"Modernisation Platform: modernisation-platform@digital.justice.gov.uk"},"timeouts":null,"vpc_id":"vpc-07dee930bc1278ad9"},"after":{"arn":"arn:aws:ec2:eu-west-2:374269020027:subnet/subnet-05fa30ef9e4c3bf67","assign_ipv6_address_on_creation":false,"availability_zone":"eu-west-2c","availability_zone_id":"euw2-az1","cidr_block":"10.231.32.32/28","id":"subnet-05fa30ef9e4c3bf67","ipv6_cidr_block":"","ipv6_cidr_block_association_id":"","map_public_ip_on_launch":false,"outpost_arn":"","owner_id":"374269020027","tags":{"Name":"non_live_data-transit-gateway-eu-west-2c","application":"Modernisation Platform: core-shared-services-production","business-unit":"Platforms","is-production":"true","owner":"Modernisation Platform: modernisation-platform@digital.justice.gov.uk"},"timeouts":null,"vpc_id":"vpc-07dee930bc1278ad9"},"after_unknown":{}}},{"address":"module.vpc[\"non_live_data\"].aws_vpc.vpc","module_address":"module.vpc[\"non_live_data\"]","mode":"managed","type":"aws_vpc","name":"vpc","provider_name":"registry.terraform.io/hashicorp/aws","change":{"actions":["no-op"],"before":{"arn":"arn:aws:ec2:eu-west-2:374269020027:vpc/vpc-07dee930bc1278ad9","assign_generated_ipv6_cidr_block":false,"cidr_block":"10.231.32.0/19","default_network_acl_id":"acl-0f29b16a8c34e6f7b","default_route_table_id":"rtb-035c4ca9e2a63b6c7","default_security_group_id":"sg-0a2818c4ce99f2113","dhcp_options_id":"dopt-792a1f11","enable_classiclink":null,"enable_classiclink_dns_support":null,"enable_dns_hostnames":true,"enable_dns_support":true,"id":"vpc-07dee930bc1278ad9","instance_tenancy":"default","ipv6_association_id":"","ipv6_cidr_block":"","main_route_table_id":"rtb-035c4ca9e2a63b6c7","owner_id":"374269020027","tags":{"Name":"non_live_data","application":"Modernisation Platform: core-shared-services-production","business-unit":"Platforms","is-production":"true","owner":"Modernisation Platform: modernisation-platform@digital.justice.gov.uk"}},"after":{"arn":"arn:aws:ec2:eu-west-2:374269020027:vpc/vpc-07dee930bc1278ad9","assign_generated_ipv6_cidr_block":false,"cidr_block":"10.231.32.0/19","default_network_acl_id":"acl-0f29b16a8c34e6f7b","default_route_table_id":"rtb-035c4ca9e2a63b6c7","default_security_group_id":"sg-0a2818c4ce99f2113","dhcp_options_id":"dopt-792a1f11","enable_classiclink":null,"enable_classiclink_dns_support":null,"enable_dns_hostnames":true,"enable_dns_support":true,"id":"vpc-07dee930bc1278ad9","instance_tenancy":"default","ipv6_association_id":"","ipv6_cidr_block":"","main_route_table_id":"rtb-035c4ca9e2a63b6c7","owner_id":"374269020027","tags":{"Name":"non_live_data","application":"Modernisation Platform: core-shared-services-production","business-unit":"Platforms","is-production":"true","owner":"Modernisation Platform: modernisation-platform@digital.justice.gov.uk"}},"after_unknown":{}}},{"address":"module.vpc_attachment[\"live_data\"].aws_ec2_tag.retag","module_address":"module.vpc_attachment[\"live_data\"]","mode":"managed","type":"aws_ec2_tag","name":"retag","provider_name":"registry.terraform.io/hashicorp/aws","change":{"actions":["no-op"],"before":{"id":"tgw-attach-052274dc24ab94e8b,Name","key":"Name","resource_id":"tgw-attach-052274dc24ab94e8b","value":"live_data-core-shared-services-production-attachment"},"after":{"id":"tgw-attach-052274dc24ab94e8b,Name","key":"Name","resource_id":"tgw-attach-052274dc24ab94e8b","value":"live_data-core-shared-services-production-attachment"},"after_unknown":{}}},{"address":"module.vpc_attachment[\"live_data\"].aws_ec2_transit_gateway_route_table_association.default","module_address":"module.vpc_attachment[\"live_data\"]","mode":"managed","type":"aws_ec2_transit_gateway_route_table_association","name":"default","provider_name":"registry.terraform.io/hashicorp/aws","change":{"actions":["no-op"],"before":{"id":"tgw-rtb-00935f5dbdb600972_tgw-attach-052274dc24ab94e8b","resource_id":"vpc-0ffb471083903af2c","resource_type":"vpc","transit_gateway_attachment_id":"tgw-attach-052274dc24ab94e8b","transit_gateway_route_table_id":"tgw-rtb-00935f5dbdb600972"},"after":{"id":"tgw-rtb-00935f5dbdb600972_tgw-attach-052274dc24ab94e8b","resource_id":"vpc-0ffb471083903af2c","resource_type":"vpc","transit_gateway_attachment_id":"tgw-attach-052274dc24ab94e8b","transit_gateway_route_table_id":"tgw-rtb-00935f5dbdb600972"},"after_unknown":{}}},{"address":"module.vpc_attachment[\"live_data\"].aws_ec2_transit_gateway_vpc_attachment.default","module_address":"module.vpc_attachment[\"live_data\"]","mode":"managed","type":"aws_ec2_transit_gateway_vpc_attachment","name":"default","provider_name":"registry.terraform.io/hashicorp/aws","change":{"actions":["no-op"],"before":{"appliance_mode_support":"disable","dns_support":"enable","id":"tgw-attach-052274dc24ab94e8b","ipv6_support":"disable","subnet_ids":["subnet-02498450dabc05d5d","subnet-08db5b844d1abd53b","subnet-093b2f28887fa3132"],"tags":{"Name":"live_data-core-shared-services-production-attachment","application":"Modernisation Platform: core-shared-services-production","business-unit":"Platforms","is-production":"true","owner":"Modernisation Platform: modernisation-platform@digital.justice.gov.uk"},"transit_gateway_default_route_table_association":true,"transit_gateway_default_route_table_propagation":true,"transit_gateway_id":"tgw-053d9dd7f1222a554","vpc_id":"vpc-0ffb471083903af2c","vpc_owner_id":"374269020027"},"after":{"appliance_mode_support":"disable","dns_support":"enable","id":"tgw-attach-052274dc24ab94e8b","ipv6_support":"disable","subnet_ids":["subnet-02498450dabc05d5d","subnet-08db5b844d1abd53b","subnet-093b2f28887fa3132"],"tags":{"Name":"live_data-core-shared-services-production-attachment","application":"Modernisation Platform: core-shared-services-production","business-unit":"Platforms","is-production":"true","owner":"Modernisation Platform: modernisation-platform@digital.justice.gov.uk"},"transit_gateway_default_route_table_association":true,"transit_gateway_default_route_table_propagation":true,"transit_gateway_id":"tgw-053d9dd7f1222a554","vpc_id":"vpc-0ffb471083903af2c","vpc_owner_id":"374269020027"},"after_unknown":{}}},{"address":"module.vpc_attachment[\"live_data\"].aws_ram_principal_association.transit_gateway_association","module_address":"module.vpc_attachment[\"live_data\"]","mode":"managed","type":"aws_ram_principal_association","name":"transit_gateway_association","provider_name":"registry.terraform.io/hashicorp/aws","change":{"actions":["no-op"],"before":{"id":"arn:aws:ram:eu-west-2:505974653433:resource-share/a78429e1-33b2-4519-a63e-5aaaf7b50ad6,374269020027","principal":"374269020027","resource_share_arn":"arn:aws:ram:eu-west-2:505974653433:resource-share/a78429e1-33b2-4519-a63e-5aaaf7b50ad6"},"after":{"id":"arn:aws:ram:eu-west-2:505974653433:resource-share/a78429e1-33b2-4519-a63e-5aaaf7b50ad6,374269020027","principal":"374269020027","resource_share_arn":"arn:aws:ram:eu-west-2:505974653433:resource-share/a78429e1-33b2-4519-a63e-5aaaf7b50ad6"},"after_unknown":{}}},{"address":"module.vpc_attachment[\"live_data\"].time_sleep.wait_60_seconds","module_address":"module.vpc_attachment[\"live_data\"]","mode":"managed","type":"time_sleep","name":"wait_60_seconds","provider_name":"registry.terraform.io/hashicorp/time","change":{"actions":["no-op"],"before":{"create_duration":"60s","destroy_duration":null,"id":"2021-02-03T13:23:18Z","triggers":null},"after":{"create_duration":"60s","destroy_duration":null,"id":"2021-02-03T13:23:18Z","triggers":null},"after_unknown":{}}},{"address":"module.vpc_attachment[\"non_live_data\"].aws_ec2_tag.retag","module_address":"module.vpc_attachment[\"non_live_data\"]","mode":"managed","type":"aws_ec2_tag","name":"retag","provider_name":"registry.terraform.io/hashicorp/aws","change":{"actions":["no-op"],"before":{"id":"tgw-attach-07a5eecbb884c84a5,Name","key":"Name","resource_id":"tgw-attach-07a5eecbb884c84a5","value":"non_live_data-core-shared-services-production-attachment"},"after":{"id":"tgw-attach-07a5eecbb884c84a5,Name","key":"Name","resource_id":"tgw-attach-07a5eecbb884c84a5","value":"non_live_data-core-shared-services-production-attachment"},"after_unknown":{}}},{"address":"module.vpc_attachment[\"non_live_data\"].aws_ec2_transit_gateway_route_table_association.default","module_address":"module.vpc_attachment[\"non_live_data\"]","mode":"managed","type":"aws_ec2_transit_gateway_route_table_association","name":"default","provider_name":"registry.terraform.io/hashicorp/aws","change":{"actions":["no-op"],"before":{"id":"tgw-rtb-0663b0b792e72e73f_tgw-attach-07a5eecbb884c84a5","resource_id":"vpc-07dee930bc1278ad9","resource_type":"vpc","transit_gateway_attachment_id":"tgw-attach-07a5eecbb884c84a5","transit_gateway_route_table_id":"tgw-rtb-0663b0b792e72e73f"},"after":{"id":"tgw-rtb-0663b0b792e72e73f_tgw-attach-07a5eecbb884c84a5","resource_id":"vpc-07dee930bc1278ad9","resource_type":"vpc","transit_gateway_attachment_id":"tgw-attach-07a5eecbb884c84a5","transit_gateway_route_table_id":"tgw-rtb-0663b0b792e72e73f"},"after_unknown":{}}},{"address":"module.vpc_attachment[\"non_live_data\"].aws_ec2_transit_gateway_vpc_attachment.default","module_address":"module.vpc_attachment[\"non_live_data\"]","mode":"managed","type":"aws_ec2_transit_gateway_vpc_attachment","name":"default","provider_name":"registry.terraform.io/hashicorp/aws","change":{"actions":["no-op"],"before":{"appliance_mode_support":"disable","dns_support":"enable","id":"tgw-attach-07a5eecbb884c84a5","ipv6_support":"disable","subnet_ids":["subnet-05b9d2bf7dd47929f","subnet-05fa30ef9e4c3bf67","subnet-0d1463906a59838c7"],"tags":{"Name":"non_live_data-core-shared-services-production-attachment","application":"Modernisation Platform: core-shared-services-production","business-unit":"Platforms","is-production":"true","owner":"Modernisation Platform: modernisation-platform@digital.justice.gov.uk"},"transit_gateway_default_route_table_association":true,"transit_gateway_default_route_table_propagation":true,"transit_gateway_id":"tgw-053d9dd7f1222a554","vpc_id":"vpc-07dee930bc1278ad9","vpc_owner_id":"374269020027"},"after":{"appliance_mode_support":"disable","dns_support":"enable","id":"tgw-attach-07a5eecbb884c84a5","ipv6_support":"disable","subnet_ids":["subnet-05b9d2bf7dd47929f","subnet-05fa30ef9e4c3bf67","subnet-0d1463906a59838c7"],"tags":{"Name":"non_live_data-core-shared-services-production-attachment","application":"Modernisation Platform: core-shared-services-production","business-unit":"Platforms","is-production":"true","owner":"Modernisation Platform: modernisation-platform@digital.justice.gov.uk"},"transit_gateway_default_route_table_association":true,"transit_gateway_default_route_table_propagation":true,"transit_gateway_id":"tgw-053d9dd7f1222a554","vpc_id":"vpc-07dee930bc1278ad9","vpc_owner_id":"374269020027"},"after_unknown":{}}},{"address":"module.vpc_attachment[\"non_live_data\"].aws_ram_principal_association.transit_gateway_association","module_address":"module.vpc_attachment[\"non_live_data\"]","mode":"managed","type":"aws_ram_principal_association","name":"transit_gateway_association","provider_name":"registry.terraform.io/hashicorp/aws","change":{"actions":["no-op"],"before":{"id":"arn:aws:ram:eu-west-2:505974653433:resource-share/a78429e1-33b2-4519-a63e-5aaaf7b50ad6,374269020027","principal":"374269020027","resource_share_arn":"arn:aws:ram:eu-west-2:505974653433:resource-share/a78429e1-33b2-4519-a63e-5aaaf7b50ad6"},"after":{"id":"arn:aws:ram:eu-west-2:505974653433:resource-share/a78429e1-33b2-4519-a63e-5aaaf7b50ad6,374269020027","principal":"374269020027","resource_share_arn":"arn:aws:ram:eu-west-2:505974653433:resource-share/a78429e1-33b2-4519-a63e-5aaaf7b50ad6"},"after_unknown":{}}},{"address":"module.vpc_attachment[\"non_live_data\"].time_sleep.wait_60_seconds","module_address":"module.vpc_attachment[\"non_live_data\"]","mode":"managed","type":"time_sleep","name":"wait_60_seconds","provider_name":"registry.terraform.io/hashicorp/time","change":{"actions":["no-op"],"before":{"create_duration":"60s","destroy_duration":null,"id":"2021-02-03T13:23:18Z","triggers":null},"after":{"create_duration":"60s","destroy_duration":null,"id":"2021-02-03T13:23:18Z","triggers":null},"after_unknown":{}}},{"address":"time_sleep.wait_60_seconds","mode":"managed","type":"time_sleep","name":"wait_60_seconds","provider_name":"registry.terraform.io/hashicorp/time","change":{"actions":["no-op"],"before":{"create_duration":"60s","destroy_duration":null,"id":"2021-02-03T13:23:18Z","triggers":null},"after":{"create_duration":"60s","destroy_duration":null,"id":"2021-02-03T13:23:18Z","triggers":null},"after_unknown":{}}}],"output_changes":{"test123":{"actions":["create"],"before":null,"after":"dummy","after_unknown":false}},"prior_state":{"format_version":"0.1","terraform_version":"0.14.5","values":{"outputs":{"test123":{"sensitive":false,"value":"dummy"}},"root_module":{"resources":[{"address":"aws_ram_principal_association.transit_gateway_association","mode":"managed","type":"aws_ram_principal_association","name":"transit_gateway_association","provider_name":"registry.terraform.io/hashicorp/aws","schema_version":0,"values":{"id":"arn:aws:ram:eu-west-2:505974653433:resource-share/a78429e1-33b2-4519-a63e-5aaaf7b50ad6,374269020027","principal":"374269020027","resource_share_arn":"arn:aws:ram:eu-west-2:505974653433:resource-share/a78429e1-33b2-4519-a63e-5aaaf7b50ad6"},"depends_on":["data.aws_caller_identity.current","data.aws_ram_resource_share.transit-gateway-shared","data.aws_secretsmanager_secret.environment_management","data.aws_secretsmanager_secret_version.environment_management"]},{"address":"data.aws_caller_identity.current","mode":"data","type":"aws_caller_identity","name":"current","provider_name":"registry.terraform.io/hashicorp/aws","schema_version":0,"values":{"account_id":"374269020027","arn":"arn:aws:sts::374269020027:assumed-role/ModernisationPlatformAccess/1612364896522661029","id":"374269020027","user_id":"AROAVOJBMA552GAND5SCD:1612364896522661029"}},{"address":"data.aws_ec2_transit_gateway.transit-gateway","mode":"data","type":"aws_ec2_transit_gateway","name":"transit-gateway","provider_name":"registry.terraform.io/hashicorp/aws","schema_version":0,"values":{"amazon_side_asn":64589,"arn":"arn:aws:ec2:eu-west-2:505974653433:transit-gateway/tgw-053d9dd7f1222a554","association_default_route_table_id":"","auto_accept_shared_attachments":"enable","default_route_table_association":"disable","default_route_table_propagation":"disable","description":"Managed by Terraform","dns_support":"enable","filter":[{"name":"options.amazon-side-asn","values":["64589"]}],"id":"tgw-053d9dd7f1222a554","owner_id":"505974653433","propagation_default_route_table_id":"","tags":{"Name":"Modernisation Platform: Transit Gateway","application":"Modernisation Platform: core-network-services","business-unit":"Platforms","is-production":"true","owner":"Modernisation Platform: modernisation-platform@digital.justice.gov.uk"},"vpn_ecmp_support":"enable"}},{"address":"data.aws_iam_role.vpc-flow-log","mode":"data","type":"aws_iam_role","name":"vpc-flow-log","provider_name":"registry.terraform.io/hashicorp/aws","schema_version":0,"values":{"arn":"arn:aws:iam::374269020027:role/AWSVPCFlowLog","assume_role_policy":"{\"Version\":\"2012-10-17\",\"Statement\":[{\"Sid\":\"\",\"Effect\":\"Allow\",\"Principal\":{\"Service\":\"vpc-flow-logs.amazonaws.com\"},\"Action\":\"sts:AssumeRole\"}]}","create_date":"2020-11-20T15:44:28Z","description":"","id":"AWSVPCFlowLog","max_session_duration":3600,"name":"AWSVPCFlowLog","path":"/","permissions_boundary":"","tags":{"application":"Modernisation Platform: Environments Management","business-unit":"Platforms","is-production":"true","owner":"Modernisation Platform: modernisation-platform@digital.justice.gov.uk"},"unique_id":"AROAVOJBMA55WTYWHE7MY"}},{"address":"data.aws_ram_resource_share.transit-gateway-shared","mode":"data","type":"aws_ram_resource_share","name":"transit-gateway-shared","provider_name":"registry.terraform.io/hashicorp/aws","schema_version":0,"values":{"arn":"arn:aws:ram:eu-west-2:505974653433:resource-share/a78429e1-33b2-4519-a63e-5aaaf7b50ad6","filter":null,"id":"arn:aws:ram:eu-west-2:505974653433:resource-share/a78429e1-33b2-4519-a63e-5aaaf7b50ad6","name":"transit-gateway","owning_account_id":"505974653433","resource_owner":"SELF","status":"ACTIVE","tags":{"application":"Modernisation Platform: core-network-services","business-unit":"Platforms","is-production":"true","owner":"Modernisation Platform: modernisation-platform@digital.justice.gov.uk"}}},{"address":"data.aws_secretsmanager_secret.environment_management","mode":"data","type":"aws_secretsmanager_secret","name":"environment_management","provider_name":"registry.terraform.io/hashicorp/aws","schema_version":0,"values":{"arn":"arn:aws:secretsmanager:eu-west-2:946070829339:secret:environment_management-BLRCDb","description":"IDs for AWS-specific resources for environment management, such as organizational unit IDs","id":"arn:aws:secretsmanager:eu-west-2:946070829339:secret:environment_management-BLRCDb","kms_key_id":"","name":"environment_management","policy":"","rotation_enabled":false,"rotation_lambda_arn":"","rotation_rules":[],"tags":{"application":"Modernisation Platform: Environments Management","business-unit":"Platforms","is-production":"true","owner":"Modernisation Platform: modernisation-platform@digital.justice.gov.uk"}}},{"address":"data.aws_secretsmanager_secret_version.environment_management","mode":"data","type":"aws_secretsmanager_secret_version","name":"environment_management","provider_name":"registry.terraform.io/hashicorp/aws","schema_version":0,"values":{"arn":"arn:aws:secretsmanager:eu-west-2:946070829339:secret:environment_management-BLRCDb","id":"arn:aws:secretsmanager:eu-west-2:946070829339:secret:environment_management-BLRCDb|AWSCURRENT","secret_binary":"","secret_id":"arn:aws:secretsmanager:eu-west-2:946070829339:secret:environment_management-BLRCDb","secret_string":"{\"account_ids\":{\"analytical-platform-management-production\":\"042130406152\",\"bichard7-dev-current\":\"784489036757\",\"bichard7-dev-next\":\"546225096470\",\"bichard7-sandbox-a\":\"454061736096\",\"bichard7-sandbox-b\":\"108839434327\",\"bichard7-sandbox-c\":\"744728743481\",\"bichard7-sandbox-shared\":\"258361008057\",\"bichard7-shared\":\"497078235711\",\"bichard7-test-current\":\"439237763202\",\"bichard7-test-next\":\"581823340673\",\"core-logging-production\":\"624384546187\",\"core-network-services-production\":\"505974653433\",\"core-sandbox-dev\":\"763252494486\",\"core-security-production\":\"744927879746\",\"core-shared-services-production\":\"374269020027\",\"core-vpc-non-live-data\":\"864513598685\",\"core-vpc-production\":\"278663825216\",\"justice-on-the-web-sandbox\":\"187364338251\",\"remote-supervision-non-production\":\"283184878391\",\"remote-supervision-production\":\"053800769812\"},\"modernisation_platform_organisation_unit_id\":\"ou-j1kx-qxsrh1gv\"}","version_id":"62D3CCCE-26DD-4A72-AF7F-9640075802B7","version_stage":"AWSCURRENT","version_stages":["AWSCURRENT"]}},{"address":"time_sleep.wait_60_seconds","mode":"managed","type":"time_sleep","name":"wait_60_seconds","provider_name":"registry.terraform.io/hashicorp/time","schema_version":0,"values":{"create_duration":"60s","destroy_duration":null,"id":"2021-02-03T13:23:18Z","triggers":null}}],"child_modules":[{"resources":[{"address":"module.core-vpc-tgw-routes[\"live_data\"].aws_route.private_transit_gateway[\"live_data-data-eu-west-2a\"]","mode":"managed","type":"aws_route","name":"private_transit_gateway","index":"live_data-data-eu-west-2a","provider_name":"registry.terraform.io/hashicorp/aws","schema_version":0,"values":{"destination_cidr_block":"0.0.0.0/0","destination_ipv6_cidr_block":"","destination_prefix_list_id":"","egress_only_gateway_id":"","gateway_id":"","id":"r-rtb-075c46c94149ab48e1080289494","instance_id":"","instance_owner_id":"","local_gateway_id":"","nat_gateway_id":"","network_interface_id":"","origin":"CreateRoute","route_table_id":"rtb-075c46c94149ab48e","state":"active","timeouts":null,"transit_gateway_id":"tgw-053d9dd7f1222a554","vpc_endpoint_id":null,"vpc_peering_connection_id":""},"depends_on":["data.aws_ec2_transit_gateway.transit-gateway","data.aws_iam_role.vpc-flow-log","data.aws_secretsmanager_secret.environment_management","data.aws_secretsmanager_secret_version.environment_management","module.vpc.aws_cloudwatch_log_group.default","module.vpc.aws_eip.default","module.vpc.aws_flow_log.cloudwatch","module.vpc.aws_internet_gateway.default","module.vpc.aws_nat_gateway.default","module.vpc.aws_network_acl.default","module.vpc.aws_network_acl_rule.allow_local_network_egress","module.vpc.aws_network_acl_rule.allow_local_network_ingress","module.vpc.aws_network_acl_rule.apply_network_map_rules","module.vpc.aws_route.private_nat","module.vpc.aws_route.public_internet_gateway","module.vpc.aws_route_table.private","module.vpc.aws_route_table.public","module.vpc.aws_route_table_association.default","module.vpc.aws_subnet.subnets","module.vpc.aws_vpc.vpc","module.vpc.data.aws_availability_zones.available","module.vpc_attachment.aws_ec2_tag.retag","module.vpc_attachment.aws_ec2_transit_gateway_route_table_association.default","module.vpc_attachment.aws_ec2_transit_gateway_vpc_attachment.default","module.vpc_attachment.aws_ram_principal_association.transit_gateway_association","module.vpc_attachment.data.aws_caller_identity.transit-gateway-tenant","module.vpc_attachment.data.aws_ec2_transit_gateway_route_table.default","module.vpc_attachment.data.aws_ram_resource_share.transit-gateway","module.vpc_attachment.time_sleep.wait_60_seconds"]},{"address":"module.core-vpc-tgw-routes[\"live_data\"].aws_route.private_transit_gateway[\"live_data-data-eu-west-2b\"]","mode":"managed","type":"aws_route","name":"private_transit_gateway","index":"live_data-data-eu-west-2b","provider_name":"registry.terraform.io/hashicorp/aws","schema_version":0,"values":{"destination_cidr_block":"0.0.0.0/0","destination_ipv6_cidr_block":"","destination_prefix_list_id":"","egress_only_gateway_id":"","gateway_id":"","id":"r-rtb-0f3e424f07bbc4b9c1080289494","instance_id":"","instance_owner_id":"","local_gateway_id":"","nat_gateway_id":"","network_interface_id":"","origin":"CreateRoute","route_table_id":"rtb-0f3e424f07bbc4b9c","state":"active","timeouts":null,"transit_gateway_id":"tgw-053d9dd7f1222a554","vpc_endpoint_id":null,"vpc_peering_connection_id":""},"depends_on":["data.aws_ec2_transit_gateway.transit-gateway","data.aws_iam_role.vpc-flow-log","data.aws_secretsmanager_secret.environment_management","data.aws_secretsmanager_secret_version.environment_management","module.vpc.aws_cloudwatch_log_group.default","module.vpc.aws_eip.default","module.vpc.aws_flow_log.cloudwatch","module.vpc.aws_internet_gateway.default","module.vpc.aws_nat_gateway.default","module.vpc.aws_network_acl.default","module.vpc.aws_network_acl_rule.allow_local_network_egress","module.vpc.aws_network_acl_rule.allow_local_network_ingress","module.vpc.aws_network_acl_rule.apply_network_map_rules","module.vpc.aws_route.private_nat","module.vpc.aws_route.public_internet_gateway","module.vpc.aws_route_table.private","module.vpc.aws_route_table.public","module.vpc.aws_route_table_association.default","module.vpc.aws_subnet.subnets","module.vpc.aws_vpc.vpc","module.vpc.data.aws_availability_zones.available","module.vpc_attachment.aws_ec2_tag.retag","module.vpc_attachment.aws_ec2_transit_gateway_route_table_association.default","module.vpc_attachment.aws_ec2_transit_gateway_vpc_attachment.default","module.vpc_attachment.aws_ram_principal_association.transit_gateway_association","module.vpc_attachment.data.aws_caller_identity.transit-gateway-tenant","module.vpc_attachment.data.aws_ec2_transit_gateway_route_table.default","module.vpc_attachment.data.aws_ram_resource_share.transit-gateway","module.vpc_attachment.time_sleep.wait_60_seconds"]},{"address":"module.core-vpc-tgw-routes[\"live_data\"].aws_route.private_transit_gateway[\"live_data-data-eu-west-2c\"]","mode":"managed","type":"aws_route","name":"private_transit_gateway","index":"live_data-data-eu-west-2c","provider_name":"registry.terraform.io/hashicorp/aws","schema_version":0,"values":{"destination_cidr_block":"0.0.0.0/0","destination_ipv6_cidr_block":"","destination_prefix_list_id":"","egress_only_gateway_id":"","gateway_id":"","id":"r-rtb-0ffb85d9ce66f921c1080289494","instance_id":"","instance_owner_id":"","local_gateway_id":"","nat_gateway_id":"","network_interface_id":"","origin":"CreateRoute","route_table_id":"rtb-0ffb85d9ce66f921c","state":"active","timeouts":null,"transit_gateway_id":"tgw-053d9dd7f1222a554","vpc_endpoint_id":null,"vpc_peering_connection_id":""},"depends_on":["data.aws_ec2_transit_gateway.transit-gateway","data.aws_iam_role.vpc-flow-log","data.aws_secretsmanager_secret.environment_management","data.aws_secretsmanager_secret_version.environment_management","module.vpc.aws_cloudwatch_log_group.default","module.vpc.aws_eip.default","module.vpc.aws_flow_log.cloudwatch","module.vpc.aws_internet_gateway.default","module.vpc.aws_nat_gateway.default","module.vpc.aws_network_acl.default","module.vpc.aws_network_acl_rule.allow_local_network_egress","module.vpc.aws_network_acl_rule.allow_local_network_ingress","module.vpc.aws_network_acl_rule.apply_network_map_rules","module.vpc.aws_route.private_nat","module.vpc.aws_route.public_internet_gateway","module.vpc.aws_route_table.private","module.vpc.aws_route_table.public","module.vpc.aws_route_table_association.default","module.vpc.aws_subnet.subnets","module.vpc.aws_vpc.vpc","module.vpc.data.aws_availability_zones.available","module.vpc_attachment.aws_ec2_tag.retag","module.vpc_attachment.aws_ec2_transit_gateway_route_table_association.default","module.vpc_attachment.aws_ec2_transit_gateway_vpc_attachment.default","module.vpc_attachment.aws_ram_principal_association.transit_gateway_association","module.vpc_attachment.data.aws_caller_identity.transit-gateway-tenant","module.vpc_attachment.data.aws_ec2_transit_gateway_route_table.default","module.vpc_attachment.data.aws_ram_resource_share.transit-gateway","module.vpc_attachment.time_sleep.wait_60_seconds"]},{"address":"module.core-vpc-tgw-routes[\"live_data\"].aws_route.private_transit_gateway[\"live_data-private-eu-west-2a\"]","mode":"managed","type":"aws_route","name":"private_transit_gateway","index":"live_data-private-eu-west-2a","provider_name":"registry.terraform.io/hashicorp/aws","schema_version":0,"values":{"destination_cidr_block":"0.0.0.0/0","destination_ipv6_cidr_block":"","destination_prefix_list_id":"","egress_only_gateway_id":"","gateway_id":"","id":"r-rtb-0085a7256980e0a4a1080289494","instance_id":"","instance_owner_id":"","local_gateway_id":"","nat_gateway_id":"","network_interface_id":"","origin":"CreateRoute","route_table_id":"rtb-0085a7256980e0a4a","state":"active","timeouts":null,"transit_gateway_id":"tgw-053d9dd7f1222a554","vpc_endpoint_id":null,"vpc_peering_connection_id":""},"depends_on":["data.aws_ec2_transit_gateway.transit-gateway","data.aws_iam_role.vpc-flow-log","data.aws_secretsmanager_secret.environment_management","data.aws_secretsmanager_secret_version.environment_management","module.vpc.aws_cloudwatch_log_group.default","module.vpc.aws_eip.default","module.vpc.aws_flow_log.cloudwatch","module.vpc.aws_internet_gateway.default","module.vpc.aws_nat_gateway.default","module.vpc.aws_network_acl.default","module.vpc.aws_network_acl_rule.allow_local_network_egress","module.vpc.aws_network_acl_rule.allow_local_network_ingress","module.vpc.aws_network_acl_rule.apply_network_map_rules","module.vpc.aws_route.private_nat","module.vpc.aws_route.public_internet_gateway","module.vpc.aws_route_table.private","module.vpc.aws_route_table.public","module.vpc.aws_route_table_association.default","module.vpc.aws_subnet.subnets","module.vpc.aws_vpc.vpc","module.vpc.data.aws_availability_zones.available","module.vpc_attachment.aws_ec2_tag.retag","module.vpc_attachment.aws_ec2_transit_gateway_route_table_association.default","module.vpc_attachment.aws_ec2_transit_gateway_vpc_attachment.default","module.vpc_attachment.aws_ram_principal_association.transit_gateway_association","module.vpc_attachment.data.aws_caller_identity.transit-gateway-tenant","module.vpc_attachment.data.aws_ec2_transit_gateway_route_table.default","module.vpc_attachment.data.aws_ram_resource_share.transit-gateway","module.vpc_attachment.time_sleep.wait_60_seconds"]},{"address":"module.core-vpc-tgw-routes[\"live_data\"].aws_route.private_transit_gateway[\"live_data-private-eu-west-2b\"]","mode":"managed","type":"aws_route","name":"private_transit_gateway","index":"live_data-private-eu-west-2b","provider_name":"registry.terraform.io/hashicorp/aws","schema_version":0,"values":{"destination_cidr_block":"0.0.0.0/0","destination_ipv6_cidr_block":"","destination_prefix_list_id":"","egress_only_gateway_id":"","gateway_id":"","id":"r-rtb-0be057e095f733fe81080289494","instance_id":"","instance_owner_id":"","local_gateway_id":"","nat_gateway_id":"","network_interface_id":"","origin":"CreateRoute","route_table_id":"rtb-0be057e095f733fe8","state":"active","timeouts":null,"transit_gateway_id":"tgw-053d9dd7f1222a554","vpc_endpoint_id":null,"vpc_peering_connection_id":""},"depends_on":["data.aws_ec2_transit_gateway.transit-gateway","data.aws_iam_role.vpc-flow-log","data.aws_secretsmanager_secret.environment_management","data.aws_secretsmanager_secret_version.environment_management","module.vpc.aws_cloudwatch_log_group.default","module.vpc.aws_eip.default","module.vpc.aws_flow_log.cloudwatch","module.vpc.aws_internet_gateway.default","module.vpc.aws_nat_gateway.default","module.vpc.aws_network_acl.default","module.vpc.aws_network_acl_rule.allow_local_network_egress","module.vpc.aws_network_acl_rule.allow_local_network_ingress","module.vpc.aws_network_acl_rule.apply_network_map_rules","module.vpc.aws_route.private_nat","module.vpc.aws_route.public_internet_gateway","module.vpc.aws_route_table.private","module.vpc.aws_route_table.public","module.vpc.aws_route_table_association.default","module.vpc.aws_subnet.subnets","module.vpc.aws_vpc.vpc","module.vpc.data.aws_availability_zones.available","module.vpc_attachment.aws_ec2_tag.retag","module.vpc_attachment.aws_ec2_transit_gateway_route_table_association.default","module.vpc_attachment.aws_ec2_transit_gateway_vpc_attachment.default","module.vpc_attachment.aws_ram_principal_association.transit_gateway_association","module.vpc_attachment.data.aws_caller_identity.transit-gateway-tenant","module.vpc_attachment.data.aws_ec2_transit_gateway_route_table.default","module.vpc_attachment.data.aws_ram_resource_share.transit-gateway","module.vpc_attachment.time_sleep.wait_60_seconds"]},{"address":"module.core-vpc-tgw-routes[\"live_data\"].aws_route.private_transit_gateway[\"live_data-private-eu-west-2c\"]","mode":"managed","type":"aws_route","name":"private_transit_gateway","index":"live_data-private-eu-west-2c","provider_name":"registry.terraform.io/hashicorp/aws","schema_version":0,"values":{"destination_cidr_block":"0.0.0.0/0","destination_ipv6_cidr_block":"","destination_prefix_list_id":"","egress_only_gateway_id":"","gateway_id":"","id":"r-rtb-0dbccdb8501b600611080289494","instance_id":"","instance_owner_id":"","local_gateway_id":"","nat_gateway_id":"","network_interface_id":"","origin":"CreateRoute","route_table_id":"rtb-0dbccdb8501b60061","state":"active","timeouts":null,"transit_gateway_id":"tgw-053d9dd7f1222a554","vpc_endpoint_id":null,"vpc_peering_connection_id":""},"depends_on":["data.aws_ec2_transit_gateway.transit-gateway","data.aws_iam_role.vpc-flow-log","data.aws_secretsmanager_secret.environment_management","data.aws_secretsmanager_secret_version.environment_management","module.vpc.aws_cloudwatch_log_group.default","module.vpc.aws_eip.default","module.vpc.aws_flow_log.cloudwatch","module.vpc.aws_internet_gateway.default","module.vpc.aws_nat_gateway.default","module.vpc.aws_network_acl.default","module.vpc.aws_network_acl_rule.allow_local_network_egress","module.vpc.aws_network_acl_rule.allow_local_network_ingress","module.vpc.aws_network_acl_rule.apply_network_map_rules","module.vpc.aws_route.private_nat","module.vpc.aws_route.public_internet_gateway","module.vpc.aws_route_table.private","module.vpc.aws_route_table.public","module.vpc.aws_route_table_association.default","module.vpc.aws_subnet.subnets","module.vpc.aws_vpc.vpc","module.vpc.data.aws_availability_zones.available","module.vpc_attachment.aws_ec2_tag.retag","module.vpc_attachment.aws_ec2_transit_gateway_route_table_association.default","module.vpc_attachment.aws_ec2_transit_gateway_vpc_attachment.default","module.vpc_attachment.aws_ram_principal_association.transit_gateway_association","module.vpc_attachment.data.aws_caller_identity.transit-gateway-tenant","module.vpc_attachment.data.aws_ec2_transit_gateway_route_table.default","module.vpc_attachment.data.aws_ram_resource_share.transit-gateway","module.vpc_attachment.time_sleep.wait_60_seconds"]},{"address":"module.core-vpc-tgw-routes[\"live_data\"].aws_route.private_transit_gateway[\"live_data-transit-gateway-eu-west-2a\"]","mode":"managed","type":"aws_route","name":"private_transit_gateway","index":"live_data-transit-gateway-eu-west-2a","provider_name":"registry.terraform.io/hashicorp/aws","schema_version":0,"values":{"destination_cidr_block":"0.0.0.0/0","destination_ipv6_cidr_block":"","destination_prefix_list_id":"","egress_only_gateway_id":"","gateway_id":"","id":"r-rtb-05fa2dd403b955bb71080289494","instance_id":"","instance_owner_id":"","local_gateway_id":"","nat_gateway_id":"","network_interface_id":"","origin":"CreateRoute","route_table_id":"rtb-05fa2dd403b955bb7","state":"active","timeouts":null,"transit_gateway_id":"tgw-053d9dd7f1222a554","vpc_endpoint_id":null,"vpc_peering_connection_id":""},"depends_on":["data.aws_ec2_transit_gateway.transit-gateway","data.aws_iam_role.vpc-flow-log","data.aws_secretsmanager_secret.environment_management","data.aws_secretsmanager_secret_version.environment_management","module.vpc.aws_cloudwatch_log_group.default","module.vpc.aws_eip.default","module.vpc.aws_flow_log.cloudwatch","module.vpc.aws_internet_gateway.default","module.vpc.aws_nat_gateway.default","module.vpc.aws_network_acl.default","module.vpc.aws_network_acl_rule.allow_local_network_egress","module.vpc.aws_network_acl_rule.allow_local_network_ingress","module.vpc.aws_network_acl_rule.apply_network_map_rules","module.vpc.aws_route.private_nat","module.vpc.aws_route.public_internet_gateway","module.vpc.aws_route_table.private","module.vpc.aws_route_table.public","module.vpc.aws_route_table_association.default","module.vpc.aws_subnet.subnets","module.vpc.aws_vpc.vpc","module.vpc.data.aws_availability_zones.available","module.vpc_attachment.aws_ec2_tag.retag","module.vpc_attachment.aws_ec2_transit_gateway_route_table_association.default","module.vpc_attachment.aws_ec2_transit_gateway_vpc_attachment.default","module.vpc_attachment.aws_ram_principal_association.transit_gateway_association","module.vpc_attachment.data.aws_caller_identity.transit-gateway-tenant","module.vpc_attachment.data.aws_ec2_transit_gateway_route_table.default","module.vpc_attachment.data.aws_ram_resource_share.transit-gateway","module.vpc_attachment.time_sleep.wait_60_seconds"]},{"address":"module.core-vpc-tgw-routes[\"live_data\"].aws_route.private_transit_gateway[\"live_data-transit-gateway-eu-west-2b\"]","mode":"managed","type":"aws_route","name":"private_transit_gateway","index":"live_data-transit-gateway-eu-west-2b","provider_name":"registry.terraform.io/hashicorp/aws","schema_version":0,"values":{"destination_cidr_block":"0.0.0.0/0","destination_ipv6_cidr_block":"","destination_prefix_list_id":"","egress_only_gateway_id":"","gateway_id":"","id":"r-rtb-022a3e9c287fad0961080289494","instance_id":"","instance_owner_id":"","local_gateway_id":"","nat_gateway_id":"","network_interface_id":"","origin":"CreateRoute","route_table_id":"rtb-022a3e9c287fad096","state":"active","timeouts":null,"transit_gateway_id":"tgw-053d9dd7f1222a554","vpc_endpoint_id":null,"vpc_peering_connection_id":""},"depends_on":["data.aws_ec2_transit_gateway.transit-gateway","data.aws_iam_role.vpc-flow-log","data.aws_secretsmanager_secret.environment_management","data.aws_secretsmanager_secret_version.environment_management","module.vpc.aws_cloudwatch_log_group.default","module.vpc.aws_eip.default","module.vpc.aws_flow_log.cloudwatch","module.vpc.aws_internet_gateway.default","module.vpc.aws_nat_gateway.default","module.vpc.aws_network_acl.default","module.vpc.aws_network_acl_rule.allow_local_network_egress","module.vpc.aws_network_acl_rule.allow_local_network_ingress","module.vpc.aws_network_acl_rule.apply_network_map_rules","module.vpc.aws_route.private_nat","module.vpc.aws_route.public_internet_gateway","module.vpc.aws_route_table.private","module.vpc.aws_route_table.public","module.vpc.aws_route_table_association.default","module.vpc.aws_subnet.subnets","module.vpc.aws_vpc.vpc","module.vpc.data.aws_availability_zones.available","module.vpc_attachment.aws_ec2_tag.retag","module.vpc_attachment.aws_ec2_transit_gateway_route_table_association.default","module.vpc_attachment.aws_ec2_transit_gateway_vpc_attachment.default","module.vpc_attachment.aws_ram_principal_association.transit_gateway_association","module.vpc_attachment.data.aws_caller_identity.transit-gateway-tenant","module.vpc_attachment.data.aws_ec2_transit_gateway_route_table.default","module.vpc_attachment.data.aws_ram_resource_share.transit-gateway","module.vpc_attachment.time_sleep.wait_60_seconds"]},{"address":"module.core-vpc-tgw-routes[\"live_data\"].aws_route.private_transit_gateway[\"live_data-transit-gateway-eu-west-2c\"]","mode":"managed","type":"aws_route","name":"private_transit_gateway","index":"live_data-transit-gateway-eu-west-2c","provider_name":"registry.terraform.io/hashicorp/aws","schema_version":0,"values":{"destination_cidr_block":"0.0.0.0/0","destination_ipv6_cidr_block":"","destination_prefix_list_id":"","egress_only_gateway_id":"","gateway_id":"","id":"r-rtb-00b138087d73295df1080289494","instance_id":"","instance_owner_id":"","local_gateway_id":"","nat_gateway_id":"","network_interface_id":"","origin":"CreateRoute","route_table_id":"rtb-00b138087d73295df","state":"active","timeouts":null,"transit_gateway_id":"tgw-053d9dd7f1222a554","vpc_endpoint_id":null,"vpc_peering_connection_id":""},"depends_on":["data.aws_ec2_transit_gateway.transit-gateway","data.aws_iam_role.vpc-flow-log","data.aws_secretsmanager_secret.environment_management","data.aws_secretsmanager_secret_version.environment_management","module.vpc.aws_cloudwatch_log_group.default","module.vpc.aws_eip.default","module.vpc.aws_flow_log.cloudwatch","module.vpc.aws_internet_gateway.default","module.vpc.aws_nat_gateway.default","module.vpc.aws_network_acl.default","module.vpc.aws_network_acl_rule.allow_local_network_egress","module.vpc.aws_network_acl_rule.allow_local_network_ingress","module.vpc.aws_network_acl_rule.apply_network_map_rules","module.vpc.aws_route.private_nat","module.vpc.aws_route.public_internet_gateway","module.vpc.aws_route_table.private","module.vpc.aws_route_table.public","module.vpc.aws_route_table_association.default","module.vpc.aws_subnet.subnets","module.vpc.aws_vpc.vpc","module.vpc.data.aws_availability_zones.available","module.vpc_attachment.aws_ec2_tag.retag","module.vpc_attachment.aws_ec2_transit_gateway_route_table_association.default","module.vpc_attachment.aws_ec2_transit_gateway_vpc_attachment.default","module.vpc_attachment.aws_ram_principal_association.transit_gateway_association","module.vpc_attachment.data.aws_caller_identity.transit-gateway-tenant","module.vpc_attachment.data.aws_ec2_transit_gateway_route_table.default","module.vpc_attachment.data.aws_ram_resource_share.transit-gateway","module.vpc_attachment.time_sleep.wait_60_seconds"]}],"address":"module.core-vpc-tgw-routes[\"live_data\"]"},{"resources":[{"address":"module.core-vpc-tgw-routes[\"non_live_data\"].aws_route.private_transit_gateway[\"non_live_data-data-eu-west-2a\"]","mode":"managed","type":"aws_route","name":"private_transit_gateway","index":"non_live_data-data-eu-west-2a","provider_name":"registry.terraform.io/hashicorp/aws","schema_version":0,"values":{"destination_cidr_block":"0.0.0.0/0","destination_ipv6_cidr_block":"","destination_prefix_list_id":"","egress_only_gateway_id":"","gateway_id":"","id":"r-rtb-0fcb93af147ca30f91080289494","instance_id":"","instance_owner_id":"","local_gateway_id":"","nat_gateway_id":"","network_interface_id":"","origin":"CreateRoute","route_table_id":"rtb-0fcb93af147ca30f9","state":"active","timeouts":null,"transit_gateway_id":"tgw-053d9dd7f1222a554","vpc_endpoint_id":null,"vpc_peering_connection_id":""},"depends_on":["data.aws_ec2_transit_gateway.transit-gateway","data.aws_iam_role.vpc-flow-log","data.aws_secretsmanager_secret.environment_management","data.aws_secretsmanager_secret_version.environment_management","module.vpc.aws_cloudwatch_log_group.default","module.vpc.aws_eip.default","module.vpc.aws_flow_log.cloudwatch","module.vpc.aws_internet_gateway.default","module.vpc.aws_nat_gateway.default","module.vpc.aws_network_acl.default","module.vpc.aws_network_acl_rule.allow_local_network_egress","module.vpc.aws_network_acl_rule.allow_local_network_ingress","module.vpc.aws_network_acl_rule.apply_network_map_rules","module.vpc.aws_route.private_nat","module.vpc.aws_route.public_internet_gateway","module.vpc.aws_route_table.private","module.vpc.aws_route_table.public","module.vpc.aws_route_table_association.default","module.vpc.aws_subnet.subnets","module.vpc.aws_vpc.vpc","module.vpc.data.aws_availability_zones.available","module.vpc_attachment.aws_ec2_tag.retag","module.vpc_attachment.aws_ec2_transit_gateway_route_table_association.default","module.vpc_attachment.aws_ec2_transit_gateway_vpc_attachment.default","module.vpc_attachment.aws_ram_principal_association.transit_gateway_association","module.vpc_attachment.data.aws_caller_identity.transit-gateway-tenant","module.vpc_attachment.data.aws_ec2_transit_gateway_route_table.default","module.vpc_attachment.data.aws_ram_resource_share.transit-gateway","module.vpc_attachment.time_sleep.wait_60_seconds"]},{"address":"module.core-vpc-tgw-routes[\"non_live_data\"].aws_route.private_transit_gateway[\"non_live_data-data-eu-west-2b\"]","mode":"managed","type":"aws_route","name":"private_transit_gateway","index":"non_live_data-data-eu-west-2b","provider_name":"registry.terraform.io/hashicorp/aws","schema_version":0,"values":{"destination_cidr_block":"0.0.0.0/0","destination_ipv6_cidr_block":"","destination_prefix_list_id":"","egress_only_gateway_id":"","gateway_id":"","id":"r-rtb-0d54518036513d57f1080289494","instance_id":"","instance_owner_id":"","local_gateway_id":"","nat_gateway_id":"","network_interface_id":"","origin":"CreateRoute","route_table_id":"rtb-0d54518036513d57f","state":"active","timeouts":null,"transit_gateway_id":"tgw-053d9dd7f1222a554","vpc_endpoint_id":null,"vpc_peering_connection_id":""},"depends_on":["data.aws_ec2_transit_gateway.transit-gateway","data.aws_iam_role.vpc-flow-log","data.aws_secretsmanager_secret.environment_management","data.aws_secretsmanager_secret_version.environment_management","module.vpc.aws_cloudwatch_log_group.default","module.vpc.aws_eip.default","module.vpc.aws_flow_log.cloudwatch","module.vpc.aws_internet_gateway.default","module.vpc.aws_nat_gateway.default","module.vpc.aws_network_acl.default","module.vpc.aws_network_acl_rule.allow_local_network_egress","module.vpc.aws_network_acl_rule.allow_local_network_ingress","module.vpc.aws_network_acl_rule.apply_network_map_rules","module.vpc.aws_route.private_nat","module.vpc.aws_route.public_internet_gateway","module.vpc.aws_route_table.private","module.vpc.aws_route_table.public","module.vpc.aws_route_table_association.default","module.vpc.aws_subnet.subnets","module.vpc.aws_vpc.vpc","module.vpc.data.aws_availability_zones.available","module.vpc_attachment.aws_ec2_tag.retag","module.vpc_attachment.aws_ec2_transit_gateway_route_table_association.default","module.vpc_attachment.aws_ec2_transit_gateway_vpc_attachment.default","module.vpc_attachment.aws_ram_principal_association.transit_gateway_association","module.vpc_attachment.data.aws_caller_identity.transit-gateway-tenant","module.vpc_attachment.data.aws_ec2_transit_gateway_route_table.default","module.vpc_attachment.data.aws_ram_resource_share.transit-gateway","module.vpc_attachment.time_sleep.wait_60_seconds"]},{"address":"module.core-vpc-tgw-routes[\"non_live_data\"].aws_route.private_transit_gateway[\"non_live_data-data-eu-west-2c\"]","mode":"managed","type":"aws_route","name":"private_transit_gateway","index":"non_live_data-data-eu-west-2c","provider_name":"registry.terraform.io/hashicorp/aws","schema_version":0,"values":{"destination_cidr_block":"0.0.0.0/0","destination_ipv6_cidr_block":"","destination_prefix_list_id":"","egress_only_gateway_id":"","gateway_id":"","id":"r-rtb-0f466dfc0822f870e1080289494","instance_id":"","instance_owner_id":"","local_gateway_id":"","nat_gateway_id":"","network_interface_id":"","origin":"CreateRoute","route_table_id":"rtb-0f466dfc0822f870e","state":"active","timeouts":null,"transit_gateway_id":"tgw-053d9dd7f1222a554","vpc_endpoint_id":null,"vpc_peering_connection_id":""},"depends_on":["data.aws_ec2_transit_gateway.transit-gateway","data.aws_iam_role.vpc-flow-log","data.aws_secretsmanager_secret.environment_management","data.aws_secretsmanager_secret_version.environment_management","module.vpc.aws_cloudwatch_log_group.default","module.vpc.aws_eip.default","module.vpc.aws_flow_log.cloudwatch","module.vpc.aws_internet_gateway.default","module.vpc.aws_nat_gateway.default","module.vpc.aws_network_acl.default","module.vpc.aws_network_acl_rule.allow_local_network_egress","module.vpc.aws_network_acl_rule.allow_local_network_ingress","module.vpc.aws_network_acl_rule.apply_network_map_rules","module.vpc.aws_route.private_nat","module.vpc.aws_route.public_internet_gateway","module.vpc.aws_route_table.private","module.vpc.aws_route_table.public","module.vpc.aws_route_table_association.default","module.vpc.aws_subnet.subnets","module.vpc.aws_vpc.vpc","module.vpc.data.aws_availability_zones.available","module.vpc_attachment.aws_ec2_tag.retag","module.vpc_attachment.aws_ec2_transit_gateway_route_table_association.default","module.vpc_attachment.aws_ec2_transit_gateway_vpc_attachment.default","module.vpc_attachment.aws_ram_principal_association.transit_gateway_association","module.vpc_attachment.data.aws_caller_identity.transit-gateway-tenant","module.vpc_attachment.data.aws_ec2_transit_gateway_route_table.default","module.vpc_attachment.data.aws_ram_resource_share.transit-gateway","module.vpc_attachment.time_sleep.wait_60_seconds"]},{"address":"module.core-vpc-tgw-routes[\"non_live_data\"].aws_route.private_transit_gateway[\"non_live_data-private-eu-west-2a\"]","mode":"managed","type":"aws_route","name":"private_transit_gateway","index":"non_live_data-private-eu-west-2a","provider_name":"registry.terraform.io/hashicorp/aws","schema_version":0,"values":{"destination_cidr_block":"0.0.0.0/0","destination_ipv6_cidr_block":"","destination_prefix_list_id":"","egress_only_gateway_id":"","gateway_id":"","id":"r-rtb-0f1ebedd96c2b770a1080289494","instance_id":"","instance_owner_id":"","local_gateway_id":"","nat_gateway_id":"","network_interface_id":"","origin":"CreateRoute","route_table_id":"rtb-0f1ebedd96c2b770a","state":"active","timeouts":null,"transit_gateway_id":"tgw-053d9dd7f1222a554","vpc_endpoint_id":null,"vpc_peering_connection_id":""},"depends_on":["data.aws_ec2_transit_gateway.transit-gateway","data.aws_iam_role.vpc-flow-log","data.aws_secretsmanager_secret.environment_management","data.aws_secretsmanager_secret_version.environment_management","module.vpc.aws_cloudwatch_log_group.default","module.vpc.aws_eip.default","module.vpc.aws_flow_log.cloudwatch","module.vpc.aws_internet_gateway.default","module.vpc.aws_nat_gateway.default","module.vpc.aws_network_acl.default","module.vpc.aws_network_acl_rule.allow_local_network_egress","module.vpc.aws_network_acl_rule.allow_local_network_ingress","module.vpc.aws_network_acl_rule.apply_network_map_rules","module.vpc.aws_route.private_nat","module.vpc.aws_route.public_internet_gateway","module.vpc.aws_route_table.private","module.vpc.aws_route_table.public","module.vpc.aws_route_table_association.default","module.vpc.aws_subnet.subnets","module.vpc.aws_vpc.vpc","module.vpc.data.aws_availability_zones.available","module.vpc_attachment.aws_ec2_tag.retag","module.vpc_attachment.aws_ec2_transit_gateway_route_table_association.default","module.vpc_attachment.aws_ec2_transit_gateway_vpc_attachment.default","module.vpc_attachment.aws_ram_principal_association.transit_gateway_association","module.vpc_attachment.data.aws_caller_identity.transit-gateway-tenant","module.vpc_attachment.data.aws_ec2_transit_gateway_route_table.default","module.vpc_attachment.data.aws_ram_resource_share.transit-gateway","module.vpc_attachment.time_sleep.wait_60_seconds"]},{"address":"module.core-vpc-tgw-routes[\"non_live_data\"].aws_route.private_transit_gateway[\"non_live_data-private-eu-west-2b\"]","mode":"managed","type":"aws_route","name":"private_transit_gateway","index":"non_live_data-private-eu-west-2b","provider_name":"registry.terraform.io/hashicorp/aws","schema_version":0,"values":{"destination_cidr_block":"0.0.0.0/0","destination_ipv6_cidr_block":"","destination_prefix_list_id":"","egress_only_gateway_id":"","gateway_id":"","id":"r-rtb-034393408d08a305c1080289494","instance_id":"","instance_owner_id":"","local_gateway_id":"","nat_gateway_id":"","network_interface_id":"","origin":"CreateRoute","route_table_id":"rtb-034393408d08a305c","state":"active","timeouts":null,"transit_gateway_id":"tgw-053d9dd7f1222a554","vpc_endpoint_id":null,"vpc_peering_connection_id":""},"depends_on":["data.aws_ec2_transit_gateway.transit-gateway","data.aws_iam_role.vpc-flow-log","data.aws_secretsmanager_secret.environment_management","data.aws_secretsmanager_secret_version.environment_management","module.vpc.aws_cloudwatch_log_group.default","module.vpc.aws_eip.default","module.vpc.aws_flow_log.cloudwatch","module.vpc.aws_internet_gateway.default","module.vpc.aws_nat_gateway.default","module.vpc.aws_network_acl.default","module.vpc.aws_network_acl_rule.allow_local_network_egress","module.vpc.aws_network_acl_rule.allow_local_network_ingress","module.vpc.aws_network_acl_rule.apply_network_map_rules","module.vpc.aws_route.private_nat","module.vpc.aws_route.public_internet_gateway","module.vpc.aws_route_table.private","module.vpc.aws_route_table.public","module.vpc.aws_route_table_association.default","module.vpc.aws_subnet.subnets","module.vpc.aws_vpc.vpc","module.vpc.data.aws_availability_zones.available","module.vpc_attachment.aws_ec2_tag.retag","module.vpc_attachment.aws_ec2_transit_gateway_route_table_association.default","module.vpc_attachment.aws_ec2_transit_gateway_vpc_attachment.default","module.vpc_attachment.aws_ram_principal_association.transit_gateway_association","module.vpc_attachment.data.aws_caller_identity.transit-gateway-tenant","module.vpc_attachment.data.aws_ec2_transit_gateway_route_table.default","module.vpc_attachment.data.aws_ram_resource_share.transit-gateway","module.vpc_attachment.time_sleep.wait_60_seconds"]},{"address":"module.core-vpc-tgw-routes[\"non_live_data\"].aws_route.private_transit_gateway[\"non_live_data-private-eu-west-2c\"]","mode":"managed","type":"aws_route","name":"private_transit_gateway","index":"non_live_data-private-eu-west-2c","provider_name":"registry.terraform.io/hashicorp/aws","schema_version":0,"values":{"destination_cidr_block":"0.0.0.0/0","destination_ipv6_cidr_block":"","destination_prefix_list_id":"","egress_only_gateway_id":"","gateway_id":"","id":"r-rtb-0d517c218cdcdc0111080289494","instance_id":"","instance_owner_id":"","local_gateway_id":"","nat_gateway_id":"","network_interface_id":"","origin":"CreateRoute","route_table_id":"rtb-0d517c218cdcdc011","state":"active","timeouts":null,"transit_gateway_id":"tgw-053d9dd7f1222a554","vpc_endpoint_id":null,"vpc_peering_connection_id":""},"depends_on":["data.aws_ec2_transit_gateway.transit-gateway","data.aws_iam_role.vpc-flow-log","data.aws_secretsmanager_secret.environment_management","data.aws_secretsmanager_secret_version.environment_management","module.vpc.aws_cloudwatch_log_group.default","module.vpc.aws_eip.default","module.vpc.aws_flow_log.cloudwatch","module.vpc.aws_internet_gateway.default","module.vpc.aws_nat_gateway.default","module.vpc.aws_network_acl.default","module.vpc.aws_network_acl_rule.allow_local_network_egress","module.vpc.aws_network_acl_rule.allow_local_network_ingress","module.vpc.aws_network_acl_rule.apply_network_map_rules","module.vpc.aws_route.private_nat","module.vpc.aws_route.public_internet_gateway","module.vpc.aws_route_table.private","module.vpc.aws_route_table.public","module.vpc.aws_route_table_association.default","module.vpc.aws_subnet.subnets","module.vpc.aws_vpc.vpc","module.vpc.data.aws_availability_zones.available","module.vpc_attachment.aws_ec2_tag.retag","module.vpc_attachment.aws_ec2_transit_gateway_route_table_association.default","module.vpc_attachment.aws_ec2_transit_gateway_vpc_attachment.default","module.vpc_attachment.aws_ram_principal_association.transit_gateway_association","module.vpc_attachment.data.aws_caller_identity.transit-gateway-tenant","module.vpc_attachment.data.aws_ec2_transit_gateway_route_table.default","module.vpc_attachment.data.aws_ram_resource_share.transit-gateway","module.vpc_attachment.time_sleep.wait_60_seconds"]},{"address":"module.core-vpc-tgw-routes[\"non_live_data\"].aws_route.private_transit_gateway[\"non_live_data-transit-gateway-eu-west-2a\"]","mode":"managed","type":"aws_route","name":"private_transit_gateway","index":"non_live_data-transit-gateway-eu-west-2a","provider_name":"registry.terraform.io/hashicorp/aws","schema_version":0,"values":{"destination_cidr_block":"0.0.0.0/0","destination_ipv6_cidr_block":"","destination_prefix_list_id":"","egress_only_gateway_id":"","gateway_id":"","id":"r-rtb-0b5ce7d8a6a589c731080289494","instance_id":"","instance_owner_id":"","local_gateway_id":"","nat_gateway_id":"","network_interface_id":"","origin":"CreateRoute","route_table_id":"rtb-0b5ce7d8a6a589c73","state":"active","timeouts":null,"transit_gateway_id":"tgw-053d9dd7f1222a554","vpc_endpoint_id":null,"vpc_peering_connection_id":""},"depends_on":["data.aws_ec2_transit_gateway.transit-gateway","data.aws_iam_role.vpc-flow-log","data.aws_secretsmanager_secret.environment_management","data.aws_secretsmanager_secret_version.environment_management","module.vpc.aws_cloudwatch_log_group.default","module.vpc.aws_eip.default","module.vpc.aws_flow_log.cloudwatch","module.vpc.aws_internet_gateway.default","module.vpc.aws_nat_gateway.default","module.vpc.aws_network_acl.default","module.vpc.aws_network_acl_rule.allow_local_network_egress","module.vpc.aws_network_acl_rule.allow_local_network_ingress","module.vpc.aws_network_acl_rule.apply_network_map_rules","module.vpc.aws_route.private_nat","module.vpc.aws_route.public_internet_gateway","module.vpc.aws_route_table.private","module.vpc.aws_route_table.public","module.vpc.aws_route_table_association.default","module.vpc.aws_subnet.subnets","module.vpc.aws_vpc.vpc","module.vpc.data.aws_availability_zones.available","module.vpc_attachment.aws_ec2_tag.retag","module.vpc_attachment.aws_ec2_transit_gateway_route_table_association.default","module.vpc_attachment.aws_ec2_transit_gateway_vpc_attachment.default","module.vpc_attachment.aws_ram_principal_association.transit_gateway_association","module.vpc_attachment.data.aws_caller_identity.transit-gateway-tenant","module.vpc_attachment.data.aws_ec2_transit_gateway_route_table.default","module.vpc_attachment.data.aws_ram_resource_share.transit-gateway","module.vpc_attachment.time_sleep.wait_60_seconds"]},{"address":"module.core-vpc-tgw-routes[\"non_live_data\"].aws_route.private_transit_gateway[\"non_live_data-transit-gateway-eu-west-2b\"]","mode":"managed","type":"aws_route","name":"private_transit_gateway","index":"non_live_data-transit-gateway-eu-west-2b","provider_name":"registry.terraform.io/hashicorp/aws","schema_version":0,"values":{"destination_cidr_block":"0.0.0.0/0","destination_ipv6_cidr_block":"","destination_prefix_list_id":"","egress_only_gateway_id":"","gateway_id":"","id":"r-rtb-0f40eb892dbb1f0e91080289494","instance_id":"","instance_owner_id":"","local_gateway_id":"","nat_gateway_id":"","network_interface_id":"","origin":"CreateRoute","route_table_id":"rtb-0f40eb892dbb1f0e9","state":"active","timeouts":null,"transit_gateway_id":"tgw-053d9dd7f1222a554","vpc_endpoint_id":null,"vpc_peering_connection_id":""},"depends_on":["data.aws_ec2_transit_gateway.transit-gateway","data.aws_iam_role.vpc-flow-log","data.aws_secretsmanager_secret.environment_management","data.aws_secretsmanager_secret_version.environment_management","module.vpc.aws_cloudwatch_log_group.default","module.vpc.aws_eip.default","module.vpc.aws_flow_log.cloudwatch","module.vpc.aws_internet_gateway.default","module.vpc.aws_nat_gateway.default","module.vpc.aws_network_acl.default","module.vpc.aws_network_acl_rule.allow_local_network_egress","module.vpc.aws_network_acl_rule.allow_local_network_ingress","module.vpc.aws_network_acl_rule.apply_network_map_rules","module.vpc.aws_route.private_nat","module.vpc.aws_route.public_internet_gateway","module.vpc.aws_route_table.private","module.vpc.aws_route_table.public","module.vpc.aws_route_table_association.default","module.vpc.aws_subnet.subnets","module.vpc.aws_vpc.vpc","module.vpc.data.aws_availability_zones.available","module.vpc_attachment.aws_ec2_tag.retag","module.vpc_attachment.aws_ec2_transit_gateway_route_table_association.default","module.vpc_attachment.aws_ec2_transit_gateway_vpc_attachment.default","module.vpc_attachment.aws_ram_principal_association.transit_gateway_association","module.vpc_attachment.data.aws_caller_identity.transit-gateway-tenant","module.vpc_attachment.data.aws_ec2_transit_gateway_route_table.default","module.vpc_attachment.data.aws_ram_resource_share.transit-gateway","module.vpc_attachment.time_sleep.wait_60_seconds"]},{"address":"module.core-vpc-tgw-routes[\"non_live_data\"].aws_route.private_transit_gateway[\"non_live_data-transit-gateway-eu-west-2c\"]","mode":"managed","type":"aws_route","name":"private_transit_gateway","index":"non_live_data-transit-gateway-eu-west-2c","provider_name":"registry.terraform.io/hashicorp/aws","schema_version":0,"values":{"destination_cidr_block":"0.0.0.0/0","destination_ipv6_cidr_block":"","destination_prefix_list_id":"","egress_only_gateway_id":"","gateway_id":"","id":"r-rtb-0bb661e511a4713eb1080289494","instance_id":"","instance_owner_id":"","local_gateway_id":"","nat_gateway_id":"","network_interface_id":"","origin":"CreateRoute","route_table_id":"rtb-0bb661e511a4713eb","state":"active","timeouts":null,"transit_gateway_id":"tgw-053d9dd7f1222a554","vpc_endpoint_id":null,"vpc_peering_connection_id":""},"depends_on":["data.aws_ec2_transit_gateway.transit-gateway","data.aws_iam_role.vpc-flow-log","data.aws_secretsmanager_secret.environment_management","data.aws_secretsmanager_secret_version.environment_management","module.vpc.aws_cloudwatch_log_group.default","module.vpc.aws_eip.default","module.vpc.aws_flow_log.cloudwatch","module.vpc.aws_internet_gateway.default","module.vpc.aws_nat_gateway.default","module.vpc.aws_network_acl.default","module.vpc.aws_network_acl_rule.allow_local_network_egress","module.vpc.aws_network_acl_rule.allow_local_network_ingress","module.vpc.aws_network_acl_rule.apply_network_map_rules","module.vpc.aws_route.private_nat","module.vpc.aws_route.public_internet_gateway","module.vpc.aws_route_table.private","module.vpc.aws_route_table.public","module.vpc.aws_route_table_association.default","module.vpc.aws_subnet.subnets","module.vpc.aws_vpc.vpc","module.vpc.data.aws_availability_zones.available","module.vpc_attachment.aws_ec2_tag.retag","module.vpc_attachment.aws_ec2_transit_gateway_route_table_association.default","module.vpc_attachment.aws_ec2_transit_gateway_vpc_attachment.default","module.vpc_attachment.aws_ram_principal_association.transit_gateway_association","module.vpc_attachment.data.aws_caller_identity.transit-gateway-tenant","module.vpc_attachment.data.aws_ec2_transit_gateway_route_table.default","module.vpc_attachment.data.aws_ram_resource_share.transit-gateway","module.vpc_attachment.time_sleep.wait_60_seconds"]}],"address":"module.core-vpc-tgw-routes[\"non_live_data\"]"},{"resources":[{"address":"module.vpc[\"live_data\"].aws_cloudwatch_log_group.default","mode":"managed","type":"aws_cloudwatch_log_group","name":"default","provider_name":"registry.terraform.io/hashicorp/aws","schema_version":0,"values":{"arn":"arn:aws:logs:eu-west-2:374269020027:log-group:live_data-vpc-flow-logs","id":"live_data-vpc-flow-logs","kms_key_id":"","name":"live_data-vpc-flow-logs","name_prefix":null,"retention_in_days":0,"tags":{"application":"Modernisation Platform: core-shared-services-production","business-unit":"Platforms","is-production":"true","owner":"Modernisation Platform: modernisation-platform@digital.justice.gov.uk"}},"depends_on":["data.aws_secretsmanager_secret.environment_management","data.aws_secretsmanager_secret_version.environment_management"]},{"address":"module.vpc[\"live_data\"].aws_flow_log.cloudwatch","mode":"managed","type":"aws_flow_log","name":"cloudwatch","provider_name":"registry.terraform.io/hashicorp/aws","schema_version":0,"values":{"arn":"arn:aws:ec2:eu-west-2:374269020027:vpc-flow-log/fl-07b8ef529703e2d5a","eni_id":null,"iam_role_arn":"arn:aws:iam::374269020027:role/AWSVPCFlowLog","id":"fl-07b8ef529703e2d5a","log_destination":"arn:aws:logs:eu-west-2:374269020027:log-group:live_data-vpc-flow-logs","log_destination_type":"cloud-watch-logs","log_format":"${version} ${account-id} ${interface-id} ${srcaddr} ${dstaddr} ${srcport} ${dstport} ${protocol} ${packets} ${bytes} ${start} ${end} ${action} ${log-status}","log_group_name":"live_data-vpc-flow-logs","max_aggregation_interval":60,"subnet_id":null,"tags":{"Name":"live_data-vpc-flow-logs","application":"Modernisation Platform: core-shared-services-production","business-unit":"Platforms","is-production":"true","owner":"Modernisation Platform: modernisation-platform@digital.justice.gov.uk"},"traffic_type":"ALL","vpc_id":"vpc-0ffb471083903af2c"},"depends_on":["data.aws_iam_role.vpc-flow-log","data.aws_secretsmanager_secret.environment_management","data.aws_secretsmanager_secret_version.environment_management","module.vpc.aws_cloudwatch_log_group.default","module.vpc.aws_vpc.vpc"]},{"address":"module.vpc[\"live_data\"].aws_internet_gateway.default","mode":"managed","type":"aws_internet_gateway","name":"default","provider_name":"registry.terraform.io/hashicorp/aws","schema_version":0,"values":{"arn":"arn:aws:ec2:eu-west-2:374269020027:internet-gateway/igw-07fb2393d846c76a8","id":"igw-07fb2393d846c76a8","owner_id":"374269020027","tags":{"Name":"live_data-internet-gateway","application":"Modernisation Platform: core-shared-services-production","business-unit":"Platforms","is-production":"true","owner":"Modernisation Platform: modernisation-platform@digital.justice.gov.uk"},"vpc_id":"vpc-0ffb471083903af2c"},"depends_on":["data.aws_secretsmanager_secret.environment_management","data.aws_secretsmanager_secret_version.environment_management","module.vpc.aws_vpc.vpc"]},{"address":"module.vpc[\"live_data\"].aws_network_acl.default[\"live_data-data\"]","mode":"managed","type":"aws_network_acl","name":"default","index":"live_data-data","provider_name":"registry.terraform.io/hashicorp/aws","schema_version":0,"values":{"arn":"arn:aws:ec2:eu-west-2:374269020027:network-acl/acl-0933809ca292abbab","egress":[{"action":"allow","cidr_block":"0.0.0.0/0","from_port":0,"icmp_code":0,"icmp_type":0,"ipv6_cidr_block":"","protocol":"-1","rule_no":910,"to_port":0},{"action":"allow","cidr_block":"10.231.0.0/19","from_port":0,"icmp_code":0,"icmp_type":0,"ipv6_cidr_block":"","protocol":"-1","rule_no":210,"to_port":0}],"id":"acl-0933809ca292abbab","ingress":[{"action":"allow","cidr_block":"0.0.0.0/0","from_port":0,"icmp_code":0,"icmp_type":0,"ipv6_cidr_block":"","protocol":"-1","rule_no":910,"to_port":0},{"action":"allow","cidr_block":"10.231.0.0/19","from_port":0,"icmp_code":0,"icmp_type":0,"ipv6_cidr_block":"","protocol":"-1","rule_no":210,"to_port":0}],"owner_id":"374269020027","subnet_ids":["subnet-0331d916aa70f185a","subnet-07a790a1f3a6fc561","subnet-0bfb5a0c8896863a6"],"tags":{"Name":"live_data-data","application":"Modernisation Platform: core-shared-services-production","business-unit":"Platforms","is-production":"true","owner":"Modernisation Platform: modernisation-platform@digital.justice.gov.uk"},"vpc_id":"vpc-0ffb471083903af2c"},"depends_on":["data.aws_secretsmanager_secret.environment_management","data.aws_secretsmanager_secret_version.environment_management","module.vpc.aws_subnet.subnets","module.vpc.aws_vpc.vpc","module.vpc.data.aws_availability_zones.available"]},{"address":"module.vpc[\"live_data\"].aws_network_acl.default[\"live_data-private\"]","mode":"managed","type":"aws_network_acl","name":"default","index":"live_data-private","provider_name":"registry.terraform.io/hashicorp/aws","schema_version":0,"values":{"arn":"arn:aws:ec2:eu-west-2:374269020027:network-acl/acl-028a8daed63fbd8cd","egress":[{"action":"allow","cidr_block":"0.0.0.0/0","from_port":0,"icmp_code":0,"icmp_type":0,"ipv6_cidr_block":"","protocol":"-1","rule_no":910,"to_port":0},{"action":"allow","cidr_block":"10.231.0.0/19","from_port":0,"icmp_code":0,"icmp_type":0,"ipv6_cidr_block":"","protocol":"-1","rule_no":210,"to_port":0}],"id":"acl-028a8daed63fbd8cd","ingress":[{"action":"allow","cidr_block":"0.0.0.0/0","from_port":0,"icmp_code":0,"icmp_type":0,"ipv6_cidr_block":"","protocol":"-1","rule_no":910,"to_port":0},{"action":"allow","cidr_block":"10.231.0.0/19","from_port":0,"icmp_code":0,"icmp_type":0,"ipv6_cidr_block":"","protocol":"-1","rule_no":210,"to_port":0}],"owner_id":"374269020027","subnet_ids":["subnet-021b369568218877f","subnet-0ca8a3d7efc826432","subnet-0f1608ad5bb0e2d3b"],"tags":{"Name":"live_data-private","application":"Modernisation Platform: core-shared-services-production","business-unit":"Platforms","is-production":"true","owner":"Modernisation Platform: modernisation-platform@digital.justice.gov.uk"},"vpc_id":"vpc-0ffb471083903af2c"},"depends_on":["data.aws_secretsmanager_secret.environment_management","data.aws_secretsmanager_secret_version.environment_management","module.vpc.aws_subnet.subnets","module.vpc.aws_vpc.vpc","module.vpc.data.aws_availability_zones.available"]},{"address":"module.vpc[\"live_data\"].aws_network_acl.default[\"live_data-public\"]","mode":"managed","type":"aws_network_acl","name":"default","index":"live_data-public","provider_name":"registry.terraform.io/hashicorp/aws","schema_version":0,"values":{"arn":"arn:aws:ec2:eu-west-2:374269020027:network-acl/acl-0d1f17b9f3842cfc6","egress":[{"action":"allow","cidr_block":"0.0.0.0/0","from_port":0,"icmp_code":0,"icmp_type":0,"ipv6_cidr_block":"","protocol":"-1","rule_no":910,"to_port":0},{"action":"allow","cidr_block":"10.231.0.0/19","from_port":0,"icmp_code":0,"icmp_type":0,"ipv6_cidr_block":"","protocol":"-1","rule_no":210,"to_port":0}],"id":"acl-0d1f17b9f3842cfc6","ingress":[{"action":"allow","cidr_block":"0.0.0.0/0","from_port":0,"icmp_code":0,"icmp_type":0,"ipv6_cidr_block":"","protocol":"-1","rule_no":910,"to_port":0},{"action":"allow","cidr_block":"10.231.0.0/19","from_port":0,"icmp_code":0,"icmp_type":0,"ipv6_cidr_block":"","protocol":"-1","rule_no":210,"to_port":0}],"owner_id":"374269020027","subnet_ids":["subnet-00328c484e5712137","subnet-0585943e12318df7b","subnet-07a2a8327a0ffe772"],"tags":{"Name":"live_data-public","application":"Modernisation Platform: core-shared-services-production","business-unit":"Platforms","is-production":"true","owner":"Modernisation Platform: modernisation-platform@digital.justice.gov.uk"},"vpc_id":"vpc-0ffb471083903af2c"},"depends_on":["data.aws_secretsmanager_secret.environment_management","data.aws_secretsmanager_secret_version.environment_management","module.vpc.aws_subnet.subnets","module.vpc.aws_vpc.vpc","module.vpc.data.aws_availability_zones.available"]},{"address":"module.vpc[\"live_data\"].aws_network_acl.default[\"live_data-transit-gateway\"]","mode":"managed","type":"aws_network_acl","name":"default","index":"live_data-transit-gateway","provider_name":"registry.terraform.io/hashicorp/aws","schema_version":0,"values":{"arn":"arn:aws:ec2:eu-west-2:374269020027:network-acl/acl-0e3fdca1f6160ad06","egress":[{"action":"allow","cidr_block":"0.0.0.0/0","from_port":0,"icmp_code":0,"icmp_type":0,"ipv6_cidr_block":"","protocol":"-1","rule_no":910,"to_port":0},{"action":"allow","cidr_block":"10.231.0.0/19","from_port":0,"icmp_code":0,"icmp_type":0,"ipv6_cidr_block":"","protocol":"-1","rule_no":210,"to_port":0}],"id":"acl-0e3fdca1f6160ad06","ingress":[{"action":"allow","cidr_block":"0.0.0.0/0","from_port":0,"icmp_code":0,"icmp_type":0,"ipv6_cidr_block":"","protocol":"-1","rule_no":910,"to_port":0},{"action":"allow","cidr_block":"10.231.0.0/19","from_port":0,"icmp_code":0,"icmp_type":0,"ipv6_cidr_block":"","protocol":"-1","rule_no":210,"to_port":0}],"owner_id":"374269020027","subnet_ids":["subnet-02498450dabc05d5d","subnet-08db5b844d1abd53b","subnet-093b2f28887fa3132"],"tags":{"Name":"live_data-transit-gateway","application":"Modernisation Platform: core-shared-services-production","business-unit":"Platforms","is-production":"true","owner":"Modernisation Platform: modernisation-platform@digital.justice.gov.uk"},"vpc_id":"vpc-0ffb471083903af2c"},"depends_on":["data.aws_secretsmanager_secret.environment_management","data.aws_secretsmanager_secret_version.environment_management","module.vpc.aws_subnet.subnets","module.vpc.aws_vpc.vpc","module.vpc.data.aws_availability_zones.available"]},{"address":"module.vpc[\"live_data\"].aws_network_acl_rule.allow_local_network_egress[\"live_data-data\"]","mode":"managed","type":"aws_network_acl_rule","name":"allow_local_network_egress","index":"live_data-data","provider_name":"registry.terraform.io/hashicorp/aws","schema_version":0,"values":{"cidr_block":"10.231.0.0/19","egress":true,"from_port":null,"icmp_code":null,"icmp_type":null,"id":"nacl-1686633962","ipv6_cidr_block":"","network_acl_id":"acl-0933809ca292abbab","protocol":"all","rule_action":"allow","rule_number":210,"to_port":null},"depends_on":["data.aws_secretsmanager_secret.environment_management","data.aws_secretsmanager_secret_version.environment_management","module.vpc.aws_network_acl.default","module.vpc.aws_subnet.subnets","module.vpc.aws_vpc.vpc","module.vpc.data.aws_availability_zones.available"]},{"address":"module.vpc[\"live_data\"].aws_network_acl_rule.allow_local_network_egress[\"live_data-private\"]","mode":"managed","type":"aws_network_acl_rule","name":"allow_local_network_egress","index":"live_data-private","provider_name":"registry.terraform.io/hashicorp/aws","schema_version":0,"values":{"cidr_block":"10.231.0.0/19","egress":true,"from_port":null,"icmp_code":null,"icmp_type":null,"id":"nacl-2806111369","ipv6_cidr_block":"","network_acl_id":"acl-028a8daed63fbd8cd","protocol":"all","rule_action":"allow","rule_number":210,"to_port":null},"depends_on":["data.aws_secretsmanager_secret.environment_management","data.aws_secretsmanager_secret_version.environment_management","module.vpc.aws_network_acl.default","module.vpc.aws_subnet.subnets","module.vpc.aws_vpc.vpc","module.vpc.data.aws_availability_zones.available"]},{"address":"module.vpc[\"live_data\"].aws_network_acl_rule.allow_local_network_egress[\"live_data-public\"]","mode":"managed","type":"aws_network_acl_rule","name":"allow_local_network_egress","index":"live_data-public","provider_name":"registry.terraform.io/hashicorp/aws","schema_version":0,"values":{"cidr_block":"10.231.0.0/19","egress":true,"from_port":null,"icmp_code":null,"icmp_type":null,"id":"nacl-30137469","ipv6_cidr_block":"","network_acl_id":"acl-0d1f17b9f3842cfc6","protocol":"all","rule_action":"allow","rule_number":210,"to_port":null},"depends_on":["data.aws_secretsmanager_secret.environment_management","data.aws_secretsmanager_secret_version.environment_management","module.vpc.aws_network_acl.default","module.vpc.aws_subnet.subnets","module.vpc.aws_vpc.vpc","module.vpc.data.aws_availability_zones.available"]},{"address":"module.vpc[\"live_data\"].aws_network_acl_rule.allow_local_network_egress[\"live_data-transit-gateway\"]","mode":"managed","type":"aws_network_acl_rule","name":"allow_local_network_egress","index":"live_data-transit-gateway","provider_name":"registry.terraform.io/hashicorp/aws","schema_version":0,"values":{"cidr_block":"10.231.0.0/19","egress":true,"from_port":null,"icmp_code":null,"icmp_type":null,"id":"nacl-1241633631","ipv6_cidr_block":"","network_acl_id":"acl-0e3fdca1f6160ad06","protocol":"all","rule_action":"allow","rule_number":210,"to_port":null},"depends_on":["data.aws_secretsmanager_secret.environment_management","data.aws_secretsmanager_secret_version.environment_management","module.vpc.aws_network_acl.default","module.vpc.aws_subnet.subnets","module.vpc.aws_vpc.vpc","module.vpc.data.aws_availability_zones.available"]},{"address":"module.vpc[\"live_data\"].aws_network_acl_rule.allow_local_network_ingress[\"live_data-data\"]","mode":"managed","type":"aws_network_acl_rule","name":"allow_local_network_ingress","index":"live_data-data","provider_name":"registry.terraform.io/hashicorp/aws","schema_version":0,"values":{"cidr_block":"10.231.0.0/19","egress":false,"from_port":null,"icmp_code":null,"icmp_type":null,"id":"nacl-459624198","ipv6_cidr_block":"","network_acl_id":"acl-0933809ca292abbab","protocol":"all","rule_action":"allow","rule_number":210,"to_port":null},"depends_on":["data.aws_secretsmanager_secret.environment_management","data.aws_secretsmanager_secret_version.environment_management","module.vpc.aws_network_acl.default","module.vpc.aws_subnet.subnets","module.vpc.aws_vpc.vpc","module.vpc.data.aws_availability_zones.available"]},{"address":"module.vpc[\"live_data\"].aws_network_acl_rule.allow_local_network_ingress[\"live_data-private\"]","mode":"managed","type":"aws_network_acl_rule","name":"allow_local_network_ingress","index":"live_data-private","provider_name":"registry.terraform.io/hashicorp/aws","schema_version":0,"values":{"cidr_block":"10.231.0.0/19","egress":false,"from_port":null,"icmp_code":null,"icmp_type":null,"id":"nacl-3474831813","ipv6_cidr_block":"","network_acl_id":"acl-028a8daed63fbd8cd","protocol":"all","rule_action":"allow","rule_number":210,"to_port":null},"depends_on":["data.aws_secretsmanager_secret.environment_management","data.aws_secretsmanager_secret_version.environment_management","module.vpc.aws_network_acl.default","module.vpc.aws_subnet.subnets","module.vpc.aws_vpc.vpc","module.vpc.data.aws_availability_zones.available"]},{"address":"module.vpc[\"live_data\"].aws_network_acl_rule.allow_local_network_ingress[\"live_data-public\"]","mode":"managed","type":"aws_network_acl_rule","name":"allow_local_network_ingress","index":"live_data-public","provider_name":"registry.terraform.io/hashicorp/aws","schema_version":0,"values":{"cidr_block":"10.231.0.0/19","egress":false,"from_port":null,"icmp_code":null,"icmp_type":null,"id":"nacl-1969948096","ipv6_cidr_block":"","network_acl_id":"acl-0d1f17b9f3842cfc6","protocol":"all","rule_action":"allow","rule_number":210,"to_port":null},"depends_on":["data.aws_secretsmanager_secret.environment_management","data.aws_secretsmanager_secret_version.environment_management","module.vpc.aws_network_acl.default","module.vpc.aws_subnet.subnets","module.vpc.aws_vpc.vpc","module.vpc.data.aws_availability_zones.available"]},{"address":"module.vpc[\"live_data\"].aws_network_acl_rule.allow_local_network_ingress[\"live_data-transit-gateway\"]","mode":"managed","type":"aws_network_acl_rule","name":"allow_local_network_ingress","index":"live_data-transit-gateway","provider_name":"registry.terraform.io/hashicorp/aws","schema_version":0,"values":{"cidr_block":"10.231.0.0/19","egress":false,"from_port":null,"icmp_code":null,"icmp_type":null,"id":"nacl-2688585259","ipv6_cidr_block":"","network_acl_id":"acl-0e3fdca1f6160ad06","protocol":"all","rule_action":"allow","rule_number":210,"to_port":null},"depends_on":["data.aws_secretsmanager_secret.environment_management","data.aws_secretsmanager_secret_version.environment_management","module.vpc.aws_network_acl.default","module.vpc.aws_subnet.subnets","module.vpc.aws_vpc.vpc","module.vpc.data.aws_availability_zones.available"]},{"address":"module.vpc[\"live_data\"].aws_network_acl_rule.apply_network_map_rules[\"live_data-data-0.0.0.0/0-false-allow--1-0-0-910\"]","mode":"managed","type":"aws_network_acl_rule","name":"apply_network_map_rules","index":"live_data-data-0.0.0.0/0-false-allow--1-0-0-910","provider_name":"registry.terraform.io/hashicorp/aws","schema_version":0,"values":{"cidr_block":"0.0.0.0/0","egress":false,"from_port":0,"icmp_code":null,"icmp_type":null,"id":"nacl-4239192229","ipv6_cidr_block":"","network_acl_id":"acl-0933809ca292abbab","protocol":"all","rule_action":"allow","rule_number":910,"to_port":0},"depends_on":["data.aws_secretsmanager_secret.environment_management","data.aws_secretsmanager_secret_version.environment_management","module.vpc.aws_network_acl.default","module.vpc.aws_subnet.subnets","module.vpc.aws_vpc.vpc","module.vpc.data.aws_availability_zones.available"]},{"address":"module.vpc[\"live_data\"].aws_network_acl_rule.apply_network_map_rules[\"live_data-data-0.0.0.0/0-true-allow--1-0-0-910\"]","mode":"managed","type":"aws_network_acl_rule","name":"apply_network_map_rules","index":"live_data-data-0.0.0.0/0-true-allow--1-0-0-910","provider_name":"registry.terraform.io/hashicorp/aws","schema_version":0,"values":{"cidr_block":"0.0.0.0/0","egress":true,"from_port":0,"icmp_code":null,"icmp_type":null,"id":"nacl-353720804","ipv6_cidr_block":"","network_acl_id":"acl-0933809ca292abbab","protocol":"all","rule_action":"allow","rule_number":910,"to_port":0},"depends_on":["data.aws_secretsmanager_secret.environment_management","data.aws_secretsmanager_secret_version.environment_management","module.vpc.aws_network_acl.default","module.vpc.aws_subnet.subnets","module.vpc.aws_vpc.vpc","module.vpc.data.aws_availability_zones.available"]},{"address":"module.vpc[\"live_data\"].aws_network_acl_rule.apply_network_map_rules[\"live_data-private-0.0.0.0/0-false-allow--1-0-0-910\"]","mode":"managed","type":"aws_network_acl_rule","name":"apply_network_map_rules","index":"live_data-private-0.0.0.0/0-false-allow--1-0-0-910","provider_name":"registry.terraform.io/hashicorp/aws","schema_version":0,"values":{"cidr_block":"0.0.0.0/0","egress":false,"from_port":0,"icmp_code":null,"icmp_type":null,"id":"nacl-684983910","ipv6_cidr_block":"","network_acl_id":"acl-028a8daed63fbd8cd","protocol":"all","rule_action":"allow","rule_number":910,"to_port":0},"depends_on":["data.aws_secretsmanager_secret.environment_management","data.aws_secretsmanager_secret_version.environment_management","module.vpc.aws_network_acl.default","module.vpc.aws_subnet.subnets","module.vpc.aws_vpc.vpc","module.vpc.data.aws_availability_zones.available"]},{"address":"module.vpc[\"live_data\"].aws_network_acl_rule.apply_network_map_rules[\"live_data-private-0.0.0.0/0-true-allow--1-0-0-910\"]","mode":"managed","type":"aws_network_acl_rule","name":"apply_network_map_rules","index":"live_data-private-0.0.0.0/0-true-allow--1-0-0-910","provider_name":"registry.terraform.io/hashicorp/aws","schema_version":0,"values":{"cidr_block":"0.0.0.0/0","egress":true,"from_port":0,"icmp_code":null,"icmp_type":null,"id":"nacl-3604183175","ipv6_cidr_block":"","network_acl_id":"acl-028a8daed63fbd8cd","protocol":"all","rule_action":"allow","rule_number":910,"to_port":0},"depends_on":["data.aws_secretsmanager_secret.environment_management","data.aws_secretsmanager_secret_version.environment_management","module.vpc.aws_network_acl.default","module.vpc.aws_subnet.subnets","module.vpc.aws_vpc.vpc","module.vpc.data.aws_availability_zones.available"]},{"address":"module.vpc[\"live_data\"].aws_network_acl_rule.apply_network_map_rules[\"live_data-public-0.0.0.0/0-false-allow--1-0-0-910\"]","mode":"managed","type":"aws_network_acl_rule","name":"apply_network_map_rules","index":"live_data-public-0.0.0.0/0-false-allow--1-0-0-910","provider_name":"registry.terraform.io/hashicorp/aws","schema_version":0,"values":{"cidr_block":"0.0.0.0/0","egress":false,"from_port":0,"icmp_code":null,"icmp_type":null,"id":"nacl-2460138083","ipv6_cidr_block":"","network_acl_id":"acl-0d1f17b9f3842cfc6","protocol":"all","rule_action":"allow","rule_number":910,"to_port":0},"depends_on":["data.aws_secretsmanager_secret.environment_management","data.aws_secretsmanager_secret_version.environment_management","module.vpc.aws_network_acl.default","module.vpc.aws_subnet.subnets","module.vpc.aws_vpc.vpc","module.vpc.data.aws_availability_zones.available"]},{"address":"module.vpc[\"live_data\"].aws_network_acl_rule.apply_network_map_rules[\"live_data-public-0.0.0.0/0-true-allow--1-0-0-910\"]","mode":"managed","type":"aws_network_acl_rule","name":"apply_network_map_rules","index":"live_data-public-0.0.0.0/0-true-allow--1-0-0-910","provider_name":"registry.terraform.io/hashicorp/aws","schema_version":0,"values":{"cidr_block":"0.0.0.0/0","egress":true,"from_port":0,"icmp_code":null,"icmp_type":null,"id":"nacl-1884911731","ipv6_cidr_block":"","network_acl_id":"acl-0d1f17b9f3842cfc6","protocol":"all","rule_action":"allow","rule_number":910,"to_port":0},"depends_on":["data.aws_secretsmanager_secret.environment_management","data.aws_secretsmanager_secret_version.environment_management","module.vpc.aws_network_acl.default","module.vpc.aws_subnet.subnets","module.vpc.aws_vpc.vpc","module.vpc.data.aws_availability_zones.available"]},{"address":"module.vpc[\"live_data\"].aws_network_acl_rule.apply_network_map_rules[\"live_data-transit-gateway-0.0.0.0/0-false-allow--1-0-0-910\"]","mode":"managed","type":"aws_network_acl_rule","name":"apply_network_map_rules","index":"live_data-transit-gateway-0.0.0.0/0-false-allow--1-0-0-910","provider_name":"registry.terraform.io/hashicorp/aws","schema_version":0,"values":{"cidr_block":"0.0.0.0/0","egress":false,"from_port":0,"icmp_code":null,"icmp_type":null,"id":"nacl-1200173448","ipv6_cidr_block":"","network_acl_id":"acl-0e3fdca1f6160ad06","protocol":"all","rule_action":"allow","rule_number":910,"to_port":0},"depends_on":["data.aws_secretsmanager_secret.environment_management","data.aws_secretsmanager_secret_version.environment_management","module.vpc.aws_network_acl.default","module.vpc.aws_subnet.subnets","module.vpc.aws_vpc.vpc","module.vpc.data.aws_availability_zones.available"]},{"address":"module.vpc[\"live_data\"].aws_network_acl_rule.apply_network_map_rules[\"live_data-transit-gateway-0.0.0.0/0-true-allow--1-0-0-910\"]","mode":"managed","type":"aws_network_acl_rule","name":"apply_network_map_rules","index":"live_data-transit-gateway-0.0.0.0/0-true-allow--1-0-0-910","provider_name":"registry.terraform.io/hashicorp/aws","schema_version":0,"values":{"cidr_block":"0.0.0.0/0","egress":true,"from_port":0,"icmp_code":null,"icmp_type":null,"id":"nacl-999520081","ipv6_cidr_block":"","network_acl_id":"acl-0e3fdca1f6160ad06","protocol":"all","rule_action":"allow","rule_number":910,"to_port":0},"depends_on":["data.aws_secretsmanager_secret.environment_management","data.aws_secretsmanager_secret_version.environment_management","module.vpc.aws_network_acl.default","module.vpc.aws_subnet.subnets","module.vpc.aws_vpc.vpc","module.vpc.data.aws_availability_zones.available"]},{"address":"module.vpc[\"live_data\"].aws_route.public_internet_gateway","mode":"managed","type":"aws_route","name":"public_internet_gateway","provider_name":"registry.terraform.io/hashicorp/aws","schema_version":0,"values":{"destination_cidr_block":"0.0.0.0/0","destination_ipv6_cidr_block":"","destination_prefix_list_id":"","egress_only_gateway_id":"","gateway_id":"igw-07fb2393d846c76a8","id":"r-rtb-05b044bd885293dbd1080289494","instance_id":"","instance_owner_id":"","local_gateway_id":"","nat_gateway_id":"","network_interface_id":"","origin":"CreateRoute","route_table_id":"rtb-05b044bd885293dbd","state":"active","timeouts":null,"transit_gateway_id":"","vpc_endpoint_id":null,"vpc_peering_connection_id":""},"depends_on":["data.aws_secretsmanager_secret.environment_management","data.aws_secretsmanager_secret_version.environment_management","module.vpc.aws_internet_gateway.default","module.vpc.aws_route_table.public","module.vpc.aws_vpc.vpc"]},{"address":"module.vpc[\"live_data\"].aws_route_table.private[\"live_data-data-eu-west-2a\"]","mode":"managed","type":"aws_route_table","name":"private","index":"live_data-data-eu-west-2a","provider_name":"registry.terraform.io/hashicorp/aws","schema_version":0,"values":{"id":"rtb-075c46c94149ab48e","owner_id":"374269020027","propagating_vgws":[],"route":[{"cidr_block":"0.0.0.0/0","egress_only_gateway_id":"","gateway_id":"","instance_id":"","ipv6_cidr_block":"","local_gateway_id":"","nat_gateway_id":"","network_interface_id":"","transit_gateway_id":"tgw-053d9dd7f1222a554","vpc_endpoint_id":"","vpc_peering_connection_id":""}],"tags":{"Name":"live_data-data-eu-west-2a","application":"Modernisation Platform: core-shared-services-production","business-unit":"Platforms","is-production":"true","owner":"Modernisation Platform: modernisation-platform@digital.justice.gov.uk"},"vpc_id":"vpc-0ffb471083903af2c"},"depends_on":["data.aws_secretsmanager_secret.environment_management","data.aws_secretsmanager_secret_version.environment_management","module.vpc.aws_vpc.vpc","module.vpc.data.aws_availability_zones.available"]},{"address":"module.vpc[\"live_data\"].aws_route_table.private[\"live_data-data-eu-west-2b\"]","mode":"managed","type":"aws_route_table","name":"private","index":"live_data-data-eu-west-2b","provider_name":"registry.terraform.io/hashicorp/aws","schema_version":0,"values":{"id":"rtb-0f3e424f07bbc4b9c","owner_id":"374269020027","propagating_vgws":[],"route":[{"cidr_block":"0.0.0.0/0","egress_only_gateway_id":"","gateway_id":"","instance_id":"","ipv6_cidr_block":"","local_gateway_id":"","nat_gateway_id":"","network_interface_id":"","transit_gateway_id":"tgw-053d9dd7f1222a554","vpc_endpoint_id":"","vpc_peering_connection_id":""}],"tags":{"Name":"live_data-data-eu-west-2b","application":"Modernisation Platform: core-shared-services-production","business-unit":"Platforms","is-production":"true","owner":"Modernisation Platform: modernisation-platform@digital.justice.gov.uk"},"vpc_id":"vpc-0ffb471083903af2c"},"depends_on":["data.aws_secretsmanager_secret.environment_management","data.aws_secretsmanager_secret_version.environment_management","module.vpc.aws_vpc.vpc","module.vpc.data.aws_availability_zones.available"]},{"address":"module.vpc[\"live_data\"].aws_route_table.private[\"live_data-data-eu-west-2c\"]","mode":"managed","type":"aws_route_table","name":"private","index":"live_data-data-eu-west-2c","provider_name":"registry.terraform.io/hashicorp/aws","schema_version":0,"values":{"id":"rtb-0ffb85d9ce66f921c","owner_id":"374269020027","propagating_vgws":[],"route":[{"cidr_block":"0.0.0.0/0","egress_only_gateway_id":"","gateway_id":"","instance_id":"","ipv6_cidr_block":"","local_gateway_id":"","nat_gateway_id":"","network_interface_id":"","transit_gateway_id":"tgw-053d9dd7f1222a554","vpc_endpoint_id":"","vpc_peering_connection_id":""}],"tags":{"Name":"live_data-data-eu-west-2c","application":"Modernisation Platform: core-shared-services-production","business-unit":"Platforms","is-production":"true","owner":"Modernisation Platform: modernisation-platform@digital.justice.gov.uk"},"vpc_id":"vpc-0ffb471083903af2c"},"depends_on":["data.aws_secretsmanager_secret.environment_management","data.aws_secretsmanager_secret_version.environment_management","module.vpc.aws_vpc.vpc","module.vpc.data.aws_availability_zones.available"]},{"address":"module.vpc[\"live_data\"].aws_route_table.private[\"live_data-private-eu-west-2a\"]","mode":"managed","type":"aws_route_table","name":"private","index":"live_data-private-eu-west-2a","provider_name":"registry.terraform.io/hashicorp/aws","schema_version":0,"values":{"id":"rtb-0085a7256980e0a4a","owner_id":"374269020027","propagating_vgws":[],"route":[{"cidr_block":"0.0.0.0/0","egress_only_gateway_id":"","gateway_id":"","instance_id":"","ipv6_cidr_block":"","local_gateway_id":"","nat_gateway_id":"","network_interface_id":"","transit_gateway_id":"tgw-053d9dd7f1222a554","vpc_endpoint_id":"","vpc_peering_connection_id":""}],"tags":{"Name":"live_data-private-eu-west-2a","application":"Modernisation Platform: core-shared-services-production","business-unit":"Platforms","is-production":"true","owner":"Modernisation Platform: modernisation-platform@digital.justice.gov.uk"},"vpc_id":"vpc-0ffb471083903af2c"},"depends_on":["data.aws_secretsmanager_secret.environment_management","data.aws_secretsmanager_secret_version.environment_management","module.vpc.aws_vpc.vpc","module.vpc.data.aws_availability_zones.available"]},{"address":"module.vpc[\"live_data\"].aws_route_table.private[\"live_data-private-eu-west-2b\"]","mode":"managed","type":"aws_route_table","name":"private","index":"live_data-private-eu-west-2b","provider_name":"registry.terraform.io/hashicorp/aws","schema_version":0,"values":{"id":"rtb-0be057e095f733fe8","owner_id":"374269020027","propagating_vgws":[],"route":[{"cidr_block":"0.0.0.0/0","egress_only_gateway_id":"","gateway_id":"","instance_id":"","ipv6_cidr_block":"","local_gateway_id":"","nat_gateway_id":"","network_interface_id":"","transit_gateway_id":"tgw-053d9dd7f1222a554","vpc_endpoint_id":"","vpc_peering_connection_id":""}],"tags":{"Name":"live_data-private-eu-west-2b","application":"Modernisation Platform: core-shared-services-production","business-unit":"Platforms","is-production":"true","owner":"Modernisation Platform: modernisation-platform@digital.justice.gov.uk"},"vpc_id":"vpc-0ffb471083903af2c"},"depends_on":["data.aws_secretsmanager_secret.environment_management","data.aws_secretsmanager_secret_version.environment_management","module.vpc.aws_vpc.vpc","module.vpc.data.aws_availability_zones.available"]},{"address":"module.vpc[\"live_data\"].aws_route_table.private[\"live_data-private-eu-west-2c\"]","mode":"managed","type":"aws_route_table","name":"private","index":"live_data-private-eu-west-2c","provider_name":"registry.terraform.io/hashicorp/aws","schema_version":0,"values":{"id":"rtb-0dbccdb8501b60061","owner_id":"374269020027","propagating_vgws":[],"route":[{"cidr_block":"0.0.0.0/0","egress_only_gateway_id":"","gateway_id":"","instance_id":"","ipv6_cidr_block":"","local_gateway_id":"","nat_gateway_id":"","network_interface_id":"","transit_gateway_id":"tgw-053d9dd7f1222a554","vpc_endpoint_id":"","vpc_peering_connection_id":""}],"tags":{"Name":"live_data-private-eu-west-2c","application":"Modernisation Platform: core-shared-services-production","business-unit":"Platforms","is-production":"true","owner":"Modernisation Platform: modernisation-platform@digital.justice.gov.uk"},"vpc_id":"vpc-0ffb471083903af2c"},"depends_on":["data.aws_secretsmanager_secret.environment_management","data.aws_secretsmanager_secret_version.environment_management","module.vpc.aws_vpc.vpc","module.vpc.data.aws_availability_zones.available"]},{"address":"module.vpc[\"live_data\"].aws_route_table.private[\"live_data-transit-gateway-eu-west-2a\"]","mode":"managed","type":"aws_route_table","name":"private","index":"live_data-transit-gateway-eu-west-2a","provider_name":"registry.terraform.io/hashicorp/aws","schema_version":0,"values":{"id":"rtb-05fa2dd403b955bb7","owner_id":"374269020027","propagating_vgws":[],"route":[{"cidr_block":"0.0.0.0/0","egress_only_gateway_id":"","gateway_id":"","instance_id":"","ipv6_cidr_block":"","local_gateway_id":"","nat_gateway_id":"","network_interface_id":"","transit_gateway_id":"tgw-053d9dd7f1222a554","vpc_endpoint_id":"","vpc_peering_connection_id":""}],"tags":{"Name":"live_data-transit-gateway-eu-west-2a","application":"Modernisation Platform: core-shared-services-production","business-unit":"Platforms","is-production":"true","owner":"Modernisation Platform: modernisation-platform@digital.justice.gov.uk"},"vpc_id":"vpc-0ffb471083903af2c"},"depends_on":["data.aws_secretsmanager_secret.environment_management","data.aws_secretsmanager_secret_version.environment_management","module.vpc.aws_vpc.vpc","module.vpc.data.aws_availability_zones.available"]},{"address":"module.vpc[\"live_data\"].aws_route_table.private[\"live_data-transit-gateway-eu-west-2b\"]","mode":"managed","type":"aws_route_table","name":"private","index":"live_data-transit-gateway-eu-west-2b","provider_name":"registry.terraform.io/hashicorp/aws","schema_version":0,"values":{"id":"rtb-022a3e9c287fad096","owner_id":"374269020027","propagating_vgws":[],"route":[{"cidr_block":"0.0.0.0/0","egress_only_gateway_id":"","gateway_id":"","instance_id":"","ipv6_cidr_block":"","local_gateway_id":"","nat_gateway_id":"","network_interface_id":"","transit_gateway_id":"tgw-053d9dd7f1222a554","vpc_endpoint_id":"","vpc_peering_connection_id":""}],"tags":{"Name":"live_data-transit-gateway-eu-west-2b","application":"Modernisation Platform: core-shared-services-production","business-unit":"Platforms","is-production":"true","owner":"Modernisation Platform: modernisation-platform@digital.justice.gov.uk"},"vpc_id":"vpc-0ffb471083903af2c"},"depends_on":["data.aws_secretsmanager_secret.environment_management","data.aws_secretsmanager_secret_version.environment_management","module.vpc.aws_vpc.vpc","module.vpc.data.aws_availability_zones.available"]},{"address":"module.vpc[\"live_data\"].aws_route_table.private[\"live_data-transit-gateway-eu-west-2c\"]","mode":"managed","type":"aws_route_table","name":"private","index":"live_data-transit-gateway-eu-west-2c","provider_name":"registry.terraform.io/hashicorp/aws","schema_version":0,"values":{"id":"rtb-00b138087d73295df","owner_id":"374269020027","propagating_vgws":[],"route":[{"cidr_block":"0.0.0.0/0","egress_only_gateway_id":"","gateway_id":"","instance_id":"","ipv6_cidr_block":"","local_gateway_id":"","nat_gateway_id":"","network_interface_id":"","transit_gateway_id":"tgw-053d9dd7f1222a554","vpc_endpoint_id":"","vpc_peering_connection_id":""}],"tags":{"Name":"live_data-transit-gateway-eu-west-2c","application":"Modernisation Platform: core-shared-services-production","business-unit":"Platforms","is-production":"true","owner":"Modernisation Platform: modernisation-platform@digital.justice.gov.uk"},"vpc_id":"vpc-0ffb471083903af2c"},"depends_on":["data.aws_secretsmanager_secret.environment_management","data.aws_secretsmanager_secret_version.environment_management","module.vpc.aws_vpc.vpc","module.vpc.data.aws_availability_zones.available"]},{"address":"module.vpc[\"live_data\"].aws_route_table.public","mode":"managed","type":"aws_route_table","name":"public","provider_name":"registry.terraform.io/hashicorp/aws","schema_version":0,"values":{"id":"rtb-05b044bd885293dbd","owner_id":"374269020027","propagating_vgws":[],"route":[{"cidr_block":"0.0.0.0/0","egress_only_gateway_id":"","gateway_id":"igw-07fb2393d846c76a8","instance_id":"","ipv6_cidr_block":"","local_gateway_id":"","nat_gateway_id":"","network_interface_id":"","transit_gateway_id":"","vpc_endpoint_id":"","vpc_peering_connection_id":""}],"tags":{"Name":"live_data-public","application":"Modernisation Platform: core-shared-services-production","business-unit":"Platforms","is-production":"true","owner":"Modernisation Platform: modernisation-platform@digital.justice.gov.uk"},"vpc_id":"vpc-0ffb471083903af2c"},"depends_on":["data.aws_secretsmanager_secret.environment_management","data.aws_secretsmanager_secret_version.environment_management","module.vpc.aws_vpc.vpc"]},{"address":"module.vpc[\"live_data\"].aws_route_table_association.default[\"live_data-data-eu-west-2a\"]","mode":"managed","type":"aws_route_table_association","name":"default","index":"live_data-data-eu-west-2a","provider_name":"registry.terraform.io/hashicorp/aws","schema_version":0,"values":{"gateway_id":null,"id":"rtbassoc-0684fa605fcbf369a","route_table_id":"rtb-075c46c94149ab48e","subnet_id":"subnet-0331d916aa70f185a"},"depends_on":["data.aws_secretsmanager_secret.environment_management","data.aws_secretsmanager_secret_version.environment_management","module.vpc.aws_route_table.private","module.vpc.aws_route_table.public","module.vpc.aws_subnet.subnets","module.vpc.aws_vpc.vpc","module.vpc.data.aws_availability_zones.available"]},{"address":"module.vpc[\"live_data\"].aws_route_table_association.default[\"live_data-data-eu-west-2b\"]","mode":"managed","type":"aws_route_table_association","name":"default","index":"live_data-data-eu-west-2b","provider_name":"registry.terraform.io/hashicorp/aws","schema_version":0,"values":{"gateway_id":null,"id":"rtbassoc-0a831415798682be6","route_table_id":"rtb-0f3e424f07bbc4b9c","subnet_id":"subnet-07a790a1f3a6fc561"},"depends_on":["data.aws_secretsmanager_secret.environment_management","data.aws_secretsmanager_secret_version.environment_management","module.vpc.aws_route_table.private","module.vpc.aws_route_table.public","module.vpc.aws_subnet.subnets","module.vpc.aws_vpc.vpc","module.vpc.data.aws_availability_zones.available"]},{"address":"module.vpc[\"live_data\"].aws_route_table_association.default[\"live_data-data-eu-west-2c\"]","mode":"managed","type":"aws_route_table_association","name":"default","index":"live_data-data-eu-west-2c","provider_name":"registry.terraform.io/hashicorp/aws","schema_version":0,"values":{"gateway_id":null,"id":"rtbassoc-06325728a43861b9e","route_table_id":"rtb-0ffb85d9ce66f921c","subnet_id":"subnet-0bfb5a0c8896863a6"},"depends_on":["data.aws_secretsmanager_secret.environment_management","data.aws_secretsmanager_secret_version.environment_management","module.vpc.aws_route_table.private","module.vpc.aws_route_table.public","module.vpc.aws_subnet.subnets","module.vpc.aws_vpc.vpc","module.vpc.data.aws_availability_zones.available"]},{"address":"module.vpc[\"live_data\"].aws_route_table_association.default[\"live_data-private-eu-west-2a\"]","mode":"managed","type":"aws_route_table_association","name":"default","index":"live_data-private-eu-west-2a","provider_name":"registry.terraform.io/hashicorp/aws","schema_version":0,"values":{"gateway_id":null,"id":"rtbassoc-0c220a62a73928735","route_table_id":"rtb-0085a7256980e0a4a","subnet_id":"subnet-021b369568218877f"},"depends_on":["data.aws_secretsmanager_secret.environment_management","data.aws_secretsmanager_secret_version.environment_management","module.vpc.aws_route_table.private","module.vpc.aws_route_table.public","module.vpc.aws_subnet.subnets","module.vpc.aws_vpc.vpc","module.vpc.data.aws_availability_zones.available"]},{"address":"module.vpc[\"live_data\"].aws_route_table_association.default[\"live_data-private-eu-west-2b\"]","mode":"managed","type":"aws_route_table_association","name":"default","index":"live_data-private-eu-west-2b","provider_name":"registry.terraform.io/hashicorp/aws","schema_version":0,"values":{"gateway_id":null,"id":"rtbassoc-0d2b5104028501871","route_table_id":"rtb-0be057e095f733fe8","subnet_id":"subnet-0ca8a3d7efc826432"},"depends_on":["data.aws_secretsmanager_secret.environment_management","data.aws_secretsmanager_secret_version.environment_management","module.vpc.aws_route_table.private","module.vpc.aws_route_table.public","module.vpc.aws_subnet.subnets","module.vpc.aws_vpc.vpc","module.vpc.data.aws_availability_zones.available"]},{"address":"module.vpc[\"live_data\"].aws_route_table_association.default[\"live_data-private-eu-west-2c\"]","mode":"managed","type":"aws_route_table_association","name":"default","index":"live_data-private-eu-west-2c","provider_name":"registry.terraform.io/hashicorp/aws","schema_version":0,"values":{"gateway_id":null,"id":"rtbassoc-025cf400fa69b973c","route_table_id":"rtb-0dbccdb8501b60061","subnet_id":"subnet-0f1608ad5bb0e2d3b"},"depends_on":["data.aws_secretsmanager_secret.environment_management","data.aws_secretsmanager_secret_version.environment_management","module.vpc.aws_route_table.private","module.vpc.aws_route_table.public","module.vpc.aws_subnet.subnets","module.vpc.aws_vpc.vpc","module.vpc.data.aws_availability_zones.available"]},{"address":"module.vpc[\"live_data\"].aws_route_table_association.default[\"live_data-public-eu-west-2a\"]","mode":"managed","type":"aws_route_table_association","name":"default","index":"live_data-public-eu-west-2a","provider_name":"registry.terraform.io/hashicorp/aws","schema_version":0,"values":{"gateway_id":null,"id":"rtbassoc-017283775d62ed3b1","route_table_id":"rtb-05b044bd885293dbd","subnet_id":"subnet-07a2a8327a0ffe772"},"depends_on":["data.aws_secretsmanager_secret.environment_management","data.aws_secretsmanager_secret_version.environment_management","module.vpc.aws_route_table.private","module.vpc.aws_route_table.public","module.vpc.aws_subnet.subnets","module.vpc.aws_vpc.vpc","module.vpc.data.aws_availability_zones.available"]},{"address":"module.vpc[\"live_data\"].aws_route_table_association.default[\"live_data-public-eu-west-2b\"]","mode":"managed","type":"aws_route_table_association","name":"default","index":"live_data-public-eu-west-2b","provider_name":"registry.terraform.io/hashicorp/aws","schema_version":0,"values":{"gateway_id":null,"id":"rtbassoc-058ba07280c4470a3","route_table_id":"rtb-05b044bd885293dbd","subnet_id":"subnet-0585943e12318df7b"},"depends_on":["data.aws_secretsmanager_secret.environment_management","data.aws_secretsmanager_secret_version.environment_management","module.vpc.aws_route_table.private","module.vpc.aws_route_table.public","module.vpc.aws_subnet.subnets","module.vpc.aws_vpc.vpc","module.vpc.data.aws_availability_zones.available"]},{"address":"module.vpc[\"live_data\"].aws_route_table_association.default[\"live_data-public-eu-west-2c\"]","mode":"managed","type":"aws_route_table_association","name":"default","index":"live_data-public-eu-west-2c","provider_name":"registry.terraform.io/hashicorp/aws","schema_version":0,"values":{"gateway_id":null,"id":"rtbassoc-06c204be4fa409e9c","route_table_id":"rtb-05b044bd885293dbd","subnet_id":"subnet-00328c484e5712137"},"depends_on":["data.aws_secretsmanager_secret.environment_management","data.aws_secretsmanager_secret_version.environment_management","module.vpc.aws_route_table.private","module.vpc.aws_route_table.public","module.vpc.aws_subnet.subnets","module.vpc.aws_vpc.vpc","module.vpc.data.aws_availability_zones.available"]},{"address":"module.vpc[\"live_data\"].aws_route_table_association.default[\"live_data-transit-gateway-eu-west-2a\"]","mode":"managed","type":"aws_route_table_association","name":"default","index":"live_data-transit-gateway-eu-west-2a","provider_name":"registry.terraform.io/hashicorp/aws","schema_version":0,"values":{"gateway_id":null,"id":"rtbassoc-03e338f016af3a83c","route_table_id":"rtb-05fa2dd403b955bb7","subnet_id":"subnet-093b2f28887fa3132"},"depends_on":["data.aws_secretsmanager_secret.environment_management","data.aws_secretsmanager_secret_version.environment_management","module.vpc.aws_route_table.private","module.vpc.aws_route_table.public","module.vpc.aws_subnet.subnets","module.vpc.aws_vpc.vpc","module.vpc.data.aws_availability_zones.available"]},{"address":"module.vpc[\"live_data\"].aws_route_table_association.default[\"live_data-transit-gateway-eu-west-2b\"]","mode":"managed","type":"aws_route_table_association","name":"default","index":"live_data-transit-gateway-eu-west-2b","provider_name":"registry.terraform.io/hashicorp/aws","schema_version":0,"values":{"gateway_id":null,"id":"rtbassoc-065605f213b7ca64c","route_table_id":"rtb-022a3e9c287fad096","subnet_id":"subnet-02498450dabc05d5d"},"depends_on":["data.aws_secretsmanager_secret.environment_management","data.aws_secretsmanager_secret_version.environment_management","module.vpc.aws_route_table.private","module.vpc.aws_route_table.public","module.vpc.aws_subnet.subnets","module.vpc.aws_vpc.vpc","module.vpc.data.aws_availability_zones.available"]},{"address":"module.vpc[\"live_data\"].aws_route_table_association.default[\"live_data-transit-gateway-eu-west-2c\"]","mode":"managed","type":"aws_route_table_association","name":"default","index":"live_data-transit-gateway-eu-west-2c","provider_name":"registry.terraform.io/hashicorp/aws","schema_version":0,"values":{"gateway_id":null,"id":"rtbassoc-0a1f10dc399312360","route_table_id":"rtb-00b138087d73295df","subnet_id":"subnet-08db5b844d1abd53b"},"depends_on":["data.aws_secretsmanager_secret.environment_management","data.aws_secretsmanager_secret_version.environment_management","module.vpc.aws_route_table.private","module.vpc.aws_route_table.public","module.vpc.aws_subnet.subnets","module.vpc.aws_vpc.vpc","module.vpc.data.aws_availability_zones.available"]},{"address":"module.vpc[\"live_data\"].aws_subnet.subnets[\"live_data-data-eu-west-2a\"]","mode":"managed","type":"aws_subnet","name":"subnets","index":"live_data-data-eu-west-2a","provider_name":"registry.terraform.io/hashicorp/aws","schema_version":1,"values":{"arn":"arn:aws:ec2:eu-west-2:374269020027:subnet/subnet-0331d916aa70f185a","assign_ipv6_address_on_creation":false,"availability_zone":"eu-west-2a","availability_zone_id":"euw2-az2","cidr_block":"10.231.2.0/23","id":"subnet-0331d916aa70f185a","ipv6_cidr_block":"","ipv6_cidr_block_association_id":"","map_public_ip_on_launch":false,"outpost_arn":"","owner_id":"374269020027","tags":{"Name":"live_data-data-eu-west-2a","application":"Modernisation Platform: core-shared-services-production","business-unit":"Platforms","is-production":"true","owner":"Modernisation Platform: modernisation-platform@digital.justice.gov.uk"},"timeouts":null,"vpc_id":"vpc-0ffb471083903af2c"},"depends_on":["data.aws_secretsmanager_secret.environment_management","data.aws_secretsmanager_secret_version.environment_management","module.vpc.aws_vpc.vpc","module.vpc.data.aws_availability_zones.available"]},{"address":"module.vpc[\"live_data\"].aws_subnet.subnets[\"live_data-data-eu-west-2b\"]","mode":"managed","type":"aws_subnet","name":"subnets","index":"live_data-data-eu-west-2b","provider_name":"registry.terraform.io/hashicorp/aws","schema_version":1,"values":{"arn":"arn:aws:ec2:eu-west-2:374269020027:subnet/subnet-07a790a1f3a6fc561","assign_ipv6_address_on_creation":false,"availability_zone":"eu-west-2b","availability_zone_id":"euw2-az3","cidr_block":"10.231.4.0/23","id":"subnet-07a790a1f3a6fc561","ipv6_cidr_block":"","ipv6_cidr_block_association_id":"","map_public_ip_on_launch":false,"outpost_arn":"","owner_id":"374269020027","tags":{"Name":"live_data-data-eu-west-2b","application":"Modernisation Platform: core-shared-services-production","business-unit":"Platforms","is-production":"true","owner":"Modernisation Platform: modernisation-platform@digital.justice.gov.uk"},"timeouts":null,"vpc_id":"vpc-0ffb471083903af2c"},"depends_on":["data.aws_secretsmanager_secret.environment_management","data.aws_secretsmanager_secret_version.environment_management","module.vpc.aws_vpc.vpc","module.vpc.data.aws_availability_zones.available"]},{"address":"module.vpc[\"live_data\"].aws_subnet.subnets[\"live_data-data-eu-west-2c\"]","mode":"managed","type":"aws_subnet","name":"subnets","index":"live_data-data-eu-west-2c","provider_name":"registry.terraform.io/hashicorp/aws","schema_version":1,"values":{"arn":"arn:aws:ec2:eu-west-2:374269020027:subnet/subnet-0bfb5a0c8896863a6","assign_ipv6_address_on_creation":false,"availability_zone":"eu-west-2c","availability_zone_id":"euw2-az1","cidr_block":"10.231.6.0/23","id":"subnet-0bfb5a0c8896863a6","ipv6_cidr_block":"","ipv6_cidr_block_association_id":"","map_public_ip_on_launch":false,"outpost_arn":"","owner_id":"374269020027","tags":{"Name":"live_data-data-eu-west-2c","application":"Modernisation Platform: core-shared-services-production","business-unit":"Platforms","is-production":"true","owner":"Modernisation Platform: modernisation-platform@digital.justice.gov.uk"},"timeouts":null,"vpc_id":"vpc-0ffb471083903af2c"},"depends_on":["data.aws_secretsmanager_secret.environment_management","data.aws_secretsmanager_secret_version.environment_management","module.vpc.aws_vpc.vpc","module.vpc.data.aws_availability_zones.available"]},{"address":"module.vpc[\"live_data\"].aws_subnet.subnets[\"live_data-private-eu-west-2a\"]","mode":"managed","type":"aws_subnet","name":"subnets","index":"live_data-private-eu-west-2a","provider_name":"registry.terraform.io/hashicorp/aws","schema_version":1,"values":{"arn":"arn:aws:ec2:eu-west-2:374269020027:subnet/subnet-021b369568218877f","assign_ipv6_address_on_creation":false,"availability_zone":"eu-west-2a","availability_zone_id":"euw2-az2","cidr_block":"10.231.8.0/23","id":"subnet-021b369568218877f","ipv6_cidr_block":"","ipv6_cidr_block_association_id":"","map_public_ip_on_launch":false,"outpost_arn":"","owner_id":"374269020027","tags":{"Name":"live_data-private-eu-west-2a","application":"Modernisation Platform: core-shared-services-production","business-unit":"Platforms","is-production":"true","owner":"Modernisation Platform: modernisation-platform@digital.justice.gov.uk"},"timeouts":null,"vpc_id":"vpc-0ffb471083903af2c"},"depends_on":["data.aws_secretsmanager_secret.environment_management","data.aws_secretsmanager_secret_version.environment_management","module.vpc.aws_vpc.vpc","module.vpc.data.aws_availability_zones.available"]},{"address":"module.vpc[\"live_data\"].aws_subnet.subnets[\"live_data-private-eu-west-2b\"]","mode":"managed","type":"aws_subnet","name":"subnets","index":"live_data-private-eu-west-2b","provider_name":"registry.terraform.io/hashicorp/aws","schema_version":1,"values":{"arn":"arn:aws:ec2:eu-west-2:374269020027:subnet/subnet-0ca8a3d7efc826432","assign_ipv6_address_on_creation":false,"availability_zone":"eu-west-2b","availability_zone_id":"euw2-az3","cidr_block":"10.231.10.0/23","id":"subnet-0ca8a3d7efc826432","ipv6_cidr_block":"","ipv6_cidr_block_association_id":"","map_public_ip_on_launch":false,"outpost_arn":"","owner_id":"374269020027","tags":{"Name":"live_data-private-eu-west-2b","application":"Modernisation Platform: core-shared-services-production","business-unit":"Platforms","is-production":"true","owner":"Modernisation Platform: modernisation-platform@digital.justice.gov.uk"},"timeouts":null,"vpc_id":"vpc-0ffb471083903af2c"},"depends_on":["data.aws_secretsmanager_secret.environment_management","data.aws_secretsmanager_secret_version.environment_management","module.vpc.aws_vpc.vpc","module.vpc.data.aws_availability_zones.available"]},{"address":"module.vpc[\"live_data\"].aws_subnet.subnets[\"live_data-private-eu-west-2c\"]","mode":"managed","type":"aws_subnet","name":"subnets","index":"live_data-private-eu-west-2c","provider_name":"registry.terraform.io/hashicorp/aws","schema_version":1,"values":{"arn":"arn:aws:ec2:eu-west-2:374269020027:subnet/subnet-0f1608ad5bb0e2d3b","assign_ipv6_address_on_creation":false,"availability_zone":"eu-west-2c","availability_zone_id":"euw2-az1","cidr_block":"10.231.12.0/23","id":"subnet-0f1608ad5bb0e2d3b","ipv6_cidr_block":"","ipv6_cidr_block_association_id":"","map_public_ip_on_launch":false,"outpost_arn":"","owner_id":"374269020027","tags":{"Name":"live_data-private-eu-west-2c","application":"Modernisation Platform: core-shared-services-production","business-unit":"Platforms","is-production":"true","owner":"Modernisation Platform: modernisation-platform@digital.justice.gov.uk"},"timeouts":null,"vpc_id":"vpc-0ffb471083903af2c"},"depends_on":["data.aws_secretsmanager_secret.environment_management","data.aws_secretsmanager_secret_version.environment_management","module.vpc.aws_vpc.vpc","module.vpc.data.aws_availability_zones.available"]},{"address":"module.vpc[\"live_data\"].aws_subnet.subnets[\"live_data-public-eu-west-2a\"]","mode":"managed","type":"aws_subnet","name":"subnets","index":"live_data-public-eu-west-2a","provider_name":"registry.terraform.io/hashicorp/aws","schema_version":1,"values":{"arn":"arn:aws:ec2:eu-west-2:374269020027:subnet/subnet-07a2a8327a0ffe772","assign_ipv6_address_on_creation":false,"availability_zone":"eu-west-2a","availability_zone_id":"euw2-az2","cidr_block":"10.231.14.0/23","id":"subnet-07a2a8327a0ffe772","ipv6_cidr_block":"","ipv6_cidr_block_association_id":"","map_public_ip_on_launch":false,"outpost_arn":"","owner_id":"374269020027","tags":{"Name":"live_data-public-eu-west-2a","application":"Modernisation Platform: core-shared-services-production","business-unit":"Platforms","is-production":"true","owner":"Modernisation Platform: modernisation-platform@digital.justice.gov.uk"},"timeouts":null,"vpc_id":"vpc-0ffb471083903af2c"},"depends_on":["data.aws_secretsmanager_secret.environment_management","data.aws_secretsmanager_secret_version.environment_management","module.vpc.aws_vpc.vpc","module.vpc.data.aws_availability_zones.available"]},{"address":"module.vpc[\"live_data\"].aws_subnet.subnets[\"live_data-public-eu-west-2b\"]","mode":"managed","type":"aws_subnet","name":"subnets","index":"live_data-public-eu-west-2b","provider_name":"registry.terraform.io/hashicorp/aws","schema_version":1,"values":{"arn":"arn:aws:ec2:eu-west-2:374269020027:subnet/subnet-0585943e12318df7b","assign_ipv6_address_on_creation":false,"availability_zone":"eu-west-2b","availability_zone_id":"euw2-az3","cidr_block":"10.231.16.0/23","id":"subnet-0585943e12318df7b","ipv6_cidr_block":"","ipv6_cidr_block_association_id":"","map_public_ip_on_launch":false,"outpost_arn":"","owner_id":"374269020027","tags":{"Name":"live_data-public-eu-west-2b","application":"Modernisation Platform: core-shared-services-production","business-unit":"Platforms","is-production":"true","owner":"Modernisation Platform: modernisation-platform@digital.justice.gov.uk"},"timeouts":null,"vpc_id":"vpc-0ffb471083903af2c"},"depends_on":["data.aws_secretsmanager_secret.environment_management","data.aws_secretsmanager_secret_version.environment_management","module.vpc.aws_vpc.vpc","module.vpc.data.aws_availability_zones.available"]},{"address":"module.vpc[\"live_data\"].aws_subnet.subnets[\"live_data-public-eu-west-2c\"]","mode":"managed","type":"aws_subnet","name":"subnets","index":"live_data-public-eu-west-2c","provider_name":"registry.terraform.io/hashicorp/aws","schema_version":1,"values":{"arn":"arn:aws:ec2:eu-west-2:374269020027:subnet/subnet-00328c484e5712137","assign_ipv6_address_on_creation":false,"availability_zone":"eu-west-2c","availability_zone_id":"euw2-az1","cidr_block":"10.231.18.0/23","id":"subnet-00328c484e5712137","ipv6_cidr_block":"","ipv6_cidr_block_association_id":"","map_public_ip_on_launch":false,"outpost_arn":"","owner_id":"374269020027","tags":{"Name":"live_data-public-eu-west-2c","application":"Modernisation Platform: core-shared-services-production","business-unit":"Platforms","is-production":"true","owner":"Modernisation Platform: modernisation-platform@digital.justice.gov.uk"},"timeouts":null,"vpc_id":"vpc-0ffb471083903af2c"},"depends_on":["data.aws_secretsmanager_secret.environment_management","data.aws_secretsmanager_secret_version.environment_management","module.vpc.aws_vpc.vpc","module.vpc.data.aws_availability_zones.available"]},{"address":"module.vpc[\"live_data\"].aws_subnet.subnets[\"live_data-transit-gateway-eu-west-2a\"]","mode":"managed","type":"aws_subnet","name":"subnets","index":"live_data-transit-gateway-eu-west-2a","provider_name":"registry.terraform.io/hashicorp/aws","schema_version":1,"values":{"arn":"arn:aws:ec2:eu-west-2:374269020027:subnet/subnet-093b2f28887fa3132","assign_ipv6_address_on_creation":false,"availability_zone":"eu-west-2a","availability_zone_id":"euw2-az2","cidr_block":"10.231.0.0/28","id":"subnet-093b2f28887fa3132","ipv6_cidr_block":"","ipv6_cidr_block_association_id":"","map_public_ip_on_launch":false,"outpost_arn":"","owner_id":"374269020027","tags":{"Name":"live_data-transit-gateway-eu-west-2a","application":"Modernisation Platform: core-shared-services-production","business-unit":"Platforms","is-production":"true","owner":"Modernisation Platform: modernisation-platform@digital.justice.gov.uk"},"timeouts":null,"vpc_id":"vpc-0ffb471083903af2c"},"depends_on":["data.aws_secretsmanager_secret.environment_management","data.aws_secretsmanager_secret_version.environment_management","module.vpc.aws_vpc.vpc","module.vpc.data.aws_availability_zones.available"]},{"address":"module.vpc[\"live_data\"].aws_subnet.subnets[\"live_data-transit-gateway-eu-west-2b\"]","mode":"managed","type":"aws_subnet","name":"subnets","index":"live_data-transit-gateway-eu-west-2b","provider_name":"registry.terraform.io/hashicorp/aws","schema_version":1,"values":{"arn":"arn:aws:ec2:eu-west-2:374269020027:subnet/subnet-02498450dabc05d5d","assign_ipv6_address_on_creation":false,"availability_zone":"eu-west-2b","availability_zone_id":"euw2-az3","cidr_block":"10.231.0.16/28","id":"subnet-02498450dabc05d5d","ipv6_cidr_block":"","ipv6_cidr_block_association_id":"","map_public_ip_on_launch":false,"outpost_arn":"","owner_id":"374269020027","tags":{"Name":"live_data-transit-gateway-eu-west-2b","application":"Modernisation Platform: core-shared-services-production","business-unit":"Platforms","is-production":"true","owner":"Modernisation Platform: modernisation-platform@digital.justice.gov.uk"},"timeouts":null,"vpc_id":"vpc-0ffb471083903af2c"},"depends_on":["data.aws_secretsmanager_secret.environment_management","data.aws_secretsmanager_secret_version.environment_management","module.vpc.aws_vpc.vpc","module.vpc.data.aws_availability_zones.available"]},{"address":"module.vpc[\"live_data\"].aws_subnet.subnets[\"live_data-transit-gateway-eu-west-2c\"]","mode":"managed","type":"aws_subnet","name":"subnets","index":"live_data-transit-gateway-eu-west-2c","provider_name":"registry.terraform.io/hashicorp/aws","schema_version":1,"values":{"arn":"arn:aws:ec2:eu-west-2:374269020027:subnet/subnet-08db5b844d1abd53b","assign_ipv6_address_on_creation":false,"availability_zone":"eu-west-2c","availability_zone_id":"euw2-az1","cidr_block":"10.231.0.32/28","id":"subnet-08db5b844d1abd53b","ipv6_cidr_block":"","ipv6_cidr_block_association_id":"","map_public_ip_on_launch":false,"outpost_arn":"","owner_id":"374269020027","tags":{"Name":"live_data-transit-gateway-eu-west-2c","application":"Modernisation Platform: core-shared-services-production","business-unit":"Platforms","is-production":"true","owner":"Modernisation Platform: modernisation-platform@digital.justice.gov.uk"},"timeouts":null,"vpc_id":"vpc-0ffb471083903af2c"},"depends_on":["data.aws_secretsmanager_secret.environment_management","data.aws_secretsmanager_secret_version.environment_management","module.vpc.aws_vpc.vpc","module.vpc.data.aws_availability_zones.available"]},{"address":"module.vpc[\"live_data\"].aws_vpc.vpc","mode":"managed","type":"aws_vpc","name":"vpc","provider_name":"registry.terraform.io/hashicorp/aws","schema_version":1,"values":{"arn":"arn:aws:ec2:eu-west-2:374269020027:vpc/vpc-0ffb471083903af2c","assign_generated_ipv6_cidr_block":false,"cidr_block":"10.231.0.0/19","default_network_acl_id":"acl-07f107b072913071a","default_route_table_id":"rtb-0d2ebadb2129a7502","default_security_group_id":"sg-09fb6b2f03b605a12","dhcp_options_id":"dopt-792a1f11","enable_classiclink":null,"enable_classiclink_dns_support":null,"enable_dns_hostnames":true,"enable_dns_support":true,"id":"vpc-0ffb471083903af2c","instance_tenancy":"default","ipv6_association_id":"","ipv6_cidr_block":"","main_route_table_id":"rtb-0d2ebadb2129a7502","owner_id":"374269020027","tags":{"Name":"live_data","application":"Modernisation Platform: core-shared-services-production","business-unit":"Platforms","is-production":"true","owner":"Modernisation Platform: modernisation-platform@digital.justice.gov.uk"}},"depends_on":["data.aws_secretsmanager_secret.environment_management","data.aws_secretsmanager_secret_version.environment_management"]},{"address":"module.vpc[\"live_data\"].data.aws_availability_zones.available","mode":"data","type":"aws_availability_zones","name":"available","provider_name":"registry.terraform.io/hashicorp/aws","schema_version":0,"values":{"all_availability_zones":null,"exclude_names":null,"exclude_zone_ids":null,"filter":null,"group_names":["eu-west-2"],"id":"eu-west-2","names":["eu-west-2a","eu-west-2b","eu-west-2c"],"state":"available","zone_ids":["euw2-az2","euw2-az3","euw2-az1"]}}],"address":"module.vpc[\"live_data\"]"},{"resources":[{"address":"module.vpc[\"non_live_data\"].aws_cloudwatch_log_group.default","mode":"managed","type":"aws_cloudwatch_log_group","name":"default","provider_name":"registry.terraform.io/hashicorp/aws","schema_version":0,"values":{"arn":"arn:aws:logs:eu-west-2:374269020027:log-group:non_live_data-vpc-flow-logs","id":"non_live_data-vpc-flow-logs","kms_key_id":"","name":"non_live_data-vpc-flow-logs","name_prefix":null,"retention_in_days":0,"tags":{"application":"Modernisation Platform: core-shared-services-production","business-unit":"Platforms","is-production":"true","owner":"Modernisation Platform: modernisation-platform@digital.justice.gov.uk"}},"depends_on":["data.aws_secretsmanager_secret.environment_management","data.aws_secretsmanager_secret_version.environment_management"]},{"address":"module.vpc[\"non_live_data\"].aws_flow_log.cloudwatch","mode":"managed","type":"aws_flow_log","name":"cloudwatch","provider_name":"registry.terraform.io/hashicorp/aws","schema_version":0,"values":{"arn":"arn:aws:ec2:eu-west-2:374269020027:vpc-flow-log/fl-09ec9af5b1d412e1a","eni_id":null,"iam_role_arn":"arn:aws:iam::374269020027:role/AWSVPCFlowLog","id":"fl-09ec9af5b1d412e1a","log_destination":"arn:aws:logs:eu-west-2:374269020027:log-group:non_live_data-vpc-flow-logs","log_destination_type":"cloud-watch-logs","log_format":"${version} ${account-id} ${interface-id} ${srcaddr} ${dstaddr} ${srcport} ${dstport} ${protocol} ${packets} ${bytes} ${start} ${end} ${action} ${log-status}","log_group_name":"non_live_data-vpc-flow-logs","max_aggregation_interval":60,"subnet_id":null,"tags":{"Name":"non_live_data-vpc-flow-logs","application":"Modernisation Platform: core-shared-services-production","business-unit":"Platforms","is-production":"true","owner":"Modernisation Platform: modernisation-platform@digital.justice.gov.uk"},"traffic_type":"ALL","vpc_id":"vpc-07dee930bc1278ad9"},"depends_on":["data.aws_iam_role.vpc-flow-log","data.aws_secretsmanager_secret.environment_management","data.aws_secretsmanager_secret_version.environment_management","module.vpc.aws_cloudwatch_log_group.default","module.vpc.aws_vpc.vpc"]},{"address":"module.vpc[\"non_live_data\"].aws_internet_gateway.default","mode":"managed","type":"aws_internet_gateway","name":"default","provider_name":"registry.terraform.io/hashicorp/aws","schema_version":0,"values":{"arn":"arn:aws:ec2:eu-west-2:374269020027:internet-gateway/igw-04cac6f7d4e02f54a","id":"igw-04cac6f7d4e02f54a","owner_id":"374269020027","tags":{"Name":"non_live_data-internet-gateway","application":"Modernisation Platform: core-shared-services-production","business-unit":"Platforms","is-production":"true","owner":"Modernisation Platform: modernisation-platform@digital.justice.gov.uk"},"vpc_id":"vpc-07dee930bc1278ad9"},"depends_on":["data.aws_secretsmanager_secret.environment_management","data.aws_secretsmanager_secret_version.environment_management","module.vpc.aws_vpc.vpc"]},{"address":"module.vpc[\"non_live_data\"].aws_network_acl.default[\"non_live_data-data\"]","mode":"managed","type":"aws_network_acl","name":"default","index":"non_live_data-data","provider_name":"registry.terraform.io/hashicorp/aws","schema_version":0,"values":{"arn":"arn:aws:ec2:eu-west-2:374269020027:network-acl/acl-0fbdb9d866dddad50","egress":[{"action":"allow","cidr_block":"0.0.0.0/0","from_port":0,"icmp_code":0,"icmp_type":0,"ipv6_cidr_block":"","protocol":"-1","rule_no":910,"to_port":0},{"action":"allow","cidr_block":"10.231.32.0/19","from_port":0,"icmp_code":0,"icmp_type":0,"ipv6_cidr_block":"","protocol":"-1","rule_no":210,"to_port":0}],"id":"acl-0fbdb9d866dddad50","ingress":[{"action":"allow","cidr_block":"0.0.0.0/0","from_port":0,"icmp_code":0,"icmp_type":0,"ipv6_cidr_block":"","protocol":"-1","rule_no":910,"to_port":0},{"action":"allow","cidr_block":"10.231.32.0/19","from_port":0,"icmp_code":0,"icmp_type":0,"ipv6_cidr_block":"","protocol":"-1","rule_no":210,"to_port":0}],"owner_id":"374269020027","subnet_ids":["subnet-03d6a32f14e1fa042","subnet-0d654260f4c0bc840","subnet-0e44af610fe218932"],"tags":{"Name":"non_live_data-data","application":"Modernisation Platform: core-shared-services-production","business-unit":"Platforms","is-production":"true","owner":"Modernisation Platform: modernisation-platform@digital.justice.gov.uk"},"vpc_id":"vpc-07dee930bc1278ad9"},"depends_on":["data.aws_secretsmanager_secret.environment_management","data.aws_secretsmanager_secret_version.environment_management","module.vpc.aws_subnet.subnets","module.vpc.aws_vpc.vpc","module.vpc.data.aws_availability_zones.available"]},{"address":"module.vpc[\"non_live_data\"].aws_network_acl.default[\"non_live_data-private\"]","mode":"managed","type":"aws_network_acl","name":"default","index":"non_live_data-private","provider_name":"registry.terraform.io/hashicorp/aws","schema_version":0,"values":{"arn":"arn:aws:ec2:eu-west-2:374269020027:network-acl/acl-0da22337c7c340096","egress":[{"action":"allow","cidr_block":"0.0.0.0/0","from_port":0,"icmp_code":0,"icmp_type":0,"ipv6_cidr_block":"","protocol":"-1","rule_no":910,"to_port":0},{"action":"allow","cidr_block":"10.231.32.0/19","from_port":0,"icmp_code":0,"icmp_type":0,"ipv6_cidr_block":"","protocol":"-1","rule_no":210,"to_port":0}],"id":"acl-0da22337c7c340096","ingress":[{"action":"allow","cidr_block":"0.0.0.0/0","from_port":0,"icmp_code":0,"icmp_type":0,"ipv6_cidr_block":"","protocol":"-1","rule_no":910,"to_port":0},{"action":"allow","cidr_block":"10.231.32.0/19","from_port":0,"icmp_code":0,"icmp_type":0,"ipv6_cidr_block":"","protocol":"-1","rule_no":210,"to_port":0}],"owner_id":"374269020027","subnet_ids":["subnet-0131c23787a549dee","subnet-04b83cf5e53ce3eb5","subnet-0dfff3dece6b1a635"],"tags":{"Name":"non_live_data-private","application":"Modernisation Platform: core-shared-services-production","business-unit":"Platforms","is-production":"true","owner":"Modernisation Platform: modernisation-platform@digital.justice.gov.uk"},"vpc_id":"vpc-07dee930bc1278ad9"},"depends_on":["data.aws_secretsmanager_secret.environment_management","data.aws_secretsmanager_secret_version.environment_management","module.vpc.aws_subnet.subnets","module.vpc.aws_vpc.vpc","module.vpc.data.aws_availability_zones.available"]},{"address":"module.vpc[\"non_live_data\"].aws_network_acl.default[\"non_live_data-public\"]","mode":"managed","type":"aws_network_acl","name":"default","index":"non_live_data-public","provider_name":"registry.terraform.io/hashicorp/aws","schema_version":0,"values":{"arn":"arn:aws:ec2:eu-west-2:374269020027:network-acl/acl-02f38af82d297a432","egress":[{"action":"allow","cidr_block":"0.0.0.0/0","from_port":0,"icmp_code":0,"icmp_type":0,"ipv6_cidr_block":"","protocol":"-1","rule_no":910,"to_port":0},{"action":"allow","cidr_block":"10.231.32.0/19","from_port":0,"icmp_code":0,"icmp_type":0,"ipv6_cidr_block":"","protocol":"-1","rule_no":210,"to_port":0}],"id":"acl-02f38af82d297a432","ingress":[{"action":"allow","cidr_block":"0.0.0.0/0","from_port":0,"icmp_code":0,"icmp_type":0,"ipv6_cidr_block":"","protocol":"-1","rule_no":910,"to_port":0},{"action":"allow","cidr_block":"10.231.32.0/19","from_port":0,"icmp_code":0,"icmp_type":0,"ipv6_cidr_block":"","protocol":"-1","rule_no":210,"to_port":0}],"owner_id":"374269020027","subnet_ids":["subnet-00654b600de01ce96","subnet-04254823a5dc2543b","subnet-0be67154b8b8df944"],"tags":{"Name":"non_live_data-public","application":"Modernisation Platform: core-shared-services-production","business-unit":"Platforms","is-production":"true","owner":"Modernisation Platform: modernisation-platform@digital.justice.gov.uk"},"vpc_id":"vpc-07dee930bc1278ad9"},"depends_on":["data.aws_secretsmanager_secret.environment_management","data.aws_secretsmanager_secret_version.environment_management","module.vpc.aws_subnet.subnets","module.vpc.aws_vpc.vpc","module.vpc.data.aws_availability_zones.available"]},{"address":"module.vpc[\"non_live_data\"].aws_network_acl.default[\"non_live_data-transit-gateway\"]","mode":"managed","type":"aws_network_acl","name":"default","index":"non_live_data-transit-gateway","provider_name":"registry.terraform.io/hashicorp/aws","schema_version":0,"values":{"arn":"arn:aws:ec2:eu-west-2:374269020027:network-acl/acl-049dc523a2bb7f52d","egress":[{"action":"allow","cidr_block":"0.0.0.0/0","from_port":0,"icmp_code":0,"icmp_type":0,"ipv6_cidr_block":"","protocol":"-1","rule_no":910,"to_port":0},{"action":"allow","cidr_block":"10.231.32.0/19","from_port":0,"icmp_code":0,"icmp_type":0,"ipv6_cidr_block":"","protocol":"-1","rule_no":210,"to_port":0}],"id":"acl-049dc523a2bb7f52d","ingress":[{"action":"allow","cidr_block":"0.0.0.0/0","from_port":0,"icmp_code":0,"icmp_type":0,"ipv6_cidr_block":"","protocol":"-1","rule_no":910,"to_port":0},{"action":"allow","cidr_block":"10.231.32.0/19","from_port":0,"icmp_code":0,"icmp_type":0,"ipv6_cidr_block":"","protocol":"-1","rule_no":210,"to_port":0}],"owner_id":"374269020027","subnet_ids":["subnet-05b9d2bf7dd47929f","subnet-05fa30ef9e4c3bf67","subnet-0d1463906a59838c7"],"tags":{"Name":"non_live_data-transit-gateway","application":"Modernisation Platform: core-shared-services-production","business-unit":"Platforms","is-production":"true","owner":"Modernisation Platform: modernisation-platform@digital.justice.gov.uk"},"vpc_id":"vpc-07dee930bc1278ad9"},"depends_on":["data.aws_secretsmanager_secret.environment_management","data.aws_secretsmanager_secret_version.environment_management","module.vpc.aws_subnet.subnets","module.vpc.aws_vpc.vpc","module.vpc.data.aws_availability_zones.available"]},{"address":"module.vpc[\"non_live_data\"].aws_network_acl_rule.allow_local_network_egress[\"non_live_data-data\"]","mode":"managed","type":"aws_network_acl_rule","name":"allow_local_network_egress","index":"non_live_data-data","provider_name":"registry.terraform.io/hashicorp/aws","schema_version":0,"values":{"cidr_block":"10.231.32.0/19","egress":true,"from_port":null,"icmp_code":null,"icmp_type":null,"id":"nacl-3050573376","ipv6_cidr_block":"","network_acl_id":"acl-0fbdb9d866dddad50","protocol":"all","rule_action":"allow","rule_number":210,"to_port":null},"depends_on":["data.aws_secretsmanager_secret.environment_management","data.aws_secretsmanager_secret_version.environment_management","module.vpc.aws_network_acl.default","module.vpc.aws_subnet.subnets","module.vpc.aws_vpc.vpc","module.vpc.data.aws_availability_zones.available"]},{"address":"module.vpc[\"non_live_data\"].aws_network_acl_rule.allow_local_network_egress[\"non_live_data-private\"]","mode":"managed","type":"aws_network_acl_rule","name":"allow_local_network_egress","index":"non_live_data-private","provider_name":"registry.terraform.io/hashicorp/aws","schema_version":0,"values":{"cidr_block":"10.231.32.0/19","egress":true,"from_port":null,"icmp_code":null,"icmp_type":null,"id":"nacl-1205574735","ipv6_cidr_block":"","network_acl_id":"acl-0da22337c7c340096","protocol":"all","rule_action":"allow","rule_number":210,"to_port":null},"depends_on":["data.aws_secretsmanager_secret.environment_management","data.aws_secretsmanager_secret_version.environment_management","module.vpc.aws_network_acl.default","module.vpc.aws_subnet.subnets","module.vpc.aws_vpc.vpc","module.vpc.data.aws_availability_zones.available"]},{"address":"module.vpc[\"non_live_data\"].aws_network_acl_rule.allow_local_network_egress[\"non_live_data-public\"]","mode":"managed","type":"aws_network_acl_rule","name":"allow_local_network_egress","index":"non_live_data-public","provider_name":"registry.terraform.io/hashicorp/aws","schema_version":0,"values":{"cidr_block":"10.231.32.0/19","egress":true,"from_port":null,"icmp_code":null,"icmp_type":null,"id":"nacl-1217323500","ipv6_cidr_block":"","network_acl_id":"acl-02f38af82d297a432","protocol":"all","rule_action":"allow","rule_number":210,"to_port":null},"depends_on":["data.aws_secretsmanager_secret.environment_management","data.aws_secretsmanager_secret_version.environment_management","module.vpc.aws_network_acl.default","module.vpc.aws_subnet.subnets","module.vpc.aws_vpc.vpc","module.vpc.data.aws_availability_zones.available"]},{"address":"module.vpc[\"non_live_data\"].aws_network_acl_rule.allow_local_network_egress[\"non_live_data-transit-gateway\"]","mode":"managed","type":"aws_network_acl_rule","name":"allow_local_network_egress","index":"non_live_data-transit-gateway","provider_name":"registry.terraform.io/hashicorp/aws","schema_version":0,"values":{"cidr_block":"10.231.32.0/19","egress":true,"from_port":null,"icmp_code":null,"icmp_type":null,"id":"nacl-3309698590","ipv6_cidr_block":"","network_acl_id":"acl-049dc523a2bb7f52d","protocol":"all","rule_action":"allow","rule_number":210,"to_port":null},"depends_on":["data.aws_secretsmanager_secret.environment_management","data.aws_secretsmanager_secret_version.environment_management","module.vpc.aws_network_acl.default","module.vpc.aws_subnet.subnets","module.vpc.aws_vpc.vpc","module.vpc.data.aws_availability_zones.available"]},{"address":"module.vpc[\"non_live_data\"].aws_network_acl_rule.allow_local_network_ingress[\"non_live_data-data\"]","mode":"managed","type":"aws_network_acl_rule","name":"allow_local_network_ingress","index":"non_live_data-data","provider_name":"registry.terraform.io/hashicorp/aws","schema_version":0,"values":{"cidr_block":"10.231.32.0/19","egress":false,"from_port":null,"icmp_code":null,"icmp_type":null,"id":"nacl-766989827","ipv6_cidr_block":"","network_acl_id":"acl-0fbdb9d866dddad50","protocol":"all","rule_action":"allow","rule_number":210,"to_port":null},"depends_on":["data.aws_secretsmanager_secret.environment_management","data.aws_secretsmanager_secret_version.environment_management","module.vpc.aws_network_acl.default","module.vpc.aws_subnet.subnets","module.vpc.aws_vpc.vpc","module.vpc.data.aws_availability_zones.available"]},{"address":"module.vpc[\"non_live_data\"].aws_network_acl_rule.allow_local_network_ingress[\"non_live_data-private\"]","mode":"managed","type":"aws_network_acl_rule","name":"allow_local_network_ingress","index":"non_live_data-private","provider_name":"registry.terraform.io/hashicorp/aws","schema_version":0,"values":{"cidr_block":"10.231.32.0/19","egress":false,"from_port":null,"icmp_code":null,"icmp_type":null,"id":"nacl-3187295232","ipv6_cidr_block":"","network_acl_id":"acl-0da22337c7c340096","protocol":"all","rule_action":"allow","rule_number":210,"to_port":null},"depends_on":["data.aws_secretsmanager_secret.environment_management","data.aws_secretsmanager_secret_version.environment_management","module.vpc.aws_network_acl.default","module.vpc.aws_subnet.subnets","module.vpc.aws_vpc.vpc","module.vpc.data.aws_availability_zones.available"]},{"address":"module.vpc[\"non_live_data\"].aws_network_acl_rule.allow_local_network_ingress[\"non_live_data-public\"]","mode":"managed","type":"aws_network_acl_rule","name":"allow_local_network_ingress","index":"non_live_data-public","provider_name":"registry.terraform.io/hashicorp/aws","schema_version":0,"values":{"cidr_block":"10.231.32.0/19","egress":false,"from_port":null,"icmp_code":null,"icmp_type":null,"id":"nacl-4062896943","ipv6_cidr_block":"","network_acl_id":"acl-02f38af82d297a432","protocol":"all","rule_action":"allow","rule_number":210,"to_port":null},"depends_on":["data.aws_secretsmanager_secret.environment_management","data.aws_secretsmanager_secret_version.environment_management","module.vpc.aws_network_acl.default","module.vpc.aws_subnet.subnets","module.vpc.aws_vpc.vpc","module.vpc.data.aws_availability_zones.available"]},{"address":"module.vpc[\"non_live_data\"].aws_network_acl_rule.allow_local_network_ingress[\"non_live_data-transit-gateway\"]","mode":"managed","type":"aws_network_acl_rule","name":"allow_local_network_ingress","index":"non_live_data-transit-gateway","provider_name":"registry.terraform.io/hashicorp/aws","schema_version":0,"values":{"cidr_block":"10.231.32.0/19","egress":false,"from_port":null,"icmp_code":null,"icmp_type":null,"id":"nacl-2702490368","ipv6_cidr_block":"","network_acl_id":"acl-049dc523a2bb7f52d","protocol":"all","rule_action":"allow","rule_number":210,"to_port":null},"depends_on":["data.aws_secretsmanager_secret.environment_management","data.aws_secretsmanager_secret_version.environment_management","module.vpc.aws_network_acl.default","module.vpc.aws_subnet.subnets","module.vpc.aws_vpc.vpc","module.vpc.data.aws_availability_zones.available"]},{"address":"module.vpc[\"non_live_data\"].aws_network_acl_rule.apply_network_map_rules[\"non_live_data-data-0.0.0.0/0-false-allow--1-0-0-910\"]","mode":"managed","type":"aws_network_acl_rule","name":"apply_network_map_rules","index":"non_live_data-data-0.0.0.0/0-false-allow--1-0-0-910","provider_name":"registry.terraform.io/hashicorp/aws","schema_version":0,"values":{"cidr_block":"0.0.0.0/0","egress":false,"from_port":0,"icmp_code":null,"icmp_type":null,"id":"nacl-3397314976","ipv6_cidr_block":"","network_acl_id":"acl-0fbdb9d866dddad50","protocol":"all","rule_action":"allow","rule_number":910,"to_port":0},"depends_on":["data.aws_secretsmanager_secret.environment_management","data.aws_secretsmanager_secret_version.environment_management","module.vpc.aws_network_acl.default","module.vpc.aws_subnet.subnets","module.vpc.aws_vpc.vpc","module.vpc.data.aws_availability_zones.available"]},{"address":"module.vpc[\"non_live_data\"].aws_network_acl_rule.apply_network_map_rules[\"non_live_data-data-0.0.0.0/0-true-allow--1-0-0-910\"]","mode":"managed","type":"aws_network_acl_rule","name":"apply_network_map_rules","index":"non_live_data-data-0.0.0.0/0-true-allow--1-0-0-910","provider_name":"registry.terraform.io/hashicorp/aws","schema_version":0,"values":{"cidr_block":"0.0.0.0/0","egress":true,"from_port":0,"icmp_code":null,"icmp_type":null,"id":"nacl-3292965454","ipv6_cidr_block":"","network_acl_id":"acl-0fbdb9d866dddad50","protocol":"all","rule_action":"allow","rule_number":910,"to_port":0},"depends_on":["data.aws_secretsmanager_secret.environment_management","data.aws_secretsmanager_secret_version.environment_management","module.vpc.aws_network_acl.default","module.vpc.aws_subnet.subnets","module.vpc.aws_vpc.vpc","module.vpc.data.aws_availability_zones.available"]},{"address":"module.vpc[\"non_live_data\"].aws_network_acl_rule.apply_network_map_rules[\"non_live_data-private-0.0.0.0/0-false-allow--1-0-0-910\"]","mode":"managed","type":"aws_network_acl_rule","name":"apply_network_map_rules","index":"non_live_data-private-0.0.0.0/0-false-allow--1-0-0-910","provider_name":"registry.terraform.io/hashicorp/aws","schema_version":0,"values":{"cidr_block":"0.0.0.0/0","egress":false,"from_port":0,"icmp_code":null,"icmp_type":null,"id":"nacl-1513356195","ipv6_cidr_block":"","network_acl_id":"acl-0da22337c7c340096","protocol":"all","rule_action":"allow","rule_number":910,"to_port":0},"depends_on":["data.aws_secretsmanager_secret.environment_management","data.aws_secretsmanager_secret_version.environment_management","module.vpc.aws_network_acl.default","module.vpc.aws_subnet.subnets","module.vpc.aws_vpc.vpc","module.vpc.data.aws_availability_zones.available"]},{"address":"module.vpc[\"non_live_data\"].aws_network_acl_rule.apply_network_map_rules[\"non_live_data-private-0.0.0.0/0-true-allow--1-0-0-910\"]","mode":"managed","type":"aws_network_acl_rule","name":"apply_network_map_rules","index":"non_live_data-private-0.0.0.0/0-true-allow--1-0-0-910","provider_name":"registry.terraform.io/hashicorp/aws","schema_version":0,"values":{"cidr_block":"0.0.0.0/0","egress":true,"from_port":0,"icmp_code":null,"icmp_type":null,"id":"nacl-910768193","ipv6_cidr_block":"","network_acl_id":"acl-0da22337c7c340096","protocol":"all","rule_action":"allow","rule_number":910,"to_port":0},"depends_on":["data.aws_secretsmanager_secret.environment_management","data.aws_secretsmanager_secret_version.environment_management","module.vpc.aws_network_acl.default","module.vpc.aws_subnet.subnets","module.vpc.aws_vpc.vpc","module.vpc.data.aws_availability_zones.available"]},{"address":"module.vpc[\"non_live_data\"].aws_network_acl_rule.apply_network_map_rules[\"non_live_data-public-0.0.0.0/0-false-allow--1-0-0-910\"]","mode":"managed","type":"aws_network_acl_rule","name":"apply_network_map_rules","index":"non_live_data-public-0.0.0.0/0-false-allow--1-0-0-910","provider_name":"registry.terraform.io/hashicorp/aws","schema_version":0,"values":{"cidr_block":"0.0.0.0/0","egress":false,"from_port":0,"icmp_code":null,"icmp_type":null,"id":"nacl-367221900","ipv6_cidr_block":"","network_acl_id":"acl-02f38af82d297a432","protocol":"all","rule_action":"allow","rule_number":910,"to_port":0},"depends_on":["data.aws_secretsmanager_secret.environment_management","data.aws_secretsmanager_secret_version.environment_management","module.vpc.aws_network_acl.default","module.vpc.aws_subnet.subnets","module.vpc.aws_vpc.vpc","module.vpc.data.aws_availability_zones.available"]},{"address":"module.vpc[\"non_live_data\"].aws_network_acl_rule.apply_network_map_rules[\"non_live_data-public-0.0.0.0/0-true-allow--1-0-0-910\"]","mode":"managed","type":"aws_network_acl_rule","name":"apply_network_map_rules","index":"non_live_data-public-0.0.0.0/0-true-allow--1-0-0-910","provider_name":"registry.terraform.io/hashicorp/aws","schema_version":0,"values":{"cidr_block":"0.0.0.0/0","egress":true,"from_port":0,"icmp_code":null,"icmp_type":null,"id":"nacl-958154210","ipv6_cidr_block":"","network_acl_id":"acl-02f38af82d297a432","protocol":"all","rule_action":"allow","rule_number":910,"to_port":0},"depends_on":["data.aws_secretsmanager_secret.environment_management","data.aws_secretsmanager_secret_version.environment_management","module.vpc.aws_network_acl.default","module.vpc.aws_subnet.subnets","module.vpc.aws_vpc.vpc","module.vpc.data.aws_availability_zones.available"]},{"address":"module.vpc[\"non_live_data\"].aws_network_acl_rule.apply_network_map_rules[\"non_live_data-transit-gateway-0.0.0.0/0-false-allow--1-0-0-910\"]","mode":"managed","type":"aws_network_acl_rule","name":"apply_network_map_rules","index":"non_live_data-transit-gateway-0.0.0.0/0-false-allow--1-0-0-910","provider_name":"registry.terraform.io/hashicorp/aws","schema_version":0,"values":{"cidr_block":"0.0.0.0/0","egress":false,"from_port":0,"icmp_code":null,"icmp_type":null,"id":"nacl-1188889763","ipv6_cidr_block":"","network_acl_id":"acl-049dc523a2bb7f52d","protocol":"all","rule_action":"allow","rule_number":910,"to_port":0},"depends_on":["data.aws_secretsmanager_secret.environment_management","data.aws_secretsmanager_secret_version.environment_management","module.vpc.aws_network_acl.default","module.vpc.aws_subnet.subnets","module.vpc.aws_vpc.vpc","module.vpc.data.aws_availability_zones.available"]},{"address":"module.vpc[\"non_live_data\"].aws_network_acl_rule.apply_network_map_rules[\"non_live_data-transit-gateway-0.0.0.0/0-true-allow--1-0-0-910\"]","mode":"managed","type":"aws_network_acl_rule","name":"apply_network_map_rules","index":"non_live_data-transit-gateway-0.0.0.0/0-true-allow--1-0-0-910","provider_name":"registry.terraform.io/hashicorp/aws","schema_version":0,"values":{"cidr_block":"0.0.0.0/0","egress":true,"from_port":0,"icmp_code":null,"icmp_type":null,"id":"nacl-3034012176","ipv6_cidr_block":"","network_acl_id":"acl-049dc523a2bb7f52d","protocol":"all","rule_action":"allow","rule_number":910,"to_port":0},"depends_on":["data.aws_secretsmanager_secret.environment_management","data.aws_secretsmanager_secret_version.environment_management","module.vpc.aws_network_acl.default","module.vpc.aws_subnet.subnets","module.vpc.aws_vpc.vpc","module.vpc.data.aws_availability_zones.available"]},{"address":"module.vpc[\"non_live_data\"].aws_route.public_internet_gateway","mode":"managed","type":"aws_route","name":"public_internet_gateway","provider_name":"registry.terraform.io/hashicorp/aws","schema_version":0,"values":{"destination_cidr_block":"0.0.0.0/0","destination_ipv6_cidr_block":"","destination_prefix_list_id":"","egress_only_gateway_id":"","gateway_id":"igw-04cac6f7d4e02f54a","id":"r-rtb-085ab8f11f09f068d1080289494","instance_id":"","instance_owner_id":"","local_gateway_id":"","nat_gateway_id":"","network_interface_id":"","origin":"CreateRoute","route_table_id":"rtb-085ab8f11f09f068d","state":"active","timeouts":null,"transit_gateway_id":"","vpc_endpoint_id":null,"vpc_peering_connection_id":""},"depends_on":["data.aws_secretsmanager_secret.environment_management","data.aws_secretsmanager_secret_version.environment_management","module.vpc.aws_internet_gateway.default","module.vpc.aws_route_table.public","module.vpc.aws_vpc.vpc"]},{"address":"module.vpc[\"non_live_data\"].aws_route_table.private[\"non_live_data-data-eu-west-2a\"]","mode":"managed","type":"aws_route_table","name":"private","index":"non_live_data-data-eu-west-2a","provider_name":"registry.terraform.io/hashicorp/aws","schema_version":0,"values":{"id":"rtb-0fcb93af147ca30f9","owner_id":"374269020027","propagating_vgws":[],"route":[{"cidr_block":"0.0.0.0/0","egress_only_gateway_id":"","gateway_id":"","instance_id":"","ipv6_cidr_block":"","local_gateway_id":"","nat_gateway_id":"","network_interface_id":"","transit_gateway_id":"tgw-053d9dd7f1222a554","vpc_endpoint_id":"","vpc_peering_connection_id":""}],"tags":{"Name":"non_live_data-data-eu-west-2a","application":"Modernisation Platform: core-shared-services-production","business-unit":"Platforms","is-production":"true","owner":"Modernisation Platform: modernisation-platform@digital.justice.gov.uk"},"vpc_id":"vpc-07dee930bc1278ad9"},"depends_on":["data.aws_secretsmanager_secret.environment_management","data.aws_secretsmanager_secret_version.environment_management","module.vpc.aws_vpc.vpc","module.vpc.data.aws_availability_zones.available"]},{"address":"module.vpc[\"non_live_data\"].aws_route_table.private[\"non_live_data-data-eu-west-2b\"]","mode":"managed","type":"aws_route_table","name":"private","index":"non_live_data-data-eu-west-2b","provider_name":"registry.terraform.io/hashicorp/aws","schema_version":0,"values":{"id":"rtb-0d54518036513d57f","owner_id":"374269020027","propagating_vgws":[],"route":[{"cidr_block":"0.0.0.0/0","egress_only_gateway_id":"","gateway_id":"","instance_id":"","ipv6_cidr_block":"","local_gateway_id":"","nat_gateway_id":"","network_interface_id":"","transit_gateway_id":"tgw-053d9dd7f1222a554","vpc_endpoint_id":"","vpc_peering_connection_id":""}],"tags":{"Name":"non_live_data-data-eu-west-2b","application":"Modernisation Platform: core-shared-services-production","business-unit":"Platforms","is-production":"true","owner":"Modernisation Platform: modernisation-platform@digital.justice.gov.uk"},"vpc_id":"vpc-07dee930bc1278ad9"},"depends_on":["data.aws_secretsmanager_secret.environment_management","data.aws_secretsmanager_secret_version.environment_management","module.vpc.aws_vpc.vpc","module.vpc.data.aws_availability_zones.available"]},{"address":"module.vpc[\"non_live_data\"].aws_route_table.private[\"non_live_data-data-eu-west-2c\"]","mode":"managed","type":"aws_route_table","name":"private","index":"non_live_data-data-eu-west-2c","provider_name":"registry.terraform.io/hashicorp/aws","schema_version":0,"values":{"id":"rtb-0f466dfc0822f870e","owner_id":"374269020027","propagating_vgws":[],"route":[{"cidr_block":"0.0.0.0/0","egress_only_gateway_id":"","gateway_id":"","instance_id":"","ipv6_cidr_block":"","local_gateway_id":"","nat_gateway_id":"","network_interface_id":"","transit_gateway_id":"tgw-053d9dd7f1222a554","vpc_endpoint_id":"","vpc_peering_connection_id":""}],"tags":{"Name":"non_live_data-data-eu-west-2c","application":"Modernisation Platform: core-shared-services-production","business-unit":"Platforms","is-production":"true","owner":"Modernisation Platform: modernisation-platform@digital.justice.gov.uk"},"vpc_id":"vpc-07dee930bc1278ad9"},"depends_on":["data.aws_secretsmanager_secret.environment_management","data.aws_secretsmanager_secret_version.environment_management","module.vpc.aws_vpc.vpc","module.vpc.data.aws_availability_zones.available"]},{"address":"module.vpc[\"non_live_data\"].aws_route_table.private[\"non_live_data-private-eu-west-2a\"]","mode":"managed","type":"aws_route_table","name":"private","index":"non_live_data-private-eu-west-2a","provider_name":"registry.terraform.io/hashicorp/aws","schema_version":0,"values":{"id":"rtb-0f1ebedd96c2b770a","owner_id":"374269020027","propagating_vgws":[],"route":[{"cidr_block":"0.0.0.0/0","egress_only_gateway_id":"","gateway_id":"","instance_id":"","ipv6_cidr_block":"","local_gateway_id":"","nat_gateway_id":"","network_interface_id":"","transit_gateway_id":"tgw-053d9dd7f1222a554","vpc_endpoint_id":"","vpc_peering_connection_id":""}],"tags":{"Name":"non_live_data-private-eu-west-2a","application":"Modernisation Platform: core-shared-services-production","business-unit":"Platforms","is-production":"true","owner":"Modernisation Platform: modernisation-platform@digital.justice.gov.uk"},"vpc_id":"vpc-07dee930bc1278ad9"},"depends_on":["data.aws_secretsmanager_secret.environment_management","data.aws_secretsmanager_secret_version.environment_management","module.vpc.aws_vpc.vpc","module.vpc.data.aws_availability_zones.available"]},{"address":"module.vpc[\"non_live_data\"].aws_route_table.private[\"non_live_data-private-eu-west-2b\"]","mode":"managed","type":"aws_route_table","name":"private","index":"non_live_data-private-eu-west-2b","provider_name":"registry.terraform.io/hashicorp/aws","schema_version":0,"values":{"id":"rtb-034393408d08a305c","owner_id":"374269020027","propagating_vgws":[],"route":[{"cidr_block":"0.0.0.0/0","egress_only_gateway_id":"","gateway_id":"","instance_id":"","ipv6_cidr_block":"","local_gateway_id":"","nat_gateway_id":"","network_interface_id":"","transit_gateway_id":"tgw-053d9dd7f1222a554","vpc_endpoint_id":"","vpc_peering_connection_id":""}],"tags":{"Name":"non_live_data-private-eu-west-2b","application":"Modernisation Platform: core-shared-services-production","business-unit":"Platforms","is-production":"true","owner":"Modernisation Platform: modernisation-platform@digital.justice.gov.uk"},"vpc_id":"vpc-07dee930bc1278ad9"},"depends_on":["data.aws_secretsmanager_secret.environment_management","data.aws_secretsmanager_secret_version.environment_management","module.vpc.aws_vpc.vpc","module.vpc.data.aws_availability_zones.available"]},{"address":"module.vpc[\"non_live_data\"].aws_route_table.private[\"non_live_data-private-eu-west-2c\"]","mode":"managed","type":"aws_route_table","name":"private","index":"non_live_data-private-eu-west-2c","provider_name":"registry.terraform.io/hashicorp/aws","schema_version":0,"values":{"id":"rtb-0d517c218cdcdc011","owner_id":"374269020027","propagating_vgws":[],"route":[{"cidr_block":"0.0.0.0/0","egress_only_gateway_id":"","gateway_id":"","instance_id":"","ipv6_cidr_block":"","local_gateway_id":"","nat_gateway_id":"","network_interface_id":"","transit_gateway_id":"tgw-053d9dd7f1222a554","vpc_endpoint_id":"","vpc_peering_connection_id":""}],"tags":{"Name":"non_live_data-private-eu-west-2c","application":"Modernisation Platform: core-shared-services-production","business-unit":"Platforms","is-production":"true","owner":"Modernisation Platform: modernisation-platform@digital.justice.gov.uk"},"vpc_id":"vpc-07dee930bc1278ad9"},"depends_on":["data.aws_secretsmanager_secret.environment_management","data.aws_secretsmanager_secret_version.environment_management","module.vpc.aws_vpc.vpc","module.vpc.data.aws_availability_zones.available"]},{"address":"module.vpc[\"non_live_data\"].aws_route_table.private[\"non_live_data-transit-gateway-eu-west-2a\"]","mode":"managed","type":"aws_route_table","name":"private","index":"non_live_data-transit-gateway-eu-west-2a","provider_name":"registry.terraform.io/hashicorp/aws","schema_version":0,"values":{"id":"rtb-0b5ce7d8a6a589c73","owner_id":"374269020027","propagating_vgws":[],"route":[{"cidr_block":"0.0.0.0/0","egress_only_gateway_id":"","gateway_id":"","instance_id":"","ipv6_cidr_block":"","local_gateway_id":"","nat_gateway_id":"","network_interface_id":"","transit_gateway_id":"tgw-053d9dd7f1222a554","vpc_endpoint_id":"","vpc_peering_connection_id":""}],"tags":{"Name":"non_live_data-transit-gateway-eu-west-2a","application":"Modernisation Platform: core-shared-services-production","business-unit":"Platforms","is-production":"true","owner":"Modernisation Platform: modernisation-platform@digital.justice.gov.uk"},"vpc_id":"vpc-07dee930bc1278ad9"},"depends_on":["data.aws_secretsmanager_secret.environment_management","data.aws_secretsmanager_secret_version.environment_management","module.vpc.aws_vpc.vpc","module.vpc.data.aws_availability_zones.available"]},{"address":"module.vpc[\"non_live_data\"].aws_route_table.private[\"non_live_data-transit-gateway-eu-west-2b\"]","mode":"managed","type":"aws_route_table","name":"private","index":"non_live_data-transit-gateway-eu-west-2b","provider_name":"registry.terraform.io/hashicorp/aws","schema_version":0,"values":{"id":"rtb-0f40eb892dbb1f0e9","owner_id":"374269020027","propagating_vgws":[],"route":[{"cidr_block":"0.0.0.0/0","egress_only_gateway_id":"","gateway_id":"","instance_id":"","ipv6_cidr_block":"","local_gateway_id":"","nat_gateway_id":"","network_interface_id":"","transit_gateway_id":"tgw-053d9dd7f1222a554","vpc_endpoint_id":"","vpc_peering_connection_id":""}],"tags":{"Name":"non_live_data-transit-gateway-eu-west-2b","application":"Modernisation Platform: core-shared-services-production","business-unit":"Platforms","is-production":"true","owner":"Modernisation Platform: modernisation-platform@digital.justice.gov.uk"},"vpc_id":"vpc-07dee930bc1278ad9"},"depends_on":["data.aws_secretsmanager_secret.environment_management","data.aws_secretsmanager_secret_version.environment_management","module.vpc.aws_vpc.vpc","module.vpc.data.aws_availability_zones.available"]},{"address":"module.vpc[\"non_live_data\"].aws_route_table.private[\"non_live_data-transit-gateway-eu-west-2c\"]","mode":"managed","type":"aws_route_table","name":"private","index":"non_live_data-transit-gateway-eu-west-2c","provider_name":"registry.terraform.io/hashicorp/aws","schema_version":0,"values":{"id":"rtb-0bb661e511a4713eb","owner_id":"374269020027","propagating_vgws":[],"route":[{"cidr_block":"0.0.0.0/0","egress_only_gateway_id":"","gateway_id":"","instance_id":"","ipv6_cidr_block":"","local_gateway_id":"","nat_gateway_id":"","network_interface_id":"","transit_gateway_id":"tgw-053d9dd7f1222a554","vpc_endpoint_id":"","vpc_peering_connection_id":""}],"tags":{"Name":"non_live_data-transit-gateway-eu-west-2c","application":"Modernisation Platform: core-shared-services-production","business-unit":"Platforms","is-production":"true","owner":"Modernisation Platform: modernisation-platform@digital.justice.gov.uk"},"vpc_id":"vpc-07dee930bc1278ad9"},"depends_on":["data.aws_secretsmanager_secret.environment_management","data.aws_secretsmanager_secret_version.environment_management","module.vpc.aws_vpc.vpc","module.vpc.data.aws_availability_zones.available"]},{"address":"module.vpc[\"non_live_data\"].aws_route_table.public","mode":"managed","type":"aws_route_table","name":"public","provider_name":"registry.terraform.io/hashicorp/aws","schema_version":0,"values":{"id":"rtb-085ab8f11f09f068d","owner_id":"374269020027","propagating_vgws":[],"route":[{"cidr_block":"0.0.0.0/0","egress_only_gateway_id":"","gateway_id":"igw-04cac6f7d4e02f54a","instance_id":"","ipv6_cidr_block":"","local_gateway_id":"","nat_gateway_id":"","network_interface_id":"","transit_gateway_id":"","vpc_endpoint_id":"","vpc_peering_connection_id":""}],"tags":{"Name":"non_live_data-public","application":"Modernisation Platform: core-shared-services-production","business-unit":"Platforms","is-production":"true","owner":"Modernisation Platform: modernisation-platform@digital.justice.gov.uk"},"vpc_id":"vpc-07dee930bc1278ad9"},"depends_on":["data.aws_secretsmanager_secret.environment_management","data.aws_secretsmanager_secret_version.environment_management","module.vpc.aws_vpc.vpc"]},{"address":"module.vpc[\"non_live_data\"].aws_route_table_association.default[\"non_live_data-data-eu-west-2a\"]","mode":"managed","type":"aws_route_table_association","name":"default","index":"non_live_data-data-eu-west-2a","provider_name":"registry.terraform.io/hashicorp/aws","schema_version":0,"values":{"gateway_id":null,"id":"rtbassoc-03324352c10eda97e","route_table_id":"rtb-0fcb93af147ca30f9","subnet_id":"subnet-0e44af610fe218932"},"depends_on":["data.aws_secretsmanager_secret.environment_management","data.aws_secretsmanager_secret_version.environment_management","module.vpc.aws_route_table.private","module.vpc.aws_route_table.public","module.vpc.aws_subnet.subnets","module.vpc.aws_vpc.vpc","module.vpc.data.aws_availability_zones.available"]},{"address":"module.vpc[\"non_live_data\"].aws_route_table_association.default[\"non_live_data-data-eu-west-2b\"]","mode":"managed","type":"aws_route_table_association","name":"default","index":"non_live_data-data-eu-west-2b","provider_name":"registry.terraform.io/hashicorp/aws","schema_version":0,"values":{"gateway_id":null,"id":"rtbassoc-0daff92063c6fd056","route_table_id":"rtb-0d54518036513d57f","subnet_id":"subnet-03d6a32f14e1fa042"},"depends_on":["data.aws_secretsmanager_secret.environment_management","data.aws_secretsmanager_secret_version.environment_management","module.vpc.aws_route_table.private","module.vpc.aws_route_table.public","module.vpc.aws_subnet.subnets","module.vpc.aws_vpc.vpc","module.vpc.data.aws_availability_zones.available"]},{"address":"module.vpc[\"non_live_data\"].aws_route_table_association.default[\"non_live_data-data-eu-west-2c\"]","mode":"managed","type":"aws_route_table_association","name":"default","index":"non_live_data-data-eu-west-2c","provider_name":"registry.terraform.io/hashicorp/aws","schema_version":0,"values":{"gateway_id":null,"id":"rtbassoc-0f6a73dd93a67ab3a","route_table_id":"rtb-0f466dfc0822f870e","subnet_id":"subnet-0d654260f4c0bc840"},"depends_on":["data.aws_secretsmanager_secret.environment_management","data.aws_secretsmanager_secret_version.environment_management","module.vpc.aws_route_table.private","module.vpc.aws_route_table.public","module.vpc.aws_subnet.subnets","module.vpc.aws_vpc.vpc","module.vpc.data.aws_availability_zones.available"]},{"address":"module.vpc[\"non_live_data\"].aws_route_table_association.default[\"non_live_data-private-eu-west-2a\"]","mode":"managed","type":"aws_route_table_association","name":"default","index":"non_live_data-private-eu-west-2a","provider_name":"registry.terraform.io/hashicorp/aws","schema_version":0,"values":{"gateway_id":null,"id":"rtbassoc-082c5ad272ae3d51a","route_table_id":"rtb-0f1ebedd96c2b770a","subnet_id":"subnet-0131c23787a549dee"},"depends_on":["data.aws_secretsmanager_secret.environment_management","data.aws_secretsmanager_secret_version.environment_management","module.vpc.aws_route_table.private","module.vpc.aws_route_table.public","module.vpc.aws_subnet.subnets","module.vpc.aws_vpc.vpc","module.vpc.data.aws_availability_zones.available"]},{"address":"module.vpc[\"non_live_data\"].aws_route_table_association.default[\"non_live_data-private-eu-west-2b\"]","mode":"managed","type":"aws_route_table_association","name":"default","index":"non_live_data-private-eu-west-2b","provider_name":"registry.terraform.io/hashicorp/aws","schema_version":0,"values":{"gateway_id":null,"id":"rtbassoc-093b2bbd6e99828be","route_table_id":"rtb-034393408d08a305c","subnet_id":"subnet-0dfff3dece6b1a635"},"depends_on":["data.aws_secretsmanager_secret.environment_management","data.aws_secretsmanager_secret_version.environment_management","module.vpc.aws_route_table.private","module.vpc.aws_route_table.public","module.vpc.aws_subnet.subnets","module.vpc.aws_vpc.vpc","module.vpc.data.aws_availability_zones.available"]},{"address":"module.vpc[\"non_live_data\"].aws_route_table_association.default[\"non_live_data-private-eu-west-2c\"]","mode":"managed","type":"aws_route_table_association","name":"default","index":"non_live_data-private-eu-west-2c","provider_name":"registry.terraform.io/hashicorp/aws","schema_version":0,"values":{"gateway_id":null,"id":"rtbassoc-06e1c8b82684af5bc","route_table_id":"rtb-0d517c218cdcdc011","subnet_id":"subnet-04b83cf5e53ce3eb5"},"depends_on":["data.aws_secretsmanager_secret.environment_management","data.aws_secretsmanager_secret_version.environment_management","module.vpc.aws_route_table.private","module.vpc.aws_route_table.public","module.vpc.aws_subnet.subnets","module.vpc.aws_vpc.vpc","module.vpc.data.aws_availability_zones.available"]},{"address":"module.vpc[\"non_live_data\"].aws_route_table_association.default[\"non_live_data-public-eu-west-2a\"]","mode":"managed","type":"aws_route_table_association","name":"default","index":"non_live_data-public-eu-west-2a","provider_name":"registry.terraform.io/hashicorp/aws","schema_version":0,"values":{"gateway_id":null,"id":"rtbassoc-03de6f559d6189818","route_table_id":"rtb-085ab8f11f09f068d","subnet_id":"subnet-0be67154b8b8df944"},"depends_on":["data.aws_secretsmanager_secret.environment_management","data.aws_secretsmanager_secret_version.environment_management","module.vpc.aws_route_table.private","module.vpc.aws_route_table.public","module.vpc.aws_subnet.subnets","module.vpc.aws_vpc.vpc","module.vpc.data.aws_availability_zones.available"]},{"address":"module.vpc[\"non_live_data\"].aws_route_table_association.default[\"non_live_data-public-eu-west-2b\"]","mode":"managed","type":"aws_route_table_association","name":"default","index":"non_live_data-public-eu-west-2b","provider_name":"registry.terraform.io/hashicorp/aws","schema_version":0,"values":{"gateway_id":null,"id":"rtbassoc-0aa3717354389611b","route_table_id":"rtb-085ab8f11f09f068d","subnet_id":"subnet-00654b600de01ce96"},"depends_on":["data.aws_secretsmanager_secret.environment_management","data.aws_secretsmanager_secret_version.environment_management","module.vpc.aws_route_table.private","module.vpc.aws_route_table.public","module.vpc.aws_subnet.subnets","module.vpc.aws_vpc.vpc","module.vpc.data.aws_availability_zones.available"]},{"address":"module.vpc[\"non_live_data\"].aws_route_table_association.default[\"non_live_data-public-eu-west-2c\"]","mode":"managed","type":"aws_route_table_association","name":"default","index":"non_live_data-public-eu-west-2c","provider_name":"registry.terraform.io/hashicorp/aws","schema_version":0,"values":{"gateway_id":null,"id":"rtbassoc-0c0404fc8528580f2","route_table_id":"rtb-085ab8f11f09f068d","subnet_id":"subnet-04254823a5dc2543b"},"depends_on":["data.aws_secretsmanager_secret.environment_management","data.aws_secretsmanager_secret_version.environment_management","module.vpc.aws_route_table.private","module.vpc.aws_route_table.public","module.vpc.aws_subnet.subnets","module.vpc.aws_vpc.vpc","module.vpc.data.aws_availability_zones.available"]},{"address":"module.vpc[\"non_live_data\"].aws_route_table_association.default[\"non_live_data-transit-gateway-eu-west-2a\"]","mode":"managed","type":"aws_route_table_association","name":"default","index":"non_live_data-transit-gateway-eu-west-2a","provider_name":"registry.terraform.io/hashicorp/aws","schema_version":0,"values":{"gateway_id":null,"id":"rtbassoc-04d917ca6838adce4","route_table_id":"rtb-0b5ce7d8a6a589c73","subnet_id":"subnet-0d1463906a59838c7"},"depends_on":["data.aws_secretsmanager_secret.environment_management","data.aws_secretsmanager_secret_version.environment_management","module.vpc.aws_route_table.private","module.vpc.aws_route_table.public","module.vpc.aws_subnet.subnets","module.vpc.aws_vpc.vpc","module.vpc.data.aws_availability_zones.available"]},{"address":"module.vpc[\"non_live_data\"].aws_route_table_association.default[\"non_live_data-transit-gateway-eu-west-2b\"]","mode":"managed","type":"aws_route_table_association","name":"default","index":"non_live_data-transit-gateway-eu-west-2b","provider_name":"registry.terraform.io/hashicorp/aws","schema_version":0,"values":{"gateway_id":null,"id":"rtbassoc-0250c9050ee7d5766","route_table_id":"rtb-0f40eb892dbb1f0e9","subnet_id":"subnet-05b9d2bf7dd47929f"},"depends_on":["data.aws_secretsmanager_secret.environment_management","data.aws_secretsmanager_secret_version.environment_management","module.vpc.aws_route_table.private","module.vpc.aws_route_table.public","module.vpc.aws_subnet.subnets","module.vpc.aws_vpc.vpc","module.vpc.data.aws_availability_zones.available"]},{"address":"module.vpc[\"non_live_data\"].aws_route_table_association.default[\"non_live_data-transit-gateway-eu-west-2c\"]","mode":"managed","type":"aws_route_table_association","name":"default","index":"non_live_data-transit-gateway-eu-west-2c","provider_name":"registry.terraform.io/hashicorp/aws","schema_version":0,"values":{"gateway_id":null,"id":"rtbassoc-06cf19bde565a5ec4","route_table_id":"rtb-0bb661e511a4713eb","subnet_id":"subnet-05fa30ef9e4c3bf67"},"depends_on":["data.aws_secretsmanager_secret.environment_management","data.aws_secretsmanager_secret_version.environment_management","module.vpc.aws_route_table.private","module.vpc.aws_route_table.public","module.vpc.aws_subnet.subnets","module.vpc.aws_vpc.vpc","module.vpc.data.aws_availability_zones.available"]},{"address":"module.vpc[\"non_live_data\"].aws_subnet.subnets[\"non_live_data-data-eu-west-2a\"]","mode":"managed","type":"aws_subnet","name":"subnets","index":"non_live_data-data-eu-west-2a","provider_name":"registry.terraform.io/hashicorp/aws","schema_version":1,"values":{"arn":"arn:aws:ec2:eu-west-2:374269020027:subnet/subnet-0e44af610fe218932","assign_ipv6_address_on_creation":false,"availability_zone":"eu-west-2a","availability_zone_id":"euw2-az2","cidr_block":"10.231.34.0/23","id":"subnet-0e44af610fe218932","ipv6_cidr_block":"","ipv6_cidr_block_association_id":"","map_public_ip_on_launch":false,"outpost_arn":"","owner_id":"374269020027","tags":{"Name":"non_live_data-data-eu-west-2a","application":"Modernisation Platform: core-shared-services-production","business-unit":"Platforms","is-production":"true","owner":"Modernisation Platform: modernisation-platform@digital.justice.gov.uk"},"timeouts":null,"vpc_id":"vpc-07dee930bc1278ad9"},"depends_on":["data.aws_secretsmanager_secret.environment_management","data.aws_secretsmanager_secret_version.environment_management","module.vpc.aws_vpc.vpc","module.vpc.data.aws_availability_zones.available"]},{"address":"module.vpc[\"non_live_data\"].aws_subnet.subnets[\"non_live_data-data-eu-west-2b\"]","mode":"managed","type":"aws_subnet","name":"subnets","index":"non_live_data-data-eu-west-2b","provider_name":"registry.terraform.io/hashicorp/aws","schema_version":1,"values":{"arn":"arn:aws:ec2:eu-west-2:374269020027:subnet/subnet-03d6a32f14e1fa042","assign_ipv6_address_on_creation":false,"availability_zone":"eu-west-2b","availability_zone_id":"euw2-az3","cidr_block":"10.231.36.0/23","id":"subnet-03d6a32f14e1fa042","ipv6_cidr_block":"","ipv6_cidr_block_association_id":"","map_public_ip_on_launch":false,"outpost_arn":"","owner_id":"374269020027","tags":{"Name":"non_live_data-data-eu-west-2b","application":"Modernisation Platform: core-shared-services-production","business-unit":"Platforms","is-production":"true","owner":"Modernisation Platform: modernisation-platform@digital.justice.gov.uk"},"timeouts":null,"vpc_id":"vpc-07dee930bc1278ad9"},"depends_on":["data.aws_secretsmanager_secret.environment_management","data.aws_secretsmanager_secret_version.environment_management","module.vpc.aws_vpc.vpc","module.vpc.data.aws_availability_zones.available"]},{"address":"module.vpc[\"non_live_data\"].aws_subnet.subnets[\"non_live_data-data-eu-west-2c\"]","mode":"managed","type":"aws_subnet","name":"subnets","index":"non_live_data-data-eu-west-2c","provider_name":"registry.terraform.io/hashicorp/aws","schema_version":1,"values":{"arn":"arn:aws:ec2:eu-west-2:374269020027:subnet/subnet-0d654260f4c0bc840","assign_ipv6_address_on_creation":false,"availability_zone":"eu-west-2c","availability_zone_id":"euw2-az1","cidr_block":"10.231.38.0/23","id":"subnet-0d654260f4c0bc840","ipv6_cidr_block":"","ipv6_cidr_block_association_id":"","map_public_ip_on_launch":false,"outpost_arn":"","owner_id":"374269020027","tags":{"Name":"non_live_data-data-eu-west-2c","application":"Modernisation Platform: core-shared-services-production","business-unit":"Platforms","is-production":"true","owner":"Modernisation Platform: modernisation-platform@digital.justice.gov.uk"},"timeouts":null,"vpc_id":"vpc-07dee930bc1278ad9"},"depends_on":["data.aws_secretsmanager_secret.environment_management","data.aws_secretsmanager_secret_version.environment_management","module.vpc.aws_vpc.vpc","module.vpc.data.aws_availability_zones.available"]},{"address":"module.vpc[\"non_live_data\"].aws_subnet.subnets[\"non_live_data-private-eu-west-2a\"]","mode":"managed","type":"aws_subnet","name":"subnets","index":"non_live_data-private-eu-west-2a","provider_name":"registry.terraform.io/hashicorp/aws","schema_version":1,"values":{"arn":"arn:aws:ec2:eu-west-2:374269020027:subnet/subnet-0131c23787a549dee","assign_ipv6_address_on_creation":false,"availability_zone":"eu-west-2a","availability_zone_id":"euw2-az2","cidr_block":"10.231.40.0/23","id":"subnet-0131c23787a549dee","ipv6_cidr_block":"","ipv6_cidr_block_association_id":"","map_public_ip_on_launch":false,"outpost_arn":"","owner_id":"374269020027","tags":{"Name":"non_live_data-private-eu-west-2a","application":"Modernisation Platform: core-shared-services-production","business-unit":"Platforms","is-production":"true","owner":"Modernisation Platform: modernisation-platform@digital.justice.gov.uk"},"timeouts":null,"vpc_id":"vpc-07dee930bc1278ad9"},"depends_on":["data.aws_secretsmanager_secret.environment_management","data.aws_secretsmanager_secret_version.environment_management","module.vpc.aws_vpc.vpc","module.vpc.data.aws_availability_zones.available"]},{"address":"module.vpc[\"non_live_data\"].aws_subnet.subnets[\"non_live_data-private-eu-west-2b\"]","mode":"managed","type":"aws_subnet","name":"subnets","index":"non_live_data-private-eu-west-2b","provider_name":"registry.terraform.io/hashicorp/aws","schema_version":1,"values":{"arn":"arn:aws:ec2:eu-west-2:374269020027:subnet/subnet-0dfff3dece6b1a635","assign_ipv6_address_on_creation":false,"availability_zone":"eu-west-2b","availability_zone_id":"euw2-az3","cidr_block":"10.231.42.0/23","id":"subnet-0dfff3dece6b1a635","ipv6_cidr_block":"","ipv6_cidr_block_association_id":"","map_public_ip_on_launch":false,"outpost_arn":"","owner_id":"374269020027","tags":{"Name":"non_live_data-private-eu-west-2b","application":"Modernisation Platform: core-shared-services-production","business-unit":"Platforms","is-production":"true","owner":"Modernisation Platform: modernisation-platform@digital.justice.gov.uk"},"timeouts":null,"vpc_id":"vpc-07dee930bc1278ad9"},"depends_on":["data.aws_secretsmanager_secret.environment_management","data.aws_secretsmanager_secret_version.environment_management","module.vpc.aws_vpc.vpc","module.vpc.data.aws_availability_zones.available"]},{"address":"module.vpc[\"non_live_data\"].aws_subnet.subnets[\"non_live_data-private-eu-west-2c\"]","mode":"managed","type":"aws_subnet","name":"subnets","index":"non_live_data-private-eu-west-2c","provider_name":"registry.terraform.io/hashicorp/aws","schema_version":1,"values":{"arn":"arn:aws:ec2:eu-west-2:374269020027:subnet/subnet-04b83cf5e53ce3eb5","assign_ipv6_address_on_creation":false,"availability_zone":"eu-west-2c","availability_zone_id":"euw2-az1","cidr_block":"10.231.44.0/23","id":"subnet-04b83cf5e53ce3eb5","ipv6_cidr_block":"","ipv6_cidr_block_association_id":"","map_public_ip_on_launch":false,"outpost_arn":"","owner_id":"374269020027","tags":{"Name":"non_live_data-private-eu-west-2c","application":"Modernisation Platform: core-shared-services-production","business-unit":"Platforms","is-production":"true","owner":"Modernisation Platform: modernisation-platform@digital.justice.gov.uk"},"timeouts":null,"vpc_id":"vpc-07dee930bc1278ad9"},"depends_on":["data.aws_secretsmanager_secret.environment_management","data.aws_secretsmanager_secret_version.environment_management","module.vpc.aws_vpc.vpc","module.vpc.data.aws_availability_zones.available"]},{"address":"module.vpc[\"non_live_data\"].aws_subnet.subnets[\"non_live_data-public-eu-west-2a\"]","mode":"managed","type":"aws_subnet","name":"subnets","index":"non_live_data-public-eu-west-2a","provider_name":"registry.terraform.io/hashicorp/aws","schema_version":1,"values":{"arn":"arn:aws:ec2:eu-west-2:374269020027:subnet/subnet-0be67154b8b8df944","assign_ipv6_address_on_creation":false,"availability_zone":"eu-west-2a","availability_zone_id":"euw2-az2","cidr_block":"10.231.46.0/23","id":"subnet-0be67154b8b8df944","ipv6_cidr_block":"","ipv6_cidr_block_association_id":"","map_public_ip_on_launch":false,"outpost_arn":"","owner_id":"374269020027","tags":{"Name":"non_live_data-public-eu-west-2a","application":"Modernisation Platform: core-shared-services-production","business-unit":"Platforms","is-production":"true","owner":"Modernisation Platform: modernisation-platform@digital.justice.gov.uk"},"timeouts":null,"vpc_id":"vpc-07dee930bc1278ad9"},"depends_on":["data.aws_secretsmanager_secret.environment_management","data.aws_secretsmanager_secret_version.environment_management","module.vpc.aws_vpc.vpc","module.vpc.data.aws_availability_zones.available"]},{"address":"module.vpc[\"non_live_data\"].aws_subnet.subnets[\"non_live_data-public-eu-west-2b\"]","mode":"managed","type":"aws_subnet","name":"subnets","index":"non_live_data-public-eu-west-2b","provider_name":"registry.terraform.io/hashicorp/aws","schema_version":1,"values":{"arn":"arn:aws:ec2:eu-west-2:374269020027:subnet/subnet-00654b600de01ce96","assign_ipv6_address_on_creation":false,"availability_zone":"eu-west-2b","availability_zone_id":"euw2-az3","cidr_block":"10.231.48.0/23","id":"subnet-00654b600de01ce96","ipv6_cidr_block":"","ipv6_cidr_block_association_id":"","map_public_ip_on_launch":false,"outpost_arn":"","owner_id":"374269020027","tags":{"Name":"non_live_data-public-eu-west-2b","application":"Modernisation Platform: core-shared-services-production","business-unit":"Platforms","is-production":"true","owner":"Modernisation Platform: modernisation-platform@digital.justice.gov.uk"},"timeouts":null,"vpc_id":"vpc-07dee930bc1278ad9"},"depends_on":["data.aws_secretsmanager_secret.environment_management","data.aws_secretsmanager_secret_version.environment_management","module.vpc.aws_vpc.vpc","module.vpc.data.aws_availability_zones.available"]},{"address":"module.vpc[\"non_live_data\"].aws_subnet.subnets[\"non_live_data-public-eu-west-2c\"]","mode":"managed","type":"aws_subnet","name":"subnets","index":"non_live_data-public-eu-west-2c","provider_name":"registry.terraform.io/hashicorp/aws","schema_version":1,"values":{"arn":"arn:aws:ec2:eu-west-2:374269020027:subnet/subnet-04254823a5dc2543b","assign_ipv6_address_on_creation":false,"availability_zone":"eu-west-2c","availability_zone_id":"euw2-az1","cidr_block":"10.231.50.0/23","id":"subnet-04254823a5dc2543b","ipv6_cidr_block":"","ipv6_cidr_block_association_id":"","map_public_ip_on_launch":false,"outpost_arn":"","owner_id":"374269020027","tags":{"Name":"non_live_data-public-eu-west-2c","application":"Modernisation Platform: core-shared-services-production","business-unit":"Platforms","is-production":"true","owner":"Modernisation Platform: modernisation-platform@digital.justice.gov.uk"},"timeouts":null,"vpc_id":"vpc-07dee930bc1278ad9"},"depends_on":["data.aws_secretsmanager_secret.environment_management","data.aws_secretsmanager_secret_version.environment_management","module.vpc.aws_vpc.vpc","module.vpc.data.aws_availability_zones.available"]},{"address":"module.vpc[\"non_live_data\"].aws_subnet.subnets[\"non_live_data-transit-gateway-eu-west-2a\"]","mode":"managed","type":"aws_subnet","name":"subnets","index":"non_live_data-transit-gateway-eu-west-2a","provider_name":"registry.terraform.io/hashicorp/aws","schema_version":1,"values":{"arn":"arn:aws:ec2:eu-west-2:374269020027:subnet/subnet-0d1463906a59838c7","assign_ipv6_address_on_creation":false,"availability_zone":"eu-west-2a","availability_zone_id":"euw2-az2","cidr_block":"10.231.32.0/28","id":"subnet-0d1463906a59838c7","ipv6_cidr_block":"","ipv6_cidr_block_association_id":"","map_public_ip_on_launch":false,"outpost_arn":"","owner_id":"374269020027","tags":{"Name":"non_live_data-transit-gateway-eu-west-2a","application":"Modernisation Platform: core-shared-services-production","business-unit":"Platforms","is-production":"true","owner":"Modernisation Platform: modernisation-platform@digital.justice.gov.uk"},"timeouts":null,"vpc_id":"vpc-07dee930bc1278ad9"},"depends_on":["data.aws_secretsmanager_secret.environment_management","data.aws_secretsmanager_secret_version.environment_management","module.vpc.aws_vpc.vpc","module.vpc.data.aws_availability_zones.available"]},{"address":"module.vpc[\"non_live_data\"].aws_subnet.subnets[\"non_live_data-transit-gateway-eu-west-2b\"]","mode":"managed","type":"aws_subnet","name":"subnets","index":"non_live_data-transit-gateway-eu-west-2b","provider_name":"registry.terraform.io/hashicorp/aws","schema_version":1,"values":{"arn":"arn:aws:ec2:eu-west-2:374269020027:subnet/subnet-05b9d2bf7dd47929f","assign_ipv6_address_on_creation":false,"availability_zone":"eu-west-2b","availability_zone_id":"euw2-az3","cidr_block":"10.231.32.16/28","id":"subnet-05b9d2bf7dd47929f","ipv6_cidr_block":"","ipv6_cidr_block_association_id":"","map_public_ip_on_launch":false,"outpost_arn":"","owner_id":"374269020027","tags":{"Name":"non_live_data-transit-gateway-eu-west-2b","application":"Modernisation Platform: core-shared-services-production","business-unit":"Platforms","is-production":"true","owner":"Modernisation Platform: modernisation-platform@digital.justice.gov.uk"},"timeouts":null,"vpc_id":"vpc-07dee930bc1278ad9"},"depends_on":["data.aws_secretsmanager_secret.environment_management","data.aws_secretsmanager_secret_version.environment_management","module.vpc.aws_vpc.vpc","module.vpc.data.aws_availability_zones.available"]},{"address":"module.vpc[\"non_live_data\"].aws_subnet.subnets[\"non_live_data-transit-gateway-eu-west-2c\"]","mode":"managed","type":"aws_subnet","name":"subnets","index":"non_live_data-transit-gateway-eu-west-2c","provider_name":"registry.terraform.io/hashicorp/aws","schema_version":1,"values":{"arn":"arn:aws:ec2:eu-west-2:374269020027:subnet/subnet-05fa30ef9e4c3bf67","assign_ipv6_address_on_creation":false,"availability_zone":"eu-west-2c","availability_zone_id":"euw2-az1","cidr_block":"10.231.32.32/28","id":"subnet-05fa30ef9e4c3bf67","ipv6_cidr_block":"","ipv6_cidr_block_association_id":"","map_public_ip_on_launch":false,"outpost_arn":"","owner_id":"374269020027","tags":{"Name":"non_live_data-transit-gateway-eu-west-2c","application":"Modernisation Platform: core-shared-services-production","business-unit":"Platforms","is-production":"true","owner":"Modernisation Platform: modernisation-platform@digital.justice.gov.uk"},"timeouts":null,"vpc_id":"vpc-07dee930bc1278ad9"},"depends_on":["data.aws_secretsmanager_secret.environment_management","data.aws_secretsmanager_secret_version.environment_management","module.vpc.aws_vpc.vpc","module.vpc.data.aws_availability_zones.available"]},{"address":"module.vpc[\"non_live_data\"].aws_vpc.vpc","mode":"managed","type":"aws_vpc","name":"vpc","provider_name":"registry.terraform.io/hashicorp/aws","schema_version":1,"values":{"arn":"arn:aws:ec2:eu-west-2:374269020027:vpc/vpc-07dee930bc1278ad9","assign_generated_ipv6_cidr_block":false,"cidr_block":"10.231.32.0/19","default_network_acl_id":"acl-0f29b16a8c34e6f7b","default_route_table_id":"rtb-035c4ca9e2a63b6c7","default_security_group_id":"sg-0a2818c4ce99f2113","dhcp_options_id":"dopt-792a1f11","enable_classiclink":null,"enable_classiclink_dns_support":null,"enable_dns_hostnames":true,"enable_dns_support":true,"id":"vpc-07dee930bc1278ad9","instance_tenancy":"default","ipv6_association_id":"","ipv6_cidr_block":"","main_route_table_id":"rtb-035c4ca9e2a63b6c7","owner_id":"374269020027","tags":{"Name":"non_live_data","application":"Modernisation Platform: core-shared-services-production","business-unit":"Platforms","is-production":"true","owner":"Modernisation Platform: modernisation-platform@digital.justice.gov.uk"}},"depends_on":["data.aws_secretsmanager_secret.environment_management","data.aws_secretsmanager_secret_version.environment_management"]},{"address":"module.vpc[\"non_live_data\"].data.aws_availability_zones.available","mode":"data","type":"aws_availability_zones","name":"available","provider_name":"registry.terraform.io/hashicorp/aws","schema_version":0,"values":{"all_availability_zones":null,"exclude_names":null,"exclude_zone_ids":null,"filter":null,"group_names":["eu-west-2"],"id":"eu-west-2","names":["eu-west-2a","eu-west-2b","eu-west-2c"],"state":"available","zone_ids":["euw2-az2","euw2-az3","euw2-az1"]}}],"address":"module.vpc[\"non_live_data\"]"},{"resources":[{"address":"module.vpc_attachment[\"live_data\"].aws_ec2_tag.retag","mode":"managed","type":"aws_ec2_tag","name":"retag","provider_name":"registry.terraform.io/hashicorp/aws","schema_version":0,"values":{"id":"tgw-attach-052274dc24ab94e8b,Name","key":"Name","resource_id":"tgw-attach-052274dc24ab94e8b","value":"live_data-core-shared-services-production-attachment"},"depends_on":["data.aws_ec2_transit_gateway.transit-gateway","data.aws_iam_role.vpc-flow-log","data.aws_secretsmanager_secret.environment_management","data.aws_secretsmanager_secret_version.environment_management","module.vpc.aws_cloudwatch_log_group.default","module.vpc.aws_eip.default","module.vpc.aws_flow_log.cloudwatch","module.vpc.aws_internet_gateway.default","module.vpc.aws_nat_gateway.default","module.vpc.aws_network_acl.default","module.vpc.aws_network_acl_rule.allow_local_network_egress","module.vpc.aws_network_acl_rule.allow_local_network_ingress","module.vpc.aws_network_acl_rule.apply_network_map_rules","module.vpc.aws_route.private_nat","module.vpc.aws_route.public_internet_gateway","module.vpc.aws_route_table.private","module.vpc.aws_route_table.public","module.vpc.aws_route_table_association.default","module.vpc.aws_subnet.subnets","module.vpc.aws_vpc.vpc","module.vpc.data.aws_availability_zones.available","module.vpc_attachment.aws_ec2_transit_gateway_vpc_attachment.default","module.vpc_attachment.aws_ram_principal_association.transit_gateway_association","module.vpc_attachment.data.aws_caller_identity.transit-gateway-tenant","module.vpc_attachment.data.aws_ram_resource_share.transit-gateway","module.vpc_attachment.time_sleep.wait_60_seconds"]},{"address":"module.vpc_attachment[\"live_data\"].aws_ec2_transit_gateway_route_table_association.default","mode":"managed","type":"aws_ec2_transit_gateway_route_table_association","name":"default","provider_name":"registry.terraform.io/hashicorp/aws","schema_version":0,"values":{"id":"tgw-rtb-00935f5dbdb600972_tgw-attach-052274dc24ab94e8b","resource_id":"vpc-0ffb471083903af2c","resource_type":"vpc","transit_gateway_attachment_id":"tgw-attach-052274dc24ab94e8b","transit_gateway_route_table_id":"tgw-rtb-00935f5dbdb600972"},"depends_on":["data.aws_ec2_transit_gateway.transit-gateway","data.aws_iam_role.vpc-flow-log","data.aws_secretsmanager_secret.environment_management","data.aws_secretsmanager_secret_version.environment_management","module.vpc.aws_cloudwatch_log_group.default","module.vpc.aws_eip.default","module.vpc.aws_flow_log.cloudwatch","module.vpc.aws_internet_gateway.default","module.vpc.aws_nat_gateway.default","module.vpc.aws_network_acl.default","module.vpc.aws_network_acl_rule.allow_local_network_egress","module.vpc.aws_network_acl_rule.allow_local_network_ingress","module.vpc.aws_network_acl_rule.apply_network_map_rules","module.vpc.aws_route.private_nat","module.vpc.aws_route.public_internet_gateway","module.vpc.aws_route_table.private","module.vpc.aws_route_table.public","module.vpc.aws_route_table_association.default","module.vpc.aws_subnet.subnets","module.vpc.aws_vpc.vpc","module.vpc.data.aws_availability_zones.available","module.vpc_attachment.aws_ec2_transit_gateway_vpc_attachment.default","module.vpc_attachment.aws_ram_principal_association.transit_gateway_association","module.vpc_attachment.data.aws_caller_identity.transit-gateway-tenant","module.vpc_attachment.data.aws_ec2_transit_gateway_route_table.default","module.vpc_attachment.data.aws_ram_resource_share.transit-gateway","module.vpc_attachment.time_sleep.wait_60_seconds"]},{"address":"module.vpc_attachment[\"live_data\"].aws_ec2_transit_gateway_vpc_attachment.default","mode":"managed","type":"aws_ec2_transit_gateway_vpc_attachment","name":"default","provider_name":"registry.terraform.io/hashicorp/aws","schema_version":0,"values":{"appliance_mode_support":"disable","dns_support":"enable","id":"tgw-attach-052274dc24ab94e8b","ipv6_support":"disable","subnet_ids":["subnet-02498450dabc05d5d","subnet-08db5b844d1abd53b","subnet-093b2f28887fa3132"],"tags":{"Name":"live_data-core-shared-services-production-attachment","application":"Modernisation Platform: core-shared-services-production","business-unit":"Platforms","is-production":"true","owner":"Modernisation Platform: modernisation-platform@digital.justice.gov.uk"},"transit_gateway_default_route_table_association":true,"transit_gateway_default_route_table_propagation":true,"transit_gateway_id":"tgw-053d9dd7f1222a554","vpc_id":"vpc-0ffb471083903af2c","vpc_owner_id":"374269020027"},"depends_on":["data.aws_ec2_transit_gateway.transit-gateway","data.aws_iam_role.vpc-flow-log","data.aws_secretsmanager_secret.environment_management","data.aws_secretsmanager_secret_version.environment_management","module.vpc.aws_cloudwatch_log_group.default","module.vpc.aws_eip.default","module.vpc.aws_flow_log.cloudwatch","module.vpc.aws_internet_gateway.default","module.vpc.aws_nat_gateway.default","module.vpc.aws_network_acl.default","module.vpc.aws_network_acl_rule.allow_local_network_egress","module.vpc.aws_network_acl_rule.allow_local_network_ingress","module.vpc.aws_network_acl_rule.apply_network_map_rules","module.vpc.aws_route.private_nat","module.vpc.aws_route.public_internet_gateway","module.vpc.aws_route_table.private","module.vpc.aws_route_table.public","module.vpc.aws_route_table_association.default","module.vpc.aws_subnet.subnets","module.vpc.aws_vpc.vpc","module.vpc.data.aws_availability_zones.available","module.vpc_attachment.aws_ram_principal_association.transit_gateway_association","module.vpc_attachment.data.aws_caller_identity.transit-gateway-tenant","module.vpc_attachment.data.aws_ram_resource_share.transit-gateway","module.vpc_attachment.time_sleep.wait_60_seconds"]},{"address":"module.vpc_attachment[\"live_data\"].aws_ram_principal_association.transit_gateway_association","mode":"managed","type":"aws_ram_principal_association","name":"transit_gateway_association","provider_name":"registry.terraform.io/hashicorp/aws","schema_version":0,"values":{"id":"arn:aws:ram:eu-west-2:505974653433:resource-share/a78429e1-33b2-4519-a63e-5aaaf7b50ad6,374269020027","principal":"374269020027","resource_share_arn":"arn:aws:ram:eu-west-2:505974653433:resource-share/a78429e1-33b2-4519-a63e-5aaaf7b50ad6"},"depends_on":["data.aws_secretsmanager_secret.environment_management","data.aws_secretsmanager_secret_version.environment_management","module.vpc_attachment.data.aws_caller_identity.transit-gateway-tenant","module.vpc_attachment.data.aws_ram_resource_share.transit-gateway"]},{"address":"module.vpc_attachment[\"live_data\"].data.aws_caller_identity.transit-gateway-tenant","mode":"data","type":"aws_caller_identity","name":"transit-gateway-tenant","provider_name":"registry.terraform.io/hashicorp/aws","schema_version":0,"values":{"account_id":"374269020027","arn":"arn:aws:sts::374269020027:assumed-role/ModernisationPlatformAccess/1612364896522661029","id":"374269020027","user_id":"AROAVOJBMA552GAND5SCD:1612364896522661029"}},{"address":"module.vpc_attachment[\"live_data\"].data.aws_ec2_transit_gateway_route_table.default","mode":"data","type":"aws_ec2_transit_gateway_route_table","name":"default","provider_name":"registry.terraform.io/hashicorp/aws","schema_version":0,"values":{"arn":"arn:aws:ec2:eu-west-2:505974653433:transit-gateway-route-table/tgw-rtb-00935f5dbdb600972","default_association_route_table":false,"default_propagation_route_table":false,"filter":[{"name":"tag:Name","values":["live_data"]},{"name":"transit-gateway-id","values":["tgw-053d9dd7f1222a554"]}],"id":"tgw-rtb-00935f5dbdb600972","tags":{"Name":"live_data","application":"Modernisation Platform: core-network-services","business-unit":"Platforms","is-production":"true","owner":"Modernisation Platform: modernisation-platform@digital.justice.gov.uk"},"transit_gateway_id":"tgw-053d9dd7f1222a554"}},{"address":"module.vpc_attachment[\"live_data\"].data.aws_ram_resource_share.transit-gateway","mode":"data","type":"aws_ram_resource_share","name":"transit-gateway","provider_name":"registry.terraform.io/hashicorp/aws","schema_version":0,"values":{"arn":"arn:aws:ram:eu-west-2:505974653433:resource-share/a78429e1-33b2-4519-a63e-5aaaf7b50ad6","filter":null,"id":"arn:aws:ram:eu-west-2:505974653433:resource-share/a78429e1-33b2-4519-a63e-5aaaf7b50ad6","name":"transit-gateway","owning_account_id":"505974653433","resource_owner":"SELF","status":"ACTIVE","tags":{"application":"Modernisation Platform: core-network-services","business-unit":"Platforms","is-production":"true","owner":"Modernisation Platform: modernisation-platform@digital.justice.gov.uk"}}},{"address":"module.vpc_attachment[\"live_data\"].time_sleep.wait_60_seconds","mode":"managed","type":"time_sleep","name":"wait_60_seconds","provider_name":"registry.terraform.io/hashicorp/time","schema_version":0,"values":{"create_duration":"60s","destroy_duration":null,"id":"2021-02-03T13:23:18Z","triggers":null}}],"address":"module.vpc_attachment[\"live_data\"]"},{"resources":[{"address":"module.vpc_attachment[\"non_live_data\"].aws_ec2_tag.retag","mode":"managed","type":"aws_ec2_tag","name":"retag","provider_name":"registry.terraform.io/hashicorp/aws","schema_version":0,"values":{"id":"tgw-attach-07a5eecbb884c84a5,Name","key":"Name","resource_id":"tgw-attach-07a5eecbb884c84a5","value":"non_live_data-core-shared-services-production-attachment"},"depends_on":["data.aws_ec2_transit_gateway.transit-gateway","data.aws_iam_role.vpc-flow-log","data.aws_secretsmanager_secret.environment_management","data.aws_secretsmanager_secret_version.environment_management","module.vpc.aws_cloudwatch_log_group.default","module.vpc.aws_eip.default","module.vpc.aws_flow_log.cloudwatch","module.vpc.aws_internet_gateway.default","module.vpc.aws_nat_gateway.default","module.vpc.aws_network_acl.default","module.vpc.aws_network_acl_rule.allow_local_network_egress","module.vpc.aws_network_acl_rule.allow_local_network_ingress","module.vpc.aws_network_acl_rule.apply_network_map_rules","module.vpc.aws_route.private_nat","module.vpc.aws_route.public_internet_gateway","module.vpc.aws_route_table.private","module.vpc.aws_route_table.public","module.vpc.aws_route_table_association.default","module.vpc.aws_subnet.subnets","module.vpc.aws_vpc.vpc","module.vpc.data.aws_availability_zones.available","module.vpc_attachment.aws_ec2_transit_gateway_vpc_attachment.default","module.vpc_attachment.aws_ram_principal_association.transit_gateway_association","module.vpc_attachment.data.aws_caller_identity.transit-gateway-tenant","module.vpc_attachment.data.aws_ram_resource_share.transit-gateway","module.vpc_attachment.time_sleep.wait_60_seconds"]},{"address":"module.vpc_attachment[\"non_live_data\"].aws_ec2_transit_gateway_route_table_association.default","mode":"managed","type":"aws_ec2_transit_gateway_route_table_association","name":"default","provider_name":"registry.terraform.io/hashicorp/aws","schema_version":0,"values":{"id":"tgw-rtb-0663b0b792e72e73f_tgw-attach-07a5eecbb884c84a5","resource_id":"vpc-07dee930bc1278ad9","resource_type":"vpc","transit_gateway_attachment_id":"tgw-attach-07a5eecbb884c84a5","transit_gateway_route_table_id":"tgw-rtb-0663b0b792e72e73f"},"depends_on":["data.aws_ec2_transit_gateway.transit-gateway","data.aws_iam_role.vpc-flow-log","data.aws_secretsmanager_secret.environment_management","data.aws_secretsmanager_secret_version.environment_management","module.vpc.aws_cloudwatch_log_group.default","module.vpc.aws_eip.default","module.vpc.aws_flow_log.cloudwatch","module.vpc.aws_internet_gateway.default","module.vpc.aws_nat_gateway.default","module.vpc.aws_network_acl.default","module.vpc.aws_network_acl_rule.allow_local_network_egress","module.vpc.aws_network_acl_rule.allow_local_network_ingress","module.vpc.aws_network_acl_rule.apply_network_map_rules","module.vpc.aws_route.private_nat","module.vpc.aws_route.public_internet_gateway","module.vpc.aws_route_table.private","module.vpc.aws_route_table.public","module.vpc.aws_route_table_association.default","module.vpc.aws_subnet.subnets","module.vpc.aws_vpc.vpc","module.vpc.data.aws_availability_zones.available","module.vpc_attachment.aws_ec2_transit_gateway_vpc_attachment.default","module.vpc_attachment.aws_ram_principal_association.transit_gateway_association","module.vpc_attachment.data.aws_caller_identity.transit-gateway-tenant","module.vpc_attachment.data.aws_ec2_transit_gateway_route_table.default","module.vpc_attachment.data.aws_ram_resource_share.transit-gateway","module.vpc_attachment.time_sleep.wait_60_seconds"]},{"address":"module.vpc_attachment[\"non_live_data\"].aws_ec2_transit_gateway_vpc_attachment.default","mode":"managed","type":"aws_ec2_transit_gateway_vpc_attachment","name":"default","provider_name":"registry.terraform.io/hashicorp/aws","schema_version":0,"values":{"appliance_mode_support":"disable","dns_support":"enable","id":"tgw-attach-07a5eecbb884c84a5","ipv6_support":"disable","subnet_ids":["subnet-05b9d2bf7dd47929f","subnet-05fa30ef9e4c3bf67","subnet-0d1463906a59838c7"],"tags":{"Name":"non_live_data-core-shared-services-production-attachment","application":"Modernisation Platform: core-shared-services-production","business-unit":"Platforms","is-production":"true","owner":"Modernisation Platform: modernisation-platform@digital.justice.gov.uk"},"transit_gateway_default_route_table_association":true,"transit_gateway_default_route_table_propagation":true,"transit_gateway_id":"tgw-053d9dd7f1222a554","vpc_id":"vpc-07dee930bc1278ad9","vpc_owner_id":"374269020027"},"depends_on":["data.aws_ec2_transit_gateway.transit-gateway","data.aws_iam_role.vpc-flow-log","data.aws_secretsmanager_secret.environment_management","data.aws_secretsmanager_secret_version.environment_management","module.vpc.aws_cloudwatch_log_group.default","module.vpc.aws_eip.default","module.vpc.aws_flow_log.cloudwatch","module.vpc.aws_internet_gateway.default","module.vpc.aws_nat_gateway.default","module.vpc.aws_network_acl.default","module.vpc.aws_network_acl_rule.allow_local_network_egress","module.vpc.aws_network_acl_rule.allow_local_network_ingress","module.vpc.aws_network_acl_rule.apply_network_map_rules","module.vpc.aws_route.private_nat","module.vpc.aws_route.public_internet_gateway","module.vpc.aws_route_table.private","module.vpc.aws_route_table.public","module.vpc.aws_route_table_association.default","module.vpc.aws_subnet.subnets","module.vpc.aws_vpc.vpc","module.vpc.data.aws_availability_zones.available","module.vpc_attachment.aws_ram_principal_association.transit_gateway_association","module.vpc_attachment.data.aws_caller_identity.transit-gateway-tenant","module.vpc_attachment.data.aws_ram_resource_share.transit-gateway","module.vpc_attachment.time_sleep.wait_60_seconds"]},{"address":"module.vpc_attachment[\"non_live_data\"].aws_ram_principal_association.transit_gateway_association","mode":"managed","type":"aws_ram_principal_association","name":"transit_gateway_association","provider_name":"registry.terraform.io/hashicorp/aws","schema_version":0,"values":{"id":"arn:aws:ram:eu-west-2:505974653433:resource-share/a78429e1-33b2-4519-a63e-5aaaf7b50ad6,374269020027","principal":"374269020027","resource_share_arn":"arn:aws:ram:eu-west-2:505974653433:resource-share/a78429e1-33b2-4519-a63e-5aaaf7b50ad6"},"depends_on":["data.aws_secretsmanager_secret.environment_management","data.aws_secretsmanager_secret_version.environment_management","module.vpc_attachment.data.aws_caller_identity.transit-gateway-tenant","module.vpc_attachment.data.aws_ram_resource_share.transit-gateway"]},{"address":"module.vpc_attachment[\"non_live_data\"].data.aws_caller_identity.transit-gateway-tenant","mode":"data","type":"aws_caller_identity","name":"transit-gateway-tenant","provider_name":"registry.terraform.io/hashicorp/aws","schema_version":0,"values":{"account_id":"374269020027","arn":"arn:aws:sts::374269020027:assumed-role/ModernisationPlatformAccess/1612364896522661029","id":"374269020027","user_id":"AROAVOJBMA552GAND5SCD:1612364896522661029"}},{"address":"module.vpc_attachment[\"non_live_data\"].data.aws_ec2_transit_gateway_route_table.default","mode":"data","type":"aws_ec2_transit_gateway_route_table","name":"default","provider_name":"registry.terraform.io/hashicorp/aws","schema_version":0,"values":{"arn":"arn:aws:ec2:eu-west-2:505974653433:transit-gateway-route-table/tgw-rtb-0663b0b792e72e73f","default_association_route_table":false,"default_propagation_route_table":false,"filter":[{"name":"tag:Name","values":["non_live_data"]},{"name":"transit-gateway-id","values":["tgw-053d9dd7f1222a554"]}],"id":"tgw-rtb-0663b0b792e72e73f","tags":{"Name":"non_live_data","application":"Modernisation Platform: core-network-services","business-unit":"Platforms","is-production":"true","owner":"Modernisation Platform: modernisation-platform@digital.justice.gov.uk"},"transit_gateway_id":"tgw-053d9dd7f1222a554"}},{"address":"module.vpc_attachment[\"non_live_data\"].data.aws_ram_resource_share.transit-gateway","mode":"data","type":"aws_ram_resource_share","name":"transit-gateway","provider_name":"registry.terraform.io/hashicorp/aws","schema_version":0,"values":{"arn":"arn:aws:ram:eu-west-2:505974653433:resource-share/a78429e1-33b2-4519-a63e-5aaaf7b50ad6","filter":null,"id":"arn:aws:ram:eu-west-2:505974653433:resource-share/a78429e1-33b2-4519-a63e-5aaaf7b50ad6","name":"transit-gateway","owning_account_id":"505974653433","resource_owner":"SELF","status":"ACTIVE","tags":{"application":"Modernisation Platform: core-network-services","business-unit":"Platforms","is-production":"true","owner":"Modernisation Platform: modernisation-platform@digital.justice.gov.uk"}}},{"address":"module.vpc_attachment[\"non_live_data\"].time_sleep.wait_60_seconds","mode":"managed","type":"time_sleep","name":"wait_60_seconds","provider_name":"registry.terraform.io/hashicorp/time","schema_version":0,"values":{"create_duration":"60s","destroy_duration":null,"id":"2021-02-03T13:23:18Z","triggers":null}}],"address":"module.vpc_attachment[\"non_live_data\"]"}]}}},"configuration":{"provider_config":{"aws":{"name":"aws","expressions":{"assume_role":[{"role_arn":{"references":["local.environment_management","terraform.workspace"]}}],"region":{"constant_value":"eu-west-2"}}},"aws.core-network-services":{"name":"aws","alias":"core-network-services","expressions":{"assume_role":[{"role_arn":{"references":["local.environment_management"]}}],"region":{"constant_value":"eu-west-2"}}},"aws.core-vpc-production":{"name":"aws","alias":"core-vpc-production","expressions":{"assume_role":[{"role_arn":{"references":["local.environment_management"]}}],"region":{"constant_value":"eu-west-2"}}},"aws.modernisation-platform":{"name":"aws","alias":"modernisation-platform","expressions":{"region":{"constant_value":"eu-west-2"}}},"module.vpc_attachment:aws.transit-gateway-host":{"name":"aws","alias":"transit-gateway-host","module_address":"module.vpc_attachment"},"module.vpc_attachment:aws.transit-gateway-tenant":{"name":"aws","alias":"transit-gateway-tenant","module_address":"module.vpc_attachment"}},"root_module":{"outputs":{"test123":{"expression":{"references":["local.checkref"]}}},"resources":[{"address":"aws_ram_principal_association.transit_gateway_association","mode":"managed","type":"aws_ram_principal_association","name":"transit_gateway_association","provider_config_key":"aws.core-network-services","expressions":{"principal":{"references":["data.aws_caller_identity.current"]},"resource_share_arn":{"references":["data.aws_ram_resource_share.transit-gateway-shared"]}},"schema_version":0},{"address":"aws_s3_bucket.tests3","mode":"managed","type":"aws_s3_bucket","name":"tests3","provider_config_key":"aws","expressions":{"bucket":{"constant_value":"testBucketCoreServices"}},"schema_version":0},{"address":"time_sleep.wait_60_seconds","mode":"managed","type":"time_sleep","name":"wait_60_seconds","provider_config_key":"time","expressions":{"create_duration":{"constant_value":"60s"}},"schema_version":0},{"address":"data.aws_caller_identity.current","mode":"data","type":"aws_caller_identity","name":"current","provider_config_key":"aws","schema_version":0},{"address":"data.aws_ec2_transit_gateway.transit-gateway","mode":"data","type":"aws_ec2_transit_gateway","name":"transit-gateway","provider_config_key":"aws.core-network-services","expressions":{"filter":[{"name":{"constant_value":"options.amazon-side-asn"},"values":{"constant_value":["64589"]}}]},"schema_version":0},{"address":"data.aws_iam_role.vpc-flow-log","mode":"data","type":"aws_iam_role","name":"vpc-flow-log","provider_config_key":"aws","expressions":{"name":{"constant_value":"AWSVPCFlowLog"}},"schema_version":0},{"address":"data.aws_ram_resource_share.transit-gateway-shared","mode":"data","type":"aws_ram_resource_share","name":"transit-gateway-shared","provider_config_key":"aws.core-network-services","expressions":{"name":{"constant_value":"transit-gateway"},"resource_owner":{"constant_value":"SELF"}},"schema_version":0},{"address":"data.aws_secretsmanager_secret.environment_management","mode":"data","type":"aws_secretsmanager_secret","name":"environment_management","provider_config_key":"aws.modernisation-platform","expressions":{"name":{"constant_value":"environment_management"}},"schema_version":0},{"address":"data.aws_secretsmanager_secret_version.environment_management","mode":"data","type":"aws_secretsmanager_secret_version","name":"environment_management","provider_config_key":"aws.modernisation-platform","expressions":{"secret_id":{"references":["data.aws_secretsmanager_secret.environment_management"]}},"schema_version":0}],"module_calls":{"core-vpc-tgw-routes":{"source":"../../modules/core-vpc-tgw-routes","expressions":{"route_table_ids":{"references":["module.vpc","each.key"]},"transit_gateway_id":{"references":["data.aws_ec2_transit_gateway.transit-gateway"]}},"for_each_expression":{"references":["local.networking"]},"module":{"resources":[{"address":"aws_route.private_transit_gateway","mode":"managed","type":"aws_route","name":"private_transit_gateway","provider_config_key":"core-vpc-tgw-routes:aws","expressions":{"destination_cidr_block":{"constant_value":"0.0.0.0/0"},"route_table_id":{"references":["each.value"]},"transit_gateway_id":{"references":["var.transit_gateway_id"]}},"schema_version":0,"for_each_expression":{"references":["var.route_table_ids"]}}],"variables":{"route_table_ids":{},"transit_gateway_id":{}}},"depends_on":["module.vpc_attachment"]},"vpc":{"source":"../../modules/core-vpc","expressions":{"gateway":{"constant_value":"transit"},"tags_common":{"references":["local.tags"]},"tags_prefix":{"references":["each.key"]},"transit_gateway_id":{"references":["data.aws_ec2_transit_gateway.transit-gateway"]},"vpc_cidr":{"references":["each.value"]},"vpc_flow_log_iam_role":{"references":["data.aws_iam_role.vpc-flow-log"]}},"for_each_expression":{"references":["local.networking"]},"module":{"outputs":{"non_tgw_subnet_ids":{"expression":{"references":["local.expanded_subnets_with_keys","aws_subnet.subnets"]},"description":"Transit Gateway subnet IDs"},"private_route_tables":{"expression":{"references":["local.expanded_subnets_with_keys","aws_route_table.private"]}},"tgw_subnet_ids":{"expression":{"references":["local.expanded_subnets_with_keys","aws_subnet.subnets"]},"description":"Transit Gateway subnet IDs"},"vpc_id":{"expression":{"references":["aws_vpc.vpc"]},"description":"VPC ID"}},"resources":[{"address":"aws_cloudwatch_log_group.default","mode":"managed","type":"aws_cloudwatch_log_group","name":"default","provider_config_key":"vpc:aws","expressions":{"name":{"references":["var.tags_prefix"]},"tags":{"references":["var.tags_common"]}},"schema_version":0},{"address":"aws_eip.default","mode":"managed","type":"aws_eip","name":"default","provider_config_key":"vpc:aws","expressions":{"tags":{"references":["var.tags_common","each.key"]},"vpc":{"constant_value":true}},"schema_version":0,"for_each_expression":{"references":["local.expanded_subnets_with_keys","var.gateway"]}},{"address":"aws_flow_log.cloudwatch","mode":"managed","type":"aws_flow_log","name":"cloudwatch","provider_config_key":"vpc:aws","expressions":{"iam_role_arn":{"references":["var.vpc_flow_log_iam_role"]},"log_destination":{"references":["aws_cloudwatch_log_group.default"]},"log_destination_type":{"constant_value":"cloud-watch-logs"},"max_aggregation_interval":{"constant_value":"60"},"tags":{"references":["var.tags_common","var.tags_prefix"]},"traffic_type":{"constant_value":"ALL"},"vpc_id":{"references":["aws_vpc.vpc"]}},"schema_version":0},{"address":"aws_internet_gateway.default","mode":"managed","type":"aws_internet_gateway","name":"default","provider_config_key":"vpc:aws","expressions":{"tags":{"references":["var.tags_common","var.tags_prefix"]},"vpc_id":{"references":["aws_vpc.vpc"]}},"schema_version":0},{"address":"aws_nat_gateway.default","mode":"managed","type":"aws_nat_gateway","name":"default","provider_config_key":"vpc:aws","expressions":{"allocation_id":{"references":["aws_eip.default","each.key"]},"subnet_id":{"references":["aws_subnet.subnets","each.key"]},"tags":{"references":["var.tags_common","each.value","each.value"]}},"schema_version":0,"for_each_expression":{"references":["local.expanded_subnets_with_keys","var.gateway"]}},{"address":"aws_network_acl.default","mode":"managed","type":"aws_network_acl","name":"default","provider_config_key":"vpc:aws","expressions":{"subnet_ids":{"references":["local.availability_zones","aws_subnet.subnets","each.key"]},"tags":{"references":["var.tags_common","each.value"]},"vpc_id":{"references":["aws_vpc.vpc"]}},"schema_version":0,"for_each_expression":{"references":["local.subnet_group"]}},{"address":"aws_network_acl_rule.allow_local_network_egress","mode":"managed","type":"aws_network_acl_rule","name":"allow_local_network_egress","provider_config_key":"vpc:aws","expressions":{"cidr_block":{"references":["var.vpc_cidr"]},"egress":{"constant_value":true},"network_acl_id":{"references":["aws_network_acl.default","each.value"]},"protocol":{"constant_value":"-1"},"rule_action":{"constant_value":"allow"},"rule_number":{"constant_value":210}},"schema_version":0,"for_each_expression":{"references":["local.subnet_group"]}},{"address":"aws_network_acl_rule.allow_local_network_ingress","mode":"managed","type":"aws_network_acl_rule","name":"allow_local_network_ingress","provider_config_key":"vpc:aws","expressions":{"cidr_block":{"references":["var.vpc_cidr"]},"egress":{"constant_value":false},"network_acl_id":{"references":["aws_network_acl.default","each.value"]},"protocol":{"constant_value":"-1"},"rule_action":{"constant_value":"allow"},"rule_number":{"constant_value":210}},"schema_version":0,"for_each_expression":{"references":["local.subnet_group"]}},{"address":"aws_network_acl_rule.apply_network_map_rules","mode":"managed","type":"aws_network_acl_rule","name":"apply_network_map_rules","provider_config_key":"vpc:aws","expressions":{"cidr_block":{"references":["each.value"]},"egress":{"references":["each.value"]},"from_port":{"references":["each.value"]},"network_acl_id":{"references":["aws_network_acl.default","each.value"]},"protocol":{"references":["each.value"]},"rule_action":{"references":["each.value"]},"rule_number":{"references":["each.value"]},"to_port":{"references":["each.value"]}},"schema_version":0,"for_each_expression":{"references":["local.expanded_rules_with_keys"]}},{"address":"aws_route.private_nat","mode":"managed","type":"aws_route","name":"private_nat","provider_config_key":"vpc:aws","expressions":{"destination_cidr_block":{"constant_value":"0.0.0.0/0"},"nat_gateway_id":{"references":["aws_nat_gateway.default","each.value","each.value"]},"route_table_id":{"references":["aws_route_table.private","each.key"]}},"schema_version":0,"for_each_expression":{"references":["local.expanded_subnets_with_keys","var.gateway"]}},{"address":"aws_route.public_internet_gateway","mode":"managed","type":"aws_route","name":"public_internet_gateway","provider_config_key":"vpc:aws","expressions":{"destination_cidr_block":{"constant_value":"0.0.0.0/0"},"gateway_id":{"references":["aws_internet_gateway.default"]},"route_table_id":{"references":["aws_route_table.public"]}},"schema_version":0},{"address":"aws_route_table.private","mode":"managed","type":"aws_route_table","name":"private","provider_config_key":"vpc:aws","expressions":{"tags":{"references":["var.tags_common","each.key"]},"vpc_id":{"references":["aws_vpc.vpc"]}},"schema_version":0,"for_each_expression":{"references":["local.expanded_subnets_with_keys"]}},{"address":"aws_route_table.public","mode":"managed","type":"aws_route_table","name":"public","provider_config_key":"vpc:aws","expressions":{"tags":{"references":["var.tags_common","var.tags_prefix"]},"vpc_id":{"references":["aws_vpc.vpc"]}},"schema_version":0},{"address":"aws_route_table_association.default","mode":"managed","type":"aws_route_table_association","name":"default","provider_config_key":"vpc:aws","expressions":{"route_table_id":{"references":["each.value","aws_route_table.public","aws_route_table.private","each.key"]},"subnet_id":{"references":["aws_subnet.subnets","each.key"]}},"schema_version":0,"for_each_expression":{"references":["local.expanded_subnets_with_keys"]}},{"address":"aws_subnet.subnets","mode":"managed","type":"aws_subnet","name":"subnets","provider_config_key":"vpc:aws","expressions":{"availability_zone":{"references":["each.value"]},"cidr_block":{"references":["each.value"]},"tags":{"references":["var.tags_common","each.key"]},"vpc_id":{"references":["aws_vpc.vpc"]}},"schema_version":1,"for_each_expression":{"references":["local.expanded_subnets_with_keys"]}},{"address":"aws_vpc.vpc","mode":"managed","type":"aws_vpc","name":"vpc","provider_config_key":"vpc:aws","expressions":{"cidr_block":{"references":["var.vpc_cidr"]},"enable_dns_hostnames":{"constant_value":true},"enable_dns_support":{"constant_value":true},"tags":{"references":["var.tags_common","var.tags_prefix"]}},"schema_version":1},{"address":"data.aws_availability_zones.available","mode":"data","type":"aws_availability_zones","name":"available","provider_config_key":"vpc:aws","expressions":{"state":{"constant_value":"available"}},"schema_version":0}],"variables":{"gateway":{"default":"none","description":"Type of Gateway to use for environment"},"nacl_egress":{"default":null,"description":"List of NACL egress rules"},"nacl_ingress":{"default":null,"description":"List of NACL ingress rules"},"shared_resource":{"default":false},"tags_common":{"description":"MOJ required tags"},"tags_prefix":{"description":"prefix for name tags"},"transit_gateway_id":{"default":""},"vpc_cidr":{},"vpc_flow_log_iam_role":{"description":"VPC Flow Log IAM role ARN for VPC Flow Logs to CloudWatch"}}}},"vpc_attachment":{"source":"../../modules/ec2-tgw-attachment","expressions":{"resource_share_name":{"constant_value":"transit-gateway"},"subnet_ids":{"references":["module.vpc","each.key"]},"tags":{"references":["local.tags"]},"transit_gateway_id":{"references":["data.aws_ec2_transit_gateway.transit-gateway"]},"type":{"references":["each.key"]},"vpc_id":{"references":["module.vpc","each.key"]},"vpc_name":{"references":["each.key","terraform.workspace"]}},"for_each_expression":{"references":["local.networking"]},"module":{"outputs":{"tgw_route_table":{"expression":{"references":["data.aws_ec2_transit_gateway_route_table.default"]}},"tgw_vpc_attachment":{"expression":{"references":["aws_ec2_transit_gateway_vpc_attachment.default"]}}},"resources":[{"address":"aws_ec2_tag.retag","mode":"managed","type":"aws_ec2_tag","name":"retag","provider_config_key":"vpc_attachment:aws.transit-gateway-host","expressions":{"key":{"constant_value":"Name"},"resource_id":{"references":["aws_ec2_transit_gateway_vpc_attachment.default"]},"value":{"references":["var.vpc_name"]}},"schema_version":0},{"address":"aws_ec2_transit_gateway_route_table_association.default","mode":"managed","type":"aws_ec2_transit_gateway_route_table_association","name":"default","provider_config_key":"vpc_attachment:aws.transit-gateway-host","expressions":{"transit_gateway_attachment_id":{"references":["aws_ec2_transit_gateway_vpc_attachment.default"]},"transit_gateway_route_table_id":{"references":["data.aws_ec2_transit_gateway_route_table.default"]}},"schema_version":0},{"address":"aws_ec2_transit_gateway_vpc_attachment.default","mode":"managed","type":"aws_ec2_transit_gateway_vpc_attachment","name":"default","provider_config_key":"vpc_attachment:aws.transit-gateway-tenant","expressions":{"appliance_mode_support":{"constant_value":"disable"},"dns_support":{"constant_value":"enable"},"ipv6_support":{"constant_value":"disable"},"subnet_ids":{"references":["var.subnet_ids"]},"tags":{"references":["var.tags","var.vpc_name"]},"transit_gateway_default_route_table_association":{"constant_value":true},"transit_gateway_default_route_table_propagation":{"constant_value":true},"transit_gateway_id":{"references":["var.transit_gateway_id"]},"vpc_id":{"references":["var.vpc_id"]}},"schema_version":0,"depends_on":["aws_ram_principal_association.transit_gateway_association","time_sleep.wait_60_seconds"]},{"address":"aws_ram_principal_association.transit_gateway_association","mode":"managed","type":"aws_ram_principal_association","name":"transit_gateway_association","provider_config_key":"vpc_attachment:aws.transit-gateway-host","expressions":{"principal":{"references":["data.aws_caller_identity.transit-gateway-tenant"]},"resource_share_arn":{"references":["data.aws_ram_resource_share.transit-gateway"]}},"schema_version":0},{"address":"time_sleep.wait_60_seconds","mode":"managed","type":"time_sleep","name":"wait_60_seconds","provider_config_key":"vpc_attachment:time","expressions":{"create_duration":{"constant_value":"60s"}},"schema_version":0},{"address":"data.aws_caller_identity.transit-gateway-tenant","mode":"data","type":"aws_caller_identity","name":"transit-gateway-tenant","provider_config_key":"vpc_attachment:aws.transit-gateway-tenant","schema_version":0},{"address":"data.aws_ec2_transit_gateway_route_table.default","mode":"data","type":"aws_ec2_transit_gateway_route_table","name":"default","provider_config_key":"vpc_attachment:aws.transit-gateway-host","expressions":{"filter":[{"name":{"constant_value":"tag:Name"},"values":{"references":["var.type"]}},{"name":{"constant_value":"transit-gateway-id"},"values":{"references":["var.transit_gateway_id"]}}]},"schema_version":0},{"address":"data.aws_ram_resource_share.transit-gateway","mode":"data","type":"aws_ram_resource_share","name":"transit-gateway","provider_config_key":"vpc_attachment:aws.transit-gateway-host","expressions":{"name":{"references":["var.resource_share_name"]},"resource_owner":{"constant_value":"SELF"}},"schema_version":0}],"variables":{"resource_share_name":{"description":"Resource Access Manager (RAM) resource share name to lookup the Transit Gateway Resource Share"},"subnet_ids":{"description":"Subnet IDs to attach to the Transit Gateway"},"tags":{"description":"Tags to attach to resources, where applicable"},"transit_gateway_id":{"description":"Transit Gateway ID to attach to"},"type":{"description":"Type of Transit Gateway to attach to"},"vpc_id":{"description":"VPC ID to attach to the Transit Gateway"},"vpc_name":{"description":"VPC name (used for tagging)"}}}}}}}}
