github.com/aws/aws-sdk-go-v2 v1.27.2 h1:pLsTXqX93rimAOZG2FIYraDQstZaaGVVN4tNw65v0h8=
github.com/aws/aws-sdk-go-v2 v1.27.2/go.mod h1:ffIFB97e2yNsv4aTSGkqtHnppsIJzw7G7BReUZ3jCXM=
github.com/aws/aws-sdk-go-v2/config v1.27.17 h1:L0JZN7Gh7pT6u5CJReKsLhGKparqNKui+mcpxMXjDZc=
github.com/aws/aws-sdk-go-v2/config v1.27.17/go.mod h1:MzM3balLZeaafYcPz8IihAmam/aCz6niPQI0FdprxW0=
github.com/aws/aws-sdk-go-v2/credentials v1.17.17 h1:b3Dk9uxQByS9sc6r0sc2jmxsJKO75eOcb9nNEiaUBLM=
github.com/aws/aws-sdk-go-v2/credentials v1.17.17/go.mod h1:e4khg9iY08LnFK/HXQDWMf9GDaiMari7jWPnXvKAuBU=
github.com/aws/aws-sdk-go-v2/feature/ec2/imds v1.16.4 h1:0cSfTYYL9qiRcdi4Dvz+8s3JUgNR2qvbgZkXcwPEEEk=
github.com/aws/aws-sdk-go-v2/feature/ec2/imds v1.16.4/go.mod h1:Wjn5O9eS7uSi7vlPKt/v0MLTncANn9EMmoDvnzJli6o=
github.com/aws/aws-sdk-go-v2/internal/configsources v1.3.9 h1:cy8ahBJuhtM8GTTSyOkfy6WVPV1IE+SS5/wfXUYuulw=
github.com/aws/aws-sdk-go-v2/internal/configsources v1.3.9/go.mod h1:CZBXGLaJnEZI6EVNcPd7a6B5IC5cA/GkRWtu9fp3S6Y=
github.com/aws/aws-sdk-go-v2/internal/endpoints/v2 v2.6.9 h1:A4SYk07ef04+vxZToz9LWvAXl9LW0NClpPpMsi31cz0=
github.com/aws/aws-sdk-go-v2/internal/endpoints/v2 v2.6.9/go.mod h1:5jJcHuwDagxN+ErjQ3PU3ocf6Ylc/p9x+BLO/+X4iXw=
github.com/aws/aws-sdk-go-v2/internal/ini v1.8.0 h1:hT8rVHwugYE2lEfdFE0QWVo81lF7jMrYJVDWI+f+VxU=
github.com/aws/aws-sdk-go-v2/internal/ini v1.8.0/go.mod h1:8tu/lYfQfFe6IGnaOdrpVgEL2IrrDOf6/m9RQum4NkY=
github.com/aws/aws-sdk-go-v2/service/internal/accept-encoding v1.11.2 h1:Ji0DY1xUsUr3I8cHps0G+XM3WWU16lP6yG8qu1GAZAs=
github.com/aws/aws-sdk-go-v2/service/internal/accept-encoding v1.11.2/go.mod h1:5CsjAbs3NlGQyZNFACh+zztPDI7fU6eW9QsxjfnuBKg=
github.com/aws/aws-sdk-go-v2/service/internal/presigned-url v1.11.11 h1:o4T+fKxA3gTMcluBNZZXE9DNaMkJuUL1O3mffCUjoJo=
github.com/aws/aws-sdk-go-v2/service/internal/presigned-url v1.11.11/go.mod h1:84oZdJ+VjuJKs9v1UTC9NaodRZRseOXCTgku+vQJWR8=
github.com/aws/aws-sdk-go-v2/service/secretsmanager v1.29.2 h1:vnONgeMo5TuAtGjVNjieDyaI6tzMDNm0TuBgkKzqkX4=
github.com/aws/aws-sdk-go-v2/service/secretsmanager v1.29.2/go.mod h1:OR529kEc7Ty9nsqvMuDBBHq5AZVih/MYd5/G9TcL5bQ=
github.com/aws/aws-sdk-go-v2/service/sso v1.20.10 h1:ItKVmFwbyb/ZnCWf+nu3XBVmUirpO9eGEQd7urnBA0s=
github.com/aws/aws-sdk-go-v2/service/sso v1.20.10/go.mod h1:5XKooCTi9VB/xZmJDvh7uZ+v3uQ7QdX6diOyhvPA+/w=
github.com/aws/aws-sdk-go-v2/service/ssooidc v1.24.4 h1:QMSCYDg3Iyls0KZc/dk3JtS2c1lFfqbmYO10qBPPkJk=
github.com/aws/aws-sdk-go-v2/service/ssooidc v1.24.4/go.mod h1:MZ/PVYU/mRbmSF6WK3ybCYHjA2mig8utVokDEVLDgE0=
github.com/aws/aws-sdk-go-v2/service/sts v1.28.12 h1:M/1u4HBpwLuMtjlxuI2y6HoVLzF5e2mfxHCg7ZVMYmk=
github.com/aws/aws-sdk-go-v2/service/sts v1.28.12/go.mod h1:kcfd+eTdEi/40FIbLq4Hif3XMXnl5b/+t/KTfLt9xIk=
github.com/aws/smithy-go v1.20.2 h1:tbp628ireGtzcHDDmLT/6ADHidqnwgF57XOXZe6tp4Q=
github.com/aws/smithy-go v1.20.2/go.mod h1:krry+ya/rV9RDcV/Q16kpu6ypI4K2czasz0NC3qS14E=
